{"format_version":"1.0","provider_schemas":{"registry.terraform.io/yandex-cloud/yandex":{"provider":{"version":0,"block":{"attributes":{"cloud_id":{"type":"string","description":"The ID of the [cloud](https://cloud.yandex.com/docs/resource-manager/concepts/resources-hierarchy#cloud) to apply any resources to.\nThis can also be specified using environment variable `YC_CLOUD_ID`","description_kind":"plain","optional":true},"endpoint":{"type":"string","description":"The endpoint for API calls, default value is api.cloud.yandex.net:443.\nThis can also be defined by environment variable `YC_ENDPOINT`","description_kind":"plain","optional":true},"folder_id":{"type":"string","description":"The ID of the [folder](https://cloud.yandex.com/docs/resource-manager/concepts/resources-hierarchy#folder) to operate under, if not specified by a given resource.\nThis can also be specified using environment variable `YC_FOLDER_ID`","description_kind":"plain","optional":true},"insecure":{"type":"bool","description":"Explicitly allow the provider to perform \"insecure\" SSL requests. If omitted,default value is `false`.","description_kind":"plain","optional":true},"max_retries":{"type":"number","description":"This is the maximum number of times an API call is retried, in the case where requests are being throttled or experiencing transient failures. The delay between the subsequent API calls increases exponentially.","description_kind":"plain","optional":true},"organization_id":{"type":"string","description_kind":"plain","optional":true},"plaintext":{"type":"bool","description":"Disable use of TLS. Default value is `false`.","description_kind":"plain","optional":true},"profile":{"type":"string","description":"Profile to use in the shared credentials file. Default value is `default`.","description_kind":"plain","optional":true},"region_id":{"type":"string","description":"The region where operations will take place. Examples\nare ru-central1","description_kind":"plain","optional":true},"service_account_key_file":{"type":"string","description":"Contains either a path to or the contents of the Service Account file in JSON format.\nThis can also be specified using environment variable `YC_SERVICE_ACCOUNT_KEY_FILE`. You can read how to create service account key file [here](https://cloud.yandex.com/docs/iam/operations/iam-token/create-for-sa#keys-create).\n~\u003e **NOTE:** Only one of `token` or `service_account_key_file` must be specified.\n~\u003e **NOTE:** One can authenticate via instance service account from inside a compute instance. In order to use this method, omit both `token`/`service_account_key_file` and attach service account to the instance. [Working with Yandex.Cloud from inside an instance](https://cloud.yandex.com/docs/compute/operations/vm-connect/auth-inside-vm)\n","description_kind":"plain","optional":true},"shared_credentials_file":{"type":"string","description":"Shared credentials file path. Supported keys: [`storage_access_key`, `storage_secret_key`].\n~\u003e **NOTE** `storage_access_key`/`storage_secret_key` from the shared credentials file are used only when the provider and a storage data/resource do not have an access/secret keys explicitly specified.\n","description_kind":"plain","optional":true},"storage_access_key":{"type":"string","description":"Yandex.Cloud storage service access key, which is used when a storage data/resource doesn't have an access key explicitly specified. \nThis can also be specified using environment variable `YC_STORAGE_ACCESS_KEY`.","description_kind":"plain","optional":true},"storage_endpoint":{"type":"string","description":"Yandex.Cloud object storage [endpoint](https://cloud.yandex.com/en-ru/docs/storage/s3/#request-url), which is used to connect to `S3 API`. Default value is `storage.yandexcloud.net`","description_kind":"plain","optional":true},"storage_secret_key":{"type":"string","description":"Yandex.Cloud storage service secret key, which is used when a storage data/resource doesn't have a secret key explicitly specified.\nThis can also be specified using environment variable `YC_STORAGE_SECRET_KEY`.","description_kind":"plain","optional":true,"sensitive":true},"token":{"type":"string","description":"Security token or IAM token used for authentication in Yandex.Cloud.\nCheck [documentation](https://cloud.yandex.com/docs/iam/operations/iam-token/create) about how to create IAM token. This can also be specified using environment variable `YC_TOKEN`.","description_kind":"plain","optional":true,"sensitive":true},"ymq_access_key":{"type":"string","description":"Yandex.Cloud Message Queue service access key, which is used when a YMQ queue resource doesn't have an access key explicitly specified.\n  This can also be specified using environment variable `YC_MESSAGE_QUEUE_ACCESS_KEY`.","description_kind":"plain","optional":true},"ymq_endpoint":{"type":"string","description":"Yandex.Cloud Message Queue service endpoint. Default is \nmessage-queue.api.cloud.yandex.net","description_kind":"plain","optional":true},"ymq_secret_key":{"type":"string","description":"Yandex.Cloud Message Queue service secret key, which is used when a YMQ queue resource doesn't have a secret key explicitly specified.\nThis can also be specified using environment variable `YC_MESSAGE_QUEUE_SECRET_KEY`.","description_kind":"plain","optional":true,"sensitive":true},"zone":{"type":"string","description":"The default [availability zone](https://cloud.yandex.com/docs/overview/concepts/geo-scope) to operate under, if not specified by a given resource.\nThis can also be specified using environment variable `YC_ZONE`","description_kind":"plain","optional":true}},"description_kind":"plain"}},"resource_schemas":{"yandex_airflow_cluster":{"version":0,"block":{"attributes":{"admin_password":{"type":"string","description_kind":"plain","optional":true,"computed":true,"sensitive":true},"airflow_config":{"type":["map",["map","string"]],"description_kind":"plain","optional":true},"code_sync":{"nested_type":{"attributes":{"s3":{"nested_type":{"attributes":{"bucket":{"type":"string","description_kind":"plain","required":true}},"nesting_mode":"single"},"description_kind":"plain","required":true}},"nesting_mode":"single"},"description_kind":"plain","required":true},"created_at":{"type":"string","description_kind":"plain","computed":true},"deb_packages":{"type":["set","string"],"description_kind":"plain","optional":true},"deletion_protection":{"type":"bool","description_kind":"plain","optional":true,"computed":true},"description":{"type":"string","description_kind":"plain","optional":true},"folder_id":{"type":"string","description_kind":"plain","optional":true,"computed":true},"health":{"type":"string","description_kind":"plain","computed":true},"id":{"type":"string","description_kind":"plain","computed":true},"labels":{"type":["map","string"],"description_kind":"plain","optional":true},"lockbox_secrets_backend":{"nested_type":{"attributes":{"enabled":{"type":"bool","description_kind":"plain","required":true}},"nesting_mode":"single"},"description_kind":"plain","optional":true},"logging":{"nested_type":{"attributes":{"enabled":{"type":"bool","description_kind":"plain","required":true},"folder_id":{"type":"string","description_kind":"plain","optional":true},"log_group_id":{"type":"string","description_kind":"plain","optional":true},"min_level":{"type":"string","description_kind":"plain","optional":true}},"nesting_mode":"single"},"description_kind":"plain","optional":true},"name":{"type":"string","description_kind":"plain","required":true},"pip_packages":{"type":["set","string"],"description_kind":"plain","optional":true},"scheduler":{"nested_type":{"attributes":{"count":{"type":"number","description_kind":"plain","required":true},"resource_preset_id":{"type":"string","description_kind":"plain","required":true}},"nesting_mode":"single"},"description_kind":"plain","required":true},"security_group_ids":{"type":["set","string"],"description_kind":"plain","optional":true},"service_account_id":{"type":"string","description_kind":"plain","required":true},"status":{"type":"string","description_kind":"plain","computed":true},"subnet_ids":{"type":["set","string"],"description_kind":"plain","required":true},"triggerer":{"nested_type":{"attributes":{"count":{"type":"number","description_kind":"plain","required":true},"resource_preset_id":{"type":"string","description_kind":"plain","required":true}},"nesting_mode":"single"},"description_kind":"plain","optional":true},"webserver":{"nested_type":{"attributes":{"count":{"type":"number","description_kind":"plain","required":true},"resource_preset_id":{"type":"string","description_kind":"plain","required":true}},"nesting_mode":"single"},"description_kind":"plain","required":true},"worker":{"nested_type":{"attributes":{"max_count":{"type":"number","description_kind":"plain","required":true},"min_count":{"type":"number","description_kind":"plain","required":true},"resource_preset_id":{"type":"string","description_kind":"plain","required":true}},"nesting_mode":"single"},"description_kind":"plain","required":true}},"block_types":{"timeouts":{"nesting_mode":"single","block":{"attributes":{"create":{"type":"string","description":"A string that can be [parsed as a duration](https://pkg.go.dev/time#ParseDuration) consisting of numbers and unit suffixes, such as \"30s\" or \"2h45m\". Valid time units are \"s\" (seconds), \"m\" (minutes), \"h\" (hours).","description_kind":"plain","optional":true},"delete":{"type":"string","description":"A string that can be [parsed as a duration](https://pkg.go.dev/time#ParseDuration) consisting of numbers and unit suffixes, such as \"30s\" or \"2h45m\". Valid time units are \"s\" (seconds), \"m\" (minutes), \"h\" (hours). Setting a timeout for a Delete operation is only applicable if changes are saved into state before the destroy operation occurs.","description_kind":"plain","optional":true},"update":{"type":"string","description":"A string that can be [parsed as a duration](https://pkg.go.dev/time#ParseDuration) consisting of numbers and unit suffixes, such as \"30s\" or \"2h45m\". Valid time units are \"s\" (seconds), \"m\" (minutes), \"h\" (hours).","description_kind":"plain","optional":true}},"description_kind":"plain"}}},"description_kind":"plain"}},"yandex_alb_backend_group":{"version":0,"block":{"attributes":{"created_at":{"type":"string","description_kind":"plain","computed":true},"description":{"type":"string","description_kind":"plain","optional":true},"folder_id":{"type":"string","description_kind":"plain","optional":true,"computed":true},"id":{"type":"string","description_kind":"plain","optional":true,"computed":true},"labels":{"type":["map","string"],"description_kind":"plain","optional":true},"name":{"type":"string","description_kind":"plain","optional":true}},"block_types":{"grpc_backend":{"nesting_mode":"list","block":{"attributes":{"name":{"type":"string","description_kind":"plain","required":true},"port":{"type":"number","description_kind":"plain","optional":true},"target_group_ids":{"type":["list","string"],"description_kind":"plain","required":true},"weight":{"type":"number","description_kind":"plain","optional":true}},"block_types":{"healthcheck":{"nesting_mode":"list","block":{"attributes":{"healthcheck_port":{"type":"number","description_kind":"plain","optional":true},"healthy_threshold":{"type":"number","description_kind":"plain","optional":true},"interval":{"type":"string","description_kind":"plain","required":true},"interval_jitter_percent":{"type":"number","description_kind":"plain","optional":true},"timeout":{"type":"string","description_kind":"plain","required":true},"unhealthy_threshold":{"type":"number","description_kind":"plain","optional":true}},"block_types":{"grpc_healthcheck":{"nesting_mode":"list","block":{"attributes":{"service_name":{"type":"string","description_kind":"plain","optional":true}},"description_kind":"plain"},"max_items":1},"http_healthcheck":{"nesting_mode":"list","block":{"attributes":{"host":{"type":"string","description_kind":"plain","optional":true},"http2":{"type":"bool","description_kind":"plain","optional":true},"path":{"type":"string","description_kind":"plain","required":true}},"description_kind":"plain"},"max_items":1},"stream_healthcheck":{"nesting_mode":"list","block":{"attributes":{"receive":{"type":"string","description_kind":"plain","optional":true},"send":{"type":"string","description_kind":"plain","optional":true}},"description_kind":"plain"},"max_items":1}},"description_kind":"plain"},"max_items":1},"load_balancing_config":{"nesting_mode":"list","block":{"attributes":{"locality_aware_routing_percent":{"type":"number","description_kind":"plain","optional":true},"mode":{"type":"string","description_kind":"plain","optional":true},"panic_threshold":{"type":"number","description_kind":"plain","optional":true},"strict_locality":{"type":"bool","description_kind":"plain","optional":true}},"description_kind":"plain"},"max_items":1},"tls":{"nesting_mode":"list","block":{"attributes":{"sni":{"type":"string","description_kind":"plain","optional":true}},"block_types":{"validation_context":{"nesting_mode":"list","block":{"attributes":{"trusted_ca_bytes":{"type":"string","description_kind":"plain","optional":true},"trusted_ca_id":{"type":"string","description_kind":"plain","optional":true}},"description_kind":"plain"},"max_items":1}},"description_kind":"plain"},"max_items":1}},"description_kind":"plain"}},"http_backend":{"nesting_mode":"list","block":{"attributes":{"http2":{"type":"bool","description_kind":"plain","optional":true},"name":{"type":"string","description_kind":"plain","required":true},"port":{"type":"number","description_kind":"plain","optional":true},"storage_bucket":{"type":"string","description_kind":"plain","optional":true},"target_group_ids":{"type":["list","string"],"description_kind":"plain","optional":true},"weight":{"type":"number","description_kind":"plain","optional":true}},"block_types":{"healthcheck":{"nesting_mode":"list","block":{"attributes":{"healthcheck_port":{"type":"number","description_kind":"plain","optional":true},"healthy_threshold":{"type":"number","description_kind":"plain","optional":true},"interval":{"type":"string","description_kind":"plain","required":true},"interval_jitter_percent":{"type":"number","description_kind":"plain","optional":true},"timeout":{"type":"string","description_kind":"plain","required":true},"unhealthy_threshold":{"type":"number","description_kind":"plain","optional":true}},"block_types":{"grpc_healthcheck":{"nesting_mode":"list","block":{"attributes":{"service_name":{"type":"string","description_kind":"plain","optional":true}},"description_kind":"plain"},"max_items":1},"http_healthcheck":{"nesting_mode":"list","block":{"attributes":{"host":{"type":"string","description_kind":"plain","optional":true},"http2":{"type":"bool","description_kind":"plain","optional":true},"path":{"type":"string","description_kind":"plain","required":true}},"description_kind":"plain"},"max_items":1},"stream_healthcheck":{"nesting_mode":"list","block":{"attributes":{"receive":{"type":"string","description_kind":"plain","optional":true},"send":{"type":"string","description_kind":"plain","optional":true}},"description_kind":"plain"},"max_items":1}},"description_kind":"plain"},"max_items":1},"load_balancing_config":{"nesting_mode":"list","block":{"attributes":{"locality_aware_routing_percent":{"type":"number","description_kind":"plain","optional":true},"mode":{"type":"string","description_kind":"plain","optional":true},"panic_threshold":{"type":"number","description_kind":"plain","optional":true},"strict_locality":{"type":"bool","description_kind":"plain","optional":true}},"description_kind":"plain"},"max_items":1},"tls":{"nesting_mode":"list","block":{"attributes":{"sni":{"type":"string","description_kind":"plain","optional":true}},"block_types":{"validation_context":{"nesting_mode":"list","block":{"attributes":{"trusted_ca_bytes":{"type":"string","description_kind":"plain","optional":true},"trusted_ca_id":{"type":"string","description_kind":"plain","optional":true}},"description_kind":"plain"},"max_items":1}},"description_kind":"plain"},"max_items":1}},"description_kind":"plain"}},"session_affinity":{"nesting_mode":"list","block":{"block_types":{"connection":{"nesting_mode":"list","block":{"attributes":{"source_ip":{"type":"bool","description":"Use source IP address","description_kind":"plain","optional":true}},"description":"IP address affinity","description_kind":"plain"},"max_items":1},"cookie":{"nesting_mode":"list","block":{"attributes":{"name":{"type":"string","description":"Name of the HTTP cookie","description_kind":"plain","required":true},"ttl":{"type":"string","description":"TTL for the cookie (if not set, session cookie will be used)","description_kind":"plain","optional":true}},"description":"Cookie affinity","description_kind":"plain"},"max_items":1},"header":{"nesting_mode":"list","block":{"attributes":{"header_name":{"type":"string","description":"The name of the request header that will be used","description_kind":"plain","required":true}},"description":"Request header affinity","description_kind":"plain"},"max_items":1}},"description_kind":"plain"},"max_items":1},"stream_backend":{"nesting_mode":"list","block":{"attributes":{"enable_proxy_protocol":{"type":"bool","description_kind":"plain","optional":true},"name":{"type":"string","description_kind":"plain","required":true},"port":{"type":"number","description_kind":"plain","optional":true},"target_group_ids":{"type":["list","string"],"description_kind":"plain","required":true},"weight":{"type":"number","description_kind":"plain","optional":true}},"block_types":{"healthcheck":{"nesting_mode":"list","block":{"attributes":{"healthcheck_port":{"type":"number","description_kind":"plain","optional":true},"healthy_threshold":{"type":"number","description_kind":"plain","optional":true},"interval":{"type":"string","description_kind":"plain","required":true},"interval_jitter_percent":{"type":"number","description_kind":"plain","optional":true},"timeout":{"type":"string","description_kind":"plain","required":true},"unhealthy_threshold":{"type":"number","description_kind":"plain","optional":true}},"block_types":{"grpc_healthcheck":{"nesting_mode":"list","block":{"attributes":{"service_name":{"type":"string","description_kind":"plain","optional":true}},"description_kind":"plain"},"max_items":1},"http_healthcheck":{"nesting_mode":"list","block":{"attributes":{"host":{"type":"string","description_kind":"plain","optional":true},"http2":{"type":"bool","description_kind":"plain","optional":true},"path":{"type":"string","description_kind":"plain","required":true}},"description_kind":"plain"},"max_items":1},"stream_healthcheck":{"nesting_mode":"list","block":{"attributes":{"receive":{"type":"string","description_kind":"plain","optional":true},"send":{"type":"string","description_kind":"plain","optional":true}},"description_kind":"plain"},"max_items":1}},"description_kind":"plain"},"max_items":1},"load_balancing_config":{"nesting_mode":"list","block":{"attributes":{"locality_aware_routing_percent":{"type":"number","description_kind":"plain","optional":true},"mode":{"type":"string","description_kind":"plain","optional":true},"panic_threshold":{"type":"number","description_kind":"plain","optional":true},"strict_locality":{"type":"bool","description_kind":"plain","optional":true}},"description_kind":"plain"},"max_items":1},"tls":{"nesting_mode":"list","block":{"attributes":{"sni":{"type":"string","description_kind":"plain","optional":true}},"block_types":{"validation_context":{"nesting_mode":"list","block":{"attributes":{"trusted_ca_bytes":{"type":"string","description_kind":"plain","optional":true},"trusted_ca_id":{"type":"string","description_kind":"plain","optional":true}},"description_kind":"plain"},"max_items":1}},"description_kind":"plain"},"max_items":1}},"description_kind":"plain"}},"timeouts":{"nesting_mode":"single","block":{"attributes":{"create":{"type":"string","description_kind":"plain","optional":true},"delete":{"type":"string","description_kind":"plain","optional":true},"update":{"type":"string","description_kind":"plain","optional":true}},"description_kind":"plain"}}},"description_kind":"plain"}},"yandex_alb_http_router":{"version":0,"block":{"attributes":{"created_at":{"type":"string","description_kind":"plain","computed":true},"description":{"type":"string","description_kind":"plain","optional":true},"folder_id":{"type":"string","description_kind":"plain","optional":true,"computed":true},"id":{"type":"string","description_kind":"plain","optional":true,"computed":true},"labels":{"type":["map","string"],"description_kind":"plain","optional":true},"name":{"type":"string","description_kind":"plain","optional":true}},"block_types":{"route_options":{"nesting_mode":"list","block":{"attributes":{"security_profile_id":{"type":"string","description_kind":"plain","optional":true}},"block_types":{"rbac":{"nesting_mode":"list","block":{"attributes":{"action":{"type":"string","description_kind":"plain","optional":true}},"block_types":{"principals":{"nesting_mode":"list","block":{"block_types":{"and_principals":{"nesting_mode":"list","block":{"attributes":{"any":{"type":"bool","description_kind":"plain","optional":true},"remote_ip":{"type":"string","description_kind":"plain","optional":true}},"block_types":{"header":{"nesting_mode":"list","block":{"attributes":{"name":{"type":"string","description_kind":"plain","required":true}},"block_types":{"value":{"nesting_mode":"list","block":{"attributes":{"exact":{"type":"string","description_kind":"plain","optional":true},"prefix":{"type":"string","description_kind":"plain","optional":true},"regex":{"type":"string","description_kind":"plain","optional":true}},"description_kind":"plain"},"max_items":1}},"description_kind":"plain"},"max_items":1}},"description_kind":"plain"},"min_items":1}},"description_kind":"plain"},"min_items":1}},"description_kind":"plain"},"max_items":1}},"description_kind":"plain"},"max_items":1},"timeouts":{"nesting_mode":"single","block":{"attributes":{"create":{"type":"string","description_kind":"plain","optional":true},"delete":{"type":"string","description_kind":"plain","optional":true},"update":{"type":"string","description_kind":"plain","optional":true}},"description_kind":"plain"}}},"description_kind":"plain"}},"yandex_alb_load_balancer":{"version":0,"block":{"attributes":{"created_at":{"type":"string","description_kind":"plain","computed":true},"description":{"type":"string","description_kind":"plain","optional":true},"folder_id":{"type":"string","description_kind":"plain","optional":true,"computed":true},"id":{"type":"string","description_kind":"plain","optional":true,"computed":true},"labels":{"type":["map","string"],"description_kind":"plain","optional":true},"log_group_id":{"type":"string","description_kind":"plain","computed":true},"name":{"type":"string","description_kind":"plain","optional":true},"network_id":{"type":"string","description_kind":"plain","required":true},"region_id":{"type":"string","description_kind":"plain","optional":true},"security_group_ids":{"type":["set","string"],"description_kind":"plain","optional":true},"status":{"type":"string","description_kind":"plain","computed":true}},"block_types":{"allocation_policy":{"nesting_mode":"list","block":{"block_types":{"location":{"nesting_mode":"set","block":{"attributes":{"disable_traffic":{"type":"bool","description_kind":"plain","optional":true},"subnet_id":{"type":"string","description_kind":"plain","required":true},"zone_id":{"type":"string","description_kind":"plain","required":true}},"description_kind":"plain"},"min_items":1}},"description_kind":"plain"},"min_items":1,"max_items":1},"listener":{"nesting_mode":"list","block":{"attributes":{"name":{"type":"string","description_kind":"plain","required":true}},"block_types":{"endpoint":{"nesting_mode":"list","block":{"attributes":{"ports":{"type":["list","number"],"description_kind":"plain","required":true}},"block_types":{"address":{"nesting_mode":"list","block":{"block_types":{"external_ipv4_address":{"nesting_mode":"list","block":{"attributes":{"address":{"type":"string","description_kind":"plain","optional":true,"computed":true}},"description_kind":"plain"},"max_items":1},"external_ipv6_address":{"nesting_mode":"list","block":{"attributes":{"address":{"type":"string","description_kind":"plain","optional":true,"computed":true}},"description_kind":"plain"},"max_items":1},"internal_ipv4_address":{"nesting_mode":"list","block":{"attributes":{"address":{"type":"string","description_kind":"plain","optional":true,"computed":true},"subnet_id":{"type":"string","description_kind":"plain","optional":true,"computed":true}},"description_kind":"plain"},"max_items":1}},"description_kind":"plain"},"min_items":1}},"description_kind":"plain"}},"http":{"nesting_mode":"list","block":{"block_types":{"handler":{"nesting_mode":"list","block":{"attributes":{"allow_http10":{"type":"bool","description_kind":"plain","optional":true},"http_router_id":{"type":"string","description_kind":"plain","optional":true},"rewrite_request_id":{"type":"bool","description_kind":"plain","optional":true}},"block_types":{"http2_options":{"nesting_mode":"list","block":{"attributes":{"max_concurrent_streams":{"type":"number","description_kind":"plain","optional":true}},"description_kind":"plain"},"max_items":1}},"description_kind":"plain"},"max_items":1},"redirects":{"nesting_mode":"list","block":{"attributes":{"http_to_https":{"type":"bool","description_kind":"plain","optional":true}},"description_kind":"plain"},"max_items":1}},"description_kind":"plain"},"max_items":1},"stream":{"nesting_mode":"list","block":{"block_types":{"handler":{"nesting_mode":"list","block":{"attributes":{"backend_group_id":{"type":"string","description_kind":"plain","optional":true}},"description_kind":"plain"},"max_items":1}},"description_kind":"plain"},"max_items":1},"tls":{"nesting_mode":"list","block":{"block_types":{"default_handler":{"nesting_mode":"list","block":{"attributes":{"certificate_ids":{"type":["set","string"],"description_kind":"plain","required":true}},"block_types":{"http_handler":{"nesting_mode":"list","block":{"attributes":{"allow_http10":{"type":"bool","description_kind":"plain","optional":true},"http_router_id":{"type":"string","description_kind":"plain","optional":true},"rewrite_request_id":{"type":"bool","description_kind":"plain","optional":true}},"block_types":{"http2_options":{"nesting_mode":"list","block":{"attributes":{"max_concurrent_streams":{"type":"number","description_kind":"plain","optional":true}},"description_kind":"plain"},"max_items":1}},"description_kind":"plain"},"max_items":1},"stream_handler":{"nesting_mode":"list","block":{"attributes":{"backend_group_id":{"type":"string","description_kind":"plain","optional":true}},"description_kind":"plain"},"max_items":1}},"description_kind":"plain"},"min_items":1,"max_items":1},"sni_handler":{"nesting_mode":"list","block":{"attributes":{"name":{"type":"string","description_kind":"plain","required":true},"server_names":{"type":["set","string"],"description_kind":"plain","required":true}},"block_types":{"handler":{"nesting_mode":"list","block":{"attributes":{"certificate_ids":{"type":["set","string"],"description_kind":"plain","required":true}},"block_types":{"http_handler":{"nesting_mode":"list","block":{"attributes":{"allow_http10":{"type":"bool","description_kind":"plain","optional":true},"http_router_id":{"type":"string","description_kind":"plain","optional":true},"rewrite_request_id":{"type":"bool","description_kind":"plain","optional":true}},"block_types":{"http2_options":{"nesting_mode":"list","block":{"attributes":{"max_concurrent_streams":{"type":"number","description_kind":"plain","optional":true}},"description_kind":"plain"},"max_items":1}},"description_kind":"plain"},"max_items":1},"stream_handler":{"nesting_mode":"list","block":{"attributes":{"backend_group_id":{"type":"string","description_kind":"plain","optional":true}},"description_kind":"plain"},"max_items":1}},"description_kind":"plain"},"min_items":1,"max_items":1}},"description_kind":"plain"}}},"description_kind":"plain"},"max_items":1}},"description_kind":"plain"}},"log_options":{"nesting_mode":"list","block":{"attributes":{"disable":{"type":"bool","description_kind":"plain","optional":true},"log_group_id":{"type":"string","description_kind":"plain","optional":true}},"block_types":{"discard_rule":{"nesting_mode":"list","block":{"attributes":{"discard_percent":{"type":"number","description_kind":"plain","optional":true},"grpc_codes":{"type":["list","string"],"description_kind":"plain","optional":true},"http_code_intervals":{"type":["list","string"],"description_kind":"plain","optional":true},"http_codes":{"type":["list","number"],"description_kind":"plain","optional":true}},"description_kind":"plain"}}},"description_kind":"plain"},"max_items":1},"timeouts":{"nesting_mode":"single","block":{"attributes":{"create":{"type":"string","description_kind":"plain","optional":true},"delete":{"type":"string","description_kind":"plain","optional":true},"update":{"type":"string","description_kind":"plain","optional":true}},"description_kind":"plain"}}},"description_kind":"plain"}},"yandex_alb_target_group":{"version":0,"block":{"attributes":{"created_at":{"type":"string","description_kind":"plain","computed":true},"description":{"type":"string","description_kind":"plain","optional":true},"folder_id":{"type":"string","description_kind":"plain","optional":true,"computed":true},"id":{"type":"string","description_kind":"plain","optional":true,"computed":true},"labels":{"type":["map","string"],"description_kind":"plain","optional":true},"name":{"type":"string","description_kind":"plain","optional":true}},"block_types":{"target":{"nesting_mode":"list","block":{"attributes":{"ip_address":{"type":"string","description_kind":"plain","required":true},"private_ipv4_address":{"type":"bool","description_kind":"plain","optional":true},"subnet_id":{"type":"string","description_kind":"plain","optional":true}},"description_kind":"plain"}},"timeouts":{"nesting_mode":"single","block":{"attributes":{"create":{"type":"string","description_kind":"plain","optional":true},"delete":{"type":"string","description_kind":"plain","optional":true},"update":{"type":"string","description_kind":"plain","optional":true}},"description_kind":"plain"}}},"description_kind":"plain"}},"yandex_alb_virtual_host":{"version":0,"block":{"attributes":{"authority":{"type":["set","string"],"description_kind":"plain","optional":true},"http_router_id":{"type":"string","description_kind":"plain","required":true},"id":{"type":"string","description_kind":"plain","optional":true,"computed":true},"name":{"type":"string","description_kind":"plain","required":true}},"block_types":{"modify_request_headers":{"nesting_mode":"list","block":{"attributes":{"append":{"type":"string","description_kind":"plain","optional":true},"name":{"type":"string","description_kind":"plain","required":true},"remove":{"type":"bool","description_kind":"plain","optional":true},"replace":{"type":"string","description_kind":"plain","optional":true}},"description_kind":"plain"}},"modify_response_headers":{"nesting_mode":"list","block":{"attributes":{"append":{"type":"string","description_kind":"plain","optional":true},"name":{"type":"string","description_kind":"plain","required":true},"remove":{"type":"bool","description_kind":"plain","optional":true},"replace":{"type":"string","description_kind":"plain","optional":true}},"description_kind":"plain"}},"route":{"nesting_mode":"list","block":{"attributes":{"name":{"type":"string","description_kind":"plain","optional":true}},"block_types":{"grpc_route":{"nesting_mode":"list","block":{"block_types":{"grpc_match":{"nesting_mode":"list","block":{"block_types":{"fqmn":{"nesting_mode":"list","block":{"attributes":{"exact":{"type":"string","description_kind":"plain","optional":true},"prefix":{"type":"string","description_kind":"plain","optional":true},"regex":{"type":"string","description_kind":"plain","optional":true}},"description_kind":"plain"},"max_items":1}},"description_kind":"plain"}},"grpc_route_action":{"nesting_mode":"list","block":{"attributes":{"auto_host_rewrite":{"type":"bool","description_kind":"plain","optional":true},"backend_group_id":{"type":"string","description_kind":"plain","required":true},"host_rewrite":{"type":"string","description_kind":"plain","optional":true},"idle_timeout":{"type":"string","description_kind":"plain","optional":true},"max_timeout":{"type":"string","description_kind":"plain","optional":true}},"description_kind":"plain"},"max_items":1},"grpc_status_response_action":{"nesting_mode":"list","block":{"attributes":{"status":{"type":"string","description_kind":"plain","optional":true}},"description_kind":"plain"},"max_items":1}},"description_kind":"plain"},"max_items":1},"http_route":{"nesting_mode":"list","block":{"block_types":{"direct_response_action":{"nesting_mode":"list","block":{"attributes":{"body":{"type":"string","description_kind":"plain","optional":true},"status":{"type":"number","description_kind":"plain","optional":true}},"description_kind":"plain"},"max_items":1},"http_match":{"nesting_mode":"list","block":{"attributes":{"http_method":{"type":["set","string"],"description_kind":"plain","optional":true}},"block_types":{"path":{"nesting_mode":"list","block":{"attributes":{"exact":{"type":"string","description_kind":"plain","optional":true},"prefix":{"type":"string","description_kind":"plain","optional":true},"regex":{"type":"string","description_kind":"plain","optional":true}},"description_kind":"plain"},"max_items":1}},"description_kind":"plain"}},"http_route_action":{"nesting_mode":"list","block":{"attributes":{"auto_host_rewrite":{"type":"bool","description_kind":"plain","optional":true},"backend_group_id":{"type":"string","description_kind":"plain","required":true},"host_rewrite":{"type":"string","description_kind":"plain","optional":true},"idle_timeout":{"type":"string","description_kind":"plain","optional":true},"prefix_rewrite":{"type":"string","description_kind":"plain","optional":true},"timeout":{"type":"string","description_kind":"plain","optional":true},"upgrade_types":{"type":["set","string"],"description_kind":"plain","optional":true}},"description_kind":"plain"},"max_items":1},"redirect_action":{"nesting_mode":"list","block":{"attributes":{"remove_query":{"type":"bool","description_kind":"plain","optional":true},"replace_host":{"type":"string","description_kind":"plain","optional":true},"replace_path":{"type":"string","description_kind":"plain","optional":true},"replace_port":{"type":"number","description_kind":"plain","optional":true},"replace_prefix":{"type":"string","description_kind":"plain","optional":true},"replace_scheme":{"type":"string","description_kind":"plain","optional":true},"response_code":{"type":"string","description_kind":"plain","optional":true}},"description_kind":"plain"},"max_items":1}},"description_kind":"plain"},"max_items":1},"route_options":{"nesting_mode":"list","block":{"attributes":{"security_profile_id":{"type":"string","description_kind":"plain","optional":true}},"block_types":{"rbac":{"nesting_mode":"list","block":{"attributes":{"action":{"type":"string","description_kind":"plain","optional":true}},"block_types":{"principals":{"nesting_mode":"list","block":{"block_types":{"and_principals":{"nesting_mode":"list","block":{"attributes":{"any":{"type":"bool","description_kind":"plain","optional":true},"remote_ip":{"type":"string","description_kind":"plain","optional":true}},"block_types":{"header":{"nesting_mode":"list","block":{"attributes":{"name":{"type":"string","description_kind":"plain","required":true}},"block_types":{"value":{"nesting_mode":"list","block":{"attributes":{"exact":{"type":"string","description_kind":"plain","optional":true},"prefix":{"type":"string","description_kind":"plain","optional":true},"regex":{"type":"string","description_kind":"plain","optional":true}},"description_kind":"plain"},"max_items":1}},"description_kind":"plain"},"max_items":1}},"description_kind":"plain"},"min_items":1}},"description_kind":"plain"},"min_items":1}},"description_kind":"plain"},"max_items":1}},"description_kind":"plain"},"max_items":1}},"description_kind":"plain"}},"route_options":{"nesting_mode":"list","block":{"attributes":{"security_profile_id":{"type":"string","description_kind":"plain","optional":true}},"block_types":{"rbac":{"nesting_mode":"list","block":{"attributes":{"action":{"type":"string","description_kind":"plain","optional":true}},"block_types":{"principals":{"nesting_mode":"list","block":{"block_types":{"and_principals":{"nesting_mode":"list","block":{"attributes":{"any":{"type":"bool","description_kind":"plain","optional":true},"remote_ip":{"type":"string","description_kind":"plain","optional":true}},"block_types":{"header":{"nesting_mode":"list","block":{"attributes":{"name":{"type":"string","description_kind":"plain","required":true}},"block_types":{"value":{"nesting_mode":"list","block":{"attributes":{"exact":{"type":"string","description_kind":"plain","optional":true},"prefix":{"type":"string","description_kind":"plain","optional":true},"regex":{"type":"string","description_kind":"plain","optional":true}},"description_kind":"plain"},"max_items":1}},"description_kind":"plain"},"max_items":1}},"description_kind":"plain"},"min_items":1}},"description_kind":"plain"},"min_items":1}},"description_kind":"plain"},"max_items":1}},"description_kind":"plain"},"max_items":1},"timeouts":{"nesting_mode":"single","block":{"attributes":{"create":{"type":"string","description_kind":"plain","optional":true},"delete":{"type":"string","description_kind":"plain","optional":true},"update":{"type":"string","description_kind":"plain","optional":true}},"description_kind":"plain"}}},"description_kind":"plain"}},"yandex_api_gateway":{"version":0,"block":{"attributes":{"created_at":{"type":"string","description_kind":"plain","computed":true},"description":{"type":"string","description_kind":"plain","optional":true},"domain":{"type":"string","description_kind":"plain","computed":true},"execution_timeout":{"type":"string","description_kind":"plain","optional":true,"computed":true},"folder_id":{"type":"string","description_kind":"plain","optional":true,"computed":true},"id":{"type":"string","description_kind":"plain","optional":true,"computed":true},"labels":{"type":["map","string"],"description_kind":"plain","optional":true},"log_group_id":{"type":"string","description_kind":"plain","computed":true},"name":{"type":"string","description_kind":"plain","required":true},"spec":{"type":"string","description_kind":"plain","required":true},"status":{"type":"string","description_kind":"plain","computed":true},"user_domains":{"type":["set","string"],"description_kind":"plain","deprecated":true,"computed":true},"variables":{"type":["map","string"],"description_kind":"plain","optional":true}},"block_types":{"canary":{"nesting_mode":"list","block":{"attributes":{"variables":{"type":["map","string"],"description_kind":"plain","optional":true},"weight":{"type":"number","description_kind":"plain","optional":true}},"description_kind":"plain"},"max_items":1},"connectivity":{"nesting_mode":"list","block":{"attributes":{"network_id":{"type":"string","description_kind":"plain","required":true}},"description_kind":"plain"},"max_items":1},"custom_domains":{"nesting_mode":"set","block":{"attributes":{"certificate_id":{"type":"string","description_kind":"plain","required":true},"domain_id":{"type":"string","description_kind":"plain","optional":true,"computed":true},"fqdn":{"type":"string","description_kind":"plain","required":true}},"description_kind":"plain"}},"log_options":{"nesting_mode":"list","block":{"attributes":{"disabled":{"type":"bool","description_kind":"plain","optional":true},"folder_id":{"type":"string","description_kind":"plain","optional":true},"log_group_id":{"type":"string","description_kind":"plain","optional":true},"min_level":{"type":"string","description_kind":"plain","optional":true}},"description_kind":"plain"},"max_items":1},"timeouts":{"nesting_mode":"single","block":{"attributes":{"create":{"type":"string","description_kind":"plain","optional":true},"delete":{"type":"string","description_kind":"plain","optional":true},"update":{"type":"string","description_kind":"plain","optional":true}},"description_kind":"plain"}}},"description_kind":"plain"}},"yandex_audit_trails_trail":{"version":1,"block":{"attributes":{"description":{"type":"string","description_kind":"plain","optional":true},"folder_id":{"type":"string","description_kind":"plain","required":true},"id":{"type":"string","description_kind":"plain","optional":true,"computed":true},"labels":{"type":["map","string"],"description_kind":"plain","optional":true},"name":{"type":"string","description_kind":"plain","required":true},"service_account_id":{"type":"string","description_kind":"plain","required":true},"status":{"type":"string","description_kind":"plain","computed":true},"trail_id":{"type":"string","description_kind":"plain","computed":true}},"block_types":{"data_stream_destination":{"nesting_mode":"list","block":{"attributes":{"database_id":{"type":"string","description_kind":"plain","required":true},"stream_name":{"type":"string","description_kind":"plain","required":true}},"description_kind":"plain"},"max_items":1},"filter":{"nesting_mode":"list","block":{"block_types":{"event_filters":{"nesting_mode":"list","block":{"attributes":{"service":{"type":"string","description_kind":"plain","required":true}},"block_types":{"categories":{"nesting_mode":"list","block":{"attributes":{"plane":{"type":"string","description_kind":"plain","required":true},"type":{"type":"string","description_kind":"plain","required":true}},"description_kind":"plain"},"min_items":1},"path_filter":{"nesting_mode":"list","block":{"block_types":{"any_filter":{"nesting_mode":"list","block":{"attributes":{"resource_id":{"type":"string","description_kind":"plain","required":true},"resource_type":{"type":"string","description_kind":"plain","required":true}},"description_kind":"plain"},"max_items":1},"some_filter":{"nesting_mode":"list","block":{"attributes":{"resource_id":{"type":"string","description_kind":"plain","required":true},"resource_type":{"type":"string","description_kind":"plain","required":true}},"block_types":{"any_filters":{"nesting_mode":"list","block":{"attributes":{"resource_id":{"type":"string","description_kind":"plain","required":true},"resource_type":{"type":"string","description_kind":"plain","required":true}},"description_kind":"plain"},"min_items":1}},"description_kind":"plain"},"max_items":1}},"description_kind":"plain"},"min_items":1,"max_items":1}},"description_kind":"plain"}},"path_filter":{"nesting_mode":"list","block":{"block_types":{"any_filter":{"nesting_mode":"list","block":{"attributes":{"resource_id":{"type":"string","description_kind":"plain","required":true},"resource_type":{"type":"string","description_kind":"plain","required":true}},"description_kind":"plain"},"max_items":1},"some_filter":{"nesting_mode":"list","block":{"attributes":{"resource_id":{"type":"string","description_kind":"plain","required":true},"resource_type":{"type":"string","description_kind":"plain","required":true}},"block_types":{"any_filters":{"nesting_mode":"list","block":{"attributes":{"resource_id":{"type":"string","description_kind":"plain","required":true},"resource_type":{"type":"string","description_kind":"plain","required":true}},"description_kind":"plain"},"min_items":1}},"description_kind":"plain"},"max_items":1}},"description_kind":"plain"},"max_items":1}},"description_kind":"plain","deprecated":true},"max_items":1},"filtering_policy":{"nesting_mode":"list","block":{"block_types":{"data_events_filter":{"nesting_mode":"list","block":{"attributes":{"excluded_events":{"type":["list","string"],"description_kind":"plain","optional":true},"included_events":{"type":["list","string"],"description_kind":"plain","optional":true},"service":{"type":"string","description_kind":"plain","required":true}},"block_types":{"resource_scope":{"nesting_mode":"list","block":{"attributes":{"resource_id":{"type":"string","description_kind":"plain","required":true},"resource_type":{"type":"string","description_kind":"plain","required":true}},"description_kind":"plain"},"min_items":1}},"description_kind":"plain"}},"management_events_filter":{"nesting_mode":"list","block":{"block_types":{"resource_scope":{"nesting_mode":"list","block":{"attributes":{"resource_id":{"type":"string","description_kind":"plain","required":true},"resource_type":{"type":"string","description_kind":"plain","required":true}},"description_kind":"plain"},"min_items":1}},"description_kind":"plain"},"max_items":1}},"description_kind":"plain"},"max_items":1},"logging_destination":{"nesting_mode":"list","block":{"attributes":{"log_group_id":{"type":"string","description_kind":"plain","required":true}},"description_kind":"plain"},"max_items":1},"storage_destination":{"nesting_mode":"list","block":{"attributes":{"bucket_name":{"type":"string","description_kind":"plain","required":true},"object_prefix":{"type":"string","description_kind":"plain","optional":true}},"description_kind":"plain"},"max_items":1},"timeouts":{"nesting_mode":"single","block":{"attributes":{"default":{"type":"string","description_kind":"plain","optional":true}},"description_kind":"plain"}}},"description_kind":"plain"}},"yandex_backup_policy":{"version":0,"block":{"attributes":{"archive_name":{"type":"string","description_kind":"plain","optional":true},"cbt":{"type":"string","description_kind":"plain","optional":true},"compression":{"type":"string","description_kind":"plain","optional":true},"created_at":{"type":"string","description_kind":"plain","computed":true},"enabled":{"type":"bool","description_kind":"plain","computed":true},"fast_backup_enabled":{"type":"bool","description_kind":"plain","optional":true},"folder_id":{"type":"string","description_kind":"plain","optional":true,"computed":true},"format":{"type":"string","description_kind":"plain","optional":true},"id":{"type":"string","description_kind":"plain","optional":true,"computed":true},"multi_volume_snapshotting_enabled":{"type":"bool","description_kind":"plain","optional":true},"name":{"type":"string","description_kind":"plain","required":true},"performance_window_enabled":{"type":"bool","description_kind":"plain","optional":true},"preserve_file_security_settings":{"type":"bool","description_kind":"plain","optional":true},"quiesce_snapshotting_enabled":{"type":"bool","description_kind":"plain","optional":true},"silent_mode_enabled":{"type":"bool","description_kind":"plain","optional":true},"splitting_bytes":{"type":"string","description_kind":"plain","optional":true},"updated_at":{"type":"string","description_kind":"plain","computed":true},"vss_provider":{"type":"string","description_kind":"plain","optional":true}},"block_types":{"reattempts":{"nesting_mode":"set","block":{"attributes":{"enabled":{"type":"bool","description_kind":"plain","optional":true},"interval":{"type":"string","description_kind":"plain","optional":true},"max_attempts":{"type":"number","description_kind":"plain","optional":true}},"description_kind":"plain"},"min_items":1,"max_items":1},"retention":{"nesting_mode":"set","block":{"attributes":{"after_backup":{"type":"bool","description_kind":"plain","optional":true}},"block_types":{"rules":{"nesting_mode":"set","block":{"attributes":{"max_age":{"type":"string","description_kind":"plain","optional":true},"max_count":{"type":"number","description_kind":"plain","optional":true},"repeat_period":{"type":["list","string"],"description_kind":"plain","optional":true}},"description_kind":"plain"}}},"description_kind":"plain"},"min_items":1,"max_items":1},"scheduling":{"nesting_mode":"set","block":{"attributes":{"enabled":{"type":"bool","description_kind":"plain","optional":true},"execute_by_interval":{"type":"number","description_kind":"plain","deprecated":true,"optional":true},"max_parallel_backups":{"type":"number","description_kind":"plain","optional":true},"random_max_delay":{"type":"string","description_kind":"plain","optional":true},"scheme":{"type":"string","description_kind":"plain","optional":true},"weekly_backup_day":{"type":"string","description_kind":"plain","optional":true}},"block_types":{"backup_sets":{"nesting_mode":"set","block":{"attributes":{"execute_by_interval":{"type":"number","description_kind":"plain","optional":true},"type":{"type":"string","description_kind":"plain","optional":true}},"block_types":{"execute_by_time":{"nesting_mode":"set","block":{"attributes":{"include_last_day_of_month":{"type":"bool","description_kind":"plain","optional":true},"monthdays":{"type":["list","number"],"description_kind":"plain","optional":true},"months":{"type":["list","number"],"description_kind":"plain","optional":true},"repeat_at":{"type":["list","string"],"description_kind":"plain","optional":true},"repeat_every":{"type":"string","description_kind":"plain","optional":true},"type":{"type":"string","description_kind":"plain","required":true},"weekdays":{"type":["list","string"],"description_kind":"plain","optional":true}},"description_kind":"plain"}}},"description_kind":"plain"}},"execute_by_time":{"nesting_mode":"set","block":{"attributes":{"include_last_day_of_month":{"type":"bool","description_kind":"plain","optional":true},"monthdays":{"type":["list","number"],"description_kind":"plain","optional":true},"months":{"type":["list","number"],"description_kind":"plain","optional":true},"repeat_at":{"type":["list","string"],"description_kind":"plain","optional":true},"repeat_every":{"type":"string","description_kind":"plain","optional":true},"type":{"type":"string","description_kind":"plain","required":true},"weekdays":{"type":["list","string"],"description_kind":"plain","optional":true}},"description_kind":"plain","deprecated":true}}},"description_kind":"plain"},"min_items":1,"max_items":1},"timeouts":{"nesting_mode":"single","block":{"attributes":{"create":{"type":"string","description_kind":"plain","optional":true},"delete":{"type":"string","description_kind":"plain","optional":true},"read":{"type":"string","description_kind":"plain","optional":true},"update":{"type":"string","description_kind":"plain","optional":true}},"description_kind":"plain"}},"vm_snapshot_reattempts":{"nesting_mode":"set","block":{"attributes":{"enabled":{"type":"bool","description_kind":"plain","optional":true},"interval":{"type":"string","description_kind":"plain","optional":true},"max_attempts":{"type":"number","description_kind":"plain","optional":true}},"description_kind":"plain"},"min_items":1,"max_items":1}},"description_kind":"plain"}},"yandex_backup_policy_bindings":{"version":0,"block":{"attributes":{"created_at":{"type":"string","description_kind":"plain","computed":true},"enabled":{"type":"bool","description_kind":"plain","computed":true},"id":{"type":"string","description_kind":"plain","optional":true,"computed":true},"instance_id":{"type":"string","description_kind":"plain","required":true},"policy_id":{"type":"string","description_kind":"plain","required":true},"processing":{"type":"bool","description_kind":"plain","computed":true}},"block_types":{"timeouts":{"nesting_mode":"single","block":{"attributes":{"create":{"type":"string","description_kind":"plain","optional":true},"delete":{"type":"string","description_kind":"plain","optional":true},"read":{"type":"string","description_kind":"plain","optional":true},"update":{"type":"string","description_kind":"plain","optional":true}},"description_kind":"plain"}}},"description_kind":"plain"}},"yandex_billing_cloud_binding":{"version":0,"block":{"attributes":{"billing_account_id":{"type":"string","description_kind":"plain","required":true},"cloud_id":{"type":"string","description_kind":"plain","required":true},"id":{"type":"string","description":"Service generated identifier for the thing.","description_kind":"markdown","computed":true}},"description_kind":"plain"}},"yandex_cdn_origin_group":{"version":0,"block":{"attributes":{"folder_id":{"type":"string","description_kind":"plain","optional":true,"computed":true},"id":{"type":"string","description_kind":"plain","optional":true,"computed":true},"name":{"type":"string","description_kind":"plain","required":true},"use_next":{"type":"bool","description_kind":"plain","optional":true}},"block_types":{"origin":{"nesting_mode":"set","block":{"attributes":{"backup":{"type":"bool","description_kind":"plain","optional":true},"enabled":{"type":"bool","description_kind":"plain","optional":true},"origin_group_id":{"type":"number","description_kind":"plain","computed":true},"source":{"type":"string","description_kind":"plain","required":true}},"description_kind":"plain"},"min_items":1},"timeouts":{"nesting_mode":"single","block":{"attributes":{"create":{"type":"string","description_kind":"plain","optional":true},"delete":{"type":"string","description_kind":"plain","optional":true},"update":{"type":"string","description_kind":"plain","optional":true}},"description_kind":"plain"}}},"description_kind":"plain"}},"yandex_cdn_resource":{"version":0,"block":{"attributes":{"active":{"type":"bool","description_kind":"plain","optional":true},"cname":{"type":"string","description_kind":"plain","optional":true,"computed":true},"created_at":{"type":"string","description_kind":"plain","computed":true},"folder_id":{"type":"string","description_kind":"plain","optional":true,"computed":true},"id":{"type":"string","description_kind":"plain","optional":true,"computed":true},"origin_group_id":{"type":"number","description_kind":"plain","optional":true},"origin_group_name":{"type":"string","description_kind":"plain","optional":true},"origin_protocol":{"type":"string","description_kind":"plain","optional":true},"provider_cname":{"type":"string","description_kind":"plain","computed":true},"secondary_hostnames":{"type":["set","string"],"description_kind":"plain","optional":true},"updated_at":{"type":"string","description_kind":"plain","optional":true,"computed":true}},"block_types":{"options":{"nesting_mode":"list","block":{"attributes":{"allowed_http_methods":{"type":["list","string"],"description_kind":"plain","optional":true,"computed":true},"browser_cache_settings":{"type":"number","description_kind":"plain","optional":true,"computed":true},"cache_http_headers":{"type":["list","string"],"description_kind":"plain","optional":true,"computed":true},"cors":{"type":["list","string"],"description_kind":"plain","optional":true,"computed":true},"custom_host_header":{"type":"string","description_kind":"plain","optional":true,"computed":true},"custom_server_name":{"type":"string","description_kind":"plain","optional":true,"computed":true},"disable_cache":{"type":"bool","description_kind":"plain","optional":true,"computed":true},"disable_proxy_force_ranges":{"type":"bool","description_kind":"plain","optional":true,"computed":true},"edge_cache_settings":{"type":"number","description_kind":"plain","optional":true,"computed":true},"enable_ip_url_signing":{"type":"bool","description_kind":"plain","optional":true,"computed":true},"fetched_compressed":{"type":"bool","description_kind":"plain","optional":true,"computed":true},"forward_host_header":{"type":"bool","description_kind":"plain","optional":true,"computed":true},"gzip_on":{"type":"bool","description_kind":"plain","optional":true,"computed":true},"ignore_cookie":{"type":"bool","description_kind":"plain","optional":true,"computed":true},"ignore_query_params":{"type":"bool","description_kind":"plain","optional":true,"computed":true},"proxy_cache_methods_set":{"type":"bool","description_kind":"plain","optional":true,"computed":true},"query_params_blacklist":{"type":["list","string"],"description_kind":"plain","optional":true,"computed":true},"query_params_whitelist":{"type":["list","string"],"description_kind":"plain","optional":true,"computed":true},"redirect_http_to_https":{"type":"bool","description_kind":"plain","optional":true,"computed":true},"redirect_https_to_http":{"type":"bool","description_kind":"plain","optional":true,"computed":true},"secure_key":{"type":"string","description_kind":"plain","optional":true,"computed":true},"slice":{"type":"bool","description_kind":"plain","optional":true,"computed":true},"static_request_headers":{"type":["map","string"],"description_kind":"plain","optional":true,"computed":true},"static_response_headers":{"type":["map","string"],"description_kind":"plain","optional":true,"computed":true}},"block_types":{"ip_address_acl":{"nesting_mode":"list","block":{"attributes":{"excepted_values":{"type":["list","string"],"description_kind":"plain","optional":true,"computed":true},"policy_type":{"type":"string","description_kind":"plain","optional":true,"computed":true}},"description_kind":"plain"},"max_items":1}},"description_kind":"plain"},"max_items":1},"ssl_certificate":{"nesting_mode":"set","block":{"attributes":{"certificate_manager_id":{"type":"string","description_kind":"plain","optional":true},"status":{"type":"string","description_kind":"plain","computed":true},"type":{"type":"string","description_kind":"plain","required":true}},"description_kind":"plain"},"max_items":1},"timeouts":{"nesting_mode":"single","block":{"attributes":{"create":{"type":"string","description_kind":"plain","optional":true},"delete":{"type":"string","description_kind":"plain","optional":true},"update":{"type":"string","description_kind":"plain","optional":true}},"description_kind":"plain"}}},"description_kind":"plain"}},"yandex_cm_certificate":{"version":1,"block":{"attributes":{"challenges":{"type":["list",["object",{"created_at":"string","dns_name":"string","dns_type":"string","dns_value":"string","domain":"string","http_content":"string","http_url":"string","message":"string","type":"string","updated_at":"string"}]],"description_kind":"plain","computed":true},"created_at":{"type":"string","description_kind":"plain","computed":true},"deletion_protection":{"type":"bool","description_kind":"plain","optional":true},"description":{"type":"string","description_kind":"plain","optional":true},"domains":{"type":["list","string"],"description_kind":"plain","optional":true},"folder_id":{"type":"string","description_kind":"plain","optional":true,"computed":true},"id":{"type":"string","description_kind":"plain","optional":true,"computed":true},"issued_at":{"type":"string","description_kind":"plain","computed":true},"issuer":{"type":"string","description_kind":"plain","computed":true},"labels":{"type":["map","string"],"description_kind":"plain","optional":true},"name":{"type":"string","description_kind":"plain","required":true},"not_after":{"type":"string","description_kind":"plain","computed":true},"not_before":{"type":"string","description_kind":"plain","computed":true},"serial":{"type":"string","description_kind":"plain","computed":true},"status":{"type":"string","description_kind":"plain","computed":true},"subject":{"type":"string","description_kind":"plain","computed":true},"type":{"type":"string","description_kind":"plain","computed":true},"updated_at":{"type":"string","description_kind":"plain","computed":true}},"block_types":{"managed":{"nesting_mode":"list","block":{"attributes":{"challenge_count":{"type":"number","description_kind":"plain","optional":true},"challenge_type":{"type":"string","description_kind":"plain","required":true}},"description_kind":"plain"},"max_items":1},"self_managed":{"nesting_mode":"list","block":{"attributes":{"certificate":{"type":"string","description_kind":"plain","required":true},"private_key":{"type":"string","description_kind":"plain","optional":true,"sensitive":true}},"block_types":{"private_key_lockbox_secret":{"nesting_mode":"list","block":{"attributes":{"id":{"type":"string","description_kind":"plain","required":true},"key":{"type":"string","description_kind":"plain","required":true}},"description_kind":"plain"},"max_items":1}},"description_kind":"plain"},"max_items":1},"timeouts":{"nesting_mode":"single","block":{"attributes":{"create":{"type":"string","description_kind":"plain","optional":true},"delete":{"type":"string","description_kind":"plain","optional":true},"read":{"type":"string","description_kind":"plain","optional":true},"update":{"type":"string","description_kind":"plain","optional":true}},"description_kind":"plain"}}},"description_kind":"plain"}},"yandex_compute_disk":{"version":0,"block":{"attributes":{"allow_recreate":{"type":"bool","description_kind":"plain","optional":true},"block_size":{"type":"number","description_kind":"plain","optional":true},"created_at":{"type":"string","description_kind":"plain","computed":true},"description":{"type":"string","description_kind":"plain","optional":true},"folder_id":{"type":"string","description_kind":"plain","optional":true,"computed":true},"id":{"type":"string","description_kind":"plain","optional":true,"computed":true},"image_id":{"type":"string","description_kind":"plain","optional":true},"labels":{"type":["map","string"],"description_kind":"plain","optional":true},"name":{"type":"string","description_kind":"plain","optional":true},"product_ids":{"type":["list","string"],"description_kind":"plain","computed":true},"size":{"type":"number","description_kind":"plain","optional":true},"snapshot_id":{"type":"string","description_kind":"plain","optional":true},"status":{"type":"string","description_kind":"plain","computed":true},"type":{"type":"string","description_kind":"plain","optional":true},"zone":{"type":"string","description_kind":"plain","optional":true,"computed":true}},"block_types":{"disk_placement_policy":{"nesting_mode":"list","block":{"attributes":{"disk_placement_group_id":{"type":"string","description_kind":"plain","required":true}},"description_kind":"plain"},"max_items":1},"hardware_generation":{"nesting_mode":"list","block":{"block_types":{"generation2_features":{"nesting_mode":"list","block":{"description_kind":"plain"},"max_items":1},"legacy_features":{"nesting_mode":"list","block":{"attributes":{"pci_topology":{"type":"string","description_kind":"plain","optional":true,"computed":true}},"description_kind":"plain"},"max_items":1}},"description_kind":"plain"},"max_items":1},"timeouts":{"nesting_mode":"single","block":{"attributes":{"create":{"type":"string","description_kind":"plain","optional":true},"delete":{"type":"string","description_kind":"plain","optional":true},"update":{"type":"string","description_kind":"plain","optional":true}},"description_kind":"plain"}}},"description_kind":"plain"}},"yandex_compute_disk_iam_binding":{"version":0,"block":{"attributes":{"disk_id":{"type":"string","description_kind":"plain","required":true},"members":{"type":["set","string"],"description_kind":"plain","required":true},"role":{"type":"string","description_kind":"plain","required":true}},"description_kind":"plain"}},"yandex_compute_disk_placement_group":{"version":0,"block":{"attributes":{"created_at":{"type":"string","description_kind":"plain","computed":true},"description":{"type":"string","description_kind":"plain","optional":true},"folder_id":{"type":"string","description_kind":"plain","optional":true,"computed":true},"id":{"type":"string","description_kind":"plain","optional":true,"computed":true},"labels":{"type":["map","string"],"description_kind":"plain","optional":true},"name":{"type":"string","description_kind":"plain","optional":true},"status":{"type":"string","description_kind":"plain","computed":true},"zone":{"type":"string","description_kind":"plain","optional":true}},"block_types":{"timeouts":{"nesting_mode":"single","block":{"attributes":{"create":{"type":"string","description_kind":"plain","optional":true},"delete":{"type":"string","description_kind":"plain","optional":true},"update":{"type":"string","description_kind":"plain","optional":true}},"description_kind":"plain"}}},"description_kind":"plain"}},"yandex_compute_disk_placement_group_iam_binding":{"version":0,"block":{"attributes":{"disk_placement_group_id":{"type":"string","description_kind":"plain","required":true},"members":{"type":["set","string"],"description_kind":"plain","required":true},"role":{"type":"string","description_kind":"plain","required":true}},"description_kind":"plain"}},"yandex_compute_filesystem":{"version":0,"block":{"attributes":{"block_size":{"type":"number","description_kind":"plain","optional":true},"created_at":{"type":"string","description_kind":"plain","computed":true},"description":{"type":"string","description_kind":"plain","optional":true},"folder_id":{"type":"string","description_kind":"plain","optional":true,"computed":true},"id":{"type":"string","description_kind":"plain","optional":true,"computed":true},"labels":{"type":["map","string"],"description_kind":"plain","optional":true},"name":{"type":"string","description_kind":"plain","optional":true},"size":{"type":"number","description_kind":"plain","optional":true},"status":{"type":"string","description_kind":"plain","computed":true},"type":{"type":"string","description_kind":"plain","optional":true},"zone":{"type":"string","description_kind":"plain","optional":true,"computed":true}},"block_types":{"timeouts":{"nesting_mode":"single","block":{"attributes":{"create":{"type":"string","description_kind":"plain","optional":true},"delete":{"type":"string","description_kind":"plain","optional":true},"update":{"type":"string","description_kind":"plain","optional":true}},"description_kind":"plain"}}},"description_kind":"plain"}},"yandex_compute_filesystem_iam_binding":{"version":0,"block":{"attributes":{"filesystem_id":{"type":"string","description_kind":"plain","required":true},"members":{"type":["set","string"],"description_kind":"plain","required":true},"role":{"type":"string","description_kind":"plain","required":true}},"description_kind":"plain"}},"yandex_compute_gpu_cluster":{"version":0,"block":{"attributes":{"created_at":{"type":"string","description_kind":"plain","computed":true},"description":{"type":"string","description_kind":"plain","optional":true},"folder_id":{"type":"string","description_kind":"plain","optional":true,"computed":true},"id":{"type":"string","description_kind":"plain","optional":true,"computed":true},"interconnect_type":{"type":"string","description_kind":"plain","optional":true},"labels":{"type":["map","string"],"description_kind":"plain","optional":true},"name":{"type":"string","description_kind":"plain","optional":true},"status":{"type":"string","description_kind":"plain","computed":true},"zone":{"type":"string","description_kind":"plain","optional":true,"computed":true}},"block_types":{"timeouts":{"nesting_mode":"single","block":{"attributes":{"create":{"type":"string","description_kind":"plain","optional":true},"delete":{"type":"string","description_kind":"plain","optional":true},"update":{"type":"string","description_kind":"plain","optional":true}},"description_kind":"plain"}}},"description_kind":"plain"}},"yandex_compute_gpu_cluster_iam_binding":{"version":0,"block":{"attributes":{"gpu_cluster_id":{"type":"string","description_kind":"plain","required":true},"members":{"type":["set","string"],"description_kind":"plain","required":true},"role":{"type":"string","description_kind":"plain","required":true}},"description_kind":"plain"}},"yandex_compute_image":{"version":0,"block":{"attributes":{"created_at":{"type":"string","description_kind":"plain","computed":true},"description":{"type":"string","description_kind":"plain","optional":true},"family":{"type":"string","description_kind":"plain","optional":true},"folder_id":{"type":"string","description_kind":"plain","optional":true,"computed":true},"id":{"type":"string","description_kind":"plain","optional":true,"computed":true},"labels":{"type":["map","string"],"description_kind":"plain","optional":true},"min_disk_size":{"type":"number","description_kind":"plain","optional":true,"computed":true},"name":{"type":"string","description_kind":"plain","optional":true},"os_type":{"type":"string","description_kind":"plain","optional":true,"computed":true},"pooled":{"type":"bool","description_kind":"plain","optional":true,"computed":true},"product_ids":{"type":["set","string"],"description_kind":"plain","optional":true,"computed":true},"size":{"type":"number","description_kind":"plain","computed":true},"source_disk":{"type":"string","description_kind":"plain","optional":true,"computed":true},"source_family":{"type":"string","description_kind":"plain","optional":true,"computed":true},"source_image":{"type":"string","description_kind":"plain","optional":true,"computed":true},"source_snapshot":{"type":"string","description_kind":"plain","optional":true,"computed":true},"source_url":{"type":"string","description_kind":"plain","optional":true,"computed":true},"status":{"type":"string","description_kind":"plain","computed":true}},"block_types":{"hardware_generation":{"nesting_mode":"list","block":{"block_types":{"generation2_features":{"nesting_mode":"list","block":{"description_kind":"plain"},"max_items":1},"legacy_features":{"nesting_mode":"list","block":{"attributes":{"pci_topology":{"type":"string","description_kind":"plain","optional":true,"computed":true}},"description_kind":"plain"},"max_items":1}},"description_kind":"plain"},"max_items":1},"timeouts":{"nesting_mode":"single","block":{"attributes":{"create":{"type":"string","description_kind":"plain","optional":true},"delete":{"type":"string","description_kind":"plain","optional":true},"update":{"type":"string","description_kind":"plain","optional":true}},"description_kind":"plain"}}},"description_kind":"plain"}},"yandex_compute_image_iam_binding":{"version":0,"block":{"attributes":{"image_id":{"type":"string","description_kind":"plain","required":true},"members":{"type":["set","string"],"description_kind":"plain","required":true},"role":{"type":"string","description_kind":"plain","required":true}},"description_kind":"plain"}},"yandex_compute_instance":{"version":1,"block":{"attributes":{"allow_recreate":{"type":"bool","description_kind":"plain","optional":true},"allow_stopping_for_update":{"type":"bool","description_kind":"plain","optional":true},"created_at":{"type":"string","description_kind":"plain","computed":true},"description":{"type":"string","description_kind":"plain","optional":true},"folder_id":{"type":"string","description_kind":"plain","optional":true,"computed":true},"fqdn":{"type":"string","description_kind":"plain","computed":true},"gpu_cluster_id":{"type":"string","description_kind":"plain","optional":true,"computed":true},"hardware_generation":{"type":["list",["object",{"generation2_features":["list",["object",{}]],"legacy_features":["list",["object",{"pci_topology":"string"}]]}]],"description_kind":"plain","computed":true},"hostname":{"type":"string","description_kind":"plain","optional":true,"computed":true},"id":{"type":"string","description_kind":"plain","optional":true,"computed":true},"labels":{"type":["map","string"],"description_kind":"plain","optional":true},"maintenance_grace_period":{"type":"string","description_kind":"plain","optional":true,"computed":true},"maintenance_policy":{"type":"string","description_kind":"plain","optional":true,"computed":true},"metadata":{"type":["map","string"],"description_kind":"plain","optional":true},"name":{"type":"string","description_kind":"plain","optional":true},"network_acceleration_type":{"type":"string","description_kind":"plain","optional":true},"platform_id":{"type":"string","description_kind":"plain","optional":true},"service_account_id":{"type":"string","description_kind":"plain","optional":true,"computed":true},"status":{"type":"string","description_kind":"plain","computed":true},"zone":{"type":"string","description_kind":"plain","optional":true,"computed":true}},"block_types":{"boot_disk":{"nesting_mode":"list","block":{"attributes":{"auto_delete":{"type":"bool","description_kind":"plain","optional":true},"device_name":{"type":"string","description_kind":"plain","optional":true,"computed":true},"disk_id":{"type":"string","description_kind":"plain","optional":true,"computed":true},"mode":{"type":"string","description_kind":"plain","optional":true,"computed":true}},"block_types":{"initialize_params":{"nesting_mode":"list","block":{"attributes":{"block_size":{"type":"number","description_kind":"plain","optional":true,"computed":true},"description":{"type":"string","description_kind":"plain","optional":true,"computed":true},"image_id":{"type":"string","description_kind":"plain","optional":true,"computed":true},"name":{"type":"string","description_kind":"plain","optional":true,"computed":true},"size":{"type":"number","description_kind":"plain","optional":true,"computed":true},"snapshot_id":{"type":"string","description_kind":"plain","optional":true,"computed":true},"type":{"type":"string","description_kind":"plain","optional":true}},"description_kind":"plain"},"max_items":1}},"description_kind":"plain"},"min_items":1,"max_items":1},"filesystem":{"nesting_mode":"set","block":{"attributes":{"device_name":{"type":"string","description_kind":"plain","optional":true,"computed":true},"filesystem_id":{"type":"string","description_kind":"plain","required":true},"mode":{"type":"string","description_kind":"plain","optional":true}},"description_kind":"plain"}},"local_disk":{"nesting_mode":"list","block":{"attributes":{"device_name":{"type":"string","description_kind":"plain","computed":true},"size_bytes":{"type":"number","description_kind":"plain","required":true}},"description_kind":"plain"}},"metadata_options":{"nesting_mode":"list","block":{"attributes":{"aws_v1_http_endpoint":{"type":"number","description_kind":"plain","optional":true,"computed":true},"aws_v1_http_token":{"type":"number","description_kind":"plain","optional":true,"computed":true},"gce_http_endpoint":{"type":"number","description_kind":"plain","optional":true,"computed":true},"gce_http_token":{"type":"number","description_kind":"plain","optional":true,"computed":true}},"description_kind":"plain"},"max_items":1},"network_interface":{"nesting_mode":"list","block":{"attributes":{"index":{"type":"number","description_kind":"plain","optional":true,"computed":true},"ip_address":{"type":"string","description_kind":"plain","optional":true,"computed":true},"ipv4":{"type":"bool","description_kind":"plain","optional":true},"ipv6":{"type":"bool","description_kind":"plain","optional":true,"computed":true},"ipv6_address":{"type":"string","description_kind":"plain","optional":true,"computed":true},"mac_address":{"type":"string","description_kind":"plain","computed":true},"nat":{"type":"bool","description_kind":"plain","optional":true},"nat_ip_address":{"type":"string","description_kind":"plain","optional":true,"computed":true},"nat_ip_version":{"type":"string","description_kind":"plain","computed":true},"security_group_ids":{"type":["set","string"],"description_kind":"plain","optional":true,"computed":true},"subnet_id":{"type":"string","description_kind":"plain","required":true}},"block_types":{"dns_record":{"nesting_mode":"list","block":{"attributes":{"dns_zone_id":{"type":"string","description_kind":"plain","optional":true},"fqdn":{"type":"string","description_kind":"plain","required":true},"ptr":{"type":"bool","description_kind":"plain","optional":true},"ttl":{"type":"number","description_kind":"plain","optional":true}},"description_kind":"plain"}},"ipv6_dns_record":{"nesting_mode":"list","block":{"attributes":{"dns_zone_id":{"type":"string","description_kind":"plain","optional":true},"fqdn":{"type":"string","description_kind":"plain","required":true},"ptr":{"type":"bool","description_kind":"plain","optional":true},"ttl":{"type":"number","description_kind":"plain","optional":true}},"description_kind":"plain"}},"nat_dns_record":{"nesting_mode":"list","block":{"attributes":{"dns_zone_id":{"type":"string","description_kind":"plain","optional":true},"fqdn":{"type":"string","description_kind":"plain","required":true},"ptr":{"type":"bool","description_kind":"plain","optional":true},"ttl":{"type":"number","description_kind":"plain","optional":true}},"description_kind":"plain"}}},"description_kind":"plain"},"min_items":1},"placement_policy":{"nesting_mode":"list","block":{"attributes":{"host_affinity_rules":{"type":["list",["object",{"key":"string","op":"string","values":["list","string"]}]],"description_kind":"plain","optional":true,"computed":true},"placement_group_id":{"type":"string","description_kind":"plain","optional":true},"placement_group_partition":{"type":"number","description_kind":"plain","optional":true}},"description_kind":"plain"},"max_items":1},"resources":{"nesting_mode":"list","block":{"attributes":{"core_fraction":{"type":"number","description_kind":"plain","optional":true},"cores":{"type":"number","description_kind":"plain","required":true},"gpus":{"type":"number","description_kind":"plain","optional":true},"memory":{"type":"number","description_kind":"plain","required":true}},"description_kind":"plain"},"min_items":1,"max_items":1},"scheduling_policy":{"nesting_mode":"list","block":{"attributes":{"preemptible":{"type":"bool","description_kind":"plain","optional":true}},"description_kind":"plain"},"max_items":1},"secondary_disk":{"nesting_mode":"set","block":{"attributes":{"auto_delete":{"type":"bool","description_kind":"plain","optional":true},"device_name":{"type":"string","description_kind":"plain","optional":true,"computed":true},"disk_id":{"type":"string","description_kind":"plain","required":true},"mode":{"type":"string","description_kind":"plain","optional":true}},"description_kind":"plain"}},"timeouts":{"nesting_mode":"single","block":{"attributes":{"create":{"type":"string","description_kind":"plain","optional":true},"delete":{"type":"string","description_kind":"plain","optional":true},"update":{"type":"string","description_kind":"plain","optional":true}},"description_kind":"plain"}}},"description_kind":"plain"}},"yandex_compute_instance_group":{"version":0,"block":{"attributes":{"created_at":{"type":"string","description_kind":"plain","computed":true},"deletion_protection":{"type":"bool","description_kind":"plain","optional":true},"description":{"type":"string","description_kind":"plain","optional":true},"folder_id":{"type":"string","description_kind":"plain","optional":true,"computed":true},"id":{"type":"string","description_kind":"plain","optional":true,"computed":true},"instances":{"type":["list",["object",{"fqdn":"string","instance_id":"string","instance_tag":"string","name":"string","network_interface":["list",["object",{"index":"number","ip_address":"string","ipv4":"bool","ipv6":"bool","ipv6_address":"string","mac_address":"string","nat":"bool","nat_ip_address":"string","nat_ip_version":"string","subnet_id":"string"}]],"status":"string","status_changed_at":"string","status_message":"string","zone_id":"string"}]],"description_kind":"plain","computed":true},"labels":{"type":["map","string"],"description_kind":"plain","optional":true},"max_checking_health_duration":{"type":"number","description_kind":"plain","optional":true},"name":{"type":"string","description_kind":"plain","optional":true},"service_account_id":{"type":"string","description_kind":"plain","required":true},"status":{"type":"string","description_kind":"plain","computed":true},"variables":{"type":["map","string"],"description_kind":"plain","optional":true}},"block_types":{"allocation_policy":{"nesting_mode":"list","block":{"attributes":{"zones":{"type":["set","string"],"description_kind":"plain","required":true}},"block_types":{"instance_tags_pool":{"nesting_mode":"list","block":{"attributes":{"tags":{"type":["list","string"],"description_kind":"plain","required":true},"zone":{"type":"string","description_kind":"plain","required":true}},"description_kind":"plain"}}},"description_kind":"plain"},"min_items":1,"max_items":1},"application_load_balancer":{"nesting_mode":"list","block":{"attributes":{"ignore_health_checks":{"type":"bool","description_kind":"plain","optional":true},"max_opening_traffic_duration":{"type":"number","description_kind":"plain","optional":true},"status_message":{"type":"string","description_kind":"plain","computed":true},"target_group_description":{"type":"string","description_kind":"plain","optional":true},"target_group_id":{"type":"string","description_kind":"plain","computed":true},"target_group_labels":{"type":["map","string"],"description_kind":"plain","optional":true},"target_group_name":{"type":"string","description_kind":"plain","optional":true}},"description_kind":"plain"},"max_items":1},"deploy_policy":{"nesting_mode":"list","block":{"attributes":{"max_creating":{"type":"number","description_kind":"plain","optional":true},"max_deleting":{"type":"number","description_kind":"plain","optional":true},"max_expansion":{"type":"number","description_kind":"plain","required":true},"max_unavailable":{"type":"number","description_kind":"plain","required":true},"startup_duration":{"type":"number","description_kind":"plain","optional":true},"strategy":{"type":"string","description_kind":"plain","optional":true,"computed":true}},"description_kind":"plain"},"min_items":1,"max_items":1},"health_check":{"nesting_mode":"list","block":{"attributes":{"healthy_threshold":{"type":"number","description_kind":"plain","optional":true},"interval":{"type":"number","description_kind":"plain","optional":true},"timeout":{"type":"number","description_kind":"plain","optional":true},"unhealthy_threshold":{"type":"number","description_kind":"plain","optional":true}},"block_types":{"http_options":{"nesting_mode":"list","block":{"attributes":{"path":{"type":"string","description_kind":"plain","required":true},"port":{"type":"number","description_kind":"plain","required":true}},"description_kind":"plain"},"max_items":1},"tcp_options":{"nesting_mode":"list","block":{"attributes":{"port":{"type":"number","description_kind":"plain","required":true}},"description_kind":"plain"},"max_items":1}},"description_kind":"plain"}},"instance_template":{"nesting_mode":"list","block":{"attributes":{"description":{"type":"string","description_kind":"plain","optional":true},"hostname":{"type":"string","description_kind":"plain","optional":true},"labels":{"type":["map","string"],"description_kind":"plain","optional":true,"computed":true},"metadata":{"type":["map","string"],"description_kind":"plain","optional":true,"computed":true},"name":{"type":"string","description_kind":"plain","optional":true},"platform_id":{"type":"string","description_kind":"plain","optional":true},"service_account_id":{"type":"string","description_kind":"plain","optional":true}},"block_types":{"boot_disk":{"nesting_mode":"list","block":{"attributes":{"device_name":{"type":"string","description_kind":"plain","optional":true,"computed":true},"disk_id":{"type":"string","description_kind":"plain","optional":true},"mode":{"type":"string","description_kind":"plain","optional":true},"name":{"type":"string","description_kind":"plain","optional":true}},"block_types":{"initialize_params":{"nesting_mode":"list","block":{"attributes":{"description":{"type":"string","description_kind":"plain","optional":true},"image_id":{"type":"string","description_kind":"plain","optional":true,"computed":true},"size":{"type":"number","description_kind":"plain","optional":true,"computed":true},"snapshot_id":{"type":"string","description_kind":"plain","optional":true,"computed":true},"type":{"type":"string","description_kind":"plain","optional":true}},"description_kind":"plain"},"max_items":1}},"description_kind":"plain"},"min_items":1,"max_items":1},"filesystem":{"nesting_mode":"set","block":{"attributes":{"device_name":{"type":"string","description_kind":"plain","optional":true},"filesystem_id":{"type":"string","description_kind":"plain","required":true},"mode":{"type":"string","description_kind":"plain","optional":true}},"description_kind":"plain"}},"metadata_options":{"nesting_mode":"list","block":{"attributes":{"aws_v1_http_endpoint":{"type":"number","description_kind":"plain","optional":true,"computed":true},"aws_v1_http_token":{"type":"number","description_kind":"plain","optional":true,"computed":true},"gce_http_endpoint":{"type":"number","description_kind":"plain","optional":true,"computed":true},"gce_http_token":{"type":"number","description_kind":"plain","optional":true,"computed":true}},"description_kind":"plain"},"max_items":1},"network_interface":{"nesting_mode":"list","block":{"attributes":{"ip_address":{"type":"string","description_kind":"plain","optional":true,"computed":true},"ipv4":{"type":"bool","description_kind":"plain","optional":true},"ipv6":{"type":"bool","description_kind":"plain","optional":true,"computed":true},"ipv6_address":{"type":"string","description_kind":"plain","optional":true,"computed":true},"nat":{"type":"bool","description_kind":"plain","optional":true,"computed":true},"nat_ip_address":{"type":"string","description_kind":"plain","optional":true},"network_id":{"type":"string","description_kind":"plain","optional":true},"security_group_ids":{"type":["set","string"],"description_kind":"plain","optional":true},"subnet_ids":{"type":["set","string"],"description_kind":"plain","optional":true}},"block_types":{"dns_record":{"nesting_mode":"list","block":{"attributes":{"dns_zone_id":{"type":"string","description_kind":"plain","optional":true},"fqdn":{"type":"string","description_kind":"plain","required":true},"ptr":{"type":"bool","description_kind":"plain","optional":true,"computed":true},"ttl":{"type":"number","description_kind":"plain","optional":true}},"description_kind":"plain"}},"ipv6_dns_record":{"nesting_mode":"list","block":{"attributes":{"dns_zone_id":{"type":"string","description_kind":"plain","optional":true},"fqdn":{"type":"string","description_kind":"plain","required":true},"ptr":{"type":"bool","description_kind":"plain","optional":true,"computed":true},"ttl":{"type":"number","description_kind":"plain","optional":true}},"description_kind":"plain"}},"nat_dns_record":{"nesting_mode":"list","block":{"attributes":{"dns_zone_id":{"type":"string","description_kind":"plain","optional":true},"fqdn":{"type":"string","description_kind":"plain","required":true},"ptr":{"type":"bool","description_kind":"plain","optional":true,"computed":true},"ttl":{"type":"number","description_kind":"plain","optional":true}},"description_kind":"plain"}}},"description_kind":"plain"},"min_items":1},"network_settings":{"nesting_mode":"list","block":{"attributes":{"type":{"type":"string","description_kind":"plain","optional":true}},"description_kind":"plain"}},"placement_policy":{"nesting_mode":"list","block":{"attributes":{"placement_group_id":{"type":"string","description_kind":"plain","required":true}},"description_kind":"plain"},"max_items":1},"resources":{"nesting_mode":"list","block":{"attributes":{"core_fraction":{"type":"number","description_kind":"plain","optional":true},"cores":{"type":"number","description_kind":"plain","required":true},"gpus":{"type":"number","description_kind":"plain","optional":true},"memory":{"type":"number","description_kind":"plain","required":true}},"description_kind":"plain"},"min_items":1,"max_items":1},"scheduling_policy":{"nesting_mode":"list","block":{"attributes":{"preemptible":{"type":"bool","description_kind":"plain","optional":true}},"description_kind":"plain"},"max_items":1},"secondary_disk":{"nesting_mode":"list","block":{"attributes":{"device_name":{"type":"string","description_kind":"plain","optional":true},"disk_id":{"type":"string","description_kind":"plain","optional":true},"mode":{"type":"string","description_kind":"plain","optional":true},"name":{"type":"string","description_kind":"plain","optional":true}},"block_types":{"initialize_params":{"nesting_mode":"list","block":{"attributes":{"description":{"type":"string","description_kind":"plain","optional":true},"image_id":{"type":"string","description_kind":"plain","optional":true},"size":{"type":"number","description_kind":"plain","optional":true},"snapshot_id":{"type":"string","description_kind":"plain","optional":true},"type":{"type":"string","description_kind":"plain","optional":true}},"description_kind":"plain"},"max_items":1}},"description_kind":"plain"}}},"description_kind":"plain"},"min_items":1,"max_items":1},"load_balancer":{"nesting_mode":"list","block":{"attributes":{"ignore_health_checks":{"type":"bool","description_kind":"plain","optional":true},"max_opening_traffic_duration":{"type":"number","description_kind":"plain","optional":true},"status_message":{"type":"string","description_kind":"plain","computed":true},"target_group_description":{"type":"string","description_kind":"plain","optional":true},"target_group_id":{"type":"string","description_kind":"plain","computed":true},"target_group_labels":{"type":["map","string"],"description_kind":"plain","optional":true},"target_group_name":{"type":"string","description_kind":"plain","optional":true}},"description_kind":"plain"},"max_items":1},"scale_policy":{"nesting_mode":"list","block":{"block_types":{"auto_scale":{"nesting_mode":"list","block":{"attributes":{"auto_scale_type":{"type":"string","description_kind":"plain","optional":true},"cpu_utilization_target":{"type":"number","description_kind":"plain","optional":true},"initial_size":{"type":"number","description_kind":"plain","required":true},"max_size":{"type":"number","description_kind":"plain","optional":true},"measurement_duration":{"type":"number","description_kind":"plain","required":true},"min_zone_size":{"type":"number","description_kind":"plain","optional":true},"stabilization_duration":{"type":"number","description_kind":"plain","optional":true,"computed":true},"warmup_duration":{"type":"number","description_kind":"plain","optional":true,"computed":true}},"block_types":{"custom_rule":{"nesting_mode":"list","block":{"attributes":{"folder_id":{"type":"string","description_kind":"plain","optional":true},"labels":{"type":["map","string"],"description_kind":"plain","optional":true},"metric_name":{"type":"string","description_kind":"plain","required":true},"metric_type":{"type":"string","description_kind":"plain","required":true},"rule_type":{"type":"string","description_kind":"plain","required":true},"service":{"type":"string","description_kind":"plain","optional":true},"target":{"type":"number","description_kind":"plain","required":true}},"description_kind":"plain"}}},"description_kind":"plain"},"max_items":1},"fixed_scale":{"nesting_mode":"list","block":{"attributes":{"size":{"type":"number","description_kind":"plain","required":true}},"description_kind":"plain"},"max_items":1},"test_auto_scale":{"nesting_mode":"list","block":{"attributes":{"auto_scale_type":{"type":"string","description_kind":"plain","optional":true},"cpu_utilization_target":{"type":"number","description_kind":"plain","optional":true},"initial_size":{"type":"number","description_kind":"plain","required":true},"max_size":{"type":"number","description_kind":"plain","optional":true},"measurement_duration":{"type":"number","description_kind":"plain","required":true},"min_zone_size":{"type":"number","description_kind":"plain","optional":true},"stabilization_duration":{"type":"number","description_kind":"plain","optional":true,"computed":true},"warmup_duration":{"type":"number","description_kind":"plain","optional":true,"computed":true}},"block_types":{"custom_rule":{"nesting_mode":"list","block":{"attributes":{"folder_id":{"type":"string","description_kind":"plain","optional":true},"labels":{"type":["map","string"],"description_kind":"plain","optional":true},"metric_name":{"type":"string","description_kind":"plain","required":true},"metric_type":{"type":"string","description_kind":"plain","required":true},"rule_type":{"type":"string","description_kind":"plain","required":true},"service":{"type":"string","description_kind":"plain","optional":true},"target":{"type":"number","description_kind":"plain","required":true}},"description_kind":"plain"}}},"description_kind":"plain"},"max_items":1}},"description_kind":"plain"},"min_items":1,"max_items":1},"timeouts":{"nesting_mode":"single","block":{"attributes":{"create":{"type":"string","description_kind":"plain","optional":true},"delete":{"type":"string","description_kind":"plain","optional":true},"update":{"type":"string","description_kind":"plain","optional":true}},"description_kind":"plain"}}},"description_kind":"plain"}},"yandex_compute_instance_iam_binding":{"version":0,"block":{"attributes":{"instance_id":{"type":"string","description_kind":"plain","required":true},"members":{"type":["set","string"],"description_kind":"plain","required":true},"role":{"type":"string","description_kind":"plain","required":true}},"description_kind":"plain"}},"yandex_compute_placement_group":{"version":1,"block":{"attributes":{"created_at":{"type":"string","description_kind":"plain","computed":true},"description":{"type":"string","description_kind":"plain","optional":true},"folder_id":{"type":"string","description_kind":"plain","optional":true,"computed":true},"id":{"type":"string","description_kind":"plain","optional":true,"computed":true},"labels":{"type":["map","string"],"description_kind":"plain","optional":true},"name":{"type":"string","description_kind":"plain","optional":true},"placement_strategy_partitions":{"type":"number","description_kind":"plain","optional":true},"placement_strategy_spread":{"type":"bool","description_kind":"plain","optional":true}},"block_types":{"timeouts":{"nesting_mode":"single","block":{"attributes":{"create":{"type":"string","description_kind":"plain","optional":true},"delete":{"type":"string","description_kind":"plain","optional":true},"update":{"type":"string","description_kind":"plain","optional":true}},"description_kind":"plain"}}},"description_kind":"plain"}},"yandex_compute_placement_group_iam_binding":{"version":0,"block":{"attributes":{"members":{"type":["set","string"],"description_kind":"plain","required":true},"placement_group_id":{"type":"string","description_kind":"plain","required":true},"role":{"type":"string","description_kind":"plain","required":true}},"description_kind":"plain"}},"yandex_compute_snapshot":{"version":0,"block":{"attributes":{"created_at":{"type":"string","description_kind":"plain","computed":true},"description":{"type":"string","description_kind":"plain","optional":true},"disk_size":{"type":"number","description_kind":"plain","computed":true},"folder_id":{"type":"string","description_kind":"plain","optional":true,"computed":true},"id":{"type":"string","description_kind":"plain","optional":true,"computed":true},"labels":{"type":["map","string"],"description_kind":"plain","optional":true},"name":{"type":"string","description_kind":"plain","optional":true},"source_disk_id":{"type":"string","description_kind":"plain","required":true},"storage_size":{"type":"number","description_kind":"plain","computed":true}},"block_types":{"hardware_generation":{"nesting_mode":"list","block":{"block_types":{"generation2_features":{"nesting_mode":"list","block":{"description_kind":"plain"},"max_items":1},"legacy_features":{"nesting_mode":"list","block":{"attributes":{"pci_topology":{"type":"string","description_kind":"plain","optional":true,"computed":true}},"description_kind":"plain"},"max_items":1}},"description_kind":"plain"},"max_items":1},"timeouts":{"nesting_mode":"single","block":{"attributes":{"create":{"type":"string","description_kind":"plain","optional":true},"delete":{"type":"string","description_kind":"plain","optional":true},"update":{"type":"string","description_kind":"plain","optional":true}},"description_kind":"plain"}}},"description_kind":"plain"}},"yandex_compute_snapshot_iam_binding":{"version":0,"block":{"attributes":{"members":{"type":["set","string"],"description_kind":"plain","required":true},"role":{"type":"string","description_kind":"plain","required":true},"snapshot_id":{"type":"string","description_kind":"plain","required":true}},"description_kind":"plain"}},"yandex_compute_snapshot_schedule":{"version":0,"block":{"attributes":{"created_at":{"type":"string","description_kind":"plain","computed":true},"description":{"type":"string","description_kind":"plain","optional":true},"disk_ids":{"type":["set","string"],"description_kind":"plain","optional":true,"computed":true},"folder_id":{"type":"string","description_kind":"plain","optional":true,"computed":true},"id":{"type":"string","description_kind":"plain","optional":true,"computed":true},"labels":{"type":["map","string"],"description_kind":"plain","optional":true},"name":{"type":"string","description_kind":"plain","optional":true},"retention_period":{"type":"string","description_kind":"plain","optional":true},"snapshot_count":{"type":"number","description_kind":"plain","optional":true},"status":{"type":"string","description_kind":"plain","computed":true}},"block_types":{"schedule_policy":{"nesting_mode":"list","block":{"attributes":{"expression":{"type":"string","description_kind":"plain","optional":true},"start_at":{"type":"string","description_kind":"plain","optional":true,"computed":true}},"description_kind":"plain"},"max_items":1},"snapshot_spec":{"nesting_mode":"list","block":{"attributes":{"description":{"type":"string","description_kind":"plain","optional":true},"labels":{"type":["map","string"],"description_kind":"plain","optional":true}},"description_kind":"plain"},"max_items":1},"timeouts":{"nesting_mode":"single","block":{"attributes":{"create":{"type":"string","description_kind":"plain","optional":true},"delete":{"type":"string","description_kind":"plain","optional":true},"update":{"type":"string","description_kind":"plain","optional":true}},"description_kind":"plain"}}},"description_kind":"plain"}},"yandex_compute_snapshot_schedule_iam_binding":{"version":0,"block":{"attributes":{"members":{"type":["set","string"],"description_kind":"plain","required":true},"role":{"type":"string","description_kind":"plain","required":true},"snapshot_schedule_id":{"type":"string","description_kind":"plain","required":true}},"description_kind":"plain"}},"yandex_container_registry":{"version":0,"block":{"attributes":{"created_at":{"type":"string","description_kind":"plain","computed":true},"folder_id":{"type":"string","description_kind":"plain","optional":true,"computed":true},"id":{"type":"string","description_kind":"plain","optional":true,"computed":true},"labels":{"type":["map","string"],"description_kind":"plain","optional":true},"name":{"type":"string","description_kind":"plain","optional":true,"computed":true},"status":{"type":"string","description_kind":"plain","computed":true}},"block_types":{"timeouts":{"nesting_mode":"single","block":{"attributes":{"create":{"type":"string","description_kind":"plain","optional":true},"delete":{"type":"string","description_kind":"plain","optional":true},"update":{"type":"string","description_kind":"plain","optional":true}},"description_kind":"plain"}}},"description_kind":"plain"}},"yandex_container_registry_iam_binding":{"version":0,"block":{"attributes":{"id":{"type":"string","description_kind":"plain","optional":true,"computed":true},"members":{"type":["set","string"],"description_kind":"plain","required":true},"registry_id":{"type":"string","description_kind":"plain","required":true},"role":{"type":"string","description_kind":"plain","required":true},"sleep_after":{"type":"number","description_kind":"plain","optional":true}},"block_types":{"timeouts":{"nesting_mode":"single","block":{"attributes":{"default":{"type":"string","description_kind":"plain","optional":true}},"description_kind":"plain"}}},"description_kind":"plain"}},"yandex_container_registry_ip_permission":{"version":0,"block":{"attributes":{"id":{"type":"string","description_kind":"plain","optional":true,"computed":true},"pull":{"type":["set","string"],"description_kind":"plain","optional":true},"push":{"type":["set","string"],"description_kind":"plain","optional":true},"registry_id":{"type":"string","description_kind":"plain","required":true}},"block_types":{"timeouts":{"nesting_mode":"single","block":{"attributes":{"default":{"type":"string","description_kind":"plain","optional":true}},"description_kind":"plain"}}},"description_kind":"plain"}},"yandex_container_repository":{"version":0,"block":{"attributes":{"id":{"type":"string","description_kind":"plain","optional":true,"computed":true},"name":{"type":"string","description_kind":"plain","required":true}},"block_types":{"timeouts":{"nesting_mode":"single","block":{"attributes":{"create":{"type":"string","description_kind":"plain","optional":true},"delete":{"type":"string","description_kind":"plain","optional":true}},"description_kind":"plain"}}},"description_kind":"plain"}},"yandex_container_repository_iam_binding":{"version":0,"block":{"attributes":{"id":{"type":"string","description_kind":"plain","optional":true,"computed":true},"members":{"type":["set","string"],"description_kind":"plain","required":true},"repository_id":{"type":"string","description_kind":"plain","required":true},"role":{"type":"string","description_kind":"plain","required":true},"sleep_after":{"type":"number","description_kind":"plain","optional":true}},"block_types":{"timeouts":{"nesting_mode":"single","block":{"attributes":{"default":{"type":"string","description_kind":"plain","optional":true}},"description_kind":"plain"}}},"description_kind":"plain"}},"yandex_container_repository_lifecycle_policy":{"version":0,"block":{"attributes":{"created_at":{"type":"string","description_kind":"plain","computed":true},"description":{"type":"string","description_kind":"plain","optional":true,"computed":true},"id":{"type":"string","description_kind":"plain","optional":true,"computed":true},"name":{"type":"string","description_kind":"plain","optional":true,"computed":true},"repository_id":{"type":"string","description_kind":"plain","required":true},"status":{"type":"string","description_kind":"plain","required":true}},"block_types":{"rule":{"nesting_mode":"list","block":{"attributes":{"description":{"type":"string","description_kind":"plain","optional":true,"computed":true},"expire_period":{"type":"string","description_kind":"plain","optional":true},"retained_top":{"type":"number","description_kind":"plain","optional":true,"computed":true},"tag_regexp":{"type":"string","description_kind":"plain","optional":true},"untagged":{"type":"bool","description_kind":"plain","optional":true,"computed":true}},"description_kind":"plain"}},"timeouts":{"nesting_mode":"single","block":{"attributes":{"default":{"type":"string","description_kind":"plain","optional":true}},"description_kind":"plain"}}},"description_kind":"plain"}},"yandex_dataproc_cluster":{"version":0,"block":{"attributes":{"bucket":{"type":"string","description_kind":"plain","optional":true},"created_at":{"type":"string","description_kind":"plain","computed":true},"deletion_protection":{"type":"bool","description_kind":"plain","optional":true,"computed":true},"description":{"type":"string","description_kind":"plain","optional":true},"folder_id":{"type":"string","description_kind":"plain","optional":true,"computed":true},"host_group_ids":{"type":["set","string"],"description_kind":"plain","optional":true},"id":{"type":"string","description_kind":"plain","optional":true,"computed":true},"labels":{"type":["map","string"],"description_kind":"plain","optional":true},"name":{"type":"string","description_kind":"plain","required":true},"security_group_ids":{"type":["set","string"],"description_kind":"plain","optional":true},"service_account_id":{"type":"string","description_kind":"plain","required":true},"ui_proxy":{"type":"bool","description_kind":"plain","optional":true},"zone_id":{"type":"string","description_kind":"plain","optional":true,"computed":true}},"block_types":{"cluster_config":{"nesting_mode":"list","block":{"attributes":{"version_id":{"type":"string","description_kind":"plain","optional":true,"computed":true}},"block_types":{"hadoop":{"nesting_mode":"list","block":{"attributes":{"properties":{"type":["map","string"],"description_kind":"plain","optional":true},"services":{"type":["set","string"],"description_kind":"plain","optional":true},"ssh_public_keys":{"type":["set","string"],"description_kind":"plain","optional":true}},"block_types":{"initialization_action":{"nesting_mode":"list","block":{"attributes":{"args":{"type":["list","string"],"description_kind":"plain","optional":true,"computed":true},"timeout":{"type":"string","description_kind":"plain","optional":true,"computed":true},"uri":{"type":"string","description_kind":"plain","required":true}},"description_kind":"plain"}}},"description_kind":"plain"},"max_items":1},"subcluster_spec":{"nesting_mode":"list","block":{"attributes":{"assign_public_ip":{"type":"bool","description_kind":"plain","optional":true},"hosts_count":{"type":"number","description_kind":"plain","required":true},"id":{"type":"string","description_kind":"plain","computed":true},"name":{"type":"string","description_kind":"plain","required":true},"role":{"type":"string","description_kind":"plain","required":true},"subnet_id":{"type":"string","description_kind":"plain","required":true}},"block_types":{"autoscaling_config":{"nesting_mode":"list","block":{"attributes":{"cpu_utilization_target":{"type":"string","description_kind":"plain","optional":true,"computed":true},"decommission_timeout":{"type":"string","description_kind":"plain","optional":true,"computed":true},"max_hosts_count":{"type":"number","description_kind":"plain","required":true},"measurement_duration":{"type":"string","description_kind":"plain","optional":true,"computed":true},"preemptible":{"type":"bool","description_kind":"plain","optional":true},"stabilization_duration":{"type":"string","description_kind":"plain","optional":true,"computed":true},"warmup_duration":{"type":"string","description_kind":"plain","optional":true,"computed":true}},"description_kind":"plain"},"max_items":1},"resources":{"nesting_mode":"list","block":{"attributes":{"disk_size":{"type":"number","description_kind":"plain","required":true},"disk_type_id":{"type":"string","description_kind":"plain","optional":true},"resource_preset_id":{"type":"string","description_kind":"plain","required":true}},"description_kind":"plain"},"min_items":1,"max_items":1}},"description_kind":"plain"},"min_items":1}},"description_kind":"plain"},"min_items":1,"max_items":1},"timeouts":{"nesting_mode":"single","block":{"attributes":{"create":{"type":"string","description_kind":"plain","optional":true},"delete":{"type":"string","description_kind":"plain","optional":true},"update":{"type":"string","description_kind":"plain","optional":true}},"description_kind":"plain"}}},"description_kind":"plain"}},"yandex_datasphere_community":{"version":0,"block":{"attributes":{"billing_account_id":{"type":"string","description_kind":"plain","optional":true},"created_at":{"type":"string","description_kind":"plain","computed":true},"created_by":{"type":"string","description_kind":"plain","computed":true},"description":{"type":"string","description_kind":"plain","optional":true,"computed":true},"id":{"type":"string","description_kind":"plain","computed":true},"labels":{"type":["map","string"],"description_kind":"plain","optional":true},"name":{"type":"string","description_kind":"plain","required":true},"organization_id":{"type":"string","description_kind":"plain","optional":true,"computed":true},"timeouts":{"nested_type":{"attributes":{"create":{"type":"string","description":"A string that can be [parsed as a duration](https://pkg.go.dev/time#ParseDuration) consisting of numbers and unit suffixes, such as \"30s\" or \"2h45m\". Valid time units are \"s\" (seconds), \"m\" (minutes), \"h\" (hours).","description_kind":"plain","optional":true},"delete":{"type":"string","description":"A string that can be [parsed as a duration](https://pkg.go.dev/time#ParseDuration) consisting of numbers and unit suffixes, such as \"30s\" or \"2h45m\". Valid time units are \"s\" (seconds), \"m\" (minutes), \"h\" (hours). Setting a timeout for a Delete operation is only applicable if changes are saved into state before the destroy operation occurs.","description_kind":"plain","optional":true},"update":{"type":"string","description":"A string that can be [parsed as a duration](https://pkg.go.dev/time#ParseDuration) consisting of numbers and unit suffixes, such as \"30s\" or \"2h45m\". Valid time units are \"s\" (seconds), \"m\" (minutes), \"h\" (hours).","description_kind":"plain","optional":true}},"nesting_mode":"single"},"description_kind":"plain","optional":true}},"description_kind":"plain"}},"yandex_datasphere_community_iam_binding":{"version":0,"block":{"attributes":{"community_id":{"type":"string","description_kind":"plain","required":true},"members":{"type":["set","string"],"description_kind":"plain","required":true},"role":{"type":"string","description_kind":"plain","required":true}},"description_kind":"plain"}},"yandex_datasphere_project":{"version":0,"block":{"attributes":{"community_id":{"type":"string","description_kind":"plain","required":true},"created_at":{"type":"string","description_kind":"plain","computed":true},"created_by":{"type":"string","description_kind":"plain","computed":true},"description":{"type":"string","description_kind":"plain","optional":true,"computed":true},"id":{"type":"string","description_kind":"plain","computed":true},"labels":{"type":["map","string"],"description_kind":"plain","optional":true},"limits":{"nested_type":{"attributes":{"balance":{"type":"number","description_kind":"plain","optional":true,"computed":true},"max_units_per_execution":{"type":"number","description_kind":"plain","optional":true,"computed":true},"max_units_per_hour":{"type":"number","description_kind":"plain","optional":true,"computed":true}},"nesting_mode":"single"},"description_kind":"plain","optional":true,"computed":true},"name":{"type":"string","description_kind":"plain","required":true},"settings":{"nested_type":{"attributes":{"commit_mode":{"type":"string","description_kind":"plain","optional":true,"computed":true},"data_proc_cluster_id":{"type":"string","description_kind":"plain","optional":true,"computed":true},"default_folder_id":{"type":"string","description_kind":"plain","optional":true,"computed":true},"ide":{"type":"string","description_kind":"plain","optional":true,"computed":true},"security_group_ids":{"type":["set","string"],"description_kind":"plain","optional":true},"service_account_id":{"type":"string","description_kind":"plain","optional":true,"computed":true},"stale_exec_timeout_mode":{"type":"string","description_kind":"plain","optional":true,"computed":true},"subnet_id":{"type":"string","description_kind":"plain","optional":true,"computed":true}},"nesting_mode":"single"},"description_kind":"plain","optional":true,"computed":true},"timeouts":{"nested_type":{"attributes":{"create":{"type":"string","description":"A string that can be [parsed as a duration](https://pkg.go.dev/time#ParseDuration) consisting of numbers and unit suffixes, such as \"30s\" or \"2h45m\". Valid time units are \"s\" (seconds), \"m\" (minutes), \"h\" (hours).","description_kind":"plain","optional":true},"delete":{"type":"string","description":"A string that can be [parsed as a duration](https://pkg.go.dev/time#ParseDuration) consisting of numbers and unit suffixes, such as \"30s\" or \"2h45m\". Valid time units are \"s\" (seconds), \"m\" (minutes), \"h\" (hours). Setting a timeout for a Delete operation is only applicable if changes are saved into state before the destroy operation occurs.","description_kind":"plain","optional":true},"update":{"type":"string","description":"A string that can be [parsed as a duration](https://pkg.go.dev/time#ParseDuration) consisting of numbers and unit suffixes, such as \"30s\" or \"2h45m\". Valid time units are \"s\" (seconds), \"m\" (minutes), \"h\" (hours).","description_kind":"plain","optional":true}},"nesting_mode":"single"},"description_kind":"plain","optional":true}},"description_kind":"plain"}},"yandex_datasphere_project_iam_binding":{"version":0,"block":{"attributes":{"members":{"type":["set","string"],"description_kind":"plain","required":true},"project_id":{"type":"string","description_kind":"plain","required":true},"role":{"type":"string","description_kind":"plain","required":true}},"description_kind":"plain"}},"yandex_datatransfer_endpoint":{"version":1,"block":{"attributes":{"description":{"type":"string","description_kind":"plain","optional":true,"computed":true},"folder_id":{"type":"string","description_kind":"plain","optional":true,"computed":true},"id":{"type":"string","description_kind":"plain","optional":true,"computed":true},"labels":{"type":["map","string"],"description_kind":"plain","optional":true,"computed":true},"name":{"type":"string","description_kind":"plain","optional":true,"computed":true}},"block_types":{"settings":{"nesting_mode":"list","block":{"block_types":{"clickhouse_source":{"nesting_mode":"list","block":{"attributes":{"clickhouse_cluster_name":{"type":"string","description_kind":"plain","optional":true,"computed":true},"exclude_tables":{"type":["list","string"],"description_kind":"plain","optional":true,"computed":true},"include_tables":{"type":["list","string"],"description_kind":"plain","optional":true,"computed":true},"security_groups":{"type":["list","string"],"description_kind":"plain","optional":true,"computed":true},"subnet_id":{"type":"string","description_kind":"plain","optional":true,"computed":true}},"block_types":{"connection":{"nesting_mode":"list","block":{"block_types":{"connection_options":{"nesting_mode":"list","block":{"attributes":{"database":{"type":"string","description_kind":"plain","optional":true,"computed":true},"mdb_cluster_id":{"type":"string","description_kind":"plain","optional":true},"user":{"type":"string","description_kind":"plain","optional":true,"computed":true}},"block_types":{"on_premise":{"nesting_mode":"list","block":{"attributes":{"http_port":{"type":"number","description_kind":"plain","optional":true,"computed":true},"native_port":{"type":"number","description_kind":"plain","optional":true,"computed":true}},"block_types":{"shards":{"nesting_mode":"list","block":{"attributes":{"hosts":{"type":["list","string"],"description_kind":"plain","optional":true,"computed":true},"name":{"type":"string","description_kind":"plain","optional":true,"computed":true}},"description_kind":"plain"}},"tls_mode":{"nesting_mode":"list","block":{"block_types":{"disabled":{"nesting_mode":"list","block":{"description_kind":"plain"},"max_items":1},"enabled":{"nesting_mode":"list","block":{"attributes":{"ca_certificate":{"type":"string","description_kind":"plain","optional":true,"computed":true}},"description_kind":"plain"},"max_items":1}},"description_kind":"plain"},"max_items":1}},"description_kind":"plain"},"max_items":1},"password":{"nesting_mode":"list","block":{"attributes":{"raw":{"type":"string","description_kind":"plain","optional":true,"computed":true,"sensitive":true}},"description_kind":"plain"},"max_items":1}},"description_kind":"plain"},"max_items":1}},"description_kind":"plain"},"max_items":1}},"description_kind":"plain"},"max_items":1},"clickhouse_target":{"nesting_mode":"list","block":{"attributes":{"cleanup_policy":{"type":"string","description_kind":"plain","optional":true,"computed":true},"clickhouse_cluster_name":{"type":"string","description_kind":"plain","optional":true,"computed":true},"security_groups":{"type":["list","string"],"description_kind":"plain","optional":true,"computed":true},"subnet_id":{"type":"string","description_kind":"plain","optional":true,"computed":true}},"block_types":{"alt_names":{"nesting_mode":"list","block":{"attributes":{"from_name":{"type":"string","description_kind":"plain","optional":true,"computed":true},"to_name":{"type":"string","description_kind":"plain","optional":true,"computed":true}},"description_kind":"plain"}},"connection":{"nesting_mode":"list","block":{"block_types":{"connection_options":{"nesting_mode":"list","block":{"attributes":{"database":{"type":"string","description_kind":"plain","optional":true,"computed":true},"mdb_cluster_id":{"type":"string","description_kind":"plain","optional":true},"user":{"type":"string","description_kind":"plain","optional":true,"computed":true}},"block_types":{"on_premise":{"nesting_mode":"list","block":{"attributes":{"http_port":{"type":"number","description_kind":"plain","optional":true,"computed":true},"native_port":{"type":"number","description_kind":"plain","optional":true,"computed":true}},"block_types":{"shards":{"nesting_mode":"list","block":{"attributes":{"hosts":{"type":["list","string"],"description_kind":"plain","optional":true,"computed":true},"name":{"type":"string","description_kind":"plain","optional":true,"computed":true}},"description_kind":"plain"}},"tls_mode":{"nesting_mode":"list","block":{"block_types":{"disabled":{"nesting_mode":"list","block":{"description_kind":"plain"},"max_items":1},"enabled":{"nesting_mode":"list","block":{"attributes":{"ca_certificate":{"type":"string","description_kind":"plain","optional":true,"computed":true}},"description_kind":"plain"},"max_items":1}},"description_kind":"plain"},"max_items":1}},"description_kind":"plain"},"max_items":1},"password":{"nesting_mode":"list","block":{"attributes":{"raw":{"type":"string","description_kind":"plain","optional":true,"computed":true,"sensitive":true}},"description_kind":"plain"},"max_items":1}},"description_kind":"plain"},"max_items":1}},"description_kind":"plain"},"max_items":1},"sharding":{"nesting_mode":"list","block":{"block_types":{"column_value_hash":{"nesting_mode":"list","block":{"attributes":{"column_name":{"type":"string","description_kind":"plain","optional":true,"computed":true}},"description_kind":"plain"},"max_items":1},"custom_mapping":{"nesting_mode":"list","block":{"attributes":{"column_name":{"type":"string","description_kind":"plain","optional":true,"computed":true}},"block_types":{"mapping":{"nesting_mode":"list","block":{"attributes":{"shard_name":{"type":"string","description_kind":"plain","optional":true,"computed":true}},"block_types":{"column_value":{"nesting_mode":"list","block":{"attributes":{"string_value":{"type":"string","description_kind":"plain","optional":true,"computed":true}},"description_kind":"plain"},"max_items":1}},"description_kind":"plain"}}},"description_kind":"plain"},"max_items":1},"round_robin":{"nesting_mode":"list","block":{"description_kind":"plain"},"max_items":1},"transfer_id":{"nesting_mode":"list","block":{"description_kind":"plain"},"max_items":1}},"description_kind":"plain"},"max_items":1}},"description_kind":"plain"},"max_items":1},"kafka_source":{"nesting_mode":"list","block":{"attributes":{"security_groups":{"type":["list","string"],"description_kind":"plain","optional":true,"computed":true},"topic_name":{"type":"string","description_kind":"plain","optional":true,"computed":true},"topic_names":{"type":["list","string"],"description_kind":"plain","optional":true,"computed":true}},"block_types":{"auth":{"nesting_mode":"list","block":{"block_types":{"no_auth":{"nesting_mode":"list","block":{"description_kind":"plain"},"max_items":1},"sasl":{"nesting_mode":"list","block":{"attributes":{"mechanism":{"type":"string","description_kind":"plain","optional":true,"computed":true},"user":{"type":"string","description_kind":"plain","optional":true,"computed":true}},"block_types":{"password":{"nesting_mode":"list","block":{"attributes":{"raw":{"type":"string","description_kind":"plain","optional":true,"computed":true,"sensitive":true}},"description_kind":"plain"},"max_items":1}},"description_kind":"plain"},"max_items":1}},"description_kind":"plain"},"max_items":1},"connection":{"nesting_mode":"list","block":{"attributes":{"cluster_id":{"type":"string","description_kind":"plain","optional":true}},"block_types":{"on_premise":{"nesting_mode":"list","block":{"attributes":{"broker_urls":{"type":["list","string"],"description_kind":"plain","optional":true,"computed":true},"subnet_id":{"type":"string","description_kind":"plain","optional":true,"computed":true}},"block_types":{"tls_mode":{"nesting_mode":"list","block":{"block_types":{"disabled":{"nesting_mode":"list","block":{"description_kind":"plain"},"max_items":1},"enabled":{"nesting_mode":"list","block":{"attributes":{"ca_certificate":{"type":"string","description_kind":"plain","optional":true,"computed":true}},"description_kind":"plain"},"max_items":1}},"description_kind":"plain"},"max_items":1}},"description_kind":"plain"},"max_items":1}},"description_kind":"plain"},"max_items":1},"parser":{"nesting_mode":"list","block":{"block_types":{"audit_trails_v1_parser":{"nesting_mode":"list","block":{"description_kind":"plain"},"max_items":1},"cloud_logging_parser":{"nesting_mode":"list","block":{"description_kind":"plain"},"max_items":1},"json_parser":{"nesting_mode":"list","block":{"attributes":{"add_rest_column":{"type":"bool","description_kind":"plain","optional":true,"computed":true},"null_keys_allowed":{"type":"bool","description_kind":"plain","optional":true,"computed":true},"unescape_string_values":{"type":"bool","description_kind":"plain","optional":true,"computed":true}},"block_types":{"data_schema":{"nesting_mode":"list","block":{"attributes":{"json_fields":{"type":"string","description_kind":"plain","optional":true}},"block_types":{"fields":{"nesting_mode":"list","block":{"block_types":{"fields":{"nesting_mode":"list","block":{"attributes":{"key":{"type":"bool","description_kind":"plain","optional":true,"computed":true},"name":{"type":"string","description_kind":"plain","optional":true,"computed":true},"path":{"type":"string","description_kind":"plain","optional":true,"computed":true},"required":{"type":"bool","description_kind":"plain","optional":true,"computed":true},"type":{"type":"string","description_kind":"plain","optional":true,"computed":true}},"description_kind":"plain"}}},"description_kind":"plain"},"max_items":1}},"description_kind":"plain"},"max_items":1}},"description_kind":"plain"},"max_items":1},"tskv_parser":{"nesting_mode":"list","block":{"attributes":{"add_rest_column":{"type":"bool","description_kind":"plain","optional":true,"computed":true},"null_keys_allowed":{"type":"bool","description_kind":"plain","optional":true,"computed":true},"unescape_string_values":{"type":"bool","description_kind":"plain","optional":true,"computed":true}},"block_types":{"data_schema":{"nesting_mode":"list","block":{"attributes":{"json_fields":{"type":"string","description_kind":"plain","optional":true}},"block_types":{"fields":{"nesting_mode":"list","block":{"block_types":{"fields":{"nesting_mode":"list","block":{"attributes":{"key":{"type":"bool","description_kind":"plain","optional":true,"computed":true},"name":{"type":"string","description_kind":"plain","optional":true,"computed":true},"path":{"type":"string","description_kind":"plain","optional":true,"computed":true},"required":{"type":"bool","description_kind":"plain","optional":true,"computed":true},"type":{"type":"string","description_kind":"plain","optional":true,"computed":true}},"description_kind":"plain"}}},"description_kind":"plain"},"max_items":1}},"description_kind":"plain"},"max_items":1}},"description_kind":"plain"},"max_items":1}},"description_kind":"plain"},"max_items":1},"transformer":{"nesting_mode":"list","block":{"attributes":{"buffer_flush_interval":{"type":"string","description_kind":"plain","optional":true,"computed":true},"buffer_size":{"type":"string","description_kind":"plain","optional":true,"computed":true},"cloud_function":{"type":"string","description_kind":"plain","optional":true,"computed":true},"invocation_timeout":{"type":"string","description_kind":"plain","optional":true,"computed":true},"number_of_retries":{"type":"number","description_kind":"plain","optional":true,"computed":true},"service_account_id":{"type":"string","description_kind":"plain","optional":true,"computed":true}},"description_kind":"plain"},"max_items":1}},"description_kind":"plain"},"max_items":1},"kafka_target":{"nesting_mode":"list","block":{"attributes":{"security_groups":{"type":["list","string"],"description_kind":"plain","optional":true,"computed":true}},"block_types":{"auth":{"nesting_mode":"list","block":{"block_types":{"no_auth":{"nesting_mode":"list","block":{"description_kind":"plain"},"max_items":1},"sasl":{"nesting_mode":"list","block":{"attributes":{"mechanism":{"type":"string","description_kind":"plain","optional":true,"computed":true},"user":{"type":"string","description_kind":"plain","optional":true,"computed":true}},"block_types":{"password":{"nesting_mode":"list","block":{"attributes":{"raw":{"type":"string","description_kind":"plain","optional":true,"computed":true,"sensitive":true}},"description_kind":"plain"},"max_items":1}},"description_kind":"plain"},"max_items":1}},"description_kind":"plain"},"max_items":1},"connection":{"nesting_mode":"list","block":{"attributes":{"cluster_id":{"type":"string","description_kind":"plain","optional":true}},"block_types":{"on_premise":{"nesting_mode":"list","block":{"attributes":{"broker_urls":{"type":["list","string"],"description_kind":"plain","optional":true,"computed":true},"subnet_id":{"type":"string","description_kind":"plain","optional":true,"computed":true}},"block_types":{"tls_mode":{"nesting_mode":"list","block":{"block_types":{"disabled":{"nesting_mode":"list","block":{"description_kind":"plain"},"max_items":1},"enabled":{"nesting_mode":"list","block":{"attributes":{"ca_certificate":{"type":"string","description_kind":"plain","optional":true,"computed":true}},"description_kind":"plain"},"max_items":1}},"description_kind":"plain"},"max_items":1}},"description_kind":"plain"},"max_items":1}},"description_kind":"plain"},"max_items":1},"serializer":{"nesting_mode":"list","block":{"block_types":{"serializer_auto":{"nesting_mode":"list","block":{"description_kind":"plain"},"max_items":1},"serializer_debezium":{"nesting_mode":"list","block":{"block_types":{"serializer_parameters":{"nesting_mode":"list","block":{"attributes":{"key":{"type":"string","description_kind":"plain","optional":true,"computed":true},"value":{"type":"string","description_kind":"plain","optional":true,"computed":true}},"description_kind":"plain"}}},"description_kind":"plain"},"max_items":1},"serializer_json":{"nesting_mode":"list","block":{"description_kind":"plain"},"max_items":1}},"description_kind":"plain"},"max_items":1},"topic_settings":{"nesting_mode":"list","block":{"attributes":{"topic_prefix":{"type":"string","description_kind":"plain","optional":true}},"block_types":{"topic":{"nesting_mode":"list","block":{"attributes":{"save_tx_order":{"type":"bool","description_kind":"plain","optional":true,"computed":true},"topic_name":{"type":"string","description_kind":"plain","optional":true,"computed":true}},"description_kind":"plain"},"max_items":1}},"description_kind":"plain"},"max_items":1}},"description_kind":"plain"},"max_items":1},"metrika_source":{"nesting_mode":"list","block":{"attributes":{"counter_ids":{"type":["list","number"],"description_kind":"plain","optional":true,"computed":true}},"block_types":{"streams":{"nesting_mode":"list","block":{"attributes":{"columns":{"type":["list","string"],"description_kind":"plain","optional":true,"computed":true},"type":{"type":"string","description_kind":"plain","optional":true,"computed":true}},"description_kind":"plain"}},"token":{"nesting_mode":"list","block":{"attributes":{"raw":{"type":"string","description_kind":"plain","optional":true,"computed":true,"sensitive":true}},"description_kind":"plain"},"max_items":1}},"description_kind":"plain"},"max_items":1},"mongo_source":{"nesting_mode":"list","block":{"attributes":{"secondary_preferred_mode":{"type":"bool","description_kind":"plain","optional":true,"computed":true},"security_groups":{"type":["list","string"],"description_kind":"plain","optional":true,"computed":true},"subnet_id":{"type":"string","description_kind":"plain","optional":true,"computed":true}},"block_types":{"collections":{"nesting_mode":"list","block":{"attributes":{"collection_name":{"type":"string","description_kind":"plain","optional":true,"computed":true},"database_name":{"type":"string","description_kind":"plain","optional":true,"computed":true}},"description_kind":"plain"}},"connection":{"nesting_mode":"list","block":{"block_types":{"connection_options":{"nesting_mode":"list","block":{"attributes":{"auth_source":{"type":"string","description_kind":"plain","optional":true,"computed":true},"mdb_cluster_id":{"type":"string","description_kind":"plain","optional":true},"user":{"type":"string","description_kind":"plain","optional":true,"computed":true}},"block_types":{"on_premise":{"nesting_mode":"list","block":{"attributes":{"hosts":{"type":["list","string"],"description_kind":"plain","optional":true,"computed":true},"port":{"type":"number","description_kind":"plain","optional":true,"computed":true},"replica_set":{"type":"string","description_kind":"plain","optional":true,"computed":true}},"block_types":{"tls_mode":{"nesting_mode":"list","block":{"block_types":{"disabled":{"nesting_mode":"list","block":{"description_kind":"plain"},"max_items":1},"enabled":{"nesting_mode":"list","block":{"attributes":{"ca_certificate":{"type":"string","description_kind":"plain","optional":true,"computed":true}},"description_kind":"plain"},"max_items":1}},"description_kind":"plain"},"max_items":1}},"description_kind":"plain"},"max_items":1},"password":{"nesting_mode":"list","block":{"attributes":{"raw":{"type":"string","description_kind":"plain","optional":true,"computed":true,"sensitive":true}},"description_kind":"plain"},"max_items":1}},"description_kind":"plain"},"max_items":1}},"description_kind":"plain"},"max_items":1},"excluded_collections":{"nesting_mode":"list","block":{"attributes":{"collection_name":{"type":"string","description_kind":"plain","optional":true,"computed":true},"database_name":{"type":"string","description_kind":"plain","optional":true,"computed":true}},"description_kind":"plain"}}},"description_kind":"plain"},"max_items":1},"mongo_target":{"nesting_mode":"list","block":{"attributes":{"cleanup_policy":{"type":"string","description_kind":"plain","optional":true,"computed":true},"database":{"type":"string","description_kind":"plain","optional":true,"computed":true},"security_groups":{"type":["list","string"],"description_kind":"plain","optional":true,"computed":true},"subnet_id":{"type":"string","description_kind":"plain","optional":true,"computed":true}},"block_types":{"connection":{"nesting_mode":"list","block":{"block_types":{"connection_options":{"nesting_mode":"list","block":{"attributes":{"auth_source":{"type":"string","description_kind":"plain","optional":true,"computed":true},"mdb_cluster_id":{"type":"string","description_kind":"plain","optional":true},"user":{"type":"string","description_kind":"plain","optional":true,"computed":true}},"block_types":{"on_premise":{"nesting_mode":"list","block":{"attributes":{"hosts":{"type":["list","string"],"description_kind":"plain","optional":true,"computed":true},"port":{"type":"number","description_kind":"plain","optional":true,"computed":true},"replica_set":{"type":"string","description_kind":"plain","optional":true,"computed":true}},"block_types":{"tls_mode":{"nesting_mode":"list","block":{"block_types":{"disabled":{"nesting_mode":"list","block":{"description_kind":"plain"},"max_items":1},"enabled":{"nesting_mode":"list","block":{"attributes":{"ca_certificate":{"type":"string","description_kind":"plain","optional":true,"computed":true}},"description_kind":"plain"},"max_items":1}},"description_kind":"plain"},"max_items":1}},"description_kind":"plain"},"max_items":1},"password":{"nesting_mode":"list","block":{"attributes":{"raw":{"type":"string","description_kind":"plain","optional":true,"computed":true,"sensitive":true}},"description_kind":"plain"},"max_items":1}},"description_kind":"plain"},"max_items":1}},"description_kind":"plain"},"max_items":1}},"description_kind":"plain"},"max_items":1},"mysql_source":{"nesting_mode":"list","block":{"attributes":{"database":{"type":"string","description_kind":"plain","optional":true,"computed":true},"exclude_tables_regex":{"type":["list","string"],"description_kind":"plain","optional":true,"computed":true},"include_tables_regex":{"type":["list","string"],"description_kind":"plain","optional":true,"computed":true},"security_groups":{"type":["list","string"],"description_kind":"plain","optional":true,"computed":true},"service_database":{"type":"string","description_kind":"plain","optional":true,"computed":true},"timezone":{"type":"string","description_kind":"plain","optional":true,"computed":true},"user":{"type":"string","description_kind":"plain","optional":true,"computed":true}},"block_types":{"connection":{"nesting_mode":"list","block":{"attributes":{"mdb_cluster_id":{"type":"string","description_kind":"plain","optional":true}},"block_types":{"on_premise":{"nesting_mode":"list","block":{"attributes":{"hosts":{"type":["list","string"],"description_kind":"plain","optional":true,"computed":true},"port":{"type":"number","description_kind":"plain","optional":true,"computed":true},"subnet_id":{"type":"string","description_kind":"plain","optional":true,"computed":true}},"block_types":{"tls_mode":{"nesting_mode":"list","block":{"block_types":{"disabled":{"nesting_mode":"list","block":{"description_kind":"plain"},"max_items":1},"enabled":{"nesting_mode":"list","block":{"attributes":{"ca_certificate":{"type":"string","description_kind":"plain","optional":true,"computed":true}},"description_kind":"plain"},"max_items":1}},"description_kind":"plain"},"max_items":1}},"description_kind":"plain"},"max_items":1}},"description_kind":"plain"},"max_items":1},"object_transfer_settings":{"nesting_mode":"list","block":{"attributes":{"routine":{"type":"string","description_kind":"plain","optional":true,"computed":true},"tables":{"type":"string","description_kind":"plain","optional":true,"computed":true},"trigger":{"type":"string","description_kind":"plain","optional":true,"computed":true},"view":{"type":"string","description_kind":"plain","optional":true,"computed":true}},"description_kind":"plain"},"max_items":1},"password":{"nesting_mode":"list","block":{"attributes":{"raw":{"type":"string","description_kind":"plain","optional":true,"computed":true,"sensitive":true}},"description_kind":"plain"},"max_items":1}},"description_kind":"plain"},"max_items":1},"mysql_target":{"nesting_mode":"list","block":{"attributes":{"cleanup_policy":{"type":"string","description_kind":"plain","optional":true,"computed":true},"database":{"type":"string","description_kind":"plain","optional":true,"computed":true},"security_groups":{"type":["list","string"],"description_kind":"plain","optional":true,"computed":true},"service_database":{"type":"string","description_kind":"plain","optional":true,"computed":true},"skip_constraint_checks":{"type":"bool","description_kind":"plain","optional":true,"computed":true},"sql_mode":{"type":"string","description_kind":"plain","optional":true,"computed":true},"timezone":{"type":"string","description_kind":"plain","optional":true,"computed":true},"user":{"type":"string","description_kind":"plain","optional":true,"computed":true}},"block_types":{"connection":{"nesting_mode":"list","block":{"attributes":{"mdb_cluster_id":{"type":"string","description_kind":"plain","optional":true}},"block_types":{"on_premise":{"nesting_mode":"list","block":{"attributes":{"hosts":{"type":["list","string"],"description_kind":"plain","optional":true,"computed":true},"port":{"type":"number","description_kind":"plain","optional":true,"computed":true},"subnet_id":{"type":"string","description_kind":"plain","optional":true,"computed":true}},"block_types":{"tls_mode":{"nesting_mode":"list","block":{"block_types":{"disabled":{"nesting_mode":"list","block":{"description_kind":"plain"},"max_items":1},"enabled":{"nesting_mode":"list","block":{"attributes":{"ca_certificate":{"type":"string","description_kind":"plain","optional":true,"computed":true}},"description_kind":"plain"},"max_items":1}},"description_kind":"plain"},"max_items":1}},"description_kind":"plain"},"max_items":1}},"description_kind":"plain"},"max_items":1},"password":{"nesting_mode":"list","block":{"attributes":{"raw":{"type":"string","description_kind":"plain","optional":true,"computed":true,"sensitive":true}},"description_kind":"plain"},"max_items":1}},"description_kind":"plain"},"max_items":1},"postgres_source":{"nesting_mode":"list","block":{"attributes":{"database":{"type":"string","description_kind":"plain","optional":true,"computed":true},"exclude_tables":{"type":["list","string"],"description_kind":"plain","optional":true,"computed":true},"include_tables":{"type":["list","string"],"description_kind":"plain","optional":true,"computed":true},"security_groups":{"type":["list","string"],"description_kind":"plain","optional":true,"computed":true},"service_schema":{"type":"string","description_kind":"plain","optional":true,"computed":true},"slot_gigabyte_lag_limit":{"type":"number","description_kind":"plain","optional":true,"computed":true},"user":{"type":"string","description_kind":"plain","optional":true,"computed":true}},"block_types":{"connection":{"nesting_mode":"list","block":{"attributes":{"mdb_cluster_id":{"type":"string","description_kind":"plain","optional":true}},"block_types":{"on_premise":{"nesting_mode":"list","block":{"attributes":{"hosts":{"type":["list","string"],"description_kind":"plain","optional":true,"computed":true},"port":{"type":"number","description_kind":"plain","optional":true,"computed":true},"subnet_id":{"type":"string","description_kind":"plain","optional":true,"computed":true}},"block_types":{"tls_mode":{"nesting_mode":"list","block":{"block_types":{"disabled":{"nesting_mode":"list","block":{"description_kind":"plain"},"max_items":1},"enabled":{"nesting_mode":"list","block":{"attributes":{"ca_certificate":{"type":"string","description_kind":"plain","optional":true,"computed":true}},"description_kind":"plain"},"max_items":1}},"description_kind":"plain"},"max_items":1}},"description_kind":"plain"},"max_items":1}},"description_kind":"plain"},"max_items":1},"object_transfer_settings":{"nesting_mode":"list","block":{"attributes":{"cast":{"type":"string","description_kind":"plain","optional":true,"computed":true},"collation":{"type":"string","description_kind":"plain","optional":true,"computed":true},"constraint":{"type":"string","description_kind":"plain","optional":true,"computed":true},"default_values":{"type":"string","description_kind":"plain","optional":true,"computed":true},"fk_constraint":{"type":"string","description_kind":"plain","optional":true,"computed":true},"function":{"type":"string","description_kind":"plain","optional":true,"computed":true},"index":{"type":"string","description_kind":"plain","optional":true,"computed":true},"materialized_view":{"type":"string","description_kind":"plain","optional":true,"computed":true},"policy":{"type":"string","description_kind":"plain","optional":true,"computed":true},"primary_key":{"type":"string","description_kind":"plain","optional":true,"computed":true},"rule":{"type":"string","description_kind":"plain","optional":true,"computed":true},"sequence":{"type":"string","description_kind":"plain","optional":true,"computed":true},"sequence_owned_by":{"type":"string","description_kind":"plain","optional":true,"computed":true},"sequence_set":{"type":"string","description_kind":"plain","optional":true,"computed":true},"table":{"type":"string","description_kind":"plain","optional":true,"computed":true},"trigger":{"type":"string","description_kind":"plain","optional":true,"computed":true},"type":{"type":"string","description_kind":"plain","optional":true,"computed":true},"view":{"type":"string","description_kind":"plain","optional":true,"computed":true}},"description_kind":"plain"},"max_items":1},"password":{"nesting_mode":"list","block":{"attributes":{"raw":{"type":"string","description_kind":"plain","optional":true,"computed":true,"sensitive":true}},"description_kind":"plain"},"max_items":1}},"description_kind":"plain"},"max_items":1},"postgres_target":{"nesting_mode":"list","block":{"attributes":{"cleanup_policy":{"type":"string","description_kind":"plain","optional":true,"computed":true},"database":{"type":"string","description_kind":"plain","optional":true,"computed":true},"security_groups":{"type":["list","string"],"description_kind":"plain","optional":true,"computed":true},"user":{"type":"string","description_kind":"plain","optional":true,"computed":true}},"block_types":{"connection":{"nesting_mode":"list","block":{"attributes":{"mdb_cluster_id":{"type":"string","description_kind":"plain","optional":true}},"block_types":{"on_premise":{"nesting_mode":"list","block":{"attributes":{"hosts":{"type":["list","string"],"description_kind":"plain","optional":true,"computed":true},"port":{"type":"number","description_kind":"plain","optional":true,"computed":true},"subnet_id":{"type":"string","description_kind":"plain","optional":true,"computed":true}},"block_types":{"tls_mode":{"nesting_mode":"list","block":{"block_types":{"disabled":{"nesting_mode":"list","block":{"description_kind":"plain"},"max_items":1},"enabled":{"nesting_mode":"list","block":{"attributes":{"ca_certificate":{"type":"string","description_kind":"plain","optional":true,"computed":true}},"description_kind":"plain"},"max_items":1}},"description_kind":"plain"},"max_items":1}},"description_kind":"plain"},"max_items":1}},"description_kind":"plain"},"max_items":1},"password":{"nesting_mode":"list","block":{"attributes":{"raw":{"type":"string","description_kind":"plain","optional":true,"computed":true,"sensitive":true}},"description_kind":"plain"},"max_items":1}},"description_kind":"plain"},"max_items":1},"ydb_source":{"nesting_mode":"list","block":{"attributes":{"changefeed_custom_name":{"type":"string","description_kind":"plain","optional":true,"computed":true},"database":{"type":"string","description_kind":"plain","optional":true,"computed":true},"instance":{"type":"string","description_kind":"plain","optional":true,"computed":true},"paths":{"type":["list","string"],"description_kind":"plain","optional":true,"computed":true},"sa_key_content":{"type":"string","description_kind":"plain","optional":true,"computed":true,"sensitive":true},"security_groups":{"type":["list","string"],"description_kind":"plain","optional":true,"computed":true},"service_account_id":{"type":"string","description_kind":"plain","optional":true,"computed":true},"subnet_id":{"type":"string","description_kind":"plain","optional":true,"computed":true}},"description_kind":"plain"},"max_items":1},"ydb_target":{"nesting_mode":"list","block":{"attributes":{"cleanup_policy":{"type":"string","description_kind":"plain","optional":true,"computed":true},"database":{"type":"string","description_kind":"plain","optional":true,"computed":true},"default_compression":{"type":"string","description_kind":"plain","optional":true,"computed":true},"instance":{"type":"string","description_kind":"plain","optional":true,"computed":true},"is_table_column_oriented":{"type":"bool","description_kind":"plain","optional":true,"computed":true},"path":{"type":"string","description_kind":"plain","optional":true,"computed":true},"sa_key_content":{"type":"string","description_kind":"plain","optional":true,"computed":true,"sensitive":true},"security_groups":{"type":["list","string"],"description_kind":"plain","optional":true,"computed":true},"service_account_id":{"type":"string","description_kind":"plain","optional":true,"computed":true},"subnet_id":{"type":"string","description_kind":"plain","optional":true,"computed":true}},"description_kind":"plain"},"max_items":1},"yds_source":{"nesting_mode":"list","block":{"attributes":{"allow_ttl_rewind":{"type":"bool","description_kind":"plain","optional":true,"computed":true},"consumer":{"type":"string","description_kind":"plain","optional":true,"computed":true},"database":{"type":"string","description_kind":"plain","optional":true,"computed":true},"endpoint":{"type":"string","description_kind":"plain","optional":true,"computed":true},"security_groups":{"type":["list","string"],"description_kind":"plain","optional":true,"computed":true},"service_account_id":{"type":"string","description_kind":"plain","optional":true,"computed":true},"stream":{"type":"string","description_kind":"plain","optional":true,"computed":true},"subnet_id":{"type":"string","description_kind":"plain","optional":true,"computed":true},"supported_codecs":{"type":["list","string"],"description_kind":"plain","optional":true,"computed":true}},"block_types":{"parser":{"nesting_mode":"list","block":{"block_types":{"audit_trails_v1_parser":{"nesting_mode":"list","block":{"description_kind":"plain"},"max_items":1},"cloud_logging_parser":{"nesting_mode":"list","block":{"description_kind":"plain"},"max_items":1},"json_parser":{"nesting_mode":"list","block":{"attributes":{"add_rest_column":{"type":"bool","description_kind":"plain","optional":true,"computed":true},"null_keys_allowed":{"type":"bool","description_kind":"plain","optional":true,"computed":true},"unescape_string_values":{"type":"bool","description_kind":"plain","optional":true,"computed":true}},"block_types":{"data_schema":{"nesting_mode":"list","block":{"attributes":{"json_fields":{"type":"string","description_kind":"plain","optional":true}},"block_types":{"fields":{"nesting_mode":"list","block":{"block_types":{"fields":{"nesting_mode":"list","block":{"attributes":{"key":{"type":"bool","description_kind":"plain","optional":true,"computed":true},"name":{"type":"string","description_kind":"plain","optional":true,"computed":true},"path":{"type":"string","description_kind":"plain","optional":true,"computed":true},"required":{"type":"bool","description_kind":"plain","optional":true,"computed":true},"type":{"type":"string","description_kind":"plain","optional":true,"computed":true}},"description_kind":"plain"}}},"description_kind":"plain"},"max_items":1}},"description_kind":"plain"},"max_items":1}},"description_kind":"plain"},"max_items":1},"tskv_parser":{"nesting_mode":"list","block":{"attributes":{"add_rest_column":{"type":"bool","description_kind":"plain","optional":true,"computed":true},"null_keys_allowed":{"type":"bool","description_kind":"plain","optional":true,"computed":true},"unescape_string_values":{"type":"bool","description_kind":"plain","optional":true,"computed":true}},"block_types":{"data_schema":{"nesting_mode":"list","block":{"attributes":{"json_fields":{"type":"string","description_kind":"plain","optional":true}},"block_types":{"fields":{"nesting_mode":"list","block":{"block_types":{"fields":{"nesting_mode":"list","block":{"attributes":{"key":{"type":"bool","description_kind":"plain","optional":true,"computed":true},"name":{"type":"string","description_kind":"plain","optional":true,"computed":true},"path":{"type":"string","description_kind":"plain","optional":true,"computed":true},"required":{"type":"bool","description_kind":"plain","optional":true,"computed":true},"type":{"type":"string","description_kind":"plain","optional":true,"computed":true}},"description_kind":"plain"}}},"description_kind":"plain"},"max_items":1}},"description_kind":"plain"},"max_items":1}},"description_kind":"plain"},"max_items":1}},"description_kind":"plain"},"max_items":1}},"description_kind":"plain"},"max_items":1},"yds_target":{"nesting_mode":"list","block":{"attributes":{"database":{"type":"string","description_kind":"plain","optional":true,"computed":true},"endpoint":{"type":"string","description_kind":"plain","optional":true,"computed":true},"save_tx_order":{"type":"bool","description_kind":"plain","optional":true,"computed":true},"security_groups":{"type":["list","string"],"description_kind":"plain","optional":true,"computed":true},"service_account_id":{"type":"string","description_kind":"plain","optional":true,"computed":true},"stream":{"type":"string","description_kind":"plain","optional":true,"computed":true},"subnet_id":{"type":"string","description_kind":"plain","optional":true,"computed":true}},"block_types":{"serializer":{"nesting_mode":"list","block":{"block_types":{"serializer_auto":{"nesting_mode":"list","block":{"description_kind":"plain"},"max_items":1},"serializer_debezium":{"nesting_mode":"list","block":{"block_types":{"serializer_parameters":{"nesting_mode":"list","block":{"attributes":{"key":{"type":"string","description_kind":"plain","optional":true,"computed":true},"value":{"type":"string","description_kind":"plain","optional":true,"computed":true}},"description_kind":"plain"}}},"description_kind":"plain"},"max_items":1},"serializer_json":{"nesting_mode":"list","block":{"description_kind":"plain"},"max_items":1}},"description_kind":"plain"},"max_items":1}},"description_kind":"plain"},"max_items":1}},"description_kind":"plain"},"max_items":1}},"description_kind":"plain"}},"yandex_datatransfer_transfer":{"version":1,"block":{"attributes":{"description":{"type":"string","description_kind":"plain","optional":true,"computed":true},"folder_id":{"type":"string","description_kind":"plain","optional":true,"computed":true},"id":{"type":"string","description_kind":"plain","optional":true,"computed":true},"labels":{"type":["map","string"],"description_kind":"plain","optional":true,"computed":true},"name":{"type":"string","description_kind":"plain","optional":true,"computed":true},"on_create_activate_mode":{"type":"string","description_kind":"plain","optional":true},"source_id":{"type":"string","description_kind":"plain","optional":true,"computed":true},"target_id":{"type":"string","description_kind":"plain","optional":true,"computed":true},"type":{"type":"string","description_kind":"plain","optional":true,"computed":true},"warning":{"type":"string","description_kind":"plain","computed":true}},"block_types":{"runtime":{"nesting_mode":"list","block":{"block_types":{"yc_runtime":{"nesting_mode":"list","block":{"attributes":{"job_count":{"type":"number","description_kind":"plain","optional":true,"computed":true}},"block_types":{"upload_shard_params":{"nesting_mode":"list","block":{"attributes":{"job_count":{"type":"number","description_kind":"plain","optional":true,"computed":true},"process_count":{"type":"number","description_kind":"plain","optional":true,"computed":true}},"description_kind":"plain"},"max_items":1}},"description_kind":"plain"},"max_items":1}},"description_kind":"plain"},"max_items":1},"transformation":{"nesting_mode":"list","block":{"block_types":{"transformers":{"nesting_mode":"list","block":{"block_types":{"convert_to_string":{"nesting_mode":"list","block":{"block_types":{"columns":{"nesting_mode":"list","block":{"attributes":{"exclude_columns":{"type":["list","string"],"description_kind":"plain","optional":true},"include_columns":{"type":["list","string"],"description_kind":"plain","optional":true}},"description_kind":"plain"},"max_items":1},"tables":{"nesting_mode":"list","block":{"attributes":{"exclude_tables":{"type":["list","string"],"description_kind":"plain","optional":true},"include_tables":{"type":["list","string"],"description_kind":"plain","optional":true}},"description_kind":"plain"},"max_items":1}},"description_kind":"plain"},"max_items":1},"filter_columns":{"nesting_mode":"list","block":{"block_types":{"columns":{"nesting_mode":"list","block":{"attributes":{"exclude_columns":{"type":["list","string"],"description_kind":"plain","optional":true},"include_columns":{"type":["list","string"],"description_kind":"plain","optional":true}},"description_kind":"plain"},"max_items":1},"tables":{"nesting_mode":"list","block":{"attributes":{"exclude_tables":{"type":["list","string"],"description_kind":"plain","optional":true},"include_tables":{"type":["list","string"],"description_kind":"plain","optional":true}},"description_kind":"plain"},"max_items":1}},"description_kind":"plain"},"max_items":1},"filter_rows":{"nesting_mode":"list","block":{"attributes":{"filter":{"type":"string","description_kind":"plain","optional":true}},"block_types":{"tables":{"nesting_mode":"list","block":{"attributes":{"exclude_tables":{"type":["list","string"],"description_kind":"plain","optional":true},"include_tables":{"type":["list","string"],"description_kind":"plain","optional":true}},"description_kind":"plain"},"max_items":1}},"description_kind":"plain"},"max_items":1},"mask_field":{"nesting_mode":"list","block":{"attributes":{"columns":{"type":["list","string"],"description_kind":"plain","optional":true}},"block_types":{"function":{"nesting_mode":"list","block":{"block_types":{"mask_function_hash":{"nesting_mode":"list","block":{"attributes":{"user_defined_salt":{"type":"string","description_kind":"plain","optional":true}},"description_kind":"plain"},"max_items":1}},"description_kind":"plain"},"max_items":1},"tables":{"nesting_mode":"list","block":{"attributes":{"exclude_tables":{"type":["list","string"],"description_kind":"plain","optional":true},"include_tables":{"type":["list","string"],"description_kind":"plain","optional":true}},"description_kind":"plain"},"max_items":1}},"description_kind":"plain"},"max_items":1},"rename_tables":{"nesting_mode":"list","block":{"block_types":{"rename_tables":{"nesting_mode":"list","block":{"block_types":{"new_name":{"nesting_mode":"list","block":{"attributes":{"name":{"type":"string","description_kind":"plain","optional":true},"name_space":{"type":"string","description_kind":"plain","optional":true}},"description_kind":"plain"},"max_items":1},"original_name":{"nesting_mode":"list","block":{"attributes":{"name":{"type":"string","description_kind":"plain","optional":true},"name_space":{"type":"string","description_kind":"plain","optional":true}},"description_kind":"plain"},"max_items":1}},"description_kind":"plain"}}},"description_kind":"plain"},"max_items":1},"replace_primary_key":{"nesting_mode":"list","block":{"attributes":{"keys":{"type":["list","string"],"description_kind":"plain","optional":true}},"block_types":{"tables":{"nesting_mode":"list","block":{"attributes":{"exclude_tables":{"type":["list","string"],"description_kind":"plain","optional":true},"include_tables":{"type":["list","string"],"description_kind":"plain","optional":true}},"description_kind":"plain"},"max_items":1}},"description_kind":"plain"},"max_items":1},"sharder_transformer":{"nesting_mode":"list","block":{"attributes":{"shards_count":{"type":"number","description_kind":"plain","optional":true}},"block_types":{"columns":{"nesting_mode":"list","block":{"attributes":{"exclude_columns":{"type":["list","string"],"description_kind":"plain","optional":true},"include_columns":{"type":["list","string"],"description_kind":"plain","optional":true}},"description_kind":"plain"},"max_items":1},"tables":{"nesting_mode":"list","block":{"attributes":{"exclude_tables":{"type":["list","string"],"description_kind":"plain","optional":true},"include_tables":{"type":["list","string"],"description_kind":"plain","optional":true}},"description_kind":"plain"},"max_items":1}},"description_kind":"plain"},"max_items":1},"table_splitter_transformer":{"nesting_mode":"list","block":{"attributes":{"columns":{"type":["list","string"],"description_kind":"plain","optional":true},"splitter":{"type":"string","description_kind":"plain","optional":true}},"block_types":{"tables":{"nesting_mode":"list","block":{"attributes":{"exclude_tables":{"type":["list","string"],"description_kind":"plain","optional":true},"include_tables":{"type":["list","string"],"description_kind":"plain","optional":true}},"description_kind":"plain"},"max_items":1}},"description_kind":"plain"},"max_items":1}},"description_kind":"plain"}}},"description_kind":"plain"},"max_items":1}},"description_kind":"plain"}},"yandex_dns_recordset":{"version":0,"block":{"attributes":{"data":{"type":["set","string"],"description_kind":"plain","required":true},"id":{"type":"string","description_kind":"plain","optional":true,"computed":true},"name":{"type":"string","description_kind":"plain","required":true},"ttl":{"type":"number","description_kind":"plain","required":true},"type":{"type":"string","description_kind":"plain","required":true},"zone_id":{"type":"string","description_kind":"plain","required":true}},"block_types":{"timeouts":{"nesting_mode":"single","block":{"attributes":{"create":{"type":"string","description_kind":"plain","optional":true},"delete":{"type":"string","description_kind":"plain","optional":true},"update":{"type":"string","description_kind":"plain","optional":true}},"description_kind":"plain"}}},"description_kind":"plain"}},"yandex_dns_zone":{"version":0,"block":{"attributes":{"created_at":{"type":"string","description":"The DNS zone creation timestamp.","description_kind":"plain","computed":true},"deletion_protection":{"type":"bool","description":"Flag that protects the dns zone from accidental deletion.","description_kind":"plain","optional":true},"description":{"type":"string","description":"Description of the DNS zone.","description_kind":"plain","optional":true},"folder_id":{"type":"string","description":"ID of the folder to create a zone in. If it is not provided, the default provider folder is used.","description_kind":"plain","optional":true,"computed":true},"id":{"type":"string","description_kind":"plain","optional":true,"computed":true},"labels":{"type":["map","string"],"description":"A set of key/value label pairs to assign to the DNS zone.","description_kind":"plain","optional":true},"name":{"type":"string","description":"User assigned name of a specific resource. Must be unique within the folder.","description_kind":"plain","optional":true},"private_networks":{"type":["set","string"],"description":"For privately visible zones, the set of Virtual Private Cloud resources that the zone is visible from.","description_kind":"plain","optional":true,"computed":true},"public":{"type":"bool","description":"The zone's visibility: public zones are exposed to the Internet, while private zones are visible only to Virtual Private Cloud resources.","description_kind":"plain","optional":true,"computed":true},"zone":{"type":"string","description":"The DNS name of this zone, e.g. \"example.com.\". Must ends with dot.","description_kind":"plain","required":true}},"block_types":{"timeouts":{"nesting_mode":"single","block":{"attributes":{"create":{"type":"string","description_kind":"plain","optional":true},"delete":{"type":"string","description_kind":"plain","optional":true},"update":{"type":"string","description_kind":"plain","optional":true}},"description_kind":"plain"}}},"description":"Manages a DNS Zone.","description_kind":"plain"}},"yandex_dns_zone_iam_binding":{"version":0,"block":{"attributes":{"dns_zone_id":{"type":"string","description_kind":"plain","required":true},"id":{"type":"string","description_kind":"plain","optional":true,"computed":true},"members":{"type":["set","string"],"description_kind":"plain","required":true},"role":{"type":"string","description_kind":"plain","required":true},"sleep_after":{"type":"number","description_kind":"plain","optional":true}},"block_types":{"timeouts":{"nesting_mode":"single","block":{"attributes":{"default":{"type":"string","description_kind":"plain","optional":true}},"description_kind":"plain"}}},"description_kind":"plain"}},"yandex_function":{"version":1,"block":{"attributes":{"concurrency":{"type":"number","description_kind":"plain","optional":true,"computed":true},"created_at":{"type":"string","description_kind":"plain","computed":true},"description":{"type":"string","description_kind":"plain","optional":true},"entrypoint":{"type":"string","description_kind":"plain","required":true},"environment":{"type":["map","string"],"description_kind":"plain","optional":true},"execution_timeout":{"type":"string","description_kind":"plain","optional":true},"folder_id":{"type":"string","description_kind":"plain","optional":true,"computed":true},"id":{"type":"string","description_kind":"plain","optional":true,"computed":true},"image_size":{"type":"number","description_kind":"plain","computed":true},"labels":{"type":["map","string"],"description_kind":"plain","optional":true},"memory":{"type":"number","description_kind":"plain","required":true},"name":{"type":"string","description_kind":"plain","required":true},"runtime":{"type":"string","description_kind":"plain","required":true},"service_account_id":{"type":"string","description_kind":"plain","optional":true},"tags":{"type":["set","string"],"description_kind":"plain","optional":true,"computed":true},"tmpfs_size":{"type":"number","description_kind":"plain","optional":true,"computed":true},"user_hash":{"type":"string","description_kind":"plain","required":true},"version":{"type":"string","description_kind":"plain","computed":true}},"block_types":{"async_invocation":{"nesting_mode":"list","block":{"attributes":{"retries_count":{"type":"number","description_kind":"plain","optional":true},"service_account_id":{"type":"string","description_kind":"plain","optional":true}},"block_types":{"ymq_failure_target":{"nesting_mode":"list","block":{"attributes":{"arn":{"type":"string","description_kind":"plain","required":true},"service_account_id":{"type":"string","description_kind":"plain","required":true}},"description_kind":"plain"},"max_items":1},"ymq_success_target":{"nesting_mode":"list","block":{"attributes":{"arn":{"type":"string","description_kind":"plain","required":true},"service_account_id":{"type":"string","description_kind":"plain","required":true}},"description_kind":"plain"},"max_items":1}},"description_kind":"plain"},"max_items":1},"connectivity":{"nesting_mode":"list","block":{"attributes":{"network_id":{"type":"string","description_kind":"plain","required":true}},"description_kind":"plain"},"max_items":1},"content":{"nesting_mode":"list","block":{"attributes":{"zip_filename":{"type":"string","description_kind":"plain","required":true}},"description_kind":"plain"},"max_items":1},"log_options":{"nesting_mode":"list","block":{"attributes":{"disabled":{"type":"bool","description_kind":"plain","optional":true},"folder_id":{"type":"string","description_kind":"plain","optional":true},"log_group_id":{"type":"string","description_kind":"plain","optional":true},"min_level":{"type":"string","description_kind":"plain","optional":true}},"description_kind":"plain"},"max_items":1},"mounts":{"nesting_mode":"list","block":{"attributes":{"mode":{"type":"string","description_kind":"plain","optional":true,"computed":true},"name":{"type":"string","description_kind":"plain","required":true}},"block_types":{"ephemeral_disk":{"nesting_mode":"list","block":{"attributes":{"block_size_kb":{"type":"number","description_kind":"plain","optional":true,"computed":true},"size_gb":{"type":"number","description_kind":"plain","required":true}},"description_kind":"plain"},"max_items":1},"object_storage":{"nesting_mode":"list","block":{"attributes":{"bucket":{"type":"string","description_kind":"plain","required":true},"prefix":{"type":"string","description_kind":"plain","optional":true}},"description_kind":"plain"},"max_items":1}},"description_kind":"plain"}},"package":{"nesting_mode":"list","block":{"attributes":{"bucket_name":{"type":"string","description_kind":"plain","required":true},"object_name":{"type":"string","description_kind":"plain","required":true},"sha_256":{"type":"string","description_kind":"plain","optional":true}},"description_kind":"plain"},"max_items":1},"secrets":{"nesting_mode":"list","block":{"attributes":{"environment_variable":{"type":"string","description_kind":"plain","required":true},"id":{"type":"string","description_kind":"plain","required":true},"key":{"type":"string","description_kind":"plain","required":true},"version_id":{"type":"string","description_kind":"plain","required":true}},"description_kind":"plain"}},"storage_mounts":{"nesting_mode":"list","block":{"attributes":{"bucket":{"type":"string","description_kind":"plain","required":true},"mount_point_name":{"type":"string","description_kind":"plain","required":true},"prefix":{"type":"string","description_kind":"plain","optional":true},"read_only":{"type":"bool","description_kind":"plain","optional":true}},"description_kind":"plain","deprecated":true}},"timeouts":{"nesting_mode":"single","block":{"attributes":{"create":{"type":"string","description_kind":"plain","optional":true},"delete":{"type":"string","description_kind":"plain","optional":true},"update":{"type":"string","description_kind":"plain","optional":true}},"description_kind":"plain"}}},"description_kind":"plain"}},"yandex_function_iam_binding":{"version":0,"block":{"attributes":{"function_id":{"type":"string","description_kind":"plain","required":true},"id":{"type":"string","description_kind":"plain","optional":true,"computed":true},"members":{"type":["set","string"],"description_kind":"plain","required":true},"role":{"type":"string","description_kind":"plain","required":true},"sleep_after":{"type":"number","description_kind":"plain","optional":true}},"block_types":{"timeouts":{"nesting_mode":"single","block":{"attributes":{"default":{"type":"string","description_kind":"plain","optional":true}},"description_kind":"plain"}}},"description_kind":"plain"}},"yandex_function_scaling_policy":{"version":0,"block":{"attributes":{"function_id":{"type":"string","description_kind":"plain","required":true},"id":{"type":"string","description_kind":"plain","optional":true,"computed":true}},"block_types":{"policy":{"nesting_mode":"set","block":{"attributes":{"tag":{"type":"string","description_kind":"plain","required":true},"zone_instances_limit":{"type":"number","description_kind":"plain","optional":true},"zone_requests_limit":{"type":"number","description_kind":"plain","optional":true}},"description_kind":"plain"}}},"description_kind":"plain"}},"yandex_function_trigger":{"version":0,"block":{"attributes":{"created_at":{"type":"string","description_kind":"plain","computed":true},"description":{"type":"string","description_kind":"plain","optional":true},"folder_id":{"type":"string","description_kind":"plain","optional":true,"computed":true},"id":{"type":"string","description_kind":"plain","optional":true,"computed":true},"labels":{"type":["map","string"],"description_kind":"plain","optional":true},"name":{"type":"string","description_kind":"plain","required":true}},"block_types":{"container":{"nesting_mode":"list","block":{"attributes":{"id":{"type":"string","description_kind":"plain","required":true},"path":{"type":"string","description_kind":"plain","optional":true},"retry_attempts":{"type":"string","description_kind":"plain","optional":true},"retry_interval":{"type":"string","description_kind":"plain","optional":true},"service_account_id":{"type":"string","description_kind":"plain","optional":true}},"description_kind":"plain"},"max_items":1},"container_registry":{"nesting_mode":"list","block":{"attributes":{"batch_cutoff":{"type":"string","description_kind":"plain","required":true},"batch_size":{"type":"string","description_kind":"plain","optional":true},"create_image":{"type":"bool","description_kind":"plain","optional":true},"create_image_tag":{"type":"bool","description_kind":"plain","optional":true},"delete_image":{"type":"bool","description_kind":"plain","optional":true},"delete_image_tag":{"type":"bool","description_kind":"plain","optional":true},"image_name":{"type":"string","description_kind":"plain","optional":true},"registry_id":{"type":"string","description_kind":"plain","required":true},"tag":{"type":"string","description_kind":"plain","optional":true}},"description_kind":"plain"},"max_items":1},"data_streams":{"nesting_mode":"list","block":{"attributes":{"batch_cutoff":{"type":"string","description_kind":"plain","required":true},"batch_size":{"type":"string","description_kind":"plain","optional":true},"database":{"type":"string","description_kind":"plain","required":true},"service_account_id":{"type":"string","description_kind":"plain","required":true},"stream_name":{"type":"string","description_kind":"plain","required":true}},"description_kind":"plain"},"max_items":1},"dlq":{"nesting_mode":"list","block":{"attributes":{"queue_id":{"type":"string","description_kind":"plain","required":true},"service_account_id":{"type":"string","description_kind":"plain","required":true}},"description_kind":"plain"},"max_items":1},"function":{"nesting_mode":"list","block":{"attributes":{"id":{"type":"string","description_kind":"plain","required":true},"retry_attempts":{"type":"string","description_kind":"plain","optional":true},"retry_interval":{"type":"string","description_kind":"plain","optional":true},"service_account_id":{"type":"string","description_kind":"plain","optional":true},"tag":{"type":"string","description_kind":"plain","optional":true}},"description_kind":"plain"},"max_items":1},"iot":{"nesting_mode":"list","block":{"attributes":{"batch_cutoff":{"type":"string","description_kind":"plain","required":true},"batch_size":{"type":"string","description_kind":"plain","optional":true},"device_id":{"type":"string","description_kind":"plain","optional":true},"registry_id":{"type":"string","description_kind":"plain","required":true},"topic":{"type":"string","description_kind":"plain","optional":true}},"description_kind":"plain"},"max_items":1},"log_group":{"nesting_mode":"list","block":{"attributes":{"batch_cutoff":{"type":"string","description_kind":"plain","required":true},"batch_size":{"type":"string","description_kind":"plain","optional":true},"log_group_ids":{"type":["set","string"],"description_kind":"plain","required":true}},"description_kind":"plain"},"max_items":1},"logging":{"nesting_mode":"list","block":{"attributes":{"batch_cutoff":{"type":"string","description_kind":"plain","required":true},"batch_size":{"type":"string","description_kind":"plain","optional":true},"group_id":{"type":"string","description_kind":"plain","required":true},"levels":{"type":["set","string"],"description_kind":"plain","optional":true},"resource_ids":{"type":["set","string"],"description_kind":"plain","optional":true},"resource_types":{"type":["set","string"],"description_kind":"plain","optional":true},"stream_names":{"type":["set","string"],"description_kind":"plain","optional":true}},"description_kind":"plain"},"max_items":1},"mail":{"nesting_mode":"list","block":{"attributes":{"attachments_bucket_id":{"type":"string","description_kind":"plain","optional":true},"batch_cutoff":{"type":"string","description_kind":"plain","required":true},"batch_size":{"type":"string","description_kind":"plain","optional":true},"service_account_id":{"type":"string","description_kind":"plain","optional":true}},"description_kind":"plain"},"max_items":1},"message_queue":{"nesting_mode":"list","block":{"attributes":{"batch_cutoff":{"type":"string","description_kind":"plain","required":true},"batch_size":{"type":"string","description_kind":"plain","optional":true},"queue_id":{"type":"string","description_kind":"plain","required":true},"service_account_id":{"type":"string","description_kind":"plain","required":true},"visibility_timeout":{"type":"string","description_kind":"plain","optional":true}},"description_kind":"plain"},"max_items":1},"object_storage":{"nesting_mode":"list","block":{"attributes":{"batch_cutoff":{"type":"string","description_kind":"plain","required":true},"batch_size":{"type":"string","description_kind":"plain","optional":true},"bucket_id":{"type":"string","description_kind":"plain","required":true},"create":{"type":"bool","description_kind":"plain","optional":true},"delete":{"type":"bool","description_kind":"plain","optional":true},"prefix":{"type":"string","description_kind":"plain","optional":true},"suffix":{"type":"string","description_kind":"plain","optional":true},"update":{"type":"bool","description_kind":"plain","optional":true}},"description_kind":"plain"},"max_items":1},"timeouts":{"nesting_mode":"single","block":{"attributes":{"create":{"type":"string","description_kind":"plain","optional":true},"delete":{"type":"string","description_kind":"plain","optional":true},"update":{"type":"string","description_kind":"plain","optional":true}},"description_kind":"plain"}},"timer":{"nesting_mode":"list","block":{"attributes":{"cron_expression":{"type":"string","description_kind":"plain","required":true},"payload":{"type":"string","description_kind":"plain","optional":true}},"description_kind":"plain"},"max_items":1}},"description_kind":"plain"}},"yandex_iam_service_account":{"version":0,"block":{"attributes":{"created_at":{"type":"string","description_kind":"plain","computed":true},"description":{"type":"string","description_kind":"plain","optional":true},"folder_id":{"type":"string","description_kind":"plain","optional":true,"computed":true},"id":{"type":"string","description_kind":"plain","optional":true,"computed":true},"name":{"type":"string","description_kind":"plain","required":true}},"block_types":{"timeouts":{"nesting_mode":"single","block":{"attributes":{"create":{"type":"string","description_kind":"plain","optional":true},"delete":{"type":"string","description_kind":"plain","optional":true},"update":{"type":"string","description_kind":"plain","optional":true}},"description_kind":"plain"}}},"description_kind":"plain"}},"yandex_iam_service_account_api_key":{"version":0,"block":{"attributes":{"created_at":{"type":"string","description_kind":"plain","computed":true},"description":{"type":"string","description_kind":"plain","optional":true},"encrypted_secret_key":{"type":"string","description_kind":"plain","computed":true},"expires_at":{"type":"string","description_kind":"plain","optional":true},"id":{"type":"string","description_kind":"plain","optional":true,"computed":true},"key_fingerprint":{"type":"string","description_kind":"plain","computed":true},"output_to_lockbox_version_id":{"type":"string","description":"version generated, that will contain the sensitive outputs","description_kind":"plain","computed":true},"pgp_key":{"type":"string","description_kind":"plain","optional":true},"scope":{"type":"string","description_kind":"plain","optional":true},"secret_key":{"type":"string","description_kind":"plain","computed":true,"sensitive":true},"service_account_id":{"type":"string","description_kind":"plain","required":true}},"block_types":{"output_to_lockbox":{"nesting_mode":"list","block":{"attributes":{"entry_for_secret_key":{"type":"string","description":"entry that will store the value of secret_key","description_kind":"plain","required":true},"secret_id":{"type":"string","description":"secret where to add the version with the sensitive values","description_kind":"plain","required":true}},"description":"option to create a Lockbox secret version from sensitive outputs","description_kind":"plain"},"max_items":1}},"description_kind":"plain"}},"yandex_iam_service_account_iam_binding":{"version":0,"block":{"attributes":{"id":{"type":"string","description_kind":"plain","optional":true,"computed":true},"members":{"type":["set","string"],"description_kind":"plain","required":true},"role":{"type":"string","description_kind":"plain","required":true},"service_account_id":{"type":"string","description_kind":"plain","required":true},"sleep_after":{"type":"number","description_kind":"plain","optional":true}},"block_types":{"timeouts":{"nesting_mode":"single","block":{"attributes":{"default":{"type":"string","description_kind":"plain","optional":true}},"description_kind":"plain"}}},"description_kind":"plain"}},"yandex_iam_service_account_iam_member":{"version":0,"block":{"attributes":{"id":{"type":"string","description_kind":"plain","optional":true,"computed":true},"member":{"type":"string","description_kind":"plain","required":true},"role":{"type":"string","description_kind":"plain","required":true},"service_account_id":{"type":"string","description_kind":"plain","required":true},"sleep_after":{"type":"number","description_kind":"plain","optional":true}},"block_types":{"timeouts":{"nesting_mode":"single","block":{"attributes":{"default":{"type":"string","description_kind":"plain","optional":true}},"description_kind":"plain"}}},"description_kind":"plain"}},"yandex_iam_service_account_iam_policy":{"version":0,"block":{"attributes":{"id":{"type":"string","description_kind":"plain","optional":true,"computed":true},"policy_data":{"type":"string","description_kind":"plain","required":true},"service_account_id":{"type":"string","description_kind":"plain","required":true}},"block_types":{"timeouts":{"nesting_mode":"single","block":{"attributes":{"default":{"type":"string","description_kind":"plain","optional":true}},"description_kind":"plain"}}},"description_kind":"plain"}},"yandex_iam_service_account_key":{"version":0,"block":{"attributes":{"created_at":{"type":"string","description_kind":"plain","computed":true},"description":{"type":"string","description_kind":"plain","optional":true},"encrypted_private_key":{"type":"string","description_kind":"plain","computed":true},"format":{"type":"string","description_kind":"plain","optional":true},"id":{"type":"string","description_kind":"plain","optional":true,"computed":true},"key_algorithm":{"type":"string","description_kind":"plain","optional":true},"key_fingerprint":{"type":"string","description_kind":"plain","computed":true},"output_to_lockbox_version_id":{"type":"string","description":"version generated, that will contain the sensitive outputs","description_kind":"plain","computed":true},"pgp_key":{"type":"string","description_kind":"plain","optional":true},"private_key":{"type":"string","description_kind":"plain","computed":true,"sensitive":true},"public_key":{"type":"string","description_kind":"plain","computed":true},"service_account_id":{"type":"string","description_kind":"plain","required":true}},"block_types":{"output_to_lockbox":{"nesting_mode":"list","block":{"attributes":{"entry_for_private_key":{"type":"string","description":"entry that will store the value of private_key","description_kind":"plain","required":true},"secret_id":{"type":"string","description":"secret where to add the version with the sensitive values","description_kind":"plain","required":true}},"description":"option to create a Lockbox secret version from sensitive outputs","description_kind":"plain"},"max_items":1}},"description_kind":"plain"}},"yandex_iam_service_account_static_access_key":{"version":0,"block":{"attributes":{"access_key":{"type":"string","description_kind":"plain","computed":true},"created_at":{"type":"string","description_kind":"plain","computed":true},"description":{"type":"string","description_kind":"plain","optional":true},"encrypted_secret_key":{"type":"string","description_kind":"plain","computed":true},"id":{"type":"string","description_kind":"plain","optional":true,"computed":true},"key_fingerprint":{"type":"string","description_kind":"plain","computed":true},"output_to_lockbox_version_id":{"type":"string","description":"version generated, that will contain the sensitive outputs","description_kind":"plain","computed":true},"pgp_key":{"type":"string","description_kind":"plain","optional":true},"secret_key":{"type":"string","description_kind":"plain","computed":true,"sensitive":true},"service_account_id":{"type":"string","description_kind":"plain","required":true}},"block_types":{"output_to_lockbox":{"nesting_mode":"list","block":{"attributes":{"entry_for_access_key":{"type":"string","description":"entry that will store the value of access_key","description_kind":"plain","required":true},"entry_for_secret_key":{"type":"string","description":"entry that will store the value of secret_key","description_kind":"plain","required":true},"secret_id":{"type":"string","description":"secret where to add the version with the sensitive values","description_kind":"plain","required":true}},"description":"option to create a Lockbox secret version from sensitive outputs","description_kind":"plain"},"max_items":1}},"description_kind":"plain"}},"yandex_iam_workload_identity_federated_credential":{"version":1,"block":{"attributes":{"created_at":{"type":"string","description_kind":"plain","computed":true},"external_subject_id":{"type":"string","description_kind":"plain","required":true},"federation_id":{"type":"string","description_kind":"plain","required":true},"id":{"type":"string","description_kind":"plain","optional":true,"computed":true},"service_account_id":{"type":"string","description_kind":"plain","optional":true,"computed":true}},"block_types":{"timeouts":{"nesting_mode":"single","block":{"attributes":{"create":{"type":"string","description_kind":"plain","optional":true},"delete":{"type":"string","description_kind":"plain","optional":true},"read":{"type":"string","description_kind":"plain","optional":true},"update":{"type":"string","description_kind":"plain","optional":true}},"description_kind":"plain"}}},"description_kind":"plain"}},"yandex_iam_workload_identity_oidc_federation":{"version":1,"block":{"attributes":{"audiences":{"type":["list","string"],"description_kind":"plain","optional":true},"created_at":{"type":"string","description_kind":"plain","computed":true},"description":{"type":"string","description_kind":"plain","optional":true},"disabled":{"type":"bool","description_kind":"plain","optional":true},"enabled":{"type":"bool","description_kind":"plain","computed":true},"federation_id":{"type":"string","description_kind":"plain","optional":true,"computed":true},"folder_id":{"type":"string","description_kind":"plain","optional":true,"computed":true},"id":{"type":"string","description_kind":"plain","optional":true,"computed":true},"issuer":{"type":"string","description_kind":"plain","required":true},"jwks_url":{"type":"string","description_kind":"plain","required":true},"labels":{"type":["map","string"],"description_kind":"plain","optional":true},"name":{"type":"string","description_kind":"plain","optional":true}},"block_types":{"timeouts":{"nesting_mode":"single","block":{"attributes":{"create":{"type":"string","description_kind":"plain","optional":true},"delete":{"type":"string","description_kind":"plain","optional":true},"read":{"type":"string","description_kind":"plain","optional":true},"update":{"type":"string","description_kind":"plain","optional":true}},"description_kind":"plain"}}},"description_kind":"plain"}},"yandex_iot_core_broker":{"version":0,"block":{"attributes":{"certificates":{"type":["set","string"],"description_kind":"plain","optional":true},"created_at":{"type":"string","description_kind":"plain","computed":true},"description":{"type":"string","description_kind":"plain","optional":true},"folder_id":{"type":"string","description_kind":"plain","optional":true,"computed":true},"id":{"type":"string","description_kind":"plain","optional":true,"computed":true},"labels":{"type":["map","string"],"description_kind":"plain","optional":true},"name":{"type":"string","description_kind":"plain","required":true}},"block_types":{"log_options":{"nesting_mode":"list","block":{"attributes":{"disabled":{"type":"bool","description_kind":"plain","optional":true},"folder_id":{"type":"string","description_kind":"plain","optional":true},"log_group_id":{"type":"string","description_kind":"plain","optional":true},"min_level":{"type":"string","description_kind":"plain","optional":true}},"description_kind":"plain"},"max_items":1},"timeouts":{"nesting_mode":"single","block":{"attributes":{"create":{"type":"string","description_kind":"plain","optional":true},"delete":{"type":"string","description_kind":"plain","optional":true},"update":{"type":"string","description_kind":"plain","optional":true}},"description_kind":"plain"}}},"description_kind":"plain"}},"yandex_iot_core_device":{"version":0,"block":{"attributes":{"aliases":{"type":["map","string"],"description_kind":"plain","optional":true},"certificates":{"type":["set","string"],"description_kind":"plain","optional":true},"created_at":{"type":"string","description_kind":"plain","computed":true},"description":{"type":"string","description_kind":"plain","optional":true},"id":{"type":"string","description_kind":"plain","optional":true,"computed":true},"name":{"type":"string","description_kind":"plain","required":true},"passwords":{"type":["set","string"],"description_kind":"plain","optional":true,"sensitive":true},"registry_id":{"type":"string","description_kind":"plain","required":true}},"block_types":{"timeouts":{"nesting_mode":"single","block":{"attributes":{"create":{"type":"string","description_kind":"plain","optional":true},"delete":{"type":"string","description_kind":"plain","optional":true},"update":{"type":"string","description_kind":"plain","optional":true}},"description_kind":"plain"}}},"description_kind":"plain"}},"yandex_iot_core_registry":{"version":0,"block":{"attributes":{"certificates":{"type":["set","string"],"description_kind":"plain","optional":true},"created_at":{"type":"string","description_kind":"plain","computed":true},"description":{"type":"string","description_kind":"plain","optional":true},"folder_id":{"type":"string","description_kind":"plain","optional":true,"computed":true},"id":{"type":"string","description_kind":"plain","optional":true,"computed":true},"labels":{"type":["map","string"],"description_kind":"plain","optional":true},"name":{"type":"string","description_kind":"plain","required":true},"passwords":{"type":["set","string"],"description_kind":"plain","optional":true,"sensitive":true}},"block_types":{"log_options":{"nesting_mode":"list","block":{"attributes":{"disabled":{"type":"bool","description_kind":"plain","optional":true},"folder_id":{"type":"string","description_kind":"plain","optional":true},"log_group_id":{"type":"string","description_kind":"plain","optional":true},"min_level":{"type":"string","description_kind":"plain","optional":true}},"description_kind":"plain"},"max_items":1},"timeouts":{"nesting_mode":"single","block":{"attributes":{"create":{"type":"string","description_kind":"plain","optional":true},"delete":{"type":"string","description_kind":"plain","optional":true},"update":{"type":"string","description_kind":"plain","optional":true}},"description_kind":"plain"}}},"description_kind":"plain"}},"yandex_kms_asymmetric_encryption_key":{"version":1,"block":{"attributes":{"created_at":{"type":"string","description_kind":"plain","computed":true},"deletion_protection":{"type":"bool","description_kind":"plain","optional":true},"description":{"type":"string","description_kind":"plain","optional":true},"encryption_algorithm":{"type":"string","description_kind":"plain","optional":true},"folder_id":{"type":"string","description_kind":"plain","optional":true,"computed":true},"id":{"type":"string","description_kind":"plain","optional":true,"computed":true},"labels":{"type":["map","string"],"description_kind":"plain","optional":true},"name":{"type":"string","description_kind":"plain","optional":true},"status":{"type":"string","description_kind":"plain","computed":true}},"block_types":{"timeouts":{"nesting_mode":"single","block":{"attributes":{"create":{"type":"string","description_kind":"plain","optional":true},"delete":{"type":"string","description_kind":"plain","optional":true},"read":{"type":"string","description_kind":"plain","optional":true},"update":{"type":"string","description_kind":"plain","optional":true}},"description_kind":"plain"}}},"description_kind":"plain"}},"yandex_kms_asymmetric_encryption_key_iam_binding":{"version":0,"block":{"attributes":{"asymmetric_encryption_key_id":{"type":"string","description_kind":"plain","required":true},"id":{"type":"string","description_kind":"plain","optional":true,"computed":true},"members":{"type":["set","string"],"description_kind":"plain","required":true},"role":{"type":"string","description_kind":"plain","required":true},"sleep_after":{"type":"number","description_kind":"plain","optional":true}},"block_types":{"timeouts":{"nesting_mode":"single","block":{"attributes":{"default":{"type":"string","description_kind":"plain","optional":true}},"description_kind":"plain"}}},"description_kind":"plain"}},"yandex_kms_asymmetric_signature_key":{"version":1,"block":{"attributes":{"created_at":{"type":"string","description_kind":"plain","computed":true},"deletion_protection":{"type":"bool","description_kind":"plain","optional":true},"description":{"type":"string","description_kind":"plain","optional":true},"folder_id":{"type":"string","description_kind":"plain","optional":true,"computed":true},"id":{"type":"string","description_kind":"plain","optional":true,"computed":true},"labels":{"type":["map","string"],"description_kind":"plain","optional":true},"name":{"type":"string","description_kind":"plain","optional":true},"signature_algorithm":{"type":"string","description_kind":"plain","optional":true},"status":{"type":"string","description_kind":"plain","computed":true}},"block_types":{"timeouts":{"nesting_mode":"single","block":{"attributes":{"create":{"type":"string","description_kind":"plain","optional":true},"delete":{"type":"string","description_kind":"plain","optional":true},"read":{"type":"string","description_kind":"plain","optional":true},"update":{"type":"string","description_kind":"plain","optional":true}},"description_kind":"plain"}}},"description_kind":"plain"}},"yandex_kms_asymmetric_signature_key_iam_binding":{"version":0,"block":{"attributes":{"asymmetric_signature_key_id":{"type":"string","description_kind":"plain","required":true},"id":{"type":"string","description_kind":"plain","optional":true,"computed":true},"members":{"type":["set","string"],"description_kind":"plain","required":true},"role":{"type":"string","description_kind":"plain","required":true},"sleep_after":{"type":"number","description_kind":"plain","optional":true}},"block_types":{"timeouts":{"nesting_mode":"single","block":{"attributes":{"default":{"type":"string","description_kind":"plain","optional":true}},"description_kind":"plain"}}},"description_kind":"plain"}},"yandex_kms_secret_ciphertext":{"version":0,"block":{"attributes":{"aad_context":{"type":"string","description_kind":"plain","optional":true},"ciphertext":{"type":"string","description_kind":"plain","computed":true},"id":{"type":"string","description_kind":"plain","optional":true,"computed":true},"key_id":{"type":"string","description_kind":"plain","required":true},"plaintext":{"type":"string","description_kind":"plain","required":true,"sensitive":true}},"block_types":{"timeouts":{"nesting_mode":"single","block":{"attributes":{"create":{"type":"string","description_kind":"plain","optional":true},"delete":{"type":"string","description_kind":"plain","optional":true},"read":{"type":"string","description_kind":"plain","optional":true}},"description_kind":"plain"}}},"description_kind":"plain"}},"yandex_kms_symmetric_key":{"version":1,"block":{"attributes":{"created_at":{"type":"string","description_kind":"plain","computed":true},"default_algorithm":{"type":"string","description_kind":"plain","optional":true},"deletion_protection":{"type":"bool","description_kind":"plain","optional":true},"description":{"type":"string","description_kind":"plain","optional":true},"folder_id":{"type":"string","description_kind":"plain","optional":true,"computed":true},"id":{"type":"string","description_kind":"plain","optional":true,"computed":true},"labels":{"type":["map","string"],"description_kind":"plain","optional":true},"name":{"type":"string","description_kind":"plain","optional":true},"rotated_at":{"type":"string","description_kind":"plain","computed":true},"rotation_period":{"type":"string","description_kind":"plain","optional":true},"status":{"type":"string","description_kind":"plain","computed":true}},"block_types":{"timeouts":{"nesting_mode":"single","block":{"attributes":{"create":{"type":"string","description_kind":"plain","optional":true},"delete":{"type":"string","description_kind":"plain","optional":true},"read":{"type":"string","description_kind":"plain","optional":true},"update":{"type":"string","description_kind":"plain","optional":true}},"description_kind":"plain"}}},"description_kind":"plain"}},"yandex_kms_symmetric_key_iam_binding":{"version":0,"block":{"attributes":{"id":{"type":"string","description_kind":"plain","optional":true,"computed":true},"members":{"type":["set","string"],"description_kind":"plain","required":true},"role":{"type":"string","description_kind":"plain","required":true},"sleep_after":{"type":"number","description_kind":"plain","optional":true},"symmetric_key_id":{"type":"string","description_kind":"plain","required":true}},"block_types":{"timeouts":{"nesting_mode":"single","block":{"attributes":{"default":{"type":"string","description_kind":"plain","optional":true}},"description_kind":"plain"}}},"description_kind":"plain"}},"yandex_kubernetes_cluster":{"version":0,"block":{"attributes":{"cluster_ipv4_range":{"type":"string","description_kind":"plain","optional":true,"computed":true},"cluster_ipv6_range":{"type":"string","description_kind":"plain","optional":true,"computed":true},"created_at":{"type":"string","description_kind":"plain","computed":true},"description":{"type":"string","description_kind":"plain","optional":true,"computed":true},"folder_id":{"type":"string","description_kind":"plain","optional":true,"computed":true},"health":{"type":"string","description_kind":"plain","computed":true},"id":{"type":"string","description_kind":"plain","optional":true,"computed":true},"labels":{"type":["map","string"],"description_kind":"plain","optional":true,"computed":true},"log_group_id":{"type":"string","description_kind":"plain","computed":true},"name":{"type":"string","description_kind":"plain","optional":true,"computed":true},"network_id":{"type":"string","description_kind":"plain","required":true},"network_policy_provider":{"type":"string","description_kind":"plain","optional":true},"node_ipv4_cidr_mask_size":{"type":"number","description_kind":"plain","optional":true},"node_service_account_id":{"type":"string","description_kind":"plain","required":true},"release_channel":{"type":"string","description_kind":"plain","optional":true,"computed":true},"service_account_id":{"type":"string","description_kind":"plain","required":true},"service_ipv4_range":{"type":"string","description_kind":"plain","optional":true,"computed":true},"service_ipv6_range":{"type":"string","description_kind":"plain","optional":true,"computed":true},"status":{"type":"string","description_kind":"plain","computed":true}},"block_types":{"kms_provider":{"nesting_mode":"list","block":{"attributes":{"key_id":{"type":"string","description_kind":"plain","optional":true}},"description_kind":"plain"},"max_items":1},"master":{"nesting_mode":"list","block":{"attributes":{"cluster_ca_certificate":{"type":"string","description_kind":"plain","computed":true},"etcd_cluster_size":{"type":"number","description_kind":"plain","optional":true,"computed":true},"external_v4_address":{"type":"string","description_kind":"plain","computed":true},"external_v4_endpoint":{"type":"string","description_kind":"plain","computed":true},"external_v6_address":{"type":"string","description_kind":"plain","optional":true},"external_v6_endpoint":{"type":"string","description_kind":"plain","computed":true},"internal_v4_address":{"type":"string","description_kind":"plain","computed":true},"internal_v4_endpoint":{"type":"string","description_kind":"plain","computed":true},"public_ip":{"type":"bool","description_kind":"plain","optional":true,"computed":true},"security_group_ids":{"type":["set","string"],"description_kind":"plain","optional":true},"version":{"type":"string","description_kind":"plain","optional":true,"computed":true},"version_info":{"type":["list",["object",{"current_version":"string","new_revision_available":"bool","new_revision_summary":"string","version_deprecated":"bool"}]],"description_kind":"plain","computed":true}},"block_types":{"maintenance_policy":{"nesting_mode":"list","block":{"attributes":{"auto_upgrade":{"type":"bool","description_kind":"plain","required":true}},"block_types":{"maintenance_window":{"nesting_mode":"set","block":{"attributes":{"day":{"type":"string","description_kind":"plain","optional":true,"computed":true},"duration":{"type":"string","description_kind":"plain","required":true},"start_time":{"type":"string","description_kind":"plain","required":true}},"description_kind":"plain"}}},"description_kind":"plain"},"max_items":1},"master_location":{"nesting_mode":"list","block":{"attributes":{"subnet_id":{"type":"string","description_kind":"plain","optional":true,"computed":true},"zone":{"type":"string","description_kind":"plain","optional":true,"computed":true}},"description_kind":"plain"}},"master_logging":{"nesting_mode":"list","block":{"attributes":{"audit_enabled":{"type":"bool","description_kind":"plain","optional":true},"cluster_autoscaler_enabled":{"type":"bool","description_kind":"plain","optional":true},"enabled":{"type":"bool","description_kind":"plain","optional":true},"events_enabled":{"type":"bool","description_kind":"plain","optional":true},"folder_id":{"type":"string","description_kind":"plain","optional":true},"kube_apiserver_enabled":{"type":"bool","description_kind":"plain","optional":true},"log_group_id":{"type":"string","description_kind":"plain","optional":true}},"description_kind":"plain"},"max_items":1},"regional":{"nesting_mode":"list","block":{"attributes":{"region":{"type":"string","description_kind":"plain","required":true}},"block_types":{"location":{"nesting_mode":"list","block":{"attributes":{"subnet_id":{"type":"string","description_kind":"plain","optional":true},"zone":{"type":"string","description_kind":"plain","optional":true}},"description_kind":"plain"}}},"description_kind":"plain"},"max_items":1},"zonal":{"nesting_mode":"list","block":{"attributes":{"subnet_id":{"type":"string","description_kind":"plain","optional":true},"zone":{"type":"string","description_kind":"plain","optional":true,"computed":true}},"description_kind":"plain"},"max_items":1}},"description_kind":"plain"},"min_items":1,"max_items":1},"network_implementation":{"nesting_mode":"list","block":{"block_types":{"cilium":{"nesting_mode":"list","block":{"description_kind":"plain"},"max_items":1}},"description_kind":"plain"},"max_items":1},"timeouts":{"nesting_mode":"single","block":{"attributes":{"create":{"type":"string","description_kind":"plain","optional":true},"delete":{"type":"string","description_kind":"plain","optional":true},"read":{"type":"string","description_kind":"plain","optional":true},"update":{"type":"string","description_kind":"plain","optional":true}},"description_kind":"plain"}}},"description_kind":"plain"}},"yandex_kubernetes_node_group":{"version":0,"block":{"attributes":{"allowed_unsafe_sysctls":{"type":["list","string"],"description_kind":"plain","optional":true},"cluster_id":{"type":"string","description_kind":"plain","required":true},"created_at":{"type":"string","description_kind":"plain","computed":true},"description":{"type":"string","description_kind":"plain","optional":true,"computed":true},"id":{"type":"string","description_kind":"plain","optional":true,"computed":true},"instance_group_id":{"type":"string","description_kind":"plain","computed":true},"labels":{"type":["map","string"],"description_kind":"plain","optional":true,"computed":true},"name":{"type":"string","description_kind":"plain","optional":true,"computed":true},"node_labels":{"type":["map","string"],"description_kind":"plain","optional":true},"node_taints":{"type":["list","string"],"description_kind":"plain","optional":true},"status":{"type":"string","description_kind":"plain","computed":true},"version":{"type":"string","description_kind":"plain","optional":true,"computed":true},"version_info":{"type":["list",["object",{"current_version":"string","new_revision_available":"bool","new_revision_summary":"string","version_deprecated":"bool"}]],"description_kind":"plain","computed":true}},"block_types":{"allocation_policy":{"nesting_mode":"list","block":{"block_types":{"location":{"nesting_mode":"list","block":{"attributes":{"subnet_id":{"type":"string","description_kind":"plain","deprecated":true,"optional":true,"computed":true},"zone":{"type":"string","description_kind":"plain","optional":true,"computed":true}},"description_kind":"plain"}}},"description_kind":"plain"},"max_items":1},"deploy_policy":{"nesting_mode":"list","block":{"attributes":{"max_expansion":{"type":"number","description_kind":"plain","required":true},"max_unavailable":{"type":"number","description_kind":"plain","required":true}},"description_kind":"plain"},"max_items":1},"instance_template":{"nesting_mode":"list","block":{"attributes":{"labels":{"type":["map","string"],"description_kind":"plain","optional":true},"metadata":{"type":["map","string"],"description_kind":"plain","optional":true,"computed":true},"name":{"type":"string","description_kind":"plain","optional":true},"nat":{"type":"bool","description_kind":"plain","deprecated":true,"optional":true,"computed":true},"network_acceleration_type":{"type":"string","description_kind":"plain","optional":true,"computed":true},"platform_id":{"type":"string","description_kind":"plain","optional":true,"computed":true}},"block_types":{"boot_disk":{"nesting_mode":"list","block":{"attributes":{"size":{"type":"number","description_kind":"plain","optional":true,"computed":true},"type":{"type":"string","description_kind":"plain","optional":true,"computed":true}},"description_kind":"plain"},"max_items":1},"container_network":{"nesting_mode":"list","block":{"attributes":{"pod_mtu":{"type":"number","description_kind":"plain","optional":true,"computed":true}},"description_kind":"plain"},"max_items":1},"container_runtime":{"nesting_mode":"list","block":{"attributes":{"type":{"type":"string","description_kind":"plain","required":true}},"description_kind":"plain"},"max_items":1},"gpu_settings":{"nesting_mode":"list","block":{"attributes":{"gpu_cluster_id":{"type":"string","description_kind":"plain","optional":true},"gpu_environment":{"type":"string","description_kind":"plain","optional":true,"computed":true}},"description_kind":"plain"},"max_items":1},"network_interface":{"nesting_mode":"list","block":{"attributes":{"ipv4":{"type":"bool","description_kind":"plain","optional":true},"ipv6":{"type":"bool","description_kind":"plain","optional":true,"computed":true},"nat":{"type":"bool","description_kind":"plain","optional":true,"computed":true},"security_group_ids":{"type":["set","string"],"description_kind":"plain","optional":true},"subnet_ids":{"type":["set","string"],"description_kind":"plain","required":true}},"block_types":{"ipv4_dns_records":{"nesting_mode":"list","block":{"attributes":{"dns_zone_id":{"type":"string","description_kind":"plain","optional":true},"fqdn":{"type":"string","description_kind":"plain","required":true},"ptr":{"type":"bool","description_kind":"plain","optional":true},"ttl":{"type":"number","description_kind":"plain","optional":true}},"description_kind":"plain"}},"ipv6_dns_records":{"nesting_mode":"list","block":{"attributes":{"dns_zone_id":{"type":"string","description_kind":"plain","optional":true},"fqdn":{"type":"string","description_kind":"plain","required":true},"ptr":{"type":"bool","description_kind":"plain","optional":true},"ttl":{"type":"number","description_kind":"plain","optional":true}},"description_kind":"plain"}}},"description_kind":"plain"}},"placement_policy":{"nesting_mode":"list","block":{"attributes":{"placement_group_id":{"type":"string","description_kind":"plain","required":true}},"description_kind":"plain"},"max_items":1},"resources":{"nesting_mode":"list","block":{"attributes":{"core_fraction":{"type":"number","description_kind":"plain","optional":true,"computed":true},"cores":{"type":"number","description_kind":"plain","optional":true,"computed":true},"gpus":{"type":"number","description_kind":"plain","optional":true},"memory":{"type":"number","description_kind":"plain","optional":true,"computed":true}},"description_kind":"plain"},"max_items":1},"scheduling_policy":{"nesting_mode":"list","block":{"attributes":{"preemptible":{"type":"bool","description_kind":"plain","optional":true,"computed":true}},"description_kind":"plain"},"max_items":1}},"description_kind":"plain"},"min_items":1,"max_items":1},"maintenance_policy":{"nesting_mode":"list","block":{"attributes":{"auto_repair":{"type":"bool","description_kind":"plain","required":true},"auto_upgrade":{"type":"bool","description_kind":"plain","required":true}},"block_types":{"maintenance_window":{"nesting_mode":"set","block":{"attributes":{"day":{"type":"string","description_kind":"plain","optional":true,"computed":true},"duration":{"type":"string","description_kind":"plain","required":true},"start_time":{"type":"string","description_kind":"plain","required":true}},"description_kind":"plain"}}},"description_kind":"plain"},"max_items":1},"scale_policy":{"nesting_mode":"list","block":{"block_types":{"auto_scale":{"nesting_mode":"list","block":{"attributes":{"initial":{"type":"number","description_kind":"plain","required":true},"max":{"type":"number","description_kind":"plain","required":true},"min":{"type":"number","description_kind":"plain","required":true}},"description_kind":"plain"},"max_items":1},"fixed_scale":{"nesting_mode":"list","block":{"attributes":{"size":{"type":"number","description_kind":"plain","optional":true,"computed":true}},"description_kind":"plain"},"max_items":1}},"description_kind":"plain"},"min_items":1,"max_items":1},"timeouts":{"nesting_mode":"single","block":{"attributes":{"create":{"type":"string","description_kind":"plain","optional":true},"delete":{"type":"string","description_kind":"plain","optional":true},"read":{"type":"string","description_kind":"plain","optional":true},"update":{"type":"string","description_kind":"plain","optional":true}},"description_kind":"plain"}}},"description_kind":"plain"}},"yandex_lb_network_load_balancer":{"version":0,"block":{"attributes":{"created_at":{"type":"string","description_kind":"plain","computed":true},"deletion_protection":{"type":"bool","description_kind":"plain","optional":true,"computed":true},"description":{"type":"string","description_kind":"plain","optional":true},"folder_id":{"type":"string","description_kind":"plain","optional":true,"computed":true},"id":{"type":"string","description_kind":"plain","optional":true,"computed":true},"labels":{"type":["map","string"],"description_kind":"plain","optional":true},"name":{"type":"string","description_kind":"plain","optional":true},"region_id":{"type":"string","description_kind":"plain","optional":true,"computed":true},"type":{"type":"string","description_kind":"plain","optional":true}},"block_types":{"attached_target_group":{"nesting_mode":"set","block":{"attributes":{"target_group_id":{"type":"string","description_kind":"plain","required":true}},"block_types":{"healthcheck":{"nesting_mode":"list","block":{"attributes":{"healthy_threshold":{"type":"number","description_kind":"plain","optional":true},"interval":{"type":"number","description_kind":"plain","optional":true},"name":{"type":"string","description_kind":"plain","required":true},"timeout":{"type":"number","description_kind":"plain","optional":true},"unhealthy_threshold":{"type":"number","description_kind":"plain","optional":true}},"block_types":{"http_options":{"nesting_mode":"list","block":{"attributes":{"path":{"type":"string","description_kind":"plain","optional":true},"port":{"type":"number","description_kind":"plain","required":true}},"description_kind":"plain"},"max_items":1},"tcp_options":{"nesting_mode":"list","block":{"attributes":{"port":{"type":"number","description_kind":"plain","required":true}},"description_kind":"plain"},"max_items":1}},"description_kind":"plain"},"min_items":1}},"description_kind":"plain"}},"listener":{"nesting_mode":"set","block":{"attributes":{"name":{"type":"string","description_kind":"plain","required":true},"port":{"type":"number","description_kind":"plain","required":true},"protocol":{"type":"string","description_kind":"plain","optional":true,"computed":true},"target_port":{"type":"number","description_kind":"plain","optional":true,"computed":true}},"block_types":{"external_address_spec":{"nesting_mode":"set","block":{"attributes":{"address":{"type":"string","description_kind":"plain","optional":true,"computed":true},"ip_version":{"type":"string","description_kind":"plain","optional":true}},"description_kind":"plain"},"max_items":1},"internal_address_spec":{"nesting_mode":"set","block":{"attributes":{"address":{"type":"string","description_kind":"plain","optional":true,"computed":true},"ip_version":{"type":"string","description_kind":"plain","optional":true},"subnet_id":{"type":"string","description_kind":"plain","required":true}},"description_kind":"plain"},"max_items":1}},"description_kind":"plain"}},"timeouts":{"nesting_mode":"single","block":{"attributes":{"create":{"type":"string","description_kind":"plain","optional":true},"delete":{"type":"string","description_kind":"plain","optional":true},"update":{"type":"string","description_kind":"plain","optional":true}},"description_kind":"plain"}}},"description_kind":"plain"}},"yandex_lb_target_group":{"version":0,"block":{"attributes":{"created_at":{"type":"string","description_kind":"plain","computed":true},"description":{"type":"string","description_kind":"plain","optional":true},"folder_id":{"type":"string","description_kind":"plain","optional":true,"computed":true},"id":{"type":"string","description_kind":"plain","optional":true,"computed":true},"labels":{"type":["map","string"],"description_kind":"plain","optional":true},"name":{"type":"string","description_kind":"plain","optional":true},"region_id":{"type":"string","description_kind":"plain","optional":true,"computed":true}},"block_types":{"target":{"nesting_mode":"set","block":{"attributes":{"address":{"type":"string","description_kind":"plain","required":true},"subnet_id":{"type":"string","description_kind":"plain","required":true}},"description_kind":"plain"}},"timeouts":{"nesting_mode":"single","block":{"attributes":{"create":{"type":"string","description_kind":"plain","optional":true},"delete":{"type":"string","description_kind":"plain","optional":true},"update":{"type":"string","description_kind":"plain","optional":true}},"description_kind":"plain"}}},"description_kind":"plain"}},"yandex_loadtesting_agent":{"version":0,"block":{"attributes":{"compute_instance_id":{"type":"string","description_kind":"plain","computed":true},"description":{"type":"string","description_kind":"plain","optional":true},"folder_id":{"type":"string","description_kind":"plain","optional":true,"computed":true},"id":{"type":"string","description_kind":"plain","optional":true,"computed":true},"labels":{"type":["map","string"],"description_kind":"plain","optional":true},"name":{"type":"string","description_kind":"plain","required":true}},"block_types":{"compute_instance":{"nesting_mode":"list","block":{"attributes":{"computed_labels":{"type":["map","string"],"description_kind":"plain","computed":true},"computed_metadata":{"type":["map","string"],"description_kind":"plain","computed":true},"labels":{"type":["map","string"],"description_kind":"plain","optional":true},"metadata":{"type":["map","string"],"description_kind":"plain","optional":true},"platform_id":{"type":"string","description_kind":"plain","optional":true,"computed":true},"service_account_id":{"type":"string","description_kind":"plain","required":true},"zone_id":{"type":"string","description_kind":"plain","optional":true,"computed":true}},"block_types":{"boot_disk":{"nesting_mode":"list","block":{"attributes":{"auto_delete":{"type":"bool","description_kind":"plain","optional":true},"device_name":{"type":"string","description_kind":"plain","optional":true,"computed":true},"disk_id":{"type":"string","description_kind":"plain","computed":true}},"block_types":{"initialize_params":{"nesting_mode":"list","block":{"attributes":{"block_size":{"type":"number","description_kind":"plain","optional":true,"computed":true},"description":{"type":"string","description_kind":"plain","optional":true,"computed":true},"name":{"type":"string","description_kind":"plain","optional":true,"computed":true},"size":{"type":"number","description_kind":"plain","optional":true},"type":{"type":"string","description_kind":"plain","optional":true}},"description_kind":"plain"},"min_items":1,"max_items":1}},"description_kind":"plain"},"min_items":1,"max_items":1},"network_interface":{"nesting_mode":"list","block":{"attributes":{"index":{"type":"number","description_kind":"plain","computed":true},"ip_address":{"type":"string","description_kind":"plain","optional":true,"computed":true},"ipv4":{"type":"bool","description_kind":"plain","optional":true},"ipv6":{"type":"bool","description_kind":"plain","optional":true,"computed":true},"ipv6_address":{"type":"string","description_kind":"plain","optional":true,"computed":true},"mac_address":{"type":"string","description_kind":"plain","computed":true},"nat":{"type":"bool","description_kind":"plain","optional":true},"nat_ip_address":{"type":"string","description_kind":"plain","optional":true,"computed":true},"nat_ip_version":{"type":"string","description_kind":"plain","computed":true},"security_group_ids":{"type":["set","string"],"description_kind":"plain","optional":true,"computed":true},"subnet_id":{"type":"string","description_kind":"plain","required":true}},"description_kind":"plain"},"min_items":1},"resources":{"nesting_mode":"list","block":{"attributes":{"core_fraction":{"type":"number","description_kind":"plain","optional":true},"cores":{"type":"number","description_kind":"plain","optional":true},"memory":{"type":"number","description_kind":"plain","optional":true}},"description_kind":"plain"},"min_items":1,"max_items":1}},"description_kind":"plain"},"min_items":1,"max_items":1},"timeouts":{"nesting_mode":"single","block":{"attributes":{"create":{"type":"string","description_kind":"plain","optional":true},"delete":{"type":"string","description_kind":"plain","optional":true},"update":{"type":"string","description_kind":"plain","optional":true}},"description_kind":"plain"}}},"description_kind":"plain"}},"yandex_lockbox_secret":{"version":1,"block":{"attributes":{"created_at":{"type":"string","description_kind":"plain","computed":true},"deletion_protection":{"type":"bool","description_kind":"plain","optional":true},"description":{"type":"string","description_kind":"plain","optional":true},"folder_id":{"type":"string","description_kind":"plain","optional":true,"computed":true},"id":{"type":"string","description_kind":"plain","optional":true,"computed":true},"kms_key_id":{"type":"string","description_kind":"plain","optional":true},"labels":{"type":["map","string"],"description_kind":"plain","optional":true},"name":{"type":"string","description_kind":"plain","optional":true},"status":{"type":"string","description_kind":"plain","computed":true}},"block_types":{"password_payload_specification":{"nesting_mode":"list","block":{"attributes":{"excluded_punctuation":{"type":"string","description_kind":"plain","optional":true},"include_digits":{"type":"bool","description_kind":"plain","optional":true},"include_lowercase":{"type":"bool","description_kind":"plain","optional":true},"include_punctuation":{"type":"bool","description_kind":"plain","optional":true},"include_uppercase":{"type":"bool","description_kind":"plain","optional":true},"included_punctuation":{"type":"string","description_kind":"plain","optional":true},"length":{"type":"number","description_kind":"plain","optional":true},"password_key":{"type":"string","description_kind":"plain","required":true}},"description_kind":"plain"},"max_items":1},"timeouts":{"nesting_mode":"single","block":{"attributes":{"create":{"type":"string","description_kind":"plain","optional":true},"delete":{"type":"string","description_kind":"plain","optional":true},"read":{"type":"string","description_kind":"plain","optional":true},"update":{"type":"string","description_kind":"plain","optional":true}},"description_kind":"plain"}}},"description_kind":"plain"}},"yandex_lockbox_secret_iam_binding":{"version":0,"block":{"attributes":{"id":{"type":"string","description_kind":"plain","optional":true,"computed":true},"members":{"type":["set","string"],"description_kind":"plain","required":true},"role":{"type":"string","description_kind":"plain","required":true},"secret_id":{"type":"string","description_kind":"plain","required":true},"sleep_after":{"type":"number","description_kind":"plain","optional":true}},"block_types":{"timeouts":{"nesting_mode":"single","block":{"attributes":{"default":{"type":"string","description_kind":"plain","optional":true}},"description_kind":"plain"}}},"description_kind":"plain"}},"yandex_lockbox_secret_version":{"version":1,"block":{"attributes":{"description":{"type":"string","description_kind":"plain","optional":true},"id":{"type":"string","description_kind":"plain","optional":true,"computed":true},"secret_id":{"type":"string","description_kind":"plain","required":true}},"block_types":{"entries":{"nesting_mode":"list","block":{"attributes":{"key":{"type":"string","description_kind":"plain","required":true},"text_value":{"type":"string","description_kind":"plain","optional":true,"sensitive":true}},"block_types":{"command":{"nesting_mode":"list","block":{"attributes":{"args":{"type":["list","string"],"description_kind":"plain","optional":true},"env":{"type":["map","string"],"description_kind":"plain","optional":true},"path":{"type":"string","description_kind":"plain","required":true}},"description_kind":"plain"},"max_items":1}},"description_kind":"plain"}},"timeouts":{"nesting_mode":"single","block":{"attributes":{"create":{"type":"string","description_kind":"plain","optional":true},"delete":{"type":"string","description_kind":"plain","optional":true},"read":{"type":"string","description_kind":"plain","optional":true}},"description_kind":"plain"}}},"description_kind":"plain"}},"yandex_lockbox_secret_version_hashed":{"version":1,"block":{"attributes":{"description":{"type":"string","description_kind":"plain","optional":true},"id":{"type":"string","description_kind":"plain","optional":true,"computed":true},"key_1":{"type":"string","description_kind":"plain","optional":true},"key_10":{"type":"string","description_kind":"plain","optional":true},"key_2":{"type":"string","description_kind":"plain","optional":true},"key_3":{"type":"string","description_kind":"plain","optional":true},"key_4":{"type":"string","description_kind":"plain","optional":true},"key_5":{"type":"string","description_kind":"plain","optional":true},"key_6":{"type":"string","description_kind":"plain","optional":true},"key_7":{"type":"string","description_kind":"plain","optional":true},"key_8":{"type":"string","description_kind":"plain","optional":true},"key_9":{"type":"string","description_kind":"plain","optional":true},"secret_id":{"type":"string","description_kind":"plain","required":true},"text_value_1":{"type":"string","description_kind":"plain","optional":true,"sensitive":true},"text_value_10":{"type":"string","description_kind":"plain","optional":true,"sensitive":true},"text_value_2":{"type":"string","description_kind":"plain","optional":true,"sensitive":true},"text_value_3":{"type":"string","description_kind":"plain","optional":true,"sensitive":true},"text_value_4":{"type":"string","description_kind":"plain","optional":true,"sensitive":true},"text_value_5":{"type":"string","description_kind":"plain","optional":true,"sensitive":true},"text_value_6":{"type":"string","description_kind":"plain","optional":true,"sensitive":true},"text_value_7":{"type":"string","description_kind":"plain","optional":true,"sensitive":true},"text_value_8":{"type":"string","description_kind":"plain","optional":true,"sensitive":true},"text_value_9":{"type":"string","description_kind":"plain","optional":true,"sensitive":true}},"block_types":{"timeouts":{"nesting_mode":"single","block":{"attributes":{"create":{"type":"string","description_kind":"plain","optional":true},"delete":{"type":"string","description_kind":"plain","optional":true},"read":{"type":"string","description_kind":"plain","optional":true}},"description_kind":"plain"}}},"description_kind":"plain"}},"yandex_logging_group":{"version":0,"block":{"attributes":{"cloud_id":{"type":"string","description_kind":"plain","computed":true},"created_at":{"type":"string","description_kind":"plain","computed":true},"data_stream":{"type":"string","description_kind":"plain","optional":true},"description":{"type":"string","description_kind":"plain","optional":true},"folder_id":{"type":"string","description_kind":"plain","optional":true,"computed":true},"id":{"type":"string","description_kind":"plain","optional":true,"computed":true},"labels":{"type":["map","string"],"description_kind":"plain","optional":true},"name":{"type":"string","description_kind":"plain","optional":true,"computed":true},"retention_period":{"type":"string","description_kind":"plain","optional":true,"computed":true},"status":{"type":"string","description_kind":"plain","computed":true}},"block_types":{"timeouts":{"nesting_mode":"single","block":{"attributes":{"default":{"type":"string","description_kind":"plain","optional":true}},"description_kind":"plain"}}},"description_kind":"plain"}},"yandex_mdb_clickhouse_cluster":{"version":0,"block":{"attributes":{"admin_password":{"type":"string","description_kind":"plain","optional":true,"sensitive":true},"backup_retain_period_days":{"type":"number","description_kind":"plain","optional":true},"cluster_id":{"type":"string","description_kind":"plain","optional":true,"computed":true},"copy_schema_on_new_hosts":{"type":"bool","description_kind":"plain","optional":true},"created_at":{"type":"string","description_kind":"plain","computed":true},"deletion_protection":{"type":"bool","description_kind":"plain","optional":true,"computed":true},"description":{"type":"string","description_kind":"plain","optional":true},"embedded_keeper":{"type":"bool","description_kind":"plain","optional":true,"computed":true},"environment":{"type":"string","description_kind":"plain","required":true},"folder_id":{"type":"string","description_kind":"plain","optional":true,"computed":true},"health":{"type":"string","description_kind":"plain","computed":true},"id":{"type":"string","description_kind":"plain","optional":true,"computed":true},"labels":{"type":["map","string"],"description_kind":"plain","optional":true,"computed":true},"name":{"type":"string","description_kind":"plain","required":true},"network_id":{"type":"string","description_kind":"plain","required":true},"security_group_ids":{"type":["set","string"],"description_kind":"plain","optional":true,"computed":true},"service_account_id":{"type":"string","description_kind":"plain","optional":true,"computed":true},"sql_database_management":{"type":"bool","description_kind":"plain","optional":true,"computed":true},"sql_user_management":{"type":"bool","description_kind":"plain","optional":true,"computed":true},"status":{"type":"string","description_kind":"plain","computed":true},"version":{"type":"string","description_kind":"plain","optional":true,"computed":true}},"block_types":{"access":{"nesting_mode":"list","block":{"attributes":{"data_lens":{"type":"bool","description_kind":"plain","optional":true},"data_transfer":{"type":"bool","description_kind":"plain","optional":true},"metrika":{"type":"bool","description_kind":"plain","optional":true},"serverless":{"type":"bool","description_kind":"plain","optional":true},"web_sql":{"type":"bool","description_kind":"plain","optional":true},"yandex_query":{"type":"bool","description_kind":"plain","optional":true}},"description_kind":"plain"},"max_items":1},"backup_window_start":{"nesting_mode":"list","block":{"attributes":{"hours":{"type":"number","description_kind":"plain","optional":true},"minutes":{"type":"number","description_kind":"plain","optional":true}},"description_kind":"plain"},"max_items":1},"clickhouse":{"nesting_mode":"list","block":{"block_types":{"config":{"nesting_mode":"list","block":{"attributes":{"asynchronous_insert_log_enabled":{"type":"bool","description_kind":"plain","optional":true,"computed":true},"asynchronous_insert_log_retention_size":{"type":"number","description_kind":"plain","optional":true,"computed":true},"asynchronous_insert_log_retention_time":{"type":"number","description_kind":"plain","optional":true,"computed":true},"asynchronous_metric_log_enabled":{"type":"bool","description_kind":"plain","optional":true,"computed":true},"asynchronous_metric_log_retention_size":{"type":"number","description_kind":"plain","optional":true,"computed":true},"asynchronous_metric_log_retention_time":{"type":"number","description_kind":"plain","optional":true,"computed":true},"background_buffer_flush_schedule_pool_size":{"type":"number","description_kind":"plain","optional":true,"computed":true},"background_common_pool_size":{"type":"number","description_kind":"plain","optional":true,"computed":true},"background_distributed_schedule_pool_size":{"type":"number","description_kind":"plain","optional":true,"computed":true},"background_fetches_pool_size":{"type":"number","description_kind":"plain","optional":true,"computed":true},"background_merges_mutations_concurrency_ratio":{"type":"number","description_kind":"plain","optional":true,"computed":true},"background_message_broker_schedule_pool_size":{"type":"number","description_kind":"plain","optional":true,"computed":true},"background_move_pool_size":{"type":"number","description_kind":"plain","optional":true,"computed":true},"background_pool_size":{"type":"number","description_kind":"plain","optional":true,"computed":true},"background_schedule_pool_size":{"type":"number","description_kind":"plain","optional":true,"computed":true},"default_database":{"type":"string","description_kind":"plain","optional":true,"computed":true},"dictionaries_lazy_load":{"type":"bool","description_kind":"plain","optional":true,"computed":true},"geobase_enabled":{"type":"bool","description_kind":"plain","optional":true,"computed":true},"geobase_uri":{"type":"string","description_kind":"plain","optional":true,"computed":true},"keep_alive_timeout":{"type":"number","description_kind":"plain","optional":true,"computed":true},"log_level":{"type":"string","description_kind":"plain","optional":true,"computed":true},"mark_cache_size":{"type":"number","description_kind":"plain","optional":true,"computed":true},"max_concurrent_queries":{"type":"number","description_kind":"plain","optional":true,"computed":true},"max_connections":{"type":"number","description_kind":"plain","optional":true,"computed":true},"max_partition_size_to_drop":{"type":"number","description_kind":"plain","optional":true,"computed":true},"max_table_size_to_drop":{"type":"number","description_kind":"plain","optional":true,"computed":true},"metric_log_enabled":{"type":"bool","description_kind":"plain","optional":true,"computed":true},"metric_log_retention_size":{"type":"number","description_kind":"plain","optional":true,"computed":true},"metric_log_retention_time":{"type":"number","description_kind":"plain","optional":true,"computed":true},"opentelemetry_span_log_enabled":{"type":"bool","description_kind":"plain","optional":true,"computed":true},"opentelemetry_span_log_retention_size":{"type":"number","description_kind":"plain","optional":true,"computed":true},"opentelemetry_span_log_retention_time":{"type":"number","description_kind":"plain","optional":true,"computed":true},"part_log_retention_size":{"type":"number","description_kind":"plain","optional":true,"computed":true},"part_log_retention_time":{"type":"number","description_kind":"plain","optional":true,"computed":true},"query_log_retention_size":{"type":"number","description_kind":"plain","optional":true,"computed":true},"query_log_retention_time":{"type":"number","description_kind":"plain","optional":true,"computed":true},"query_thread_log_enabled":{"type":"bool","description_kind":"plain","optional":true,"computed":true},"query_thread_log_retention_size":{"type":"number","description_kind":"plain","optional":true,"computed":true},"query_thread_log_retention_time":{"type":"number","description_kind":"plain","optional":true,"computed":true},"query_views_log_enabled":{"type":"bool","description_kind":"plain","optional":true,"computed":true},"query_views_log_retention_size":{"type":"number","description_kind":"plain","optional":true,"computed":true},"query_views_log_retention_time":{"type":"number","description_kind":"plain","optional":true,"computed":true},"session_log_enabled":{"type":"bool","description_kind":"plain","optional":true,"computed":true},"session_log_retention_size":{"type":"number","description_kind":"plain","optional":true,"computed":true},"session_log_retention_time":{"type":"number","description_kind":"plain","optional":true,"computed":true},"text_log_enabled":{"type":"bool","description_kind":"plain","optional":true,"computed":true},"text_log_level":{"type":"string","description_kind":"plain","optional":true,"computed":true},"text_log_retention_size":{"type":"number","description_kind":"plain","optional":true,"computed":true},"text_log_retention_time":{"type":"number","description_kind":"plain","optional":true,"computed":true},"timezone":{"type":"string","description_kind":"plain","optional":true,"computed":true},"total_memory_profiler_step":{"type":"number","description_kind":"plain","optional":true,"computed":true},"trace_log_enabled":{"type":"bool","description_kind":"plain","optional":true,"computed":true},"trace_log_retention_size":{"type":"number","description_kind":"plain","optional":true,"computed":true},"trace_log_retention_time":{"type":"number","description_kind":"plain","optional":true,"computed":true},"uncompressed_cache_size":{"type":"number","description_kind":"plain","optional":true,"computed":true},"zookeeper_log_enabled":{"type":"bool","description_kind":"plain","optional":true,"computed":true},"zookeeper_log_retention_size":{"type":"number","description_kind":"plain","optional":true,"computed":true},"zookeeper_log_retention_time":{"type":"number","description_kind":"plain","optional":true,"computed":true}},"block_types":{"compression":{"nesting_mode":"list","block":{"attributes":{"level":{"type":"number","description_kind":"plain","optional":true},"method":{"type":"string","description_kind":"plain","required":true},"min_part_size":{"type":"number","description_kind":"plain","required":true},"min_part_size_ratio":{"type":"number","description_kind":"plain","required":true}},"description_kind":"plain"}},"graphite_rollup":{"nesting_mode":"list","block":{"attributes":{"name":{"type":"string","description_kind":"plain","required":true},"path_column_name":{"type":"string","description_kind":"plain","optional":true,"computed":true},"time_column_name":{"type":"string","description_kind":"plain","optional":true,"computed":true},"value_column_name":{"type":"string","description_kind":"plain","optional":true,"computed":true},"version_column_name":{"type":"string","description_kind":"plain","optional":true,"computed":true}},"block_types":{"pattern":{"nesting_mode":"list","block":{"attributes":{"function":{"type":"string","description_kind":"plain","required":true},"regexp":{"type":"string","description_kind":"plain","optional":true,"computed":true}},"block_types":{"retention":{"nesting_mode":"list","block":{"attributes":{"age":{"type":"number","description_kind":"plain","required":true},"precision":{"type":"number","description_kind":"plain","required":true}},"description_kind":"plain"}}},"description_kind":"plain"}}},"description_kind":"plain"}},"kafka":{"nesting_mode":"list","block":{"attributes":{"auto_offset_reset":{"type":"string","description_kind":"plain","optional":true,"computed":true},"debug":{"type":"string","description_kind":"plain","optional":true,"computed":true},"enable_ssl_certificate_verification":{"type":"bool","description_kind":"plain","optional":true,"computed":true},"max_poll_interval_ms":{"type":"number","description_kind":"plain","optional":true,"computed":true},"sasl_mechanism":{"type":"string","description_kind":"plain","optional":true,"computed":true},"sasl_password":{"type":"string","description_kind":"plain","optional":true,"computed":true,"sensitive":true},"sasl_username":{"type":"string","description_kind":"plain","optional":true,"computed":true},"security_protocol":{"type":"string","description_kind":"plain","optional":true,"computed":true},"session_timeout_ms":{"type":"number","description_kind":"plain","optional":true,"computed":true}},"description_kind":"plain"},"max_items":1},"kafka_topic":{"nesting_mode":"list","block":{"attributes":{"name":{"type":"string","description_kind":"plain","required":true}},"block_types":{"settings":{"nesting_mode":"list","block":{"attributes":{"auto_offset_reset":{"type":"string","description_kind":"plain","optional":true,"computed":true},"debug":{"type":"string","description_kind":"plain","optional":true,"computed":true},"enable_ssl_certificate_verification":{"type":"bool","description_kind":"plain","optional":true,"computed":true},"max_poll_interval_ms":{"type":"number","description_kind":"plain","optional":true,"computed":true},"sasl_mechanism":{"type":"string","description_kind":"plain","optional":true},"sasl_password":{"type":"string","description_kind":"plain","optional":true,"sensitive":true},"sasl_username":{"type":"string","description_kind":"plain","optional":true},"security_protocol":{"type":"string","description_kind":"plain","optional":true},"session_timeout_ms":{"type":"number","description_kind":"plain","optional":true,"computed":true}},"description_kind":"plain"},"max_items":1}},"description_kind":"plain"}},"merge_tree":{"nesting_mode":"list","block":{"attributes":{"allow_remote_fs_zero_copy_replication":{"type":"bool","description_kind":"plain","optional":true,"computed":true},"check_sample_column_is_correct":{"type":"bool","description_kind":"plain","optional":true,"computed":true},"cleanup_delay_period":{"type":"number","description_kind":"plain","optional":true,"computed":true},"inactive_parts_to_delay_insert":{"type":"number","description_kind":"plain","optional":true,"computed":true},"inactive_parts_to_throw_insert":{"type":"number","description_kind":"plain","optional":true,"computed":true},"max_avg_part_size_for_too_many_parts":{"type":"number","description_kind":"plain","optional":true,"computed":true},"max_bytes_to_merge_at_max_space_in_pool":{"type":"number","description_kind":"plain","optional":true,"computed":true},"max_bytes_to_merge_at_min_space_in_pool":{"type":"number","description_kind":"plain","optional":true,"computed":true},"max_cleanup_delay_period":{"type":"number","description_kind":"plain","optional":true,"computed":true},"max_merge_selecting_sleep_ms":{"type":"number","description_kind":"plain","optional":true,"computed":true},"max_number_of_merges_with_ttl_in_pool":{"type":"number","description_kind":"plain","optional":true,"computed":true},"max_parts_in_total":{"type":"number","description_kind":"plain","optional":true,"computed":true},"max_replicated_merges_in_queue":{"type":"number","description_kind":"plain","optional":true,"computed":true},"merge_max_block_size":{"type":"number","description_kind":"plain","optional":true,"computed":true},"merge_selecting_sleep_ms":{"type":"number","description_kind":"plain","optional":true,"computed":true},"merge_with_recompression_ttl_timeout":{"type":"number","description_kind":"plain","optional":true,"computed":true},"merge_with_ttl_timeout":{"type":"number","description_kind":"plain","optional":true,"computed":true},"min_age_to_force_merge_on_partition_only":{"type":"bool","description_kind":"plain","optional":true,"computed":true},"min_age_to_force_merge_seconds":{"type":"number","description_kind":"plain","optional":true,"computed":true},"min_bytes_for_wide_part":{"type":"number","description_kind":"plain","optional":true,"computed":true},"min_rows_for_wide_part":{"type":"number","description_kind":"plain","optional":true,"computed":true},"number_of_free_entries_in_pool_to_execute_mutation":{"type":"number","description_kind":"plain","optional":true,"computed":true},"number_of_free_entries_in_pool_to_lower_max_size_of_merge":{"type":"number","description_kind":"plain","optional":true,"computed":true},"parts_to_delay_insert":{"type":"number","description_kind":"plain","optional":true,"computed":true},"parts_to_throw_insert":{"type":"number","description_kind":"plain","optional":true,"computed":true},"replicated_deduplication_window":{"type":"number","description_kind":"plain","optional":true,"computed":true},"replicated_deduplication_window_seconds":{"type":"number","description_kind":"plain","optional":true,"computed":true},"ttl_only_drop_parts":{"type":"bool","description_kind":"plain","optional":true,"computed":true}},"description_kind":"plain"},"max_items":1},"query_cache":{"nesting_mode":"list","block":{"attributes":{"max_entries":{"type":"number","description_kind":"plain","optional":true,"computed":true},"max_entry_size_in_bytes":{"type":"number","description_kind":"plain","optional":true,"computed":true},"max_entry_size_in_rows":{"type":"number","description_kind":"plain","optional":true,"computed":true},"max_size_in_bytes":{"type":"number","description_kind":"plain","optional":true,"computed":true}},"description_kind":"plain"},"max_items":1},"query_masking_rules":{"nesting_mode":"list","block":{"attributes":{"name":{"type":"string","description_kind":"plain","optional":true,"computed":true},"regexp":{"type":"string","description_kind":"plain","required":true},"replace":{"type":"string","description_kind":"plain","optional":true,"computed":true}},"description_kind":"plain"}},"rabbitmq":{"nesting_mode":"list","block":{"attributes":{"password":{"type":"string","description_kind":"plain","optional":true,"computed":true,"sensitive":true},"username":{"type":"string","description_kind":"plain","optional":true,"computed":true},"vhost":{"type":"string","description_kind":"plain","optional":true,"computed":true}},"description_kind":"plain"},"max_items":1}},"description_kind":"plain"},"max_items":1},"resources":{"nesting_mode":"list","block":{"attributes":{"disk_size":{"type":"number","description_kind":"plain","optional":true,"computed":true},"disk_type_id":{"type":"string","description_kind":"plain","optional":true,"computed":true},"resource_preset_id":{"type":"string","description_kind":"plain","optional":true,"computed":true}},"description_kind":"plain"},"max_items":1}},"description_kind":"plain"},"max_items":1},"cloud_storage":{"nesting_mode":"list","block":{"attributes":{"data_cache_enabled":{"type":"bool","description_kind":"plain","optional":true,"computed":true},"data_cache_max_size":{"type":"number","description_kind":"plain","optional":true,"computed":true},"enabled":{"type":"bool","description_kind":"plain","required":true},"move_factor":{"type":"number","description_kind":"plain","optional":true,"computed":true},"prefer_not_to_merge":{"type":"bool","description_kind":"plain","optional":true,"computed":true}},"description_kind":"plain"},"max_items":1},"database":{"nesting_mode":"set","block":{"attributes":{"name":{"type":"string","description_kind":"plain","required":true}},"description_kind":"plain"}},"format_schema":{"nesting_mode":"set","block":{"attributes":{"name":{"type":"string","description_kind":"plain","required":true},"type":{"type":"string","description_kind":"plain","required":true},"uri":{"type":"string","description_kind":"plain","required":true}},"description_kind":"plain"}},"host":{"nesting_mode":"list","block":{"attributes":{"assign_public_ip":{"type":"bool","description_kind":"plain","optional":true},"fqdn":{"type":"string","description_kind":"plain","computed":true},"shard_name":{"type":"string","description_kind":"plain","optional":true,"computed":true},"subnet_id":{"type":"string","description_kind":"plain","optional":true,"computed":true},"type":{"type":"string","description_kind":"plain","required":true},"zone":{"type":"string","description_kind":"plain","required":true}},"description_kind":"plain"},"min_items":1},"maintenance_window":{"nesting_mode":"list","block":{"attributes":{"day":{"type":"string","description_kind":"plain","optional":true},"hour":{"type":"number","description_kind":"plain","optional":true},"type":{"type":"string","description_kind":"plain","required":true}},"description_kind":"plain"},"max_items":1},"ml_model":{"nesting_mode":"set","block":{"attributes":{"name":{"type":"string","description_kind":"plain","required":true},"type":{"type":"string","description_kind":"plain","required":true},"uri":{"type":"string","description_kind":"plain","required":true}},"description_kind":"plain"}},"shard":{"nesting_mode":"set","block":{"attributes":{"name":{"type":"string","description_kind":"plain","required":true},"weight":{"type":"number","description_kind":"plain","optional":true,"computed":true}},"block_types":{"resources":{"nesting_mode":"list","block":{"attributes":{"disk_size":{"type":"number","description_kind":"plain","optional":true,"computed":true},"disk_type_id":{"type":"string","description_kind":"plain","optional":true,"computed":true},"resource_preset_id":{"type":"string","description_kind":"plain","optional":true,"computed":true}},"description_kind":"plain"},"max_items":1}},"description_kind":"plain"}},"shard_group":{"nesting_mode":"list","block":{"attributes":{"description":{"type":"string","description_kind":"plain","optional":true},"name":{"type":"string","description_kind":"plain","required":true},"shard_names":{"type":["list","string"],"description_kind":"plain","required":true}},"description_kind":"plain"}},"timeouts":{"nesting_mode":"single","block":{"attributes":{"create":{"type":"string","description_kind":"plain","optional":true},"delete":{"type":"string","description_kind":"plain","optional":true},"update":{"type":"string","description_kind":"plain","optional":true}},"description_kind":"plain"}},"user":{"nesting_mode":"set","block":{"attributes":{"name":{"type":"string","description_kind":"plain","required":true},"password":{"type":"string","description_kind":"plain","required":true,"sensitive":true}},"block_types":{"permission":{"nesting_mode":"set","block":{"attributes":{"database_name":{"type":"string","description_kind":"plain","required":true}},"description_kind":"plain"}},"quota":{"nesting_mode":"set","block":{"attributes":{"errors":{"type":"number","description_kind":"plain","optional":true,"computed":true},"execution_time":{"type":"number","description_kind":"plain","optional":true,"computed":true},"interval_duration":{"type":"number","description_kind":"plain","required":true},"queries":{"type":"number","description_kind":"plain","optional":true,"computed":true},"read_rows":{"type":"number","description_kind":"plain","optional":true,"computed":true},"result_rows":{"type":"number","description_kind":"plain","optional":true,"computed":true}},"description_kind":"plain"}},"settings":{"nesting_mode":"list","block":{"attributes":{"add_http_cors_header":{"type":"bool","description_kind":"plain","optional":true,"computed":true},"allow_ddl":{"type":"bool","description_kind":"plain","optional":true,"computed":true},"allow_introspection_functions":{"type":"bool","description_kind":"plain","optional":true,"computed":true},"allow_suspicious_low_cardinality_types":{"type":"bool","description_kind":"plain","optional":true,"computed":true},"any_join_distinct_right_table_keys":{"type":"bool","description_kind":"plain","optional":true,"computed":true},"async_insert":{"type":"bool","description_kind":"plain","optional":true,"computed":true},"async_insert_busy_timeout":{"type":"number","description_kind":"plain","optional":true,"computed":true},"async_insert_max_data_size":{"type":"number","description_kind":"plain","optional":true,"computed":true},"async_insert_stale_timeout":{"type":"number","description_kind":"plain","optional":true,"computed":true},"async_insert_threads":{"type":"number","description_kind":"plain","optional":true,"computed":true},"cancel_http_readonly_queries_on_client_close":{"type":"bool","description_kind":"plain","optional":true,"computed":true},"compile":{"type":"bool","description_kind":"plain","optional":true,"computed":true},"compile_expressions":{"type":"bool","description_kind":"plain","optional":true,"computed":true},"connect_timeout":{"type":"number","description_kind":"plain","optional":true,"computed":true},"connect_timeout_with_failover":{"type":"number","description_kind":"plain","optional":true,"computed":true},"count_distinct_implementation":{"type":"string","description_kind":"plain","optional":true,"computed":true},"date_time_input_format":{"type":"string","description_kind":"plain","optional":true,"computed":true},"date_time_output_format":{"type":"string","description_kind":"plain","optional":true,"computed":true},"deduplicate_blocks_in_dependent_materialized_views":{"type":"bool","description_kind":"plain","optional":true,"computed":true},"distinct_overflow_mode":{"type":"string","description_kind":"plain","optional":true,"computed":true},"distributed_aggregation_memory_efficient":{"type":"bool","description_kind":"plain","optional":true,"computed":true},"distributed_ddl_task_timeout":{"type":"number","description_kind":"plain","optional":true,"computed":true},"distributed_product_mode":{"type":"string","description_kind":"plain","optional":true,"computed":true},"empty_result_for_aggregation_by_empty_set":{"type":"bool","description_kind":"plain","optional":true,"computed":true},"enable_http_compression":{"type":"bool","description_kind":"plain","optional":true,"computed":true},"fallback_to_stale_replicas_for_distributed_queries":{"type":"bool","description_kind":"plain","optional":true,"computed":true},"flatten_nested":{"type":"bool","description_kind":"plain","optional":true,"computed":true},"force_index_by_date":{"type":"bool","description_kind":"plain","optional":true,"computed":true},"force_primary_key":{"type":"bool","description_kind":"plain","optional":true,"computed":true},"format_regexp":{"type":"string","description_kind":"plain","optional":true,"computed":true},"format_regexp_skip_unmatched":{"type":"bool","description_kind":"plain","optional":true,"computed":true},"group_by_overflow_mode":{"type":"string","description_kind":"plain","optional":true,"computed":true},"group_by_two_level_threshold":{"type":"number","description_kind":"plain","optional":true,"computed":true},"group_by_two_level_threshold_bytes":{"type":"number","description_kind":"plain","optional":true,"computed":true},"hedged_connection_timeout_ms":{"type":"number","description_kind":"plain","optional":true,"computed":true},"http_connection_timeout":{"type":"number","description_kind":"plain","optional":true,"computed":true},"http_headers_progress_interval":{"type":"number","description_kind":"plain","optional":true,"computed":true},"http_receive_timeout":{"type":"number","description_kind":"plain","optional":true,"computed":true},"http_send_timeout":{"type":"number","description_kind":"plain","optional":true,"computed":true},"idle_connection_timeout":{"type":"number","description_kind":"plain","optional":true,"computed":true},"input_format_defaults_for_omitted_fields":{"type":"bool","description_kind":"plain","optional":true,"computed":true},"input_format_import_nested_json":{"type":"bool","description_kind":"plain","optional":true,"computed":true},"input_format_null_as_default":{"type":"bool","description_kind":"plain","optional":true,"computed":true},"input_format_parallel_parsing":{"type":"bool","description_kind":"plain","optional":true,"computed":true},"input_format_values_interpret_expressions":{"type":"bool","description_kind":"plain","optional":true,"computed":true},"input_format_with_names_use_header":{"type":"bool","description_kind":"plain","optional":true,"computed":true},"insert_keeper_max_retries":{"type":"number","description_kind":"plain","optional":true,"computed":true},"insert_null_as_default":{"type":"bool","description_kind":"plain","optional":true,"computed":true},"insert_quorum":{"type":"number","description_kind":"plain","optional":true,"computed":true},"insert_quorum_parallel":{"type":"bool","description_kind":"plain","optional":true,"computed":true},"insert_quorum_timeout":{"type":"number","description_kind":"plain","optional":true,"computed":true},"join_algorithm":{"type":["list","string"],"description_kind":"plain","optional":true,"computed":true},"join_overflow_mode":{"type":"string","description_kind":"plain","optional":true,"computed":true},"join_use_nulls":{"type":"bool","description_kind":"plain","optional":true,"computed":true},"joined_subquery_requires_alias":{"type":"bool","description_kind":"plain","optional":true,"computed":true},"load_balancing":{"type":"string","description_kind":"plain","optional":true,"computed":true},"local_filesystem_read_method":{"type":"string","description_kind":"plain","optional":true,"computed":true},"log_query_threads":{"type":"bool","description_kind":"plain","optional":true,"computed":true},"low_cardinality_allow_in_native_format":{"type":"bool","description_kind":"plain","optional":true,"computed":true},"max_ast_depth":{"type":"number","description_kind":"plain","optional":true,"computed":true},"max_ast_elements":{"type":"number","description_kind":"plain","optional":true,"computed":true},"max_block_size":{"type":"number","description_kind":"plain","optional":true,"computed":true},"max_bytes_before_external_group_by":{"type":"number","description_kind":"plain","optional":true,"computed":true},"max_bytes_before_external_sort":{"type":"number","description_kind":"plain","optional":true,"computed":true},"max_bytes_in_distinct":{"type":"number","description_kind":"plain","optional":true,"computed":true},"max_bytes_in_join":{"type":"number","description_kind":"plain","optional":true,"computed":true},"max_bytes_in_set":{"type":"number","description_kind":"plain","optional":true,"computed":true},"max_bytes_to_read":{"type":"number","description_kind":"plain","optional":true,"computed":true},"max_bytes_to_sort":{"type":"number","description_kind":"plain","optional":true,"computed":true},"max_bytes_to_transfer":{"type":"number","description_kind":"plain","optional":true,"computed":true},"max_columns_to_read":{"type":"number","description_kind":"plain","optional":true,"computed":true},"max_concurrent_queries_for_user":{"type":"number","description_kind":"plain","optional":true,"computed":true},"max_execution_time":{"type":"number","description_kind":"plain","optional":true,"computed":true},"max_expanded_ast_elements":{"type":"number","description_kind":"plain","optional":true,"computed":true},"max_final_threads":{"type":"number","description_kind":"plain","optional":true,"computed":true},"max_http_get_redirects":{"type":"number","description_kind":"plain","optional":true,"computed":true},"max_insert_block_size":{"type":"number","description_kind":"plain","optional":true,"computed":true},"max_insert_threads":{"type":"number","description_kind":"plain","optional":true,"computed":true},"max_memory_usage":{"type":"number","description_kind":"plain","optional":true,"computed":true},"max_memory_usage_for_user":{"type":"number","description_kind":"plain","optional":true,"computed":true},"max_network_bandwidth":{"type":"number","description_kind":"plain","optional":true,"computed":true},"max_network_bandwidth_for_user":{"type":"number","description_kind":"plain","optional":true,"computed":true},"max_parser_depth":{"type":"number","description_kind":"plain","optional":true,"computed":true},"max_query_size":{"type":"number","description_kind":"plain","optional":true,"computed":true},"max_read_buffer_size":{"type":"number","description_kind":"plain","optional":true,"computed":true},"max_replica_delay_for_distributed_queries":{"type":"number","description_kind":"plain","optional":true,"computed":true},"max_result_bytes":{"type":"number","description_kind":"plain","optional":true,"computed":true},"max_result_rows":{"type":"number","description_kind":"plain","optional":true,"computed":true},"max_rows_in_distinct":{"type":"number","description_kind":"plain","optional":true,"computed":true},"max_rows_in_join":{"type":"number","description_kind":"plain","optional":true,"computed":true},"max_rows_in_set":{"type":"number","description_kind":"plain","optional":true,"computed":true},"max_rows_to_group_by":{"type":"number","description_kind":"plain","optional":true,"computed":true},"max_rows_to_read":{"type":"number","description_kind":"plain","optional":true,"computed":true},"max_rows_to_sort":{"type":"number","description_kind":"plain","optional":true,"computed":true},"max_rows_to_transfer":{"type":"number","description_kind":"plain","optional":true,"computed":true},"max_temporary_columns":{"type":"number","description_kind":"plain","optional":true,"computed":true},"max_temporary_data_on_disk_size_for_query":{"type":"number","description_kind":"plain","optional":true,"computed":true},"max_temporary_data_on_disk_size_for_user":{"type":"number","description_kind":"plain","optional":true,"computed":true},"max_temporary_non_const_columns":{"type":"number","description_kind":"plain","optional":true,"computed":true},"max_threads":{"type":"number","description_kind":"plain","optional":true,"computed":true},"memory_overcommit_ratio_denominator":{"type":"number","description_kind":"plain","optional":true,"computed":true},"memory_overcommit_ratio_denominator_for_user":{"type":"number","description_kind":"plain","optional":true,"computed":true},"memory_profiler_sample_probability":{"type":"number","description_kind":"plain","optional":true,"computed":true},"memory_profiler_step":{"type":"number","description_kind":"plain","optional":true,"computed":true},"memory_usage_overcommit_max_wait_microseconds":{"type":"number","description_kind":"plain","optional":true,"computed":true},"merge_tree_max_bytes_to_use_cache":{"type":"number","description_kind":"plain","optional":true,"computed":true},"merge_tree_max_rows_to_use_cache":{"type":"number","description_kind":"plain","optional":true,"computed":true},"merge_tree_min_bytes_for_concurrent_read":{"type":"number","description_kind":"plain","optional":true,"computed":true},"merge_tree_min_rows_for_concurrent_read":{"type":"number","description_kind":"plain","optional":true,"computed":true},"min_bytes_to_use_direct_io":{"type":"number","description_kind":"plain","optional":true,"computed":true},"min_count_to_compile":{"type":"number","description_kind":"plain","optional":true,"computed":true},"min_count_to_compile_expression":{"type":"number","description_kind":"plain","optional":true,"computed":true},"min_execution_speed":{"type":"number","description_kind":"plain","optional":true,"computed":true},"min_execution_speed_bytes":{"type":"number","description_kind":"plain","optional":true,"computed":true},"min_insert_block_size_bytes":{"type":"number","description_kind":"plain","optional":true,"computed":true},"min_insert_block_size_rows":{"type":"number","description_kind":"plain","optional":true,"computed":true},"output_format_json_quote_64bit_integers":{"type":"bool","description_kind":"plain","optional":true,"computed":true},"output_format_json_quote_denormals":{"type":"bool","description_kind":"plain","optional":true,"computed":true},"prefer_localhost_replica":{"type":"bool","description_kind":"plain","optional":true,"computed":true},"priority":{"type":"number","description_kind":"plain","optional":true,"computed":true},"quota_mode":{"type":"string","description_kind":"plain","optional":true,"computed":true},"read_overflow_mode":{"type":"string","description_kind":"plain","optional":true,"computed":true},"readonly":{"type":"number","description_kind":"plain","optional":true,"computed":true},"receive_timeout":{"type":"number","description_kind":"plain","optional":true,"computed":true},"remote_filesystem_read_method":{"type":"string","description_kind":"plain","optional":true,"computed":true},"replication_alter_partitions_sync":{"type":"number","description_kind":"plain","optional":true,"computed":true},"result_overflow_mode":{"type":"string","description_kind":"plain","optional":true,"computed":true},"select_sequential_consistency":{"type":"bool","description_kind":"plain","optional":true,"computed":true},"send_progress_in_http_headers":{"type":"bool","description_kind":"plain","optional":true,"computed":true},"send_timeout":{"type":"number","description_kind":"plain","optional":true,"computed":true},"set_overflow_mode":{"type":"string","description_kind":"plain","optional":true,"computed":true},"skip_unavailable_shards":{"type":"bool","description_kind":"plain","optional":true,"computed":true},"sort_overflow_mode":{"type":"string","description_kind":"plain","optional":true,"computed":true},"timeout_before_checking_execution_speed":{"type":"number","description_kind":"plain","optional":true,"computed":true},"timeout_overflow_mode":{"type":"string","description_kind":"plain","optional":true,"computed":true},"transfer_overflow_mode":{"type":"string","description_kind":"plain","optional":true,"computed":true},"transform_null_in":{"type":"bool","description_kind":"plain","optional":true,"computed":true},"use_hedged_requests":{"type":"bool","description_kind":"plain","optional":true,"computed":true},"use_uncompressed_cache":{"type":"bool","description_kind":"plain","optional":true,"computed":true},"wait_for_async_insert":{"type":"bool","description_kind":"plain","optional":true,"computed":true},"wait_for_async_insert_timeout":{"type":"number","description_kind":"plain","optional":true,"computed":true}},"description_kind":"plain"},"max_items":1}},"description_kind":"plain"}},"zookeeper":{"nesting_mode":"list","block":{"block_types":{"resources":{"nesting_mode":"list","block":{"attributes":{"disk_size":{"type":"number","description_kind":"plain","optional":true,"computed":true},"disk_type_id":{"type":"string","description_kind":"plain","optional":true,"computed":true},"resource_preset_id":{"type":"string","description_kind":"plain","optional":true,"computed":true}},"description_kind":"plain"},"max_items":1}},"description_kind":"plain"},"max_items":1}},"description_kind":"plain"}},"yandex_mdb_elasticsearch_cluster":{"version":0,"block":{"attributes":{"created_at":{"type":"string","description_kind":"plain","computed":true},"deletion_protection":{"type":"bool","description_kind":"plain","optional":true,"computed":true},"description":{"type":"string","description_kind":"plain","optional":true},"environment":{"type":"string","description_kind":"plain","required":true},"folder_id":{"type":"string","description_kind":"plain","optional":true,"computed":true},"health":{"type":"string","description_kind":"plain","computed":true},"id":{"type":"string","description_kind":"plain","optional":true,"computed":true},"labels":{"type":["map","string"],"description_kind":"plain","optional":true},"name":{"type":"string","description_kind":"plain","required":true},"network_id":{"type":"string","description_kind":"plain","required":true},"security_group_ids":{"type":["set","string"],"description_kind":"plain","optional":true},"service_account_id":{"type":"string","description_kind":"plain","optional":true},"status":{"type":"string","description_kind":"plain","computed":true}},"block_types":{"config":{"nesting_mode":"list","block":{"attributes":{"admin_password":{"type":"string","description_kind":"plain","required":true,"sensitive":true},"edition":{"type":"string","description_kind":"plain","optional":true,"computed":true},"plugins":{"type":["set","string"],"description_kind":"plain","optional":true},"version":{"type":"string","description_kind":"plain","optional":true,"computed":true}},"block_types":{"data_node":{"nesting_mode":"list","block":{"block_types":{"resources":{"nesting_mode":"list","block":{"attributes":{"disk_size":{"type":"number","description_kind":"plain","required":true},"disk_type_id":{"type":"string","description_kind":"plain","required":true},"resource_preset_id":{"type":"string","description_kind":"plain","required":true}},"description_kind":"plain"},"min_items":1,"max_items":1}},"description_kind":"plain"},"min_items":1,"max_items":1},"master_node":{"nesting_mode":"list","block":{"block_types":{"resources":{"nesting_mode":"list","block":{"attributes":{"disk_size":{"type":"number","description_kind":"plain","required":true},"disk_type_id":{"type":"string","description_kind":"plain","required":true},"resource_preset_id":{"type":"string","description_kind":"plain","required":true}},"description_kind":"plain"},"min_items":1,"max_items":1}},"description_kind":"plain"},"max_items":1}},"description_kind":"plain"},"min_items":1,"max_items":1},"host":{"nesting_mode":"set","block":{"attributes":{"assign_public_ip":{"type":"bool","description_kind":"plain","optional":true},"fqdn":{"type":"string","description_kind":"plain","computed":true},"name":{"type":"string","description_kind":"plain","required":true},"subnet_id":{"type":"string","description_kind":"plain","optional":true,"computed":true},"type":{"type":"string","description_kind":"plain","required":true},"zone":{"type":"string","description_kind":"plain","required":true}},"description_kind":"plain"}},"maintenance_window":{"nesting_mode":"list","block":{"attributes":{"day":{"type":"string","description_kind":"plain","optional":true},"hour":{"type":"number","description_kind":"plain","optional":true},"type":{"type":"string","description_kind":"plain","required":true}},"description_kind":"plain"},"max_items":1},"timeouts":{"nesting_mode":"single","block":{"attributes":{"create":{"type":"string","description_kind":"plain","optional":true},"delete":{"type":"string","description_kind":"plain","optional":true},"update":{"type":"string","description_kind":"plain","optional":true}},"description_kind":"plain"}}},"description_kind":"plain"}},"yandex_mdb_greenplum_cluster":{"version":0,"block":{"attributes":{"assign_public_ip":{"type":"bool","description_kind":"plain","required":true},"created_at":{"type":"string","description_kind":"plain","computed":true},"deletion_protection":{"type":"bool","description_kind":"plain","optional":true,"computed":true},"description":{"type":"string","description_kind":"plain","optional":true},"environment":{"type":"string","description_kind":"plain","required":true},"folder_id":{"type":"string","description_kind":"plain","optional":true,"computed":true},"greenplum_config":{"type":["map","string"],"description_kind":"plain","optional":true,"computed":true},"health":{"type":"string","description_kind":"plain","computed":true},"id":{"type":"string","description_kind":"plain","optional":true,"computed":true},"labels":{"type":["map","string"],"description_kind":"plain","optional":true},"master_host_count":{"type":"number","description_kind":"plain","required":true},"master_host_group_ids":{"type":["set","string"],"description_kind":"plain","optional":true,"computed":true},"master_hosts":{"type":["list",["object",{"assign_public_ip":"bool","fqdn":"string"}]],"description_kind":"plain","computed":true},"name":{"type":"string","description_kind":"plain","required":true},"network_id":{"type":"string","description_kind":"plain","required":true},"security_group_ids":{"type":["set","string"],"description_kind":"plain","optional":true},"segment_host_count":{"type":"number","description_kind":"plain","required":true},"segment_host_group_ids":{"type":["set","string"],"description_kind":"plain","optional":true,"computed":true},"segment_hosts":{"type":["list",["object",{"fqdn":"string"}]],"description_kind":"plain","computed":true},"segment_in_host":{"type":"number","description_kind":"plain","required":true},"status":{"type":"string","description_kind":"plain","computed":true},"subnet_id":{"type":"string","description_kind":"plain","required":true},"user_name":{"type":"string","description_kind":"plain","required":true},"user_password":{"type":"string","description_kind":"plain","required":true,"sensitive":true},"version":{"type":"string","description_kind":"plain","required":true},"zone":{"type":"string","description_kind":"plain","required":true}},"block_types":{"access":{"nesting_mode":"list","block":{"attributes":{"data_lens":{"type":"bool","description_kind":"plain","optional":true},"data_transfer":{"type":"bool","description_kind":"plain","optional":true},"web_sql":{"type":"bool","description_kind":"plain","optional":true},"yandex_query":{"type":"bool","description_kind":"plain","optional":true}},"description_kind":"plain"},"max_items":1},"background_activities":{"nesting_mode":"list","block":{"block_types":{"analyze_and_vacuum":{"nesting_mode":"list","block":{"attributes":{"analyze_timeout":{"type":"number","description_kind":"plain","optional":true},"start_time":{"type":"string","description_kind":"plain","optional":true},"vacuum_timeout":{"type":"number","description_kind":"plain","optional":true}},"description_kind":"plain"}},"query_killer_idle":{"nesting_mode":"list","block":{"attributes":{"enable":{"type":"bool","description_kind":"plain","optional":true},"ignore_users":{"type":["list","string"],"description_kind":"plain","optional":true},"max_age":{"type":"number","description_kind":"plain","optional":true}},"description_kind":"plain"}},"query_killer_idle_in_transaction":{"nesting_mode":"list","block":{"attributes":{"enable":{"type":"bool","description_kind":"plain","optional":true},"ignore_users":{"type":["list","string"],"description_kind":"plain","optional":true},"max_age":{"type":"number","description_kind":"plain","optional":true}},"description_kind":"plain"}},"query_killer_long_running":{"nesting_mode":"list","block":{"attributes":{"enable":{"type":"bool","description_kind":"plain","optional":true},"ignore_users":{"type":["list","string"],"description_kind":"plain","optional":true},"max_age":{"type":"number","description_kind":"plain","optional":true}},"description_kind":"plain"}}},"description_kind":"plain"}},"backup_window_start":{"nesting_mode":"list","block":{"attributes":{"hours":{"type":"number","description_kind":"plain","optional":true},"minutes":{"type":"number","description_kind":"plain","optional":true}},"description_kind":"plain"},"max_items":1},"cloud_storage":{"nesting_mode":"list","block":{"attributes":{"enable":{"type":"bool","description_kind":"plain","optional":true}},"description_kind":"plain"},"max_items":1},"maintenance_window":{"nesting_mode":"list","block":{"attributes":{"day":{"type":"string","description_kind":"plain","optional":true},"hour":{"type":"number","description_kind":"plain","optional":true},"type":{"type":"string","description_kind":"plain","required":true}},"description_kind":"plain"},"max_items":1},"master_subcluster":{"nesting_mode":"list","block":{"block_types":{"resources":{"nesting_mode":"list","block":{"attributes":{"disk_size":{"type":"number","description_kind":"plain","required":true},"disk_type_id":{"type":"string","description_kind":"plain","required":true},"resource_preset_id":{"type":"string","description_kind":"plain","required":true}},"description_kind":"plain"},"min_items":1,"max_items":1}},"description_kind":"plain"},"min_items":1,"max_items":1},"pooler_config":{"nesting_mode":"list","block":{"attributes":{"pool_client_idle_timeout":{"type":"number","description_kind":"plain","optional":true},"pool_size":{"type":"number","description_kind":"plain","optional":true},"pooling_mode":{"type":"string","description_kind":"plain","optional":true}},"description_kind":"plain"},"max_items":1},"pxf_config":{"nesting_mode":"list","block":{"attributes":{"connection_timeout":{"type":"number","description_kind":"plain","optional":true},"max_threads":{"type":"number","description_kind":"plain","optional":true},"pool_allow_core_thread_timeout":{"type":"bool","description_kind":"plain","optional":true},"pool_core_size":{"type":"number","description_kind":"plain","optional":true},"pool_max_size":{"type":"number","description_kind":"plain","optional":true},"pool_queue_capacity":{"type":"number","description_kind":"plain","optional":true},"upload_timeout":{"type":"number","description_kind":"plain","optional":true},"xms":{"type":"number","description_kind":"plain","optional":true},"xmx":{"type":"number","description_kind":"plain","optional":true}},"description_kind":"plain"},"max_items":1},"segment_subcluster":{"nesting_mode":"list","block":{"block_types":{"resources":{"nesting_mode":"list","block":{"attributes":{"disk_size":{"type":"number","description_kind":"plain","required":true},"disk_type_id":{"type":"string","description_kind":"plain","required":true},"resource_preset_id":{"type":"string","description_kind":"plain","required":true}},"description_kind":"plain"},"min_items":1,"max_items":1}},"description_kind":"plain"},"min_items":1,"max_items":1},"timeouts":{"nesting_mode":"single","block":{"attributes":{"create":{"type":"string","description_kind":"plain","optional":true},"delete":{"type":"string","description_kind":"plain","optional":true},"update":{"type":"string","description_kind":"plain","optional":true}},"description_kind":"plain"}}},"description_kind":"plain"}},"yandex_mdb_kafka_cluster":{"version":0,"block":{"attributes":{"created_at":{"type":"string","description_kind":"plain","computed":true},"deletion_protection":{"type":"bool","description_kind":"plain","optional":true,"computed":true},"description":{"type":"string","description_kind":"plain","optional":true},"environment":{"type":"string","description_kind":"plain","optional":true},"folder_id":{"type":"string","description_kind":"plain","optional":true,"computed":true},"health":{"type":"string","description_kind":"plain","computed":true},"host":{"type":["set",["object",{"assign_public_ip":"bool","health":"string","name":"string","role":"string","subnet_id":"string","zone_id":"string"}]],"description_kind":"plain","computed":true},"host_group_ids":{"type":["set","string"],"description_kind":"plain","optional":true,"computed":true},"id":{"type":"string","description_kind":"plain","optional":true,"computed":true},"labels":{"type":["map","string"],"description_kind":"plain","optional":true,"computed":true},"name":{"type":"string","description_kind":"plain","required":true},"network_id":{"type":"string","description_kind":"plain","required":true},"security_group_ids":{"type":["set","string"],"description_kind":"plain","optional":true,"computed":true},"status":{"type":"string","description_kind":"plain","computed":true},"subnet_ids":{"type":["list","string"],"description_kind":"plain","optional":true}},"block_types":{"config":{"nesting_mode":"list","block":{"attributes":{"assign_public_ip":{"type":"bool","description_kind":"plain","optional":true},"brokers_count":{"type":"number","description_kind":"plain","optional":true},"schema_registry":{"type":"bool","description_kind":"plain","optional":true},"unmanaged_topics":{"type":"bool","description_kind":"plain","deprecated":true,"optional":true},"version":{"type":"string","description_kind":"plain","required":true},"zones":{"type":["list","string"],"description_kind":"plain","required":true}},"block_types":{"access":{"nesting_mode":"list","block":{"attributes":{"data_transfer":{"type":"bool","description_kind":"plain","optional":true}},"description_kind":"plain"},"max_items":1},"disk_size_autoscaling":{"nesting_mode":"list","block":{"attributes":{"disk_size_limit":{"type":"number","description_kind":"plain","required":true},"emergency_usage_threshold":{"type":"number","description_kind":"plain","optional":true},"planned_usage_threshold":{"type":"number","description_kind":"plain","optional":true}},"description_kind":"plain"},"max_items":1},"kafka":{"nesting_mode":"list","block":{"block_types":{"kafka_config":{"nesting_mode":"list","block":{"attributes":{"auto_create_topics_enable":{"type":"bool","description_kind":"plain","optional":true},"compression_type":{"type":"string","description_kind":"plain","optional":true},"default_replication_factor":{"type":"string","description_kind":"plain","optional":true},"log_flush_interval_messages":{"type":"string","description_kind":"plain","optional":true},"log_flush_interval_ms":{"type":"string","description_kind":"plain","optional":true},"log_flush_scheduler_interval_ms":{"type":"string","description_kind":"plain","optional":true},"log_preallocate":{"type":"bool","description_kind":"plain","optional":true},"log_retention_bytes":{"type":"string","description_kind":"plain","optional":true},"log_retention_hours":{"type":"string","description_kind":"plain","optional":true},"log_retention_minutes":{"type":"string","description_kind":"plain","optional":true},"log_retention_ms":{"type":"string","description_kind":"plain","optional":true},"log_segment_bytes":{"type":"string","description_kind":"plain","optional":true},"message_max_bytes":{"type":"string","description_kind":"plain","optional":true},"num_partitions":{"type":"string","description_kind":"plain","optional":true},"offsets_retention_minutes":{"type":"string","description_kind":"plain","optional":true},"replica_fetch_max_bytes":{"type":"string","description_kind":"plain","optional":true},"sasl_enabled_mechanisms":{"type":["set","string"],"description_kind":"plain","optional":true},"socket_receive_buffer_bytes":{"type":"string","description_kind":"plain","optional":true},"socket_send_buffer_bytes":{"type":"string","description_kind":"plain","optional":true},"ssl_cipher_suites":{"type":["set","string"],"description_kind":"plain","optional":true}},"description_kind":"plain"},"max_items":1},"resources":{"nesting_mode":"list","block":{"attributes":{"disk_size":{"type":"number","description_kind":"plain","required":true},"disk_type_id":{"type":"string","description_kind":"plain","required":true},"resource_preset_id":{"type":"string","description_kind":"plain","required":true}},"description_kind":"plain"},"min_items":1,"max_items":1}},"description_kind":"plain"},"min_items":1,"max_items":1},"zookeeper":{"nesting_mode":"list","block":{"block_types":{"resources":{"nesting_mode":"list","block":{"attributes":{"disk_size":{"type":"number","description_kind":"plain","optional":true,"computed":true},"disk_type_id":{"type":"string","description_kind":"plain","optional":true,"computed":true},"resource_preset_id":{"type":"string","description_kind":"plain","optional":true,"computed":true}},"description_kind":"plain"},"max_items":1}},"description_kind":"plain"},"max_items":1}},"description_kind":"plain"},"min_items":1,"max_items":1},"maintenance_window":{"nesting_mode":"list","block":{"attributes":{"day":{"type":"string","description_kind":"plain","optional":true},"hour":{"type":"number","description_kind":"plain","optional":true},"type":{"type":"string","description_kind":"plain","required":true}},"description_kind":"plain"},"max_items":1},"timeouts":{"nesting_mode":"single","block":{"attributes":{"create":{"type":"string","description_kind":"plain","optional":true},"delete":{"type":"string","description_kind":"plain","optional":true},"read":{"type":"string","description_kind":"plain","optional":true},"update":{"type":"string","description_kind":"plain","optional":true}},"description_kind":"plain"}},"topic":{"nesting_mode":"list","block":{"attributes":{"name":{"type":"string","description_kind":"plain","required":true},"partitions":{"type":"number","description_kind":"plain","required":true},"replication_factor":{"type":"number","description_kind":"plain","required":true}},"block_types":{"topic_config":{"nesting_mode":"list","block":{"attributes":{"cleanup_policy":{"type":"string","description_kind":"plain","optional":true},"compression_type":{"type":"string","description_kind":"plain","optional":true},"delete_retention_ms":{"type":"string","description_kind":"plain","optional":true},"file_delete_delay_ms":{"type":"string","description_kind":"plain","optional":true},"flush_messages":{"type":"string","description_kind":"plain","optional":true},"flush_ms":{"type":"string","description_kind":"plain","optional":true},"max_message_bytes":{"type":"string","description_kind":"plain","optional":true},"min_compaction_lag_ms":{"type":"string","description_kind":"plain","optional":true},"min_insync_replicas":{"type":"string","description_kind":"plain","optional":true},"preallocate":{"type":"bool","description_kind":"plain","optional":true},"retention_bytes":{"type":"string","description_kind":"plain","optional":true},"retention_ms":{"type":"string","description_kind":"plain","optional":true},"segment_bytes":{"type":"string","description_kind":"plain","optional":true}},"description_kind":"plain"},"max_items":1}},"description_kind":"plain","deprecated":true}},"user":{"nesting_mode":"set","block":{"attributes":{"name":{"type":"string","description_kind":"plain","required":true},"password":{"type":"string","description_kind":"plain","required":true,"sensitive":true}},"block_types":{"permission":{"nesting_mode":"set","block":{"attributes":{"allow_hosts":{"type":["set","string"],"description_kind":"plain","optional":true},"role":{"type":"string","description_kind":"plain","required":true},"topic_name":{"type":"string","description_kind":"plain","required":true}},"description_kind":"plain"}}},"description_kind":"plain","deprecated":true}}},"description_kind":"plain"}},"yandex_mdb_kafka_connector":{"version":0,"block":{"attributes":{"cluster_id":{"type":"string","description_kind":"plain","required":true},"id":{"type":"string","description_kind":"plain","optional":true,"computed":true},"name":{"type":"string","description_kind":"plain","required":true},"properties":{"type":["map","string"],"description_kind":"plain","optional":true,"computed":true},"tasks_max":{"type":"number","description_kind":"plain","optional":true}},"block_types":{"connector_config_mirrormaker":{"nesting_mode":"list","block":{"attributes":{"replication_factor":{"type":"number","description_kind":"plain","required":true},"topics":{"type":"string","description_kind":"plain","required":true}},"block_types":{"source_cluster":{"nesting_mode":"list","block":{"attributes":{"alias":{"type":"string","description_kind":"plain","optional":true}},"block_types":{"external_cluster":{"nesting_mode":"list","block":{"attributes":{"bootstrap_servers":{"type":"string","description_kind":"plain","required":true},"sasl_mechanism":{"type":"string","description_kind":"plain","optional":true},"sasl_password":{"type":"string","description_kind":"plain","optional":true,"sensitive":true},"sasl_username":{"type":"string","description_kind":"plain","optional":true},"security_protocol":{"type":"string","description_kind":"plain","optional":true}},"description_kind":"plain"}},"this_cluster":{"nesting_mode":"list","block":{"description_kind":"plain"}}},"description_kind":"plain"},"min_items":1,"max_items":1},"target_cluster":{"nesting_mode":"list","block":{"attributes":{"alias":{"type":"string","description_kind":"plain","optional":true}},"block_types":{"external_cluster":{"nesting_mode":"list","block":{"attributes":{"bootstrap_servers":{"type":"string","description_kind":"plain","required":true},"sasl_mechanism":{"type":"string","description_kind":"plain","optional":true},"sasl_password":{"type":"string","description_kind":"plain","optional":true,"sensitive":true},"sasl_username":{"type":"string","description_kind":"plain","optional":true},"security_protocol":{"type":"string","description_kind":"plain","optional":true}},"description_kind":"plain"}},"this_cluster":{"nesting_mode":"list","block":{"description_kind":"plain"}}},"description_kind":"plain"},"min_items":1,"max_items":1}},"description_kind":"plain"}},"connector_config_s3_sink":{"nesting_mode":"list","block":{"attributes":{"file_compression_type":{"type":"string","description_kind":"plain","required":true},"file_max_records":{"type":"number","description_kind":"plain","optional":true},"topics":{"type":"string","description_kind":"plain","required":true}},"block_types":{"s3_connection":{"nesting_mode":"list","block":{"attributes":{"bucket_name":{"type":"string","description_kind":"plain","required":true}},"block_types":{"external_s3":{"nesting_mode":"list","block":{"attributes":{"access_key_id":{"type":"string","description_kind":"plain","optional":true},"endpoint":{"type":"string","description_kind":"plain","required":true},"region":{"type":"string","description_kind":"plain","optional":true},"secret_access_key":{"type":"string","description_kind":"plain","optional":true,"sensitive":true}},"description_kind":"plain"},"min_items":1}},"description_kind":"plain"},"min_items":1,"max_items":1}},"description_kind":"plain"}}},"description_kind":"plain"}},"yandex_mdb_kafka_topic":{"version":0,"block":{"attributes":{"cluster_id":{"type":"string","description_kind":"plain","required":true},"id":{"type":"string","description_kind":"plain","optional":true,"computed":true},"name":{"type":"string","description_kind":"plain","required":true},"partitions":{"type":"number","description_kind":"plain","required":true},"replication_factor":{"type":"number","description_kind":"plain","required":true}},"block_types":{"timeouts":{"nesting_mode":"single","block":{"attributes":{"create":{"type":"string","description_kind":"plain","optional":true},"delete":{"type":"string","description_kind":"plain","optional":true},"read":{"type":"string","description_kind":"plain","optional":true},"update":{"type":"string","description_kind":"plain","optional":true}},"description_kind":"plain"}},"topic_config":{"nesting_mode":"list","block":{"attributes":{"cleanup_policy":{"type":"string","description_kind":"plain","optional":true},"compression_type":{"type":"string","description_kind":"plain","optional":true},"delete_retention_ms":{"type":"string","description_kind":"plain","optional":true},"file_delete_delay_ms":{"type":"string","description_kind":"plain","optional":true},"flush_messages":{"type":"string","description_kind":"plain","optional":true},"flush_ms":{"type":"string","description_kind":"plain","optional":true},"max_message_bytes":{"type":"string","description_kind":"plain","optional":true},"min_compaction_lag_ms":{"type":"string","description_kind":"plain","optional":true},"min_insync_replicas":{"type":"string","description_kind":"plain","optional":true},"preallocate":{"type":"bool","description_kind":"plain","optional":true},"retention_bytes":{"type":"string","description_kind":"plain","optional":true},"retention_ms":{"type":"string","description_kind":"plain","optional":true},"segment_bytes":{"type":"string","description_kind":"plain","optional":true}},"description_kind":"plain"},"max_items":1}},"description_kind":"plain"}},"yandex_mdb_kafka_user":{"version":0,"block":{"attributes":{"cluster_id":{"type":"string","description_kind":"plain","required":true},"id":{"type":"string","description_kind":"plain","optional":true,"computed":true},"name":{"type":"string","description_kind":"plain","required":true},"password":{"type":"string","description_kind":"plain","required":true,"sensitive":true}},"block_types":{"permission":{"nesting_mode":"set","block":{"attributes":{"allow_hosts":{"type":["set","string"],"description_kind":"plain","optional":true},"role":{"type":"string","description_kind":"plain","required":true},"topic_name":{"type":"string","description_kind":"plain","required":true}},"description_kind":"plain"}},"timeouts":{"nesting_mode":"single","block":{"attributes":{"create":{"type":"string","description_kind":"plain","optional":true},"delete":{"type":"string","description_kind":"plain","optional":true},"read":{"type":"string","description_kind":"plain","optional":true},"update":{"type":"string","description_kind":"plain","optional":true}},"description_kind":"plain"}}},"description_kind":"plain"}},"yandex_mdb_mongodb_cluster":{"version":0,"block":{"attributes":{"cluster_id":{"type":"string","description_kind":"plain","optional":true,"computed":true},"created_at":{"type":"string","description_kind":"plain","computed":true},"deletion_protection":{"type":"bool","description_kind":"plain","optional":true,"computed":true},"description":{"type":"string","description_kind":"plain","optional":true},"environment":{"type":"string","description_kind":"plain","required":true},"folder_id":{"type":"string","description_kind":"plain","optional":true,"computed":true},"health":{"type":"string","description_kind":"plain","computed":true},"id":{"type":"string","description_kind":"plain","optional":true,"computed":true},"labels":{"type":["map","string"],"description_kind":"plain","optional":true,"computed":true},"name":{"type":"string","description_kind":"plain","required":true},"network_id":{"type":"string","description_kind":"plain","required":true},"security_group_ids":{"type":["set","string"],"description_kind":"plain","optional":true},"sharded":{"type":"bool","description_kind":"plain","computed":true},"status":{"type":"string","description_kind":"plain","computed":true}},"block_types":{"cluster_config":{"nesting_mode":"list","block":{"attributes":{"backup_retain_period_days":{"type":"number","description_kind":"plain","optional":true,"computed":true},"feature_compatibility_version":{"type":"string","description_kind":"plain","optional":true,"computed":true},"version":{"type":"string","description_kind":"plain","required":true}},"block_types":{"access":{"nesting_mode":"list","block":{"attributes":{"data_lens":{"type":"bool","description_kind":"plain","optional":true},"data_transfer":{"type":"bool","description_kind":"plain","optional":true}},"description_kind":"plain"},"max_items":1},"backup_window_start":{"nesting_mode":"list","block":{"attributes":{"hours":{"type":"number","description_kind":"plain","optional":true},"minutes":{"type":"number","description_kind":"plain","optional":true}},"description_kind":"plain"},"max_items":1},"mongocfg":{"nesting_mode":"list","block":{"block_types":{"net":{"nesting_mode":"list","block":{"attributes":{"max_incoming_connections":{"type":"number","description_kind":"plain","optional":true}},"description_kind":"plain"},"max_items":1},"operation_profiling":{"nesting_mode":"list","block":{"attributes":{"mode":{"type":"string","description_kind":"plain","optional":true},"slow_op_threshold":{"type":"number","description_kind":"plain","optional":true}},"description_kind":"plain"},"max_items":1},"storage":{"nesting_mode":"list","block":{"block_types":{"wired_tiger":{"nesting_mode":"list","block":{"attributes":{"cache_size_gb":{"type":"number","description_kind":"plain","optional":true}},"description_kind":"plain"},"max_items":1}},"description_kind":"plain"},"max_items":1}},"description_kind":"plain"},"max_items":1},"mongod":{"nesting_mode":"list","block":{"block_types":{"audit_log":{"nesting_mode":"list","block":{"attributes":{"filter":{"type":"string","description_kind":"plain","optional":true},"runtime_configuration":{"type":"bool","description_kind":"plain","optional":true}},"description_kind":"plain"},"max_items":1},"net":{"nesting_mode":"list","block":{"attributes":{"compressors":{"type":["list","string"],"description_kind":"plain","optional":true},"max_incoming_connections":{"type":"number","description_kind":"plain","optional":true}},"description_kind":"plain"},"max_items":1},"operation_profiling":{"nesting_mode":"list","block":{"attributes":{"mode":{"type":"string","description_kind":"plain","optional":true},"slow_op_sample_rate":{"type":"number","description_kind":"plain","optional":true},"slow_op_threshold":{"type":"number","description_kind":"plain","optional":true}},"description_kind":"plain"},"max_items":1},"security":{"nesting_mode":"list","block":{"attributes":{"enable_encryption":{"type":"bool","description_kind":"plain","optional":true}},"block_types":{"kmip":{"nesting_mode":"list","block":{"attributes":{"client_certificate":{"type":"string","description_kind":"plain","optional":true},"key_identifier":{"type":"string","description_kind":"plain","optional":true},"port":{"type":"number","description_kind":"plain","optional":true},"server_ca":{"type":"string","description_kind":"plain","optional":true},"server_name":{"type":"string","description_kind":"plain","optional":true}},"description_kind":"plain"},"max_items":1}},"description_kind":"plain"},"max_items":1},"set_parameter":{"nesting_mode":"list","block":{"attributes":{"audit_authorization_success":{"type":"bool","description_kind":"plain","optional":true},"enable_flow_control":{"type":"bool","description_kind":"plain","optional":true},"min_snapshot_history_window_in_seconds":{"type":"number","description_kind":"plain","optional":true}},"description_kind":"plain"},"max_items":1},"storage":{"nesting_mode":"list","block":{"block_types":{"journal":{"nesting_mode":"list","block":{"attributes":{"commit_interval":{"type":"number","description_kind":"plain","optional":true}},"description_kind":"plain"},"max_items":1},"wired_tiger":{"nesting_mode":"list","block":{"attributes":{"block_compressor":{"type":"string","description_kind":"plain","optional":true},"cache_size_gb":{"type":"number","description_kind":"plain","optional":true},"prefix_compression":{"type":"bool","description_kind":"plain","optional":true}},"description_kind":"plain"},"max_items":1}},"description_kind":"plain"},"max_items":1}},"description_kind":"plain"},"max_items":1},"mongos":{"nesting_mode":"list","block":{"block_types":{"net":{"nesting_mode":"list","block":{"attributes":{"compressors":{"type":["list","string"],"description_kind":"plain","optional":true},"max_incoming_connections":{"type":"number","description_kind":"plain","optional":true}},"description_kind":"plain"},"max_items":1}},"description_kind":"plain"},"max_items":1},"performance_diagnostics":{"nesting_mode":"list","block":{"attributes":{"enabled":{"type":"bool","description_kind":"plain","optional":true}},"description_kind":"plain"},"max_items":1}},"description_kind":"plain"},"min_items":1,"max_items":1},"database":{"nesting_mode":"set","block":{"attributes":{"name":{"type":"string","description_kind":"plain","required":true}},"description_kind":"plain","deprecated":true}},"disk_size_autoscaling_mongocfg":{"nesting_mode":"list","block":{"attributes":{"disk_size_limit":{"type":"number","description_kind":"plain","required":true},"emergency_usage_threshold":{"type":"number","description_kind":"plain","optional":true},"planned_usage_threshold":{"type":"number","description_kind":"plain","optional":true}},"description_kind":"plain"},"max_items":1},"disk_size_autoscaling_mongod":{"nesting_mode":"list","block":{"attributes":{"disk_size_limit":{"type":"number","description_kind":"plain","required":true},"emergency_usage_threshold":{"type":"number","description_kind":"plain","optional":true},"planned_usage_threshold":{"type":"number","description_kind":"plain","optional":true}},"description_kind":"plain"},"max_items":1},"disk_size_autoscaling_mongoinfra":{"nesting_mode":"list","block":{"attributes":{"disk_size_limit":{"type":"number","description_kind":"plain","required":true},"emergency_usage_threshold":{"type":"number","description_kind":"plain","optional":true},"planned_usage_threshold":{"type":"number","description_kind":"plain","optional":true}},"description_kind":"plain"},"max_items":1},"disk_size_autoscaling_mongos":{"nesting_mode":"list","block":{"attributes":{"disk_size_limit":{"type":"number","description_kind":"plain","required":true},"emergency_usage_threshold":{"type":"number","description_kind":"plain","optional":true},"planned_usage_threshold":{"type":"number","description_kind":"plain","optional":true}},"description_kind":"plain"},"max_items":1},"host":{"nesting_mode":"list","block":{"attributes":{"assign_public_ip":{"type":"bool","description_kind":"plain","optional":true},"health":{"type":"string","description_kind":"plain","computed":true},"name":{"type":"string","description_kind":"plain","computed":true},"role":{"type":"string","description_kind":"plain","optional":true,"computed":true},"shard_name":{"type":"string","description_kind":"plain","optional":true,"computed":true},"subnet_id":{"type":"string","description_kind":"plain","required":true},"type":{"type":"string","description_kind":"plain","optional":true},"zone_id":{"type":"string","description_kind":"plain","required":true}},"block_types":{"host_parameters":{"nesting_mode":"list","block":{"attributes":{"hidden":{"type":"bool","description_kind":"plain","optional":true},"priority":{"type":"number","description_kind":"plain","optional":true},"secondary_delay_secs":{"type":"number","description_kind":"plain","optional":true},"tags":{"type":["map","string"],"description_kind":"plain","optional":true}},"description_kind":"plain"},"max_items":1}},"description_kind":"plain"},"min_items":1},"maintenance_window":{"nesting_mode":"list","block":{"attributes":{"day":{"type":"string","description_kind":"plain","optional":true},"hour":{"type":"number","description_kind":"plain","optional":true},"type":{"type":"string","description_kind":"plain","required":true}},"description_kind":"plain"},"max_items":1},"resources":{"nesting_mode":"list","block":{"attributes":{"disk_size":{"type":"number","description_kind":"plain","required":true},"disk_type_id":{"type":"string","description_kind":"plain","required":true},"resource_preset_id":{"type":"string","description_kind":"plain","required":true}},"description_kind":"plain","deprecated":true},"max_items":1},"resources_mongocfg":{"nesting_mode":"list","block":{"attributes":{"disk_size":{"type":"number","description_kind":"plain","required":true},"disk_type_id":{"type":"string","description_kind":"plain","required":true},"resource_preset_id":{"type":"string","description_kind":"plain","required":true}},"description_kind":"plain"},"max_items":1},"resources_mongod":{"nesting_mode":"list","block":{"attributes":{"disk_size":{"type":"number","description_kind":"plain","required":true},"disk_type_id":{"type":"string","description_kind":"plain","required":true},"resource_preset_id":{"type":"string","description_kind":"plain","required":true}},"description_kind":"plain"},"max_items":1},"resources_mongoinfra":{"nesting_mode":"list","block":{"attributes":{"disk_size":{"type":"number","description_kind":"plain","required":true},"disk_type_id":{"type":"string","description_kind":"plain","required":true},"resource_preset_id":{"type":"string","description_kind":"plain","required":true}},"description_kind":"plain"},"max_items":1},"resources_mongos":{"nesting_mode":"list","block":{"attributes":{"disk_size":{"type":"number","description_kind":"plain","required":true},"disk_type_id":{"type":"string","description_kind":"plain","required":true},"resource_preset_id":{"type":"string","description_kind":"plain","required":true}},"description_kind":"plain"},"max_items":1},"restore":{"nesting_mode":"list","block":{"attributes":{"backup_id":{"type":"string","description_kind":"plain","required":true},"time":{"type":"string","description_kind":"plain","optional":true}},"description_kind":"plain"},"max_items":1},"timeouts":{"nesting_mode":"single","block":{"attributes":{"create":{"type":"string","description_kind":"plain","optional":true},"delete":{"type":"string","description_kind":"plain","optional":true},"update":{"type":"string","description_kind":"plain","optional":true}},"description_kind":"plain"}},"user":{"nesting_mode":"set","block":{"attributes":{"name":{"type":"string","description_kind":"plain","required":true},"password":{"type":"string","description_kind":"plain","required":true,"sensitive":true}},"block_types":{"permission":{"nesting_mode":"set","block":{"attributes":{"database_name":{"type":"string","description_kind":"plain","required":true},"roles":{"type":["list","string"],"description_kind":"plain","optional":true}},"description_kind":"plain"}}},"description_kind":"plain","deprecated":true}}},"description_kind":"plain"}},"yandex_mdb_mongodb_database":{"version":0,"block":{"attributes":{"cluster_id":{"type":"string","description_kind":"plain","required":true},"id":{"type":"string","description_kind":"plain","computed":true},"name":{"type":"string","description_kind":"plain","required":true}},"description_kind":"plain"}},"yandex_mdb_mongodb_user":{"version":0,"block":{"attributes":{"cluster_id":{"type":"string","description_kind":"plain","required":true},"id":{"type":"string","description_kind":"plain","computed":true},"name":{"type":"string","description_kind":"plain","required":true},"password":{"type":"string","description_kind":"plain","required":true,"sensitive":true}},"block_types":{"permission":{"nesting_mode":"set","block":{"attributes":{"database_name":{"type":"string","description_kind":"plain","required":true},"roles":{"type":["set","string"],"description_kind":"plain","optional":true}},"description_kind":"plain"}}},"description_kind":"plain"}},"yandex_mdb_mysql_cluster":{"version":0,"block":{"attributes":{"allow_regeneration_host":{"type":"bool","description_kind":"plain","deprecated":true,"optional":true},"backup_retain_period_days":{"type":"number","description_kind":"plain","optional":true,"computed":true},"created_at":{"type":"string","description_kind":"plain","computed":true},"deletion_protection":{"type":"bool","description_kind":"plain","optional":true,"computed":true},"description":{"type":"string","description_kind":"plain","optional":true},"environment":{"type":"string","description_kind":"plain","required":true},"folder_id":{"type":"string","description_kind":"plain","optional":true,"computed":true},"health":{"type":"string","description_kind":"plain","computed":true},"host_group_ids":{"type":["set","string"],"description_kind":"plain","optional":true,"computed":true},"id":{"type":"string","description_kind":"plain","optional":true,"computed":true},"labels":{"type":["map","string"],"description_kind":"plain","optional":true},"mysql_config":{"type":["map","string"],"description_kind":"plain","optional":true,"computed":true},"name":{"type":"string","description_kind":"plain","required":true},"network_id":{"type":"string","description_kind":"plain","required":true},"security_group_ids":{"type":["set","string"],"description_kind":"plain","optional":true},"status":{"type":"string","description_kind":"plain","computed":true},"version":{"type":"string","description_kind":"plain","required":true}},"block_types":{"access":{"nesting_mode":"list","block":{"attributes":{"data_lens":{"type":"bool","description_kind":"plain","optional":true},"data_transfer":{"type":"bool","description_kind":"plain","optional":true},"web_sql":{"type":"bool","description_kind":"plain","optional":true}},"description_kind":"plain"},"max_items":1},"backup_window_start":{"nesting_mode":"list","block":{"attributes":{"hours":{"type":"number","description_kind":"plain","optional":true},"minutes":{"type":"number","description_kind":"plain","optional":true}},"description_kind":"plain"},"max_items":1},"database":{"nesting_mode":"set","block":{"attributes":{"name":{"type":"string","description_kind":"plain","required":true}},"description_kind":"plain","deprecated":true}},"host":{"nesting_mode":"list","block":{"attributes":{"assign_public_ip":{"type":"bool","description_kind":"plain","optional":true},"backup_priority":{"type":"number","description_kind":"plain","optional":true},"fqdn":{"type":"string","description_kind":"plain","computed":true},"name":{"type":"string","description_kind":"plain","optional":true},"priority":{"type":"number","description_kind":"plain","optional":true},"replication_source":{"type":"string","description_kind":"plain","computed":true},"replication_source_name":{"type":"string","description_kind":"plain","optional":true},"subnet_id":{"type":"string","description_kind":"plain","optional":true,"computed":true},"zone":{"type":"string","description_kind":"plain","required":true}},"description_kind":"plain"},"min_items":1},"maintenance_window":{"nesting_mode":"list","block":{"attributes":{"day":{"type":"string","description_kind":"plain","optional":true},"hour":{"type":"number","description_kind":"plain","optional":true},"type":{"type":"string","description_kind":"plain","required":true}},"description_kind":"plain"},"max_items":1},"performance_diagnostics":{"nesting_mode":"list","block":{"attributes":{"enabled":{"type":"bool","description_kind":"plain","optional":true,"computed":true},"sessions_sampling_interval":{"type":"number","description_kind":"plain","required":true},"statements_sampling_interval":{"type":"number","description_kind":"plain","required":true}},"description_kind":"plain"},"max_items":1},"resources":{"nesting_mode":"list","block":{"attributes":{"disk_size":{"type":"number","description_kind":"plain","required":true},"disk_type_id":{"type":"string","description_kind":"plain","required":true},"resource_preset_id":{"type":"string","description_kind":"plain","required":true}},"description_kind":"plain"},"min_items":1,"max_items":1},"restore":{"nesting_mode":"list","block":{"attributes":{"backup_id":{"type":"string","description_kind":"plain","required":true},"time":{"type":"string","description_kind":"plain","optional":true}},"description_kind":"plain"},"max_items":1},"timeouts":{"nesting_mode":"single","block":{"attributes":{"create":{"type":"string","description_kind":"plain","optional":true},"delete":{"type":"string","description_kind":"plain","optional":true},"update":{"type":"string","description_kind":"plain","optional":true}},"description_kind":"plain"}},"user":{"nesting_mode":"list","block":{"attributes":{"authentication_plugin":{"type":"string","description_kind":"plain","optional":true,"computed":true},"global_permissions":{"type":["set","string"],"description_kind":"plain","optional":true,"computed":true},"name":{"type":"string","description_kind":"plain","required":true},"password":{"type":"string","description_kind":"plain","required":true,"sensitive":true}},"block_types":{"connection_limits":{"nesting_mode":"list","block":{"attributes":{"max_connections_per_hour":{"type":"number","description_kind":"plain","optional":true},"max_questions_per_hour":{"type":"number","description_kind":"plain","optional":true},"max_updates_per_hour":{"type":"number","description_kind":"plain","optional":true},"max_user_connections":{"type":"number","description_kind":"plain","optional":true}},"description_kind":"plain"},"max_items":1},"permission":{"nesting_mode":"set","block":{"attributes":{"database_name":{"type":"string","description_kind":"plain","required":true},"roles":{"type":["list","string"],"description_kind":"plain","optional":true}},"description_kind":"plain"}}},"description_kind":"plain","deprecated":true}}},"description_kind":"plain"}},"yandex_mdb_mysql_database":{"version":0,"block":{"attributes":{"cluster_id":{"type":"string","description_kind":"plain","required":true},"id":{"type":"string","description_kind":"plain","optional":true,"computed":true},"name":{"type":"string","description_kind":"plain","required":true}},"block_types":{"timeouts":{"nesting_mode":"single","block":{"attributes":{"create":{"type":"string","description_kind":"plain","optional":true},"delete":{"type":"string","description_kind":"plain","optional":true},"read":{"type":"string","description_kind":"plain","optional":true},"update":{"type":"string","description_kind":"plain","optional":true}},"description_kind":"plain"}}},"description_kind":"plain"}},"yandex_mdb_mysql_user":{"version":0,"block":{"attributes":{"authentication_plugin":{"type":"string","description_kind":"plain","optional":true,"computed":true},"cluster_id":{"type":"string","description_kind":"plain","required":true},"global_permissions":{"type":["set","string"],"description_kind":"plain","optional":true,"computed":true},"id":{"type":"string","description_kind":"plain","optional":true,"computed":true},"name":{"type":"string","description_kind":"plain","required":true},"password":{"type":"string","description_kind":"plain","required":true,"sensitive":true}},"block_types":{"connection_limits":{"nesting_mode":"list","block":{"attributes":{"max_connections_per_hour":{"type":"number","description_kind":"plain","optional":true},"max_questions_per_hour":{"type":"number","description_kind":"plain","optional":true},"max_updates_per_hour":{"type":"number","description_kind":"plain","optional":true},"max_user_connections":{"type":"number","description_kind":"plain","optional":true}},"description_kind":"plain"},"max_items":1},"permission":{"nesting_mode":"set","block":{"attributes":{"database_name":{"type":"string","description_kind":"plain","required":true},"roles":{"type":["list","string"],"description_kind":"plain","optional":true}},"description_kind":"plain"}},"timeouts":{"nesting_mode":"single","block":{"attributes":{"create":{"type":"string","description_kind":"plain","optional":true},"delete":{"type":"string","description_kind":"plain","optional":true},"read":{"type":"string","description_kind":"plain","optional":true},"update":{"type":"string","description_kind":"plain","optional":true}},"description_kind":"plain"}}},"description_kind":"plain"}},"yandex_mdb_opensearch_cluster":{"version":2,"block":{"attributes":{"auth_settings":{"nested_type":{"attributes":{"saml":{"nested_type":{"attributes":{"dashboards_url":{"type":"string","description_kind":"plain","required":true},"enabled":{"type":"bool","description_kind":"plain","required":true},"idp_entity_id":{"type":"string","description_kind":"plain","required":true},"idp_metadata_file_content":{"type":"string","description_kind":"plain","required":true},"roles_key":{"type":"string","description_kind":"plain","optional":true},"sp_entity_id":{"type":"string","description_kind":"plain","required":true},"subject_key":{"type":"string","description_kind":"plain","optional":true}},"nesting_mode":"single"},"description_kind":"plain","optional":true}},"nesting_mode":"single"},"description":"Authentification settings for dashboards","description_kind":"plain","optional":true},"cluster_id":{"type":"string","description_kind":"plain","optional":true,"computed":true},"created_at":{"type":"string","description":"Creation timestamp","description_kind":"plain","computed":true},"deletion_protection":{"type":"bool","description_kind":"plain","optional":true,"computed":true},"description":{"type":"string","description":"Description of the OpenSearch cluster","description_kind":"plain","optional":true},"environment":{"type":"string","description":"Deployment environment of the OpenSearch cluster.","description_kind":"plain","optional":true,"computed":true},"folder_id":{"type":"string","description":"ID of the folder that the OpenSearch cluster belongs to.","description_kind":"plain","optional":true,"computed":true},"health":{"type":"string","description":"Aggregated cluster health.","description_kind":"plain","computed":true},"hosts":{"nested_type":{"attributes":{"assign_public_ip":{"type":"bool","description_kind":"plain","optional":true,"computed":true},"fqdn":{"type":"string","description_kind":"plain","computed":true},"node_group":{"type":"string","description_kind":"plain","computed":true},"roles":{"type":["set","string"],"description_kind":"plain","computed":true},"subnet_id":{"type":"string","description_kind":"plain","optional":true,"computed":true},"type":{"type":"string","description_kind":"plain","computed":true},"zone":{"type":"string","description_kind":"plain","computed":true}},"nesting_mode":"list"},"description":"Current nodes in the cluster","description_kind":"plain","computed":true},"id":{"type":"string","description_kind":"plain","computed":true},"labels":{"type":["map","string"],"description":"Custom labels for the OpenSearch cluster as `key:value` pairs.","description_kind":"plain","optional":true},"name":{"type":"string","description":"Name of the OpenSearch cluster. The name must be unique within the folder.","description_kind":"plain","required":true},"network_id":{"type":"string","description":"ID of the network that the cluster belongs to.","description_kind":"plain","required":true},"security_group_ids":{"type":["set","string"],"description":"User security groups","description_kind":"plain","optional":true},"service_account_id":{"type":"string","description_kind":"plain","optional":true},"status":{"type":"string","description":"Current state of the cluster.","description_kind":"plain","computed":true}},"block_types":{"config":{"nesting_mode":"single","block":{"attributes":{"admin_password":{"type":"string","description_kind":"plain","required":true,"sensitive":true},"version":{"type":"string","description_kind":"plain","optional":true,"computed":true}},"block_types":{"access":{"nesting_mode":"single","block":{"attributes":{"data_transfer":{"type":"bool","description_kind":"plain","optional":true},"serverless":{"type":"bool","description_kind":"plain","optional":true}},"description_kind":"plain"}},"dashboards":{"nesting_mode":"single","block":{"block_types":{"node_groups":{"nesting_mode":"list","block":{"attributes":{"assign_public_ip":{"type":"bool","description_kind":"plain","optional":true,"computed":true},"hosts_count":{"type":"number","description_kind":"plain","required":true},"name":{"type":"string","description_kind":"plain","required":true},"subnet_ids":{"type":["list","string"],"description_kind":"plain","optional":true,"computed":true},"zone_ids":{"type":["set","string"],"description_kind":"plain","required":true}},"block_types":{"resources":{"nesting_mode":"single","block":{"attributes":{"disk_size":{"type":"number","description_kind":"plain","required":true},"disk_type_id":{"type":"string","description_kind":"plain","required":true},"resource_preset_id":{"type":"string","description_kind":"plain","required":true}},"description_kind":"plain"}}},"description_kind":"plain"}}},"description_kind":"plain"}},"opensearch":{"nesting_mode":"single","block":{"attributes":{"plugins":{"type":["set","string"],"description_kind":"plain","optional":true,"computed":true}},"block_types":{"node_groups":{"nesting_mode":"list","block":{"attributes":{"assign_public_ip":{"type":"bool","description_kind":"plain","optional":true,"computed":true},"hosts_count":{"type":"number","description_kind":"plain","required":true},"name":{"type":"string","description_kind":"plain","required":true},"roles":{"type":["set","string"],"description_kind":"plain","required":true},"subnet_ids":{"type":["list","string"],"description_kind":"plain","optional":true,"computed":true},"zone_ids":{"type":["set","string"],"description_kind":"plain","required":true}},"block_types":{"resources":{"nesting_mode":"single","block":{"attributes":{"disk_size":{"type":"number","description_kind":"plain","required":true},"disk_type_id":{"type":"string","description_kind":"plain","required":true},"resource_preset_id":{"type":"string","description_kind":"plain","required":true}},"description_kind":"plain"}}},"description_kind":"plain"}}},"description_kind":"plain"}}},"description":"Configuration of the OpenSearch cluster.","description_kind":"plain"}},"maintenance_window":{"nesting_mode":"single","block":{"attributes":{"day":{"type":"string","description_kind":"plain","optional":true},"hour":{"type":"number","description_kind":"plain","optional":true},"type":{"type":"string","description_kind":"plain","required":true}},"description_kind":"plain"}},"timeouts":{"nesting_mode":"single","block":{"attributes":{"create":{"type":"string","description":"A string that can be [parsed as a duration](https://pkg.go.dev/time#ParseDuration) consisting of numbers and unit suffixes, such as \"30s\" or \"2h45m\". Valid time units are \"s\" (seconds), \"m\" (minutes), \"h\" (hours).","description_kind":"plain","optional":true},"delete":{"type":"string","description":"A string that can be [parsed as a duration](https://pkg.go.dev/time#ParseDuration) consisting of numbers and unit suffixes, such as \"30s\" or \"2h45m\". Valid time units are \"s\" (seconds), \"m\" (minutes), \"h\" (hours). Setting a timeout for a Delete operation is only applicable if changes are saved into state before the destroy operation occurs.","description_kind":"plain","optional":true},"update":{"type":"string","description":"A string that can be [parsed as a duration](https://pkg.go.dev/time#ParseDuration) consisting of numbers and unit suffixes, such as \"30s\" or \"2h45m\". Valid time units are \"s\" (seconds), \"m\" (minutes), \"h\" (hours).","description_kind":"plain","optional":true}},"description_kind":"plain"}}},"description_kind":"plain"}},"yandex_mdb_postgresql_cluster":{"version":0,"block":{"attributes":{"created_at":{"type":"string","description_kind":"plain","computed":true},"deletion_protection":{"type":"bool","description_kind":"plain","optional":true,"computed":true},"description":{"type":"string","description_kind":"plain","optional":true},"environment":{"type":"string","description_kind":"plain","required":true},"folder_id":{"type":"string","description_kind":"plain","optional":true,"computed":true},"health":{"type":"string","description_kind":"plain","computed":true},"host_group_ids":{"type":["set","string"],"description_kind":"plain","optional":true,"computed":true},"host_master_name":{"type":"string","description_kind":"plain","optional":true,"computed":true},"id":{"type":"string","description_kind":"plain","optional":true,"computed":true},"labels":{"type":["map","string"],"description_kind":"plain","optional":true,"computed":true},"name":{"type":"string","description_kind":"plain","required":true},"network_id":{"type":"string","description_kind":"plain","required":true},"security_group_ids":{"type":["set","string"],"description_kind":"plain","optional":true,"computed":true},"status":{"type":"string","description_kind":"plain","computed":true}},"block_types":{"config":{"nesting_mode":"list","block":{"attributes":{"autofailover":{"type":"bool","description_kind":"plain","optional":true,"computed":true},"backup_retain_period_days":{"type":"number","description_kind":"plain","optional":true,"computed":true},"postgresql_config":{"type":["map","string"],"description_kind":"plain","optional":true,"computed":true},"version":{"type":"string","description_kind":"plain","required":true}},"block_types":{"access":{"nesting_mode":"list","block":{"attributes":{"data_lens":{"type":"bool","description_kind":"plain","optional":true},"data_transfer":{"type":"bool","description_kind":"plain","optional":true},"serverless":{"type":"bool","description_kind":"plain","optional":true},"web_sql":{"type":"bool","description_kind":"plain","optional":true,"computed":true}},"description_kind":"plain"},"max_items":1},"backup_window_start":{"nesting_mode":"list","block":{"attributes":{"hours":{"type":"number","description_kind":"plain","optional":true},"minutes":{"type":"number","description_kind":"plain","optional":true}},"description_kind":"plain"},"max_items":1},"disk_size_autoscaling":{"nesting_mode":"list","block":{"attributes":{"disk_size_limit":{"type":"number","description_kind":"plain","required":true},"emergency_usage_threshold":{"type":"number","description_kind":"plain","optional":true},"planned_usage_threshold":{"type":"number","description_kind":"plain","optional":true}},"description_kind":"plain"},"max_items":1},"performance_diagnostics":{"nesting_mode":"list","block":{"attributes":{"enabled":{"type":"bool","description_kind":"plain","optional":true,"computed":true},"sessions_sampling_interval":{"type":"number","description_kind":"plain","required":true},"statements_sampling_interval":{"type":"number","description_kind":"plain","required":true}},"description_kind":"plain"},"max_items":1},"pooler_config":{"nesting_mode":"list","block":{"attributes":{"pool_discard":{"type":"bool","description_kind":"plain","optional":true},"pooling_mode":{"type":"string","description_kind":"plain","optional":true}},"description_kind":"plain"},"max_items":1},"resources":{"nesting_mode":"list","block":{"attributes":{"disk_size":{"type":"number","description_kind":"plain","required":true},"disk_type_id":{"type":"string","description_kind":"plain","optional":true},"resource_preset_id":{"type":"string","description_kind":"plain","required":true}},"description_kind":"plain"},"min_items":1,"max_items":1}},"description_kind":"plain"},"min_items":1,"max_items":1},"database":{"nesting_mode":"list","block":{"attributes":{"lc_collate":{"type":"string","description_kind":"plain","optional":true},"lc_type":{"type":"string","description_kind":"plain","optional":true},"name":{"type":"string","description_kind":"plain","required":true},"owner":{"type":"string","description_kind":"plain","required":true},"template_db":{"type":"string","description_kind":"plain","optional":true}},"block_types":{"extension":{"nesting_mode":"set","block":{"attributes":{"name":{"type":"string","description_kind":"plain","required":true},"version":{"type":"string","description_kind":"plain","optional":true}},"description_kind":"plain"}}},"description_kind":"plain","deprecated":true}},"host":{"nesting_mode":"list","block":{"attributes":{"assign_public_ip":{"type":"bool","description_kind":"plain","optional":true},"fqdn":{"type":"string","description_kind":"plain","computed":true},"name":{"type":"string","description_kind":"plain","optional":true},"priority":{"type":"number","description_kind":"plain","optional":true},"replication_source":{"type":"string","description_kind":"plain","computed":true},"replication_source_name":{"type":"string","description_kind":"plain","optional":true},"role":{"type":"string","description_kind":"plain","computed":true},"subnet_id":{"type":"string","description_kind":"plain","optional":true},"zone":{"type":"string","description_kind":"plain","required":true}},"description_kind":"plain"},"min_items":1},"maintenance_window":{"nesting_mode":"list","block":{"attributes":{"day":{"type":"string","description_kind":"plain","optional":true},"hour":{"type":"number","description_kind":"plain","optional":true},"type":{"type":"string","description_kind":"plain","required":true}},"description_kind":"plain"},"max_items":1},"restore":{"nesting_mode":"list","block":{"attributes":{"backup_id":{"type":"string","description_kind":"plain","required":true},"time":{"type":"string","description_kind":"plain","optional":true},"time_inclusive":{"type":"bool","description_kind":"plain","optional":true}},"description_kind":"plain"},"max_items":1},"timeouts":{"nesting_mode":"single","block":{"attributes":{"create":{"type":"string","description_kind":"plain","optional":true},"delete":{"type":"string","description_kind":"plain","optional":true},"update":{"type":"string","description_kind":"plain","optional":true}},"description_kind":"plain"}},"user":{"nesting_mode":"list","block":{"attributes":{"conn_limit":{"type":"number","description_kind":"plain","optional":true,"computed":true},"grants":{"type":["list","string"],"description_kind":"plain","optional":true,"computed":true},"login":{"type":"bool","description_kind":"plain","optional":true},"name":{"type":"string","description_kind":"plain","required":true},"password":{"type":"string","description_kind":"plain","required":true,"sensitive":true},"settings":{"type":["map","string"],"description_kind":"plain","optional":true,"computed":true}},"block_types":{"permission":{"nesting_mode":"set","block":{"attributes":{"database_name":{"type":"string","description_kind":"plain","required":true}},"description_kind":"plain"}}},"description_kind":"plain","deprecated":true}}},"description_kind":"plain"}},"yandex_mdb_postgresql_database":{"version":0,"block":{"attributes":{"cluster_id":{"type":"string","description_kind":"plain","required":true},"deletion_protection":{"type":"string","description_kind":"plain","optional":true},"id":{"type":"string","description_kind":"plain","optional":true,"computed":true},"lc_collate":{"type":"string","description_kind":"plain","optional":true},"lc_type":{"type":"string","description_kind":"plain","optional":true},"name":{"type":"string","description_kind":"plain","required":true},"owner":{"type":"string","description_kind":"plain","required":true},"template_db":{"type":"string","description_kind":"plain","optional":true}},"block_types":{"extension":{"nesting_mode":"set","block":{"attributes":{"name":{"type":"string","description_kind":"plain","required":true},"version":{"type":"string","description_kind":"plain","optional":true}},"description_kind":"plain"}},"timeouts":{"nesting_mode":"single","block":{"attributes":{"create":{"type":"string","description_kind":"plain","optional":true},"delete":{"type":"string","description_kind":"plain","optional":true},"read":{"type":"string","description_kind":"plain","optional":true},"update":{"type":"string","description_kind":"plain","optional":true}},"description_kind":"plain"}}},"description_kind":"plain"}},"yandex_mdb_postgresql_user":{"version":0,"block":{"attributes":{"cluster_id":{"type":"string","description_kind":"plain","required":true},"conn_limit":{"type":"number","description_kind":"plain","optional":true,"computed":true},"deletion_protection":{"type":"string","description_kind":"plain","optional":true},"grants":{"type":["list","string"],"description_kind":"plain","optional":true},"id":{"type":"string","description_kind":"plain","optional":true,"computed":true},"login":{"type":"bool","description_kind":"plain","optional":true},"name":{"type":"string","description_kind":"plain","required":true},"password":{"type":"string","description_kind":"plain","required":true,"sensitive":true},"settings":{"type":["map","string"],"description_kind":"plain","optional":true}},"block_types":{"permission":{"nesting_mode":"set","block":{"attributes":{"database_name":{"type":"string","description_kind":"plain","required":true}},"description_kind":"plain"}},"timeouts":{"nesting_mode":"single","block":{"attributes":{"create":{"type":"string","description_kind":"plain","optional":true},"delete":{"type":"string","description_kind":"plain","optional":true},"read":{"type":"string","description_kind":"plain","optional":true},"update":{"type":"string","description_kind":"plain","optional":true}},"description_kind":"plain"}}},"description_kind":"plain"}},"yandex_mdb_redis_cluster":{"version":0,"block":{"attributes":{"announce_hostnames":{"type":"bool","description_kind":"plain","optional":true},"created_at":{"type":"string","description_kind":"plain","computed":true},"deletion_protection":{"type":"bool","description_kind":"plain","optional":true,"computed":true},"description":{"type":"string","description_kind":"plain","optional":true},"environment":{"type":"string","description_kind":"plain","required":true},"folder_id":{"type":"string","description_kind":"plain","optional":true,"computed":true},"health":{"type":"string","description_kind":"plain","computed":true},"id":{"type":"string","description_kind":"plain","optional":true,"computed":true},"labels":{"type":["map","string"],"description_kind":"plain","optional":true},"name":{"type":"string","description_kind":"plain","required":true},"network_id":{"type":"string","description_kind":"plain","required":true},"persistence_mode":{"type":"string","description_kind":"plain","optional":true,"computed":true},"security_group_ids":{"type":["set","string"],"description_kind":"plain","optional":true},"sharded":{"type":"bool","description_kind":"plain","optional":true},"status":{"type":"string","description_kind":"plain","computed":true},"tls_enabled":{"type":"bool","description_kind":"plain","optional":true,"computed":true}},"block_types":{"access":{"nesting_mode":"list","block":{"attributes":{"data_lens":{"type":"bool","description_kind":"plain","optional":true,"computed":true},"web_sql":{"type":"bool","description_kind":"plain","optional":true,"computed":true}},"description_kind":"plain"},"max_items":1},"config":{"nesting_mode":"list","block":{"attributes":{"client_output_buffer_limit_normal":{"type":"string","description_kind":"plain","optional":true,"computed":true},"client_output_buffer_limit_pubsub":{"type":"string","description_kind":"plain","optional":true,"computed":true},"databases":{"type":"number","description_kind":"plain","optional":true,"computed":true},"maxmemory_percent":{"type":"number","description_kind":"plain","optional":true},"maxmemory_policy":{"type":"string","description_kind":"plain","optional":true,"computed":true},"notify_keyspace_events":{"type":"string","description_kind":"plain","optional":true,"computed":true},"password":{"type":"string","description_kind":"plain","required":true,"sensitive":true},"slowlog_log_slower_than":{"type":"number","description_kind":"plain","optional":true,"computed":true},"slowlog_max_len":{"type":"number","description_kind":"plain","optional":true,"computed":true},"timeout":{"type":"number","description_kind":"plain","optional":true,"computed":true},"version":{"type":"string","description_kind":"plain","required":true}},"description_kind":"plain"},"min_items":1,"max_items":1},"disk_size_autoscaling":{"nesting_mode":"list","block":{"attributes":{"disk_size_limit":{"type":"number","description_kind":"plain","required":true},"emergency_usage_threshold":{"type":"number","description_kind":"plain","optional":true},"planned_usage_threshold":{"type":"number","description_kind":"plain","optional":true}},"description_kind":"plain"},"max_items":1},"host":{"nesting_mode":"list","block":{"attributes":{"assign_public_ip":{"type":"bool","description_kind":"plain","optional":true},"fqdn":{"type":"string","description_kind":"plain","computed":true},"replica_priority":{"type":"number","description_kind":"plain","optional":true},"shard_name":{"type":"string","description_kind":"plain","optional":true,"computed":true},"subnet_id":{"type":"string","description_kind":"plain","optional":true,"computed":true},"zone":{"type":"string","description_kind":"plain","required":true}},"description_kind":"plain"},"min_items":1},"maintenance_window":{"nesting_mode":"list","block":{"attributes":{"day":{"type":"string","description_kind":"plain","optional":true},"hour":{"type":"number","description_kind":"plain","optional":true},"type":{"type":"string","description_kind":"plain","required":true}},"description_kind":"plain"},"max_items":1},"resources":{"nesting_mode":"list","block":{"attributes":{"disk_size":{"type":"number","description_kind":"plain","required":true},"disk_type_id":{"type":"string","description_kind":"plain","optional":true,"computed":true},"resource_preset_id":{"type":"string","description_kind":"plain","required":true}},"description_kind":"plain"},"min_items":1,"max_items":1},"timeouts":{"nesting_mode":"single","block":{"attributes":{"create":{"type":"string","description_kind":"plain","optional":true},"delete":{"type":"string","description_kind":"plain","optional":true},"update":{"type":"string","description_kind":"plain","optional":true}},"description_kind":"plain"}}},"description_kind":"plain"}},"yandex_mdb_sqlserver_cluster":{"version":0,"block":{"attributes":{"created_at":{"type":"string","description_kind":"plain","computed":true},"deletion_protection":{"type":"bool","description_kind":"plain","optional":true,"computed":true},"description":{"type":"string","description_kind":"plain","optional":true},"environment":{"type":"string","description_kind":"plain","required":true},"folder_id":{"type":"string","description_kind":"plain","optional":true,"computed":true},"health":{"type":"string","description_kind":"plain","computed":true},"host_group_ids":{"type":["set","string"],"description_kind":"plain","optional":true,"computed":true},"id":{"type":"string","description_kind":"plain","optional":true,"computed":true},"labels":{"type":["map","string"],"description_kind":"plain","optional":true},"name":{"type":"string","description_kind":"plain","required":true},"network_id":{"type":"string","description_kind":"plain","required":true},"security_group_ids":{"type":["set","string"],"description_kind":"plain","optional":true},"sqlcollation":{"type":"string","description_kind":"plain","optional":true,"computed":true},"sqlserver_config":{"type":["map","string"],"description_kind":"plain","optional":true,"computed":true},"status":{"type":"string","description_kind":"plain","computed":true},"version":{"type":"string","description_kind":"plain","required":true}},"block_types":{"backup_window_start":{"nesting_mode":"list","block":{"attributes":{"hours":{"type":"number","description_kind":"plain","optional":true},"minutes":{"type":"number","description_kind":"plain","optional":true}},"description_kind":"plain"},"max_items":1},"database":{"nesting_mode":"list","block":{"attributes":{"name":{"type":"string","description_kind":"plain","required":true}},"description_kind":"plain"},"min_items":1},"host":{"nesting_mode":"list","block":{"attributes":{"assign_public_ip":{"type":"bool","description_kind":"plain","optional":true},"fqdn":{"type":"string","description_kind":"plain","computed":true},"subnet_id":{"type":"string","description_kind":"plain","optional":true,"computed":true},"zone":{"type":"string","description_kind":"plain","required":true}},"description_kind":"plain"},"min_items":1},"resources":{"nesting_mode":"list","block":{"attributes":{"disk_size":{"type":"number","description_kind":"plain","required":true},"disk_type_id":{"type":"string","description_kind":"plain","required":true},"resource_preset_id":{"type":"string","description_kind":"plain","required":true}},"description_kind":"plain"},"min_items":1,"max_items":1},"timeouts":{"nesting_mode":"single","block":{"attributes":{"create":{"type":"string","description_kind":"plain","optional":true},"delete":{"type":"string","description_kind":"plain","optional":true},"update":{"type":"string","description_kind":"plain","optional":true}},"description_kind":"plain"}},"user":{"nesting_mode":"list","block":{"attributes":{"name":{"type":"string","description_kind":"plain","required":true},"password":{"type":"string","description_kind":"plain","required":true,"sensitive":true}},"block_types":{"permission":{"nesting_mode":"set","block":{"attributes":{"database_name":{"type":"string","description_kind":"plain","required":true},"roles":{"type":["set","string"],"description_kind":"plain","optional":true}},"description_kind":"plain"}}},"description_kind":"plain"},"min_items":1}},"description_kind":"plain"}},"yandex_message_queue":{"version":0,"block":{"attributes":{"access_key":{"type":"string","description_kind":"plain","optional":true},"arn":{"type":"string","description_kind":"plain","computed":true},"content_based_deduplication":{"type":"bool","description_kind":"plain","optional":true},"delay_seconds":{"type":"number","description_kind":"plain","optional":true},"fifo_queue":{"type":"bool","description_kind":"plain","optional":true},"id":{"type":"string","description_kind":"plain","optional":true,"computed":true},"max_message_size":{"type":"number","description_kind":"plain","optional":true},"message_retention_seconds":{"type":"number","description_kind":"plain","optional":true},"name":{"type":"string","description_kind":"plain","optional":true,"computed":true},"name_prefix":{"type":"string","description_kind":"plain","optional":true},"receive_wait_time_seconds":{"type":"number","description_kind":"plain","optional":true},"redrive_policy":{"type":"string","description_kind":"plain","optional":true},"region_id":{"type":"string","description_kind":"plain","optional":true},"secret_key":{"type":"string","description_kind":"plain","optional":true,"sensitive":true},"visibility_timeout_seconds":{"type":"number","description_kind":"plain","optional":true}},"description_kind":"plain"}},"yandex_monitoring_dashboard":{"version":1,"block":{"attributes":{"dashboard_id":{"type":"string","description":"Dashboard ID","description_kind":"plain","computed":true},"description":{"type":"string","description":"Dashboard description","description_kind":"plain","optional":true},"folder_id":{"type":"string","description":"Folder ID","description_kind":"plain","optional":true,"computed":true},"id":{"type":"string","description_kind":"plain","optional":true,"computed":true},"labels":{"type":["map","string"],"description":"Dashboard labels","description_kind":"plain","optional":true,"computed":true},"name":{"type":"string","description":"Dashboard name, used as local identifier in folder_id","description_kind":"plain","required":true},"title":{"type":"string","description":"Dashboard title","description_kind":"plain","optional":true}},"block_types":{"parametrization":{"nesting_mode":"list","block":{"attributes":{"selectors":{"type":"string","description":"Predefined selectors","description_kind":"plain","optional":true}},"block_types":{"parameters":{"nesting_mode":"list","block":{"attributes":{"description":{"type":"string","description":"Parameter description","description_kind":"plain","optional":true},"hidden":{"type":"bool","description":"UI-visibility","description_kind":"plain","optional":true},"id":{"type":"string","description":"Parameter identifier","description_kind":"plain","required":true},"title":{"type":"string","description":"UI-visible title of the parameter","description_kind":"plain","optional":true}},"block_types":{"custom":{"nesting_mode":"list","block":{"attributes":{"default_values":{"type":["list","string"],"description":"Default value","description_kind":"plain","optional":true},"multiselectable":{"type":"bool","description":"Specifies the multiselectable values of parameter","description_kind":"plain","optional":true},"values":{"type":["list","string"],"description":"Parameter values","description_kind":"plain","optional":true}},"description":"Custom parameter","description_kind":"plain"}},"label_values":{"nesting_mode":"list","block":{"attributes":{"default_values":{"type":["list","string"],"description":"Default value","description_kind":"plain","optional":true},"folder_id":{"type":"string","description":"Folder ID","description_kind":"plain","optional":true},"label_key":{"type":"string","description":"Required. Label key to list label values","description_kind":"plain","required":true},"multiselectable":{"type":"bool","description":"Specifies the multiselectable values of parameter","description_kind":"plain","optional":true},"selectors":{"type":"string","description":"Required. Selectors to select metric label values","description_kind":"plain","optional":true}},"description":"Label values parameter","description_kind":"plain"}},"text":{"nesting_mode":"list","block":{"attributes":{"default_value":{"type":"string","description":"Default value","description_kind":"plain","optional":true}},"description":"Text parameter","description_kind":"plain"}}},"description":"Dashboard parameter","description_kind":"plain"}}},"description":"Dashboard parametrization","description_kind":"plain"}},"timeouts":{"nesting_mode":"single","block":{"attributes":{"create":{"type":"string","description_kind":"plain","optional":true},"delete":{"type":"string","description_kind":"plain","optional":true},"read":{"type":"string","description_kind":"plain","optional":true},"update":{"type":"string","description_kind":"plain","optional":true}},"description_kind":"plain"}},"widgets":{"nesting_mode":"list","block":{"block_types":{"chart":{"nesting_mode":"list","block":{"attributes":{"chart_id":{"type":"string","description":"Chart ID","description_kind":"plain","optional":true},"description":{"type":"string","description":"Chart description in dashboard (not enabled in UI)","description_kind":"plain","optional":true},"display_legend":{"type":"bool","description":"Enable legend under chart","description_kind":"plain","optional":true},"freeze":{"type":"string","description":"Fixed time interval for chart","description_kind":"plain","optional":true,"computed":true},"title":{"type":"string","description":"Chart widget title","description_kind":"plain","optional":true}},"block_types":{"name_hiding_settings":{"nesting_mode":"list","block":{"attributes":{"names":{"type":["list","string"],"description_kind":"plain","optional":true},"positive":{"type":"bool","description":"True if we want to show concrete series names only, false if we want to hide concrete series names","description_kind":"plain","optional":true}},"description":"Name hiding settings","description_kind":"plain"}},"queries":{"nesting_mode":"list","block":{"block_types":{"downsampling":{"nesting_mode":"list","block":{"attributes":{"disabled":{"type":"bool","description":"Disable downsampling","description_kind":"plain","optional":true},"gap_filling":{"type":"string","description":"Parameters for filling gaps in data","description_kind":"plain","optional":true},"grid_aggregation":{"type":"string","description":"Function that is used for downsampling","description_kind":"plain","optional":true},"grid_interval":{"type":"number","description":"Time interval (grid) for downsampling in milliseconds. Points in the specified range are aggregated into one time point","description_kind":"plain","optional":true},"max_points":{"type":"number","description":"Maximum number of points to be returned","description_kind":"plain","optional":true}},"description":"Downsampling settings","description_kind":"plain"}},"target":{"nesting_mode":"list","block":{"attributes":{"hidden":{"type":"bool","description":"Checks that target is visible or invisible","description_kind":"plain","optional":true},"query":{"type":"string","description":"Required. Query","description_kind":"plain","optional":true},"text_mode":{"type":"bool","description":"Text mode","description_kind":"plain","optional":true}},"description":"Downsampling settings","description_kind":"plain"}}},"description":"Queries","description_kind":"plain"}},"series_overrides":{"nesting_mode":"list","block":{"attributes":{"name":{"type":"string","description":"Series name","description_kind":"plain","optional":true},"target_index":{"type":"string","description":"Target index","description_kind":"plain","optional":true}},"block_types":{"settings":{"nesting_mode":"list","block":{"attributes":{"color":{"type":"string","description":"Series color or empty","description_kind":"plain","optional":true},"grow_down":{"type":"bool","description":"Stack grow down","description_kind":"plain","optional":true},"name":{"type":"string","description":"Series name or empty","description_kind":"plain","optional":true},"stack_name":{"type":"string","description":"Stack name or empty","description_kind":"plain","optional":true},"type":{"type":"string","description":"Type","description_kind":"plain","optional":true,"computed":true},"yaxis_position":{"type":"string","description":"Yaxis position","description_kind":"plain","optional":true,"computed":true}},"description":"Override settings","description_kind":"plain"}}},"description_kind":"plain"}},"visualization_settings":{"nesting_mode":"list","block":{"attributes":{"aggregation":{"type":"string","description":"Aggregation","description_kind":"plain","optional":true,"computed":true},"interpolate":{"type":"string","description":"Interpolate","description_kind":"plain","optional":true,"computed":true},"normalize":{"type":"bool","description":"Normalize","description_kind":"plain","optional":true},"show_labels":{"type":"bool","description":"Show chart labels","description_kind":"plain","optional":true},"title":{"type":"string","description":"Inside chart title","description_kind":"plain","optional":true},"type":{"type":"string","description":"Visualization type","description_kind":"plain","optional":true,"computed":true}},"block_types":{"color_scheme_settings":{"nesting_mode":"list","block":{"block_types":{"automatic":{"nesting_mode":"list","block":{"description":"Automatic color scheme","description_kind":"plain"}},"gradient":{"nesting_mode":"list","block":{"attributes":{"green_value":{"type":"string","description":"Gradient green value","description_kind":"plain","optional":true},"red_value":{"type":"string","description":"Gradient red value","description_kind":"plain","optional":true},"violet_value":{"type":"string","description":"Gradient violet_value","description_kind":"plain","optional":true},"yellow_value":{"type":"string","description":"Gradient yellow value","description_kind":"plain","optional":true}},"description":"Gradient color scheme","description_kind":"plain"}},"standard":{"nesting_mode":"list","block":{"description":"Standard color scheme","description_kind":"plain"}}},"description":"Color scheme settings","description_kind":"plain"}},"heatmap_settings":{"nesting_mode":"list","block":{"attributes":{"green_value":{"type":"string","description":"Heatmap green value","description_kind":"plain","optional":true},"red_value":{"type":"string","description":"Heatmap red value","description_kind":"plain","optional":true},"violet_value":{"type":"string","description":"Heatmap violet_value","description_kind":"plain","optional":true},"yellow_value":{"type":"string","description":"Heatmap yellow value","description_kind":"plain","optional":true}},"description":"Heatmap settings","description_kind":"plain"}},"yaxis_settings":{"nesting_mode":"list","block":{"block_types":{"left":{"nesting_mode":"list","block":{"attributes":{"max":{"type":"string","description":"Max value in extended number format or empty","description_kind":"plain","optional":true},"min":{"type":"string","description":"Min value in extended number format or empty","description_kind":"plain","optional":true},"precision":{"type":"number","description":"Tick value precision (null as default, 0-7 in other cases)","description_kind":"plain","optional":true},"title":{"type":"string","description":"Title or empty","description_kind":"plain","optional":true},"type":{"type":"string","description":"Type","description_kind":"plain","optional":true,"computed":true},"unit_format":{"type":"string","description":"Unit format","description_kind":"plain","optional":true,"computed":true}},"description":"Left Y axis settings","description_kind":"plain"}},"right":{"nesting_mode":"list","block":{"attributes":{"max":{"type":"string","description":"Max value in extended number format or empty","description_kind":"plain","optional":true},"min":{"type":"string","description":"Min value in extended number format or empty","description_kind":"plain","optional":true},"precision":{"type":"number","description":"Tick value precision (null as default, 0-7 in other cases)","description_kind":"plain","optional":true},"title":{"type":"string","description":"Title or empty","description_kind":"plain","optional":true},"type":{"type":"string","description":"Type","description_kind":"plain","optional":true},"unit_format":{"type":"string","description":"Unit format","description_kind":"plain","optional":true}},"description":"Right Y axis settings","description_kind":"plain"}}},"description":"Y axis settings","description_kind":"plain"}}},"description":"Visualization settings","description_kind":"plain"}}},"description":"Chart widget","description_kind":"plain"}},"position":{"nesting_mode":"list","block":{"attributes":{"h":{"type":"number","description":"Required. Height","description_kind":"plain","optional":true},"w":{"type":"number","description":"Required. Weight","description_kind":"plain","optional":true},"x":{"type":"number","description":"Required. X-axis top-left corner coordinate","description_kind":"plain","optional":true},"y":{"type":"number","description":"Required. Y-axis top-left corner coordinate","description_kind":"plain","optional":true}},"description":"Required. Widget layout position","description_kind":"plain"}},"text":{"nesting_mode":"list","block":{"attributes":{"text":{"type":"string","description":"Text","description_kind":"plain","optional":true}},"description":"Text widget","description_kind":"plain"}},"title":{"nesting_mode":"list","block":{"attributes":{"size":{"type":"string","description":"Title size","description_kind":"plain","optional":true,"computed":true},"text":{"type":"string","description":"Title text","description_kind":"plain","required":true}},"description":"Title widget","description_kind":"plain"}}},"description":"Widgets","description_kind":"plain"}}},"description":"Monitoring dashboard","description_kind":"plain"}},"yandex_organizationmanager_group":{"version":0,"block":{"attributes":{"created_at":{"type":"string","description_kind":"plain","computed":true},"description":{"type":"string","description_kind":"plain","optional":true},"id":{"type":"string","description_kind":"plain","optional":true,"computed":true},"name":{"type":"string","description_kind":"plain","required":true},"organization_id":{"type":"string","description_kind":"plain","required":true}},"block_types":{"timeouts":{"nesting_mode":"single","block":{"attributes":{"create":{"type":"string","description_kind":"plain","optional":true},"delete":{"type":"string","description_kind":"plain","optional":true},"read":{"type":"string","description_kind":"plain","optional":true},"update":{"type":"string","description_kind":"plain","optional":true}},"description_kind":"plain"}}},"description_kind":"plain"}},"yandex_organizationmanager_group_iam_member":{"version":0,"block":{"attributes":{"group_id":{"type":"string","description_kind":"plain","required":true},"id":{"type":"string","description_kind":"plain","optional":true,"computed":true},"member":{"type":"string","description_kind":"plain","required":true},"role":{"type":"string","description_kind":"plain","required":true},"sleep_after":{"type":"number","description_kind":"plain","optional":true}},"block_types":{"timeouts":{"nesting_mode":"single","block":{"attributes":{"default":{"type":"string","description_kind":"plain","optional":true}},"description_kind":"plain"}}},"description_kind":"plain"}},"yandex_organizationmanager_group_membership":{"version":0,"block":{"attributes":{"group_id":{"type":"string","description_kind":"plain","required":true},"id":{"type":"string","description_kind":"plain","optional":true,"computed":true},"members":{"type":["set","string"],"description_kind":"plain","required":true}},"block_types":{"timeouts":{"nesting_mode":"single","block":{"attributes":{"create":{"type":"string","description_kind":"plain","optional":true},"delete":{"type":"string","description_kind":"plain","optional":true},"read":{"type":"string","description_kind":"plain","optional":true},"update":{"type":"string","description_kind":"plain","optional":true}},"description_kind":"plain"}}},"description_kind":"plain"}},"yandex_organizationmanager_organization_iam_binding":{"version":0,"block":{"attributes":{"id":{"type":"string","description_kind":"plain","optional":true,"computed":true},"members":{"type":["set","string"],"description_kind":"plain","required":true},"organization_id":{"type":"string","description_kind":"plain","required":true},"role":{"type":"string","description_kind":"plain","required":true},"sleep_after":{"type":"number","description_kind":"plain","optional":true}},"block_types":{"timeouts":{"nesting_mode":"single","block":{"attributes":{"default":{"type":"string","description_kind":"plain","optional":true}},"description_kind":"plain"}}},"description_kind":"plain"}},"yandex_organizationmanager_organization_iam_member":{"version":0,"block":{"attributes":{"id":{"type":"string","description_kind":"plain","optional":true,"computed":true},"member":{"type":"string","description_kind":"plain","required":true},"organization_id":{"type":"string","description_kind":"plain","required":true},"role":{"type":"string","description_kind":"plain","required":true},"sleep_after":{"type":"number","description_kind":"plain","optional":true}},"block_types":{"timeouts":{"nesting_mode":"single","block":{"attributes":{"default":{"type":"string","description_kind":"plain","optional":true}},"description_kind":"plain"}}},"description_kind":"plain"}},"yandex_organizationmanager_os_login_settings":{"version":0,"block":{"attributes":{"id":{"type":"string","description_kind":"plain","optional":true,"computed":true},"organization_id":{"type":"string","description_kind":"plain","required":true}},"block_types":{"ssh_certificate_settings":{"nesting_mode":"list","block":{"attributes":{"enabled":{"type":"bool","description_kind":"plain","optional":true}},"description_kind":"plain"},"max_items":1},"timeouts":{"nesting_mode":"single","block":{"attributes":{"create":{"type":"string","description_kind":"plain","optional":true},"delete":{"type":"string","description_kind":"plain","optional":true},"read":{"type":"string","description_kind":"plain","optional":true},"update":{"type":"string","description_kind":"plain","optional":true}},"description_kind":"plain"}},"user_ssh_key_settings":{"nesting_mode":"list","block":{"attributes":{"allow_manage_own_keys":{"type":"bool","description_kind":"plain","optional":true},"enabled":{"type":"bool","description_kind":"plain","optional":true}},"description_kind":"plain"},"max_items":1}},"description_kind":"plain"}},"yandex_organizationmanager_saml_federation":{"version":0,"block":{"attributes":{"auto_create_account_on_login":{"type":"bool","description_kind":"plain","optional":true,"computed":true},"case_insensitive_name_ids":{"type":"bool","description_kind":"plain","optional":true,"computed":true},"cookie_max_age":{"type":"string","description_kind":"plain","optional":true,"computed":true},"created_at":{"type":"string","description_kind":"plain","computed":true},"description":{"type":"string","description_kind":"plain","optional":true},"id":{"type":"string","description_kind":"plain","optional":true,"computed":true},"issuer":{"type":"string","description_kind":"plain","required":true},"labels":{"type":["map","string"],"description_kind":"plain","optional":true},"name":{"type":"string","description_kind":"plain","required":true},"organization_id":{"type":"string","description_kind":"plain","required":true},"sso_binding":{"type":"string","description_kind":"plain","required":true},"sso_url":{"type":"string","description_kind":"plain","required":true}},"block_types":{"security_settings":{"nesting_mode":"list","block":{"attributes":{"encrypted_assertions":{"type":"bool","description_kind":"plain","required":true}},"description_kind":"plain"},"max_items":1},"timeouts":{"nesting_mode":"single","block":{"attributes":{"create":{"type":"string","description_kind":"plain","optional":true},"delete":{"type":"string","description_kind":"plain","optional":true},"read":{"type":"string","description_kind":"plain","optional":true},"update":{"type":"string","description_kind":"plain","optional":true}},"description_kind":"plain"}}},"description_kind":"plain"}},"yandex_organizationmanager_saml_federation_user_account":{"version":0,"block":{"attributes":{"federation_id":{"type":"string","description_kind":"plain","required":true},"id":{"type":"string","description_kind":"plain","optional":true,"computed":true},"name_id":{"type":"string","description_kind":"plain","required":true}},"block_types":{"timeouts":{"nesting_mode":"single","block":{"attributes":{"create":{"type":"string","description_kind":"plain","optional":true},"delete":{"type":"string","description_kind":"plain","optional":true},"read":{"type":"string","description_kind":"plain","optional":true},"update":{"type":"string","description_kind":"plain","optional":true}},"description_kind":"plain"}}},"description_kind":"plain"}},"yandex_organizationmanager_user_ssh_key":{"version":0,"block":{"attributes":{"created_at":{"type":"string","description_kind":"plain","computed":true},"data":{"type":"string","description_kind":"plain","required":true},"expires_at":{"type":"string","description_kind":"plain","optional":true},"fingerprint":{"type":"string","description_kind":"plain","computed":true},"id":{"type":"string","description_kind":"plain","computed":true},"name":{"type":"string","description_kind":"plain","optional":true},"organization_id":{"type":"string","description_kind":"plain","required":true},"subject_id":{"type":"string","description_kind":"plain","required":true}},"block_types":{"timeouts":{"nesting_mode":"single","block":{"attributes":{"create":{"type":"string","description_kind":"plain","optional":true},"delete":{"type":"string","description_kind":"plain","optional":true},"read":{"type":"string","description_kind":"plain","optional":true},"update":{"type":"string","description_kind":"plain","optional":true}},"description_kind":"plain"}}},"description_kind":"plain"}},"yandex_resourcemanager_cloud":{"version":0,"block":{"attributes":{"created_at":{"type":"string","description_kind":"plain","computed":true},"description":{"type":"string","description_kind":"plain","optional":true},"id":{"type":"string","description_kind":"plain","optional":true,"computed":true},"labels":{"type":["map","string"],"description_kind":"plain","optional":true},"name":{"type":"string","description_kind":"plain","optional":true},"organization_id":{"type":"string","description_kind":"plain","optional":true,"computed":true}},"block_types":{"timeouts":{"nesting_mode":"single","block":{"attributes":{"create":{"type":"string","description_kind":"plain","optional":true},"delete":{"type":"string","description_kind":"plain","optional":true},"read":{"type":"string","description_kind":"plain","optional":true},"update":{"type":"string","description_kind":"plain","optional":true}},"description_kind":"plain"}}},"description_kind":"plain"}},"yandex_resourcemanager_cloud_iam_binding":{"version":0,"block":{"attributes":{"cloud_id":{"type":"string","description_kind":"plain","required":true},"id":{"type":"string","description_kind":"plain","optional":true,"computed":true},"members":{"type":["set","string"],"description_kind":"plain","required":true},"role":{"type":"string","description_kind":"plain","required":true},"sleep_after":{"type":"number","description_kind":"plain","optional":true}},"block_types":{"timeouts":{"nesting_mode":"single","block":{"attributes":{"default":{"type":"string","description_kind":"plain","optional":true}},"description_kind":"plain"}}},"description_kind":"plain"}},"yandex_resourcemanager_cloud_iam_member":{"version":0,"block":{"attributes":{"cloud_id":{"type":"string","description_kind":"plain","required":true},"id":{"type":"string","description_kind":"plain","optional":true,"computed":true},"member":{"type":"string","description_kind":"plain","required":true},"role":{"type":"string","description_kind":"plain","required":true},"sleep_after":{"type":"number","description_kind":"plain","optional":true}},"block_types":{"timeouts":{"nesting_mode":"single","block":{"attributes":{"default":{"type":"string","description_kind":"plain","optional":true}},"description_kind":"plain"}}},"description_kind":"plain"}},"yandex_resourcemanager_folder":{"version":0,"block":{"attributes":{"cloud_id":{"type":"string","description_kind":"plain","optional":true,"computed":true},"created_at":{"type":"string","description_kind":"plain","computed":true},"description":{"type":"string","description_kind":"plain","optional":true},"id":{"type":"string","description_kind":"plain","optional":true,"computed":true},"labels":{"type":["map","string"],"description_kind":"plain","optional":true},"name":{"type":"string","description_kind":"plain","optional":true}},"block_types":{"timeouts":{"nesting_mode":"single","block":{"attributes":{"create":{"type":"string","description_kind":"plain","optional":true},"delete":{"type":"string","description_kind":"plain","optional":true},"read":{"type":"string","description_kind":"plain","optional":true},"update":{"type":"string","description_kind":"plain","optional":true}},"description_kind":"plain"}}},"description_kind":"plain"}},"yandex_resourcemanager_folder_iam_binding":{"version":0,"block":{"attributes":{"folder_id":{"type":"string","description_kind":"plain","required":true},"id":{"type":"string","description_kind":"plain","optional":true,"computed":true},"members":{"type":["set","string"],"description_kind":"plain","required":true},"role":{"type":"string","description_kind":"plain","required":true},"sleep_after":{"type":"number","description_kind":"plain","optional":true}},"block_types":{"timeouts":{"nesting_mode":"single","block":{"attributes":{"default":{"type":"string","description_kind":"plain","optional":true}},"description_kind":"plain"}}},"description_kind":"plain"}},"yandex_resourcemanager_folder_iam_member":{"version":0,"block":{"attributes":{"folder_id":{"type":"string","description_kind":"plain","required":true},"id":{"type":"string","description_kind":"plain","optional":true,"computed":true},"member":{"type":"string","description_kind":"plain","required":true},"role":{"type":"string","description_kind":"plain","required":true},"sleep_after":{"type":"number","description_kind":"plain","optional":true}},"block_types":{"timeouts":{"nesting_mode":"single","block":{"attributes":{"default":{"type":"string","description_kind":"plain","optional":true}},"description_kind":"plain"}}},"description_kind":"plain"}},"yandex_resourcemanager_folder_iam_policy":{"version":0,"block":{"attributes":{"folder_id":{"type":"string","description_kind":"plain","required":true},"id":{"type":"string","description_kind":"plain","optional":true,"computed":true},"policy_data":{"type":"string","description_kind":"plain","required":true}},"block_types":{"timeouts":{"nesting_mode":"single","block":{"attributes":{"default":{"type":"string","description_kind":"plain","optional":true}},"description_kind":"plain"}}},"description_kind":"plain"}},"yandex_serverless_container":{"version":0,"block":{"attributes":{"concurrency":{"type":"number","description_kind":"plain","optional":true},"core_fraction":{"type":"number","description_kind":"plain","optional":true,"computed":true},"cores":{"type":"number","description_kind":"plain","optional":true},"created_at":{"type":"string","description_kind":"plain","computed":true},"description":{"type":"string","description_kind":"plain","optional":true},"execution_timeout":{"type":"string","description_kind":"plain","optional":true,"computed":true},"folder_id":{"type":"string","description_kind":"plain","optional":true,"computed":true},"id":{"type":"string","description_kind":"plain","optional":true,"computed":true},"labels":{"type":["map","string"],"description_kind":"plain","optional":true},"memory":{"type":"number","description":"Container memory in megabytes, should be aligned to 128","description_kind":"plain","required":true},"name":{"type":"string","description_kind":"plain","required":true},"revision_id":{"type":"string","description_kind":"plain","computed":true},"service_account_id":{"type":"string","description_kind":"plain","optional":true},"url":{"type":"string","description_kind":"plain","computed":true}},"block_types":{"connectivity":{"nesting_mode":"list","block":{"attributes":{"network_id":{"type":"string","description_kind":"plain","required":true}},"description_kind":"plain"},"max_items":1},"image":{"nesting_mode":"list","block":{"attributes":{"args":{"type":["list","string"],"description_kind":"plain","optional":true},"command":{"type":["list","string"],"description_kind":"plain","optional":true},"digest":{"type":"string","description_kind":"plain","optional":true,"computed":true},"environment":{"type":["map","string"],"description_kind":"plain","optional":true},"url":{"type":"string","description_kind":"plain","required":true},"work_dir":{"type":"string","description_kind":"plain","optional":true}},"description_kind":"plain"},"min_items":1,"max_items":1},"log_options":{"nesting_mode":"list","block":{"attributes":{"disabled":{"type":"bool","description_kind":"plain","optional":true},"folder_id":{"type":"string","description_kind":"plain","optional":true},"log_group_id":{"type":"string","description_kind":"plain","optional":true},"min_level":{"type":"string","description_kind":"plain","optional":true}},"description_kind":"plain"},"max_items":1},"mounts":{"nesting_mode":"list","block":{"attributes":{"mode":{"type":"string","description_kind":"plain","optional":true,"computed":true},"mount_point_path":{"type":"string","description_kind":"plain","required":true}},"block_types":{"ephemeral_disk":{"nesting_mode":"list","block":{"attributes":{"block_size_kb":{"type":"number","description_kind":"plain","optional":true,"computed":true},"size_gb":{"type":"number","description_kind":"plain","required":true}},"description_kind":"plain"},"max_items":1},"object_storage":{"nesting_mode":"list","block":{"attributes":{"bucket":{"type":"string","description_kind":"plain","required":true},"prefix":{"type":"string","description_kind":"plain","optional":true}},"description_kind":"plain"},"max_items":1}},"description_kind":"plain"}},"provision_policy":{"nesting_mode":"list","block":{"attributes":{"min_instances":{"type":"number","description_kind":"plain","required":true}},"description_kind":"plain"},"max_items":1},"secrets":{"nesting_mode":"list","block":{"attributes":{"environment_variable":{"type":"string","description_kind":"plain","required":true},"id":{"type":"string","description_kind":"plain","required":true},"key":{"type":"string","description_kind":"plain","required":true},"version_id":{"type":"string","description_kind":"plain","required":true}},"description_kind":"plain"}},"storage_mounts":{"nesting_mode":"list","block":{"attributes":{"bucket":{"type":"string","description_kind":"plain","required":true},"mount_point_path":{"type":"string","description_kind":"plain","required":true},"prefix":{"type":"string","description_kind":"plain","optional":true},"read_only":{"type":"bool","description_kind":"plain","optional":true}},"description_kind":"plain","deprecated":true}},"timeouts":{"nesting_mode":"single","block":{"attributes":{"create":{"type":"string","description_kind":"plain","optional":true},"delete":{"type":"string","description_kind":"plain","optional":true},"update":{"type":"string","description_kind":"plain","optional":true}},"description_kind":"plain"}}},"description_kind":"plain"}},"yandex_serverless_container_iam_binding":{"version":0,"block":{"attributes":{"container_id":{"type":"string","description_kind":"plain","required":true},"id":{"type":"string","description_kind":"plain","optional":true,"computed":true},"members":{"type":["set","string"],"description_kind":"plain","required":true},"role":{"type":"string","description_kind":"plain","required":true},"sleep_after":{"type":"number","description_kind":"plain","optional":true}},"block_types":{"timeouts":{"nesting_mode":"single","block":{"attributes":{"default":{"type":"string","description_kind":"plain","optional":true}},"description_kind":"plain"}}},"description_kind":"plain"}},"yandex_smartcaptcha_captcha":{"version":1,"block":{"attributes":{"allowed_sites":{"type":["list","string"],"description_kind":"plain","optional":true},"challenge_type":{"type":"string","description_kind":"plain","optional":true},"client_key":{"type":"string","description_kind":"plain","computed":true},"cloud_id":{"type":"string","description_kind":"plain","optional":true,"computed":true},"complexity":{"type":"string","description_kind":"plain","optional":true},"created_at":{"type":"string","description_kind":"plain","computed":true},"deletion_protection":{"type":"bool","description_kind":"plain","optional":true},"folder_id":{"type":"string","description_kind":"plain","optional":true,"computed":true},"id":{"type":"string","description_kind":"plain","optional":true,"computed":true},"name":{"type":"string","description_kind":"plain","optional":true},"pre_check_type":{"type":"string","description_kind":"plain","optional":true},"style_json":{"type":"string","description_kind":"plain","optional":true},"suspend":{"type":"bool","description_kind":"plain","computed":true},"turn_off_hostname_check":{"type":"bool","description_kind":"plain","optional":true}},"block_types":{"override_variant":{"nesting_mode":"list","block":{"attributes":{"challenge_type":{"type":"string","description_kind":"plain","optional":true},"complexity":{"type":"string","description_kind":"plain","optional":true},"description":{"type":"string","description_kind":"plain","optional":true},"pre_check_type":{"type":"string","description_kind":"plain","optional":true},"uuid":{"type":"string","description_kind":"plain","optional":true}},"description_kind":"plain"}},"security_rule":{"nesting_mode":"list","block":{"attributes":{"description":{"type":"string","description_kind":"plain","optional":true},"name":{"type":"string","description_kind":"plain","optional":true},"override_variant_uuid":{"type":"string","description_kind":"plain","optional":true},"priority":{"type":"number","description_kind":"plain","optional":true}},"block_types":{"condition":{"nesting_mode":"list","block":{"block_types":{"headers":{"nesting_mode":"list","block":{"attributes":{"name":{"type":"string","description_kind":"plain","optional":true}},"block_types":{"value":{"nesting_mode":"list","block":{"attributes":{"exact_match":{"type":"string","description_kind":"plain","optional":true},"exact_not_match":{"type":"string","description_kind":"plain","optional":true},"pire_regex_match":{"type":"string","description_kind":"plain","optional":true},"pire_regex_not_match":{"type":"string","description_kind":"plain","optional":true},"prefix_match":{"type":"string","description_kind":"plain","optional":true},"prefix_not_match":{"type":"string","description_kind":"plain","optional":true}},"description_kind":"plain"},"min_items":1,"max_items":1}},"description_kind":"plain"}},"host":{"nesting_mode":"list","block":{"block_types":{"hosts":{"nesting_mode":"list","block":{"attributes":{"exact_match":{"type":"string","description_kind":"plain","optional":true},"exact_not_match":{"type":"string","description_kind":"plain","optional":true},"pire_regex_match":{"type":"string","description_kind":"plain","optional":true},"pire_regex_not_match":{"type":"string","description_kind":"plain","optional":true},"prefix_match":{"type":"string","description_kind":"plain","optional":true},"prefix_not_match":{"type":"string","description_kind":"plain","optional":true}},"description_kind":"plain"}}},"description_kind":"plain"},"max_items":1},"source_ip":{"nesting_mode":"list","block":{"block_types":{"geo_ip_match":{"nesting_mode":"list","block":{"attributes":{"locations":{"type":["list","string"],"description_kind":"plain","optional":true}},"description_kind":"plain"},"max_items":1},"geo_ip_not_match":{"nesting_mode":"list","block":{"attributes":{"locations":{"type":["list","string"],"description_kind":"plain","optional":true}},"description_kind":"plain"},"max_items":1},"ip_ranges_match":{"nesting_mode":"list","block":{"attributes":{"ip_ranges":{"type":["list","string"],"description_kind":"plain","optional":true}},"description_kind":"plain"},"max_items":1},"ip_ranges_not_match":{"nesting_mode":"list","block":{"attributes":{"ip_ranges":{"type":["list","string"],"description_kind":"plain","optional":true}},"description_kind":"plain"},"max_items":1}},"description_kind":"plain"},"max_items":1},"uri":{"nesting_mode":"list","block":{"block_types":{"path":{"nesting_mode":"list","block":{"attributes":{"exact_match":{"type":"string","description_kind":"plain","optional":true},"exact_not_match":{"type":"string","description_kind":"plain","optional":true},"pire_regex_match":{"type":"string","description_kind":"plain","optional":true},"pire_regex_not_match":{"type":"string","description_kind":"plain","optional":true},"prefix_match":{"type":"string","description_kind":"plain","optional":true},"prefix_not_match":{"type":"string","description_kind":"plain","optional":true}},"description_kind":"plain"},"max_items":1},"queries":{"nesting_mode":"list","block":{"attributes":{"key":{"type":"string","description_kind":"plain","required":true}},"block_types":{"value":{"nesting_mode":"list","block":{"attributes":{"exact_match":{"type":"string","description_kind":"plain","optional":true},"exact_not_match":{"type":"string","description_kind":"plain","optional":true},"pire_regex_match":{"type":"string","description_kind":"plain","optional":true},"pire_regex_not_match":{"type":"string","description_kind":"plain","optional":true},"prefix_match":{"type":"string","description_kind":"plain","optional":true},"prefix_not_match":{"type":"string","description_kind":"plain","optional":true}},"description_kind":"plain"},"min_items":1,"max_items":1}},"description_kind":"plain"}}},"description_kind":"plain"},"max_items":1}},"description_kind":"plain"},"max_items":1}},"description_kind":"plain"}},"timeouts":{"nesting_mode":"single","block":{"attributes":{"create":{"type":"string","description_kind":"plain","optional":true},"delete":{"type":"string","description_kind":"plain","optional":true},"read":{"type":"string","description_kind":"plain","optional":true},"update":{"type":"string","description_kind":"plain","optional":true}},"description_kind":"plain"}}},"description_kind":"plain"}},"yandex_storage_bucket":{"version":1,"block":{"attributes":{"access_key":{"type":"string","description_kind":"plain","optional":true},"acl":{"type":"string","description_kind":"plain","optional":true},"bucket":{"type":"string","description_kind":"plain","optional":true,"computed":true},"bucket_domain_name":{"type":"string","description_kind":"plain","computed":true},"bucket_prefix":{"type":"string","description_kind":"plain","optional":true},"default_storage_class":{"type":"string","description_kind":"plain","optional":true,"computed":true},"folder_id":{"type":"string","description_kind":"plain","optional":true,"computed":true},"force_destroy":{"type":"bool","description_kind":"plain","optional":true},"id":{"type":"string","description_kind":"plain","optional":true,"computed":true},"max_size":{"type":"number","description_kind":"plain","optional":true},"policy":{"type":"string","description_kind":"plain","optional":true},"secret_key":{"type":"string","description_kind":"plain","optional":true,"sensitive":true},"tags":{"type":["map","string"],"description_kind":"plain","optional":true},"website_domain":{"type":"string","description_kind":"plain","optional":true,"computed":true},"website_endpoint":{"type":"string","description_kind":"plain","optional":true,"computed":true}},"block_types":{"anonymous_access_flags":{"nesting_mode":"set","block":{"attributes":{"config_read":{"type":"bool","description_kind":"plain","optional":true},"list":{"type":"bool","description_kind":"plain","optional":true},"read":{"type":"bool","description_kind":"plain","optional":true}},"description_kind":"plain"},"max_items":1},"cors_rule":{"nesting_mode":"list","block":{"attributes":{"allowed_headers":{"type":["list","string"],"description_kind":"plain","optional":true},"allowed_methods":{"type":["list","string"],"description_kind":"plain","required":true},"allowed_origins":{"type":["list","string"],"description_kind":"plain","required":true},"expose_headers":{"type":["list","string"],"description_kind":"plain","optional":true},"max_age_seconds":{"type":"number","description_kind":"plain","optional":true}},"description_kind":"plain"}},"grant":{"nesting_mode":"set","block":{"attributes":{"id":{"type":"string","description_kind":"plain","optional":true},"permissions":{"type":["set","string"],"description_kind":"plain","required":true},"type":{"type":"string","description_kind":"plain","required":true},"uri":{"type":"string","description_kind":"plain","optional":true}},"description_kind":"plain"}},"https":{"nesting_mode":"set","block":{"attributes":{"certificate_id":{"type":"string","description_kind":"plain","required":true}},"description_kind":"plain"},"max_items":1},"lifecycle_rule":{"nesting_mode":"list","block":{"attributes":{"abort_incomplete_multipart_upload_days":{"type":"number","description_kind":"plain","optional":true},"enabled":{"type":"bool","description_kind":"plain","required":true},"id":{"type":"string","description_kind":"plain","optional":true,"computed":true},"prefix":{"type":"string","description_kind":"plain","deprecated":true,"optional":true}},"block_types":{"expiration":{"nesting_mode":"list","block":{"attributes":{"date":{"type":"string","description_kind":"plain","optional":true},"days":{"type":"number","description_kind":"plain","optional":true},"expired_object_delete_marker":{"type":"bool","description_kind":"plain","optional":true}},"description_kind":"plain"},"max_items":1},"filter":{"nesting_mode":"list","block":{"attributes":{"object_size_greater_than":{"type":"number","description_kind":"plain","optional":true},"object_size_less_than":{"type":"number","description_kind":"plain","optional":true},"prefix":{"type":"string","description_kind":"plain","optional":true}},"block_types":{"and":{"nesting_mode":"list","block":{"attributes":{"object_size_greater_than":{"type":"number","description_kind":"plain","optional":true},"object_size_less_than":{"type":"number","description_kind":"plain","optional":true},"prefix":{"type":"string","description_kind":"plain","optional":true},"tags":{"type":["map","string"],"description_kind":"plain","optional":true}},"description_kind":"plain"},"max_items":1},"tag":{"nesting_mode":"list","block":{"attributes":{"key":{"type":"string","description_kind":"plain","required":true},"value":{"type":"string","description_kind":"plain","required":true}},"description_kind":"plain"},"max_items":1}},"description_kind":"plain"},"max_items":1},"noncurrent_version_expiration":{"nesting_mode":"list","block":{"attributes":{"days":{"type":"number","description_kind":"plain","optional":true}},"description_kind":"plain"},"max_items":1},"noncurrent_version_transition":{"nesting_mode":"set","block":{"attributes":{"days":{"type":"number","description_kind":"plain","optional":true},"storage_class":{"type":"string","description_kind":"plain","required":true}},"description_kind":"plain"}},"transition":{"nesting_mode":"set","block":{"attributes":{"date":{"type":"string","description_kind":"plain","optional":true},"days":{"type":"number","description_kind":"plain","optional":true},"storage_class":{"type":"string","description_kind":"plain","required":true}},"description_kind":"plain"}}},"description_kind":"plain"}},"logging":{"nesting_mode":"set","block":{"attributes":{"target_bucket":{"type":"string","description_kind":"plain","required":true},"target_prefix":{"type":"string","description_kind":"plain","optional":true}},"description_kind":"plain"}},"object_lock_configuration":{"nesting_mode":"list","block":{"attributes":{"object_lock_enabled":{"type":"string","description_kind":"plain","optional":true}},"block_types":{"rule":{"nesting_mode":"list","block":{"block_types":{"default_retention":{"nesting_mode":"list","block":{"attributes":{"days":{"type":"number","description_kind":"plain","optional":true},"mode":{"type":"string","description_kind":"plain","required":true},"years":{"type":"number","description_kind":"plain","optional":true}},"description_kind":"plain"},"min_items":1,"max_items":1}},"description_kind":"plain"},"max_items":1}},"description_kind":"plain"},"max_items":1},"server_side_encryption_configuration":{"nesting_mode":"list","block":{"block_types":{"rule":{"nesting_mode":"list","block":{"block_types":{"apply_server_side_encryption_by_default":{"nesting_mode":"list","block":{"attributes":{"kms_master_key_id":{"type":"string","description_kind":"plain","required":true},"sse_algorithm":{"type":"string","description_kind":"plain","required":true}},"description_kind":"plain"},"min_items":1,"max_items":1}},"description_kind":"plain"},"min_items":1,"max_items":1}},"description_kind":"plain"},"max_items":1},"versioning":{"nesting_mode":"list","block":{"attributes":{"enabled":{"type":"bool","description_kind":"plain","optional":true}},"description_kind":"plain"},"max_items":1},"website":{"nesting_mode":"list","block":{"attributes":{"error_document":{"type":"string","description_kind":"plain","optional":true},"index_document":{"type":"string","description_kind":"plain","optional":true},"redirect_all_requests_to":{"type":"string","description_kind":"plain","optional":true},"routing_rules":{"type":"string","description_kind":"plain","optional":true}},"description_kind":"plain"},"max_items":1}},"description_kind":"plain"}},"yandex_storage_object":{"version":0,"block":{"attributes":{"access_key":{"type":"string","description_kind":"plain","optional":true},"acl":{"type":"string","description_kind":"plain","optional":true},"bucket":{"type":"string","description_kind":"plain","required":true},"content":{"type":"string","description_kind":"plain","optional":true},"content_base64":{"type":"string","description_kind":"plain","optional":true},"content_type":{"type":"string","description_kind":"plain","optional":true,"computed":true},"id":{"type":"string","description_kind":"plain","optional":true,"computed":true},"key":{"type":"string","description_kind":"plain","required":true},"object_lock_legal_hold_status":{"type":"string","description_kind":"plain","optional":true},"object_lock_mode":{"type":"string","description_kind":"plain","optional":true},"object_lock_retain_until_date":{"type":"string","description_kind":"plain","optional":true},"secret_key":{"type":"string","description_kind":"plain","optional":true,"sensitive":true},"source":{"type":"string","description_kind":"plain","optional":true},"source_hash":{"type":"string","description_kind":"plain","optional":true},"tags":{"type":["map","string"],"description_kind":"plain","optional":true}},"description_kind":"plain"}},"yandex_sws_advanced_rate_limiter_profile":{"version":1,"block":{"attributes":{"cloud_id":{"type":"string","description_kind":"plain","optional":true,"computed":true},"created_at":{"type":"string","description_kind":"plain","computed":true},"description":{"type":"string","description_kind":"plain","optional":true},"folder_id":{"type":"string","description_kind":"plain","optional":true,"computed":true},"id":{"type":"string","description_kind":"plain","optional":true,"computed":true},"labels":{"type":["map","string"],"description_kind":"plain","optional":true},"name":{"type":"string","description_kind":"plain","optional":true}},"block_types":{"advanced_rate_limiter_rule":{"nesting_mode":"list","block":{"attributes":{"description":{"type":"string","description_kind":"plain","optional":true},"dry_run":{"type":"bool","description_kind":"plain","optional":true},"name":{"type":"string","description_kind":"plain","optional":true},"priority":{"type":"number","description_kind":"plain","optional":true}},"block_types":{"dynamic_quota":{"nesting_mode":"list","block":{"attributes":{"action":{"type":"string","description_kind":"plain","optional":true},"limit":{"type":"number","description_kind":"plain","optional":true},"period":{"type":"number","description_kind":"plain","optional":true}},"block_types":{"characteristic":{"nesting_mode":"list","block":{"attributes":{"case_insensitive":{"type":"bool","description_kind":"plain","optional":true}},"block_types":{"key_characteristic":{"nesting_mode":"list","block":{"attributes":{"type":{"type":"string","description_kind":"plain","optional":true},"value":{"type":"string","description_kind":"plain","optional":true}},"description_kind":"plain"},"max_items":1},"simple_characteristic":{"nesting_mode":"list","block":{"attributes":{"type":{"type":"string","description_kind":"plain","optional":true}},"description_kind":"plain"},"max_items":1}},"description_kind":"plain"}},"condition":{"nesting_mode":"list","block":{"block_types":{"authority":{"nesting_mode":"list","block":{"block_types":{"authorities":{"nesting_mode":"list","block":{"attributes":{"exact_match":{"type":"string","description_kind":"plain","optional":true},"exact_not_match":{"type":"string","description_kind":"plain","optional":true},"pire_regex_match":{"type":"string","description_kind":"plain","optional":true},"pire_regex_not_match":{"type":"string","description_kind":"plain","optional":true},"prefix_match":{"type":"string","description_kind":"plain","optional":true},"prefix_not_match":{"type":"string","description_kind":"plain","optional":true}},"description_kind":"plain"}}},"description_kind":"plain"},"max_items":1},"headers":{"nesting_mode":"list","block":{"attributes":{"name":{"type":"string","description_kind":"plain","optional":true}},"block_types":{"value":{"nesting_mode":"list","block":{"attributes":{"exact_match":{"type":"string","description_kind":"plain","optional":true},"exact_not_match":{"type":"string","description_kind":"plain","optional":true},"pire_regex_match":{"type":"string","description_kind":"plain","optional":true},"pire_regex_not_match":{"type":"string","description_kind":"plain","optional":true},"prefix_match":{"type":"string","description_kind":"plain","optional":true},"prefix_not_match":{"type":"string","description_kind":"plain","optional":true}},"description_kind":"plain"},"min_items":1,"max_items":1}},"description_kind":"plain"}},"http_method":{"nesting_mode":"list","block":{"block_types":{"http_methods":{"nesting_mode":"list","block":{"attributes":{"exact_match":{"type":"string","description_kind":"plain","optional":true},"exact_not_match":{"type":"string","description_kind":"plain","optional":true},"pire_regex_match":{"type":"string","description_kind":"plain","optional":true},"pire_regex_not_match":{"type":"string","description_kind":"plain","optional":true},"prefix_match":{"type":"string","description_kind":"plain","optional":true},"prefix_not_match":{"type":"string","description_kind":"plain","optional":true}},"description_kind":"plain"}}},"description_kind":"plain"},"max_items":1},"request_uri":{"nesting_mode":"list","block":{"block_types":{"path":{"nesting_mode":"list","block":{"attributes":{"exact_match":{"type":"string","description_kind":"plain","optional":true},"exact_not_match":{"type":"string","description_kind":"plain","optional":true},"pire_regex_match":{"type":"string","description_kind":"plain","optional":true},"pire_regex_not_match":{"type":"string","description_kind":"plain","optional":true},"prefix_match":{"type":"string","description_kind":"plain","optional":true},"prefix_not_match":{"type":"string","description_kind":"plain","optional":true}},"description_kind":"plain"},"max_items":1},"queries":{"nesting_mode":"list","block":{"attributes":{"key":{"type":"string","description_kind":"plain","required":true}},"block_types":{"value":{"nesting_mode":"list","block":{"attributes":{"exact_match":{"type":"string","description_kind":"plain","optional":true},"exact_not_match":{"type":"string","description_kind":"plain","optional":true},"pire_regex_match":{"type":"string","description_kind":"plain","optional":true},"pire_regex_not_match":{"type":"string","description_kind":"plain","optional":true},"prefix_match":{"type":"string","description_kind":"plain","optional":true},"prefix_not_match":{"type":"string","description_kind":"plain","optional":true}},"description_kind":"plain"},"min_items":1,"max_items":1}},"description_kind":"plain"}}},"description_kind":"plain"},"max_items":1},"source_ip":{"nesting_mode":"list","block":{"block_types":{"geo_ip_match":{"nesting_mode":"list","block":{"attributes":{"locations":{"type":["list","string"],"description_kind":"plain","optional":true}},"description_kind":"plain"},"max_items":1},"geo_ip_not_match":{"nesting_mode":"list","block":{"attributes":{"locations":{"type":["list","string"],"description_kind":"plain","optional":true}},"description_kind":"plain"},"max_items":1},"ip_ranges_match":{"nesting_mode":"list","block":{"attributes":{"ip_ranges":{"type":["list","string"],"description_kind":"plain","optional":true}},"description_kind":"plain"},"max_items":1},"ip_ranges_not_match":{"nesting_mode":"list","block":{"attributes":{"ip_ranges":{"type":["list","string"],"description_kind":"plain","optional":true}},"description_kind":"plain"},"max_items":1}},"description_kind":"plain"},"max_items":1}},"description_kind":"plain"},"max_items":1}},"description_kind":"plain"},"max_items":1},"static_quota":{"nesting_mode":"list","block":{"attributes":{"action":{"type":"string","description_kind":"plain","optional":true},"limit":{"type":"number","description_kind":"plain","optional":true},"period":{"type":"number","description_kind":"plain","optional":true}},"block_types":{"condition":{"nesting_mode":"list","block":{"block_types":{"authority":{"nesting_mode":"list","block":{"block_types":{"authorities":{"nesting_mode":"list","block":{"attributes":{"exact_match":{"type":"string","description_kind":"plain","optional":true},"exact_not_match":{"type":"string","description_kind":"plain","optional":true},"pire_regex_match":{"type":"string","description_kind":"plain","optional":true},"pire_regex_not_match":{"type":"string","description_kind":"plain","optional":true},"prefix_match":{"type":"string","description_kind":"plain","optional":true},"prefix_not_match":{"type":"string","description_kind":"plain","optional":true}},"description_kind":"plain"}}},"description_kind":"plain"},"max_items":1},"headers":{"nesting_mode":"list","block":{"attributes":{"name":{"type":"string","description_kind":"plain","optional":true}},"block_types":{"value":{"nesting_mode":"list","block":{"attributes":{"exact_match":{"type":"string","description_kind":"plain","optional":true},"exact_not_match":{"type":"string","description_kind":"plain","optional":true},"pire_regex_match":{"type":"string","description_kind":"plain","optional":true},"pire_regex_not_match":{"type":"string","description_kind":"plain","optional":true},"prefix_match":{"type":"string","description_kind":"plain","optional":true},"prefix_not_match":{"type":"string","description_kind":"plain","optional":true}},"description_kind":"plain"},"min_items":1,"max_items":1}},"description_kind":"plain"}},"http_method":{"nesting_mode":"list","block":{"block_types":{"http_methods":{"nesting_mode":"list","block":{"attributes":{"exact_match":{"type":"string","description_kind":"plain","optional":true},"exact_not_match":{"type":"string","description_kind":"plain","optional":true},"pire_regex_match":{"type":"string","description_kind":"plain","optional":true},"pire_regex_not_match":{"type":"string","description_kind":"plain","optional":true},"prefix_match":{"type":"string","description_kind":"plain","optional":true},"prefix_not_match":{"type":"string","description_kind":"plain","optional":true}},"description_kind":"plain"}}},"description_kind":"plain"},"max_items":1},"request_uri":{"nesting_mode":"list","block":{"block_types":{"path":{"nesting_mode":"list","block":{"attributes":{"exact_match":{"type":"string","description_kind":"plain","optional":true},"exact_not_match":{"type":"string","description_kind":"plain","optional":true},"pire_regex_match":{"type":"string","description_kind":"plain","optional":true},"pire_regex_not_match":{"type":"string","description_kind":"plain","optional":true},"prefix_match":{"type":"string","description_kind":"plain","optional":true},"prefix_not_match":{"type":"string","description_kind":"plain","optional":true}},"description_kind":"plain"},"max_items":1},"queries":{"nesting_mode":"list","block":{"attributes":{"key":{"type":"string","description_kind":"plain","required":true}},"block_types":{"value":{"nesting_mode":"list","block":{"attributes":{"exact_match":{"type":"string","description_kind":"plain","optional":true},"exact_not_match":{"type":"string","description_kind":"plain","optional":true},"pire_regex_match":{"type":"string","description_kind":"plain","optional":true},"pire_regex_not_match":{"type":"string","description_kind":"plain","optional":true},"prefix_match":{"type":"string","description_kind":"plain","optional":true},"prefix_not_match":{"type":"string","description_kind":"plain","optional":true}},"description_kind":"plain"},"min_items":1,"max_items":1}},"description_kind":"plain"}}},"description_kind":"plain"},"max_items":1},"source_ip":{"nesting_mode":"list","block":{"block_types":{"geo_ip_match":{"nesting_mode":"list","block":{"attributes":{"locations":{"type":["list","string"],"description_kind":"plain","optional":true}},"description_kind":"plain"},"max_items":1},"geo_ip_not_match":{"nesting_mode":"list","block":{"attributes":{"locations":{"type":["list","string"],"description_kind":"plain","optional":true}},"description_kind":"plain"},"max_items":1},"ip_ranges_match":{"nesting_mode":"list","block":{"attributes":{"ip_ranges":{"type":["list","string"],"description_kind":"plain","optional":true}},"description_kind":"plain"},"max_items":1},"ip_ranges_not_match":{"nesting_mode":"list","block":{"attributes":{"ip_ranges":{"type":["list","string"],"description_kind":"plain","optional":true}},"description_kind":"plain"},"max_items":1}},"description_kind":"plain"},"max_items":1}},"description_kind":"plain"},"max_items":1}},"description_kind":"plain"},"max_items":1}},"description_kind":"plain"}},"timeouts":{"nesting_mode":"single","block":{"attributes":{"create":{"type":"string","description_kind":"plain","optional":true},"delete":{"type":"string","description_kind":"plain","optional":true},"read":{"type":"string","description_kind":"plain","optional":true},"update":{"type":"string","description_kind":"plain","optional":true}},"description_kind":"plain"}}},"description_kind":"plain"}},"yandex_sws_security_profile":{"version":1,"block":{"attributes":{"advanced_rate_limiter_profile_id":{"type":"string","description_kind":"plain","optional":true},"captcha_id":{"type":"string","description_kind":"plain","optional":true},"cloud_id":{"type":"string","description_kind":"plain","optional":true,"computed":true},"created_at":{"type":"string","description_kind":"plain","computed":true},"default_action":{"type":"string","description_kind":"plain","optional":true},"description":{"type":"string","description_kind":"plain","optional":true},"folder_id":{"type":"string","description_kind":"plain","optional":true,"computed":true},"id":{"type":"string","description_kind":"plain","optional":true,"computed":true},"labels":{"type":["map","string"],"description_kind":"plain","optional":true},"name":{"type":"string","description_kind":"plain","optional":true}},"block_types":{"security_rule":{"nesting_mode":"list","block":{"attributes":{"description":{"type":"string","description_kind":"plain","optional":true},"dry_run":{"type":"bool","description_kind":"plain","optional":true},"name":{"type":"string","description_kind":"plain","optional":true},"priority":{"type":"number","description_kind":"plain","optional":true}},"block_types":{"rule_condition":{"nesting_mode":"list","block":{"attributes":{"action":{"type":"string","description_kind":"plain","optional":true}},"block_types":{"condition":{"nesting_mode":"list","block":{"block_types":{"authority":{"nesting_mode":"list","block":{"block_types":{"authorities":{"nesting_mode":"list","block":{"attributes":{"exact_match":{"type":"string","description_kind":"plain","optional":true},"exact_not_match":{"type":"string","description_kind":"plain","optional":true},"pire_regex_match":{"type":"string","description_kind":"plain","optional":true},"pire_regex_not_match":{"type":"string","description_kind":"plain","optional":true},"prefix_match":{"type":"string","description_kind":"plain","optional":true},"prefix_not_match":{"type":"string","description_kind":"plain","optional":true}},"description_kind":"plain"}}},"description_kind":"plain"},"max_items":1},"headers":{"nesting_mode":"list","block":{"attributes":{"name":{"type":"string","description_kind":"plain","optional":true}},"block_types":{"value":{"nesting_mode":"list","block":{"attributes":{"exact_match":{"type":"string","description_kind":"plain","optional":true},"exact_not_match":{"type":"string","description_kind":"plain","optional":true},"pire_regex_match":{"type":"string","description_kind":"plain","optional":true},"pire_regex_not_match":{"type":"string","description_kind":"plain","optional":true},"prefix_match":{"type":"string","description_kind":"plain","optional":true},"prefix_not_match":{"type":"string","description_kind":"plain","optional":true}},"description_kind":"plain"},"min_items":1,"max_items":1}},"description_kind":"plain"}},"http_method":{"nesting_mode":"list","block":{"block_types":{"http_methods":{"nesting_mode":"list","block":{"attributes":{"exact_match":{"type":"string","description_kind":"plain","optional":true},"exact_not_match":{"type":"string","description_kind":"plain","optional":true},"pire_regex_match":{"type":"string","description_kind":"plain","optional":true},"pire_regex_not_match":{"type":"string","description_kind":"plain","optional":true},"prefix_match":{"type":"string","description_kind":"plain","optional":true},"prefix_not_match":{"type":"string","description_kind":"plain","optional":true}},"description_kind":"plain"}}},"description_kind":"plain"},"max_items":1},"request_uri":{"nesting_mode":"list","block":{"block_types":{"path":{"nesting_mode":"list","block":{"attributes":{"exact_match":{"type":"string","description_kind":"plain","optional":true},"exact_not_match":{"type":"string","description_kind":"plain","optional":true},"pire_regex_match":{"type":"string","description_kind":"plain","optional":true},"pire_regex_not_match":{"type":"string","description_kind":"plain","optional":true},"prefix_match":{"type":"string","description_kind":"plain","optional":true},"prefix_not_match":{"type":"string","description_kind":"plain","optional":true}},"description_kind":"plain"},"max_items":1},"queries":{"nesting_mode":"list","block":{"attributes":{"key":{"type":"string","description_kind":"plain","required":true}},"block_types":{"value":{"nesting_mode":"list","block":{"attributes":{"exact_match":{"type":"string","description_kind":"plain","optional":true},"exact_not_match":{"type":"string","description_kind":"plain","optional":true},"pire_regex_match":{"type":"string","description_kind":"plain","optional":true},"pire_regex_not_match":{"type":"string","description_kind":"plain","optional":true},"prefix_match":{"type":"string","description_kind":"plain","optional":true},"prefix_not_match":{"type":"string","description_kind":"plain","optional":true}},"description_kind":"plain"},"min_items":1,"max_items":1}},"description_kind":"plain"}}},"description_kind":"plain"},"max_items":1},"source_ip":{"nesting_mode":"list","block":{"block_types":{"geo_ip_match":{"nesting_mode":"list","block":{"attributes":{"locations":{"type":["list","string"],"description_kind":"plain","optional":true}},"description_kind":"plain"},"max_items":1},"geo_ip_not_match":{"nesting_mode":"list","block":{"attributes":{"locations":{"type":["list","string"],"description_kind":"plain","optional":true}},"description_kind":"plain"},"max_items":1},"ip_ranges_match":{"nesting_mode":"list","block":{"attributes":{"ip_ranges":{"type":["list","string"],"description_kind":"plain","optional":true}},"description_kind":"plain"},"max_items":1},"ip_ranges_not_match":{"nesting_mode":"list","block":{"attributes":{"ip_ranges":{"type":["list","string"],"description_kind":"plain","optional":true}},"description_kind":"plain"},"max_items":1}},"description_kind":"plain"},"max_items":1}},"description_kind":"plain"},"max_items":1}},"description_kind":"plain"},"max_items":1},"smart_protection":{"nesting_mode":"list","block":{"attributes":{"mode":{"type":"string","description_kind":"plain","optional":true}},"block_types":{"condition":{"nesting_mode":"list","block":{"block_types":{"authority":{"nesting_mode":"list","block":{"block_types":{"authorities":{"nesting_mode":"list","block":{"attributes":{"exact_match":{"type":"string","description_kind":"plain","optional":true},"exact_not_match":{"type":"string","description_kind":"plain","optional":true},"pire_regex_match":{"type":"string","description_kind":"plain","optional":true},"pire_regex_not_match":{"type":"string","description_kind":"plain","optional":true},"prefix_match":{"type":"string","description_kind":"plain","optional":true},"prefix_not_match":{"type":"string","description_kind":"plain","optional":true}},"description_kind":"plain"}}},"description_kind":"plain"},"max_items":1},"headers":{"nesting_mode":"list","block":{"attributes":{"name":{"type":"string","description_kind":"plain","optional":true}},"block_types":{"value":{"nesting_mode":"list","block":{"attributes":{"exact_match":{"type":"string","description_kind":"plain","optional":true},"exact_not_match":{"type":"string","description_kind":"plain","optional":true},"pire_regex_match":{"type":"string","description_kind":"plain","optional":true},"pire_regex_not_match":{"type":"string","description_kind":"plain","optional":true},"prefix_match":{"type":"string","description_kind":"plain","optional":true},"prefix_not_match":{"type":"string","description_kind":"plain","optional":true}},"description_kind":"plain"},"min_items":1,"max_items":1}},"description_kind":"plain"}},"http_method":{"nesting_mode":"list","block":{"block_types":{"http_methods":{"nesting_mode":"list","block":{"attributes":{"exact_match":{"type":"string","description_kind":"plain","optional":true},"exact_not_match":{"type":"string","description_kind":"plain","optional":true},"pire_regex_match":{"type":"string","description_kind":"plain","optional":true},"pire_regex_not_match":{"type":"string","description_kind":"plain","optional":true},"prefix_match":{"type":"string","description_kind":"plain","optional":true},"prefix_not_match":{"type":"string","description_kind":"plain","optional":true}},"description_kind":"plain"}}},"description_kind":"plain"},"max_items":1},"request_uri":{"nesting_mode":"list","block":{"block_types":{"path":{"nesting_mode":"list","block":{"attributes":{"exact_match":{"type":"string","description_kind":"plain","optional":true},"exact_not_match":{"type":"string","description_kind":"plain","optional":true},"pire_regex_match":{"type":"string","description_kind":"plain","optional":true},"pire_regex_not_match":{"type":"string","description_kind":"plain","optional":true},"prefix_match":{"type":"string","description_kind":"plain","optional":true},"prefix_not_match":{"type":"string","description_kind":"plain","optional":true}},"description_kind":"plain"},"max_items":1},"queries":{"nesting_mode":"list","block":{"attributes":{"key":{"type":"string","description_kind":"plain","required":true}},"block_types":{"value":{"nesting_mode":"list","block":{"attributes":{"exact_match":{"type":"string","description_kind":"plain","optional":true},"exact_not_match":{"type":"string","description_kind":"plain","optional":true},"pire_regex_match":{"type":"string","description_kind":"plain","optional":true},"pire_regex_not_match":{"type":"string","description_kind":"plain","optional":true},"prefix_match":{"type":"string","description_kind":"plain","optional":true},"prefix_not_match":{"type":"string","description_kind":"plain","optional":true}},"description_kind":"plain"},"min_items":1,"max_items":1}},"description_kind":"plain"}}},"description_kind":"plain"},"max_items":1},"source_ip":{"nesting_mode":"list","block":{"block_types":{"geo_ip_match":{"nesting_mode":"list","block":{"attributes":{"locations":{"type":["list","string"],"description_kind":"plain","optional":true}},"description_kind":"plain"},"max_items":1},"geo_ip_not_match":{"nesting_mode":"list","block":{"attributes":{"locations":{"type":["list","string"],"description_kind":"plain","optional":true}},"description_kind":"plain"},"max_items":1},"ip_ranges_match":{"nesting_mode":"list","block":{"attributes":{"ip_ranges":{"type":["list","string"],"description_kind":"plain","optional":true}},"description_kind":"plain"},"max_items":1},"ip_ranges_not_match":{"nesting_mode":"list","block":{"attributes":{"ip_ranges":{"type":["list","string"],"description_kind":"plain","optional":true}},"description_kind":"plain"},"max_items":1}},"description_kind":"plain"},"max_items":1}},"description_kind":"plain"},"max_items":1}},"description_kind":"plain"},"max_items":1},"waf":{"nesting_mode":"list","block":{"attributes":{"mode":{"type":"string","description_kind":"plain","optional":true},"waf_profile_id":{"type":"string","description_kind":"plain","required":true}},"block_types":{"condition":{"nesting_mode":"list","block":{"block_types":{"authority":{"nesting_mode":"list","block":{"block_types":{"authorities":{"nesting_mode":"list","block":{"attributes":{"exact_match":{"type":"string","description_kind":"plain","optional":true},"exact_not_match":{"type":"string","description_kind":"plain","optional":true},"pire_regex_match":{"type":"string","description_kind":"plain","optional":true},"pire_regex_not_match":{"type":"string","description_kind":"plain","optional":true},"prefix_match":{"type":"string","description_kind":"plain","optional":true},"prefix_not_match":{"type":"string","description_kind":"plain","optional":true}},"description_kind":"plain"}}},"description_kind":"plain"},"max_items":1},"headers":{"nesting_mode":"list","block":{"attributes":{"name":{"type":"string","description_kind":"plain","optional":true}},"block_types":{"value":{"nesting_mode":"list","block":{"attributes":{"exact_match":{"type":"string","description_kind":"plain","optional":true},"exact_not_match":{"type":"string","description_kind":"plain","optional":true},"pire_regex_match":{"type":"string","description_kind":"plain","optional":true},"pire_regex_not_match":{"type":"string","description_kind":"plain","optional":true},"prefix_match":{"type":"string","description_kind":"plain","optional":true},"prefix_not_match":{"type":"string","description_kind":"plain","optional":true}},"description_kind":"plain"},"min_items":1,"max_items":1}},"description_kind":"plain"}},"http_method":{"nesting_mode":"list","block":{"block_types":{"http_methods":{"nesting_mode":"list","block":{"attributes":{"exact_match":{"type":"string","description_kind":"plain","optional":true},"exact_not_match":{"type":"string","description_kind":"plain","optional":true},"pire_regex_match":{"type":"string","description_kind":"plain","optional":true},"pire_regex_not_match":{"type":"string","description_kind":"plain","optional":true},"prefix_match":{"type":"string","description_kind":"plain","optional":true},"prefix_not_match":{"type":"string","description_kind":"plain","optional":true}},"description_kind":"plain"}}},"description_kind":"plain"},"max_items":1},"request_uri":{"nesting_mode":"list","block":{"block_types":{"path":{"nesting_mode":"list","block":{"attributes":{"exact_match":{"type":"string","description_kind":"plain","optional":true},"exact_not_match":{"type":"string","description_kind":"plain","optional":true},"pire_regex_match":{"type":"string","description_kind":"plain","optional":true},"pire_regex_not_match":{"type":"string","description_kind":"plain","optional":true},"prefix_match":{"type":"string","description_kind":"plain","optional":true},"prefix_not_match":{"type":"string","description_kind":"plain","optional":true}},"description_kind":"plain"},"max_items":1},"queries":{"nesting_mode":"list","block":{"attributes":{"key":{"type":"string","description_kind":"plain","required":true}},"block_types":{"value":{"nesting_mode":"list","block":{"attributes":{"exact_match":{"type":"string","description_kind":"plain","optional":true},"exact_not_match":{"type":"string","description_kind":"plain","optional":true},"pire_regex_match":{"type":"string","description_kind":"plain","optional":true},"pire_regex_not_match":{"type":"string","description_kind":"plain","optional":true},"prefix_match":{"type":"string","description_kind":"plain","optional":true},"prefix_not_match":{"type":"string","description_kind":"plain","optional":true}},"description_kind":"plain"},"min_items":1,"max_items":1}},"description_kind":"plain"}}},"description_kind":"plain"},"max_items":1},"source_ip":{"nesting_mode":"list","block":{"block_types":{"geo_ip_match":{"nesting_mode":"list","block":{"attributes":{"locations":{"type":["list","string"],"description_kind":"plain","optional":true}},"description_kind":"plain"},"max_items":1},"geo_ip_not_match":{"nesting_mode":"list","block":{"attributes":{"locations":{"type":["list","string"],"description_kind":"plain","optional":true}},"description_kind":"plain"},"max_items":1},"ip_ranges_match":{"nesting_mode":"list","block":{"attributes":{"ip_ranges":{"type":["list","string"],"description_kind":"plain","optional":true}},"description_kind":"plain"},"max_items":1},"ip_ranges_not_match":{"nesting_mode":"list","block":{"attributes":{"ip_ranges":{"type":["list","string"],"description_kind":"plain","optional":true}},"description_kind":"plain"},"max_items":1}},"description_kind":"plain"},"max_items":1}},"description_kind":"plain"},"max_items":1}},"description_kind":"plain"},"max_items":1}},"description_kind":"plain"}},"timeouts":{"nesting_mode":"single","block":{"attributes":{"create":{"type":"string","description_kind":"plain","optional":true},"delete":{"type":"string","description_kind":"plain","optional":true},"read":{"type":"string","description_kind":"plain","optional":true},"update":{"type":"string","description_kind":"plain","optional":true}},"description_kind":"plain"}}},"description_kind":"plain"}},"yandex_sws_waf_profile":{"version":1,"block":{"attributes":{"cloud_id":{"type":"string","description_kind":"plain","optional":true,"computed":true},"created_at":{"type":"string","description_kind":"plain","computed":true},"description":{"type":"string","description_kind":"plain","optional":true},"folder_id":{"type":"string","description_kind":"plain","optional":true,"computed":true},"id":{"type":"string","description_kind":"plain","optional":true,"computed":true},"labels":{"type":["map","string"],"description_kind":"plain","optional":true},"name":{"type":"string","description_kind":"plain","optional":true}},"block_types":{"analyze_request_body":{"nesting_mode":"list","block":{"attributes":{"is_enabled":{"type":"bool","description_kind":"plain","optional":true},"size_limit":{"type":"number","description_kind":"plain","optional":true},"size_limit_action":{"type":"string","description_kind":"plain","optional":true}},"description_kind":"plain"},"max_items":1},"core_rule_set":{"nesting_mode":"list","block":{"attributes":{"inbound_anomaly_score":{"type":"number","description_kind":"plain","optional":true},"paranoia_level":{"type":"number","description_kind":"plain","optional":true}},"block_types":{"rule_set":{"nesting_mode":"list","block":{"attributes":{"name":{"type":"string","description_kind":"plain","optional":true},"version":{"type":"string","description_kind":"plain","required":true}},"description_kind":"plain"},"min_items":1,"max_items":1}},"description_kind":"plain"},"max_items":1},"exclusion_rule":{"nesting_mode":"list","block":{"attributes":{"description":{"type":"string","description_kind":"plain","optional":true},"log_excluded":{"type":"bool","description_kind":"plain","optional":true},"name":{"type":"string","description_kind":"plain","optional":true}},"block_types":{"condition":{"nesting_mode":"list","block":{"block_types":{"authority":{"nesting_mode":"list","block":{"block_types":{"authorities":{"nesting_mode":"list","block":{"attributes":{"exact_match":{"type":"string","description_kind":"plain","optional":true},"exact_not_match":{"type":"string","description_kind":"plain","optional":true},"pire_regex_match":{"type":"string","description_kind":"plain","optional":true},"pire_regex_not_match":{"type":"string","description_kind":"plain","optional":true},"prefix_match":{"type":"string","description_kind":"plain","optional":true},"prefix_not_match":{"type":"string","description_kind":"plain","optional":true}},"description_kind":"plain"}}},"description_kind":"plain"},"max_items":1},"headers":{"nesting_mode":"list","block":{"attributes":{"name":{"type":"string","description_kind":"plain","optional":true}},"block_types":{"value":{"nesting_mode":"list","block":{"attributes":{"exact_match":{"type":"string","description_kind":"plain","optional":true},"exact_not_match":{"type":"string","description_kind":"plain","optional":true},"pire_regex_match":{"type":"string","description_kind":"plain","optional":true},"pire_regex_not_match":{"type":"string","description_kind":"plain","optional":true},"prefix_match":{"type":"string","description_kind":"plain","optional":true},"prefix_not_match":{"type":"string","description_kind":"plain","optional":true}},"description_kind":"plain"},"min_items":1,"max_items":1}},"description_kind":"plain"}},"http_method":{"nesting_mode":"list","block":{"block_types":{"http_methods":{"nesting_mode":"list","block":{"attributes":{"exact_match":{"type":"string","description_kind":"plain","optional":true},"exact_not_match":{"type":"string","description_kind":"plain","optional":true},"pire_regex_match":{"type":"string","description_kind":"plain","optional":true},"pire_regex_not_match":{"type":"string","description_kind":"plain","optional":true},"prefix_match":{"type":"string","description_kind":"plain","optional":true},"prefix_not_match":{"type":"string","description_kind":"plain","optional":true}},"description_kind":"plain"}}},"description_kind":"plain"},"max_items":1},"request_uri":{"nesting_mode":"list","block":{"block_types":{"path":{"nesting_mode":"list","block":{"attributes":{"exact_match":{"type":"string","description_kind":"plain","optional":true},"exact_not_match":{"type":"string","description_kind":"plain","optional":true},"pire_regex_match":{"type":"string","description_kind":"plain","optional":true},"pire_regex_not_match":{"type":"string","description_kind":"plain","optional":true},"prefix_match":{"type":"string","description_kind":"plain","optional":true},"prefix_not_match":{"type":"string","description_kind":"plain","optional":true}},"description_kind":"plain"},"max_items":1},"queries":{"nesting_mode":"list","block":{"attributes":{"key":{"type":"string","description_kind":"plain","required":true}},"block_types":{"value":{"nesting_mode":"list","block":{"attributes":{"exact_match":{"type":"string","description_kind":"plain","optional":true},"exact_not_match":{"type":"string","description_kind":"plain","optional":true},"pire_regex_match":{"type":"string","description_kind":"plain","optional":true},"pire_regex_not_match":{"type":"string","description_kind":"plain","optional":true},"prefix_match":{"type":"string","description_kind":"plain","optional":true},"prefix_not_match":{"type":"string","description_kind":"plain","optional":true}},"description_kind":"plain"},"min_items":1,"max_items":1}},"description_kind":"plain"}}},"description_kind":"plain"},"max_items":1},"source_ip":{"nesting_mode":"list","block":{"block_types":{"geo_ip_match":{"nesting_mode":"list","block":{"attributes":{"locations":{"type":["list","string"],"description_kind":"plain","optional":true}},"description_kind":"plain"},"max_items":1},"geo_ip_not_match":{"nesting_mode":"list","block":{"attributes":{"locations":{"type":["list","string"],"description_kind":"plain","optional":true}},"description_kind":"plain"},"max_items":1},"ip_ranges_match":{"nesting_mode":"list","block":{"attributes":{"ip_ranges":{"type":["list","string"],"description_kind":"plain","optional":true}},"description_kind":"plain"},"max_items":1},"ip_ranges_not_match":{"nesting_mode":"list","block":{"attributes":{"ip_ranges":{"type":["list","string"],"description_kind":"plain","optional":true}},"description_kind":"plain"},"max_items":1}},"description_kind":"plain"},"max_items":1}},"description_kind":"plain"},"max_items":1},"exclude_rules":{"nesting_mode":"list","block":{"attributes":{"exclude_all":{"type":"bool","description_kind":"plain","optional":true},"rule_ids":{"type":["list","string"],"description_kind":"plain","optional":true}},"description_kind":"plain"},"min_items":1,"max_items":1}},"description_kind":"plain"}},"rule":{"nesting_mode":"list","block":{"attributes":{"is_blocking":{"type":"bool","description_kind":"plain","optional":true},"is_enabled":{"type":"bool","description_kind":"plain","optional":true},"rule_id":{"type":"string","description_kind":"plain","required":true}},"description_kind":"plain"}},"timeouts":{"nesting_mode":"single","block":{"attributes":{"create":{"type":"string","description_kind":"plain","optional":true},"delete":{"type":"string","description_kind":"plain","optional":true},"read":{"type":"string","description_kind":"plain","optional":true},"update":{"type":"string","description_kind":"plain","optional":true}},"description_kind":"plain"}}},"description_kind":"plain"}},"yandex_vpc_address":{"version":0,"block":{"attributes":{"created_at":{"type":"string","description_kind":"plain","computed":true},"deletion_protection":{"type":"bool","description_kind":"plain","optional":true,"computed":true},"description":{"type":"string","description_kind":"plain","optional":true},"folder_id":{"type":"string","description_kind":"plain","optional":true,"computed":true},"id":{"type":"string","description_kind":"plain","optional":true,"computed":true},"labels":{"type":["map","string"],"description_kind":"plain","optional":true,"computed":true},"name":{"type":"string","description_kind":"plain","optional":true,"computed":true},"reserved":{"type":"bool","description_kind":"plain","computed":true},"used":{"type":"bool","description_kind":"plain","computed":true}},"block_types":{"dns_record":{"nesting_mode":"list","block":{"attributes":{"dns_zone_id":{"type":"string","description_kind":"plain","required":true},"fqdn":{"type":"string","description_kind":"plain","required":true},"ptr":{"type":"bool","description_kind":"plain","optional":true},"ttl":{"type":"number","description_kind":"plain","optional":true}},"description_kind":"plain"}},"external_ipv4_address":{"nesting_mode":"list","block":{"attributes":{"address":{"type":"string","description_kind":"plain","computed":true},"ddos_protection_provider":{"type":"string","description_kind":"plain","optional":true,"computed":true},"outgoing_smtp_capability":{"type":"string","description_kind":"plain","optional":true,"computed":true},"zone_id":{"type":"string","description_kind":"plain","optional":true,"computed":true}},"description_kind":"plain"},"max_items":1},"timeouts":{"nesting_mode":"single","block":{"attributes":{"create":{"type":"string","description_kind":"plain","optional":true},"delete":{"type":"string","description_kind":"plain","optional":true},"update":{"type":"string","description_kind":"plain","optional":true}},"description_kind":"plain"}}},"description_kind":"plain"}},"yandex_vpc_default_security_group":{"version":0,"block":{"attributes":{"created_at":{"type":"string","description_kind":"plain","computed":true},"description":{"type":"string","description_kind":"plain","optional":true},"folder_id":{"type":"string","description_kind":"plain","optional":true,"computed":true},"id":{"type":"string","description_kind":"plain","optional":true,"computed":true},"labels":{"type":["map","string"],"description_kind":"plain","optional":true,"computed":true},"name":{"type":"string","description_kind":"plain","computed":true},"network_id":{"type":"string","description_kind":"plain","required":true},"status":{"type":"string","description_kind":"plain","computed":true}},"block_types":{"egress":{"nesting_mode":"set","block":{"attributes":{"description":{"type":"string","description_kind":"plain","optional":true},"from_port":{"type":"number","description_kind":"plain","optional":true},"id":{"type":"string","description_kind":"plain","computed":true},"labels":{"type":["map","string"],"description_kind":"plain","optional":true,"computed":true},"port":{"type":"number","description_kind":"plain","optional":true},"predefined_target":{"type":"string","description_kind":"plain","optional":true},"protocol":{"type":"string","description_kind":"plain","required":true},"security_group_id":{"type":"string","description_kind":"plain","optional":true},"to_port":{"type":"number","description_kind":"plain","optional":true},"v4_cidr_blocks":{"type":["list","string"],"description_kind":"plain","optional":true},"v6_cidr_blocks":{"type":["list","string"],"description_kind":"plain","optional":true}},"description_kind":"plain"}},"ingress":{"nesting_mode":"set","block":{"attributes":{"description":{"type":"string","description_kind":"plain","optional":true},"from_port":{"type":"number","description_kind":"plain","optional":true},"id":{"type":"string","description_kind":"plain","computed":true},"labels":{"type":["map","string"],"description_kind":"plain","optional":true,"computed":true},"port":{"type":"number","description_kind":"plain","optional":true},"predefined_target":{"type":"string","description_kind":"plain","optional":true},"protocol":{"type":"string","description_kind":"plain","required":true},"security_group_id":{"type":"string","description_kind":"plain","optional":true},"to_port":{"type":"number","description_kind":"plain","optional":true},"v4_cidr_blocks":{"type":["list","string"],"description_kind":"plain","optional":true},"v6_cidr_blocks":{"type":["list","string"],"description_kind":"plain","optional":true}},"description_kind":"plain"}},"timeouts":{"nesting_mode":"single","block":{"attributes":{"create":{"type":"string","description_kind":"plain","optional":true},"delete":{"type":"string","description_kind":"plain","optional":true},"read":{"type":"string","description_kind":"plain","optional":true},"update":{"type":"string","description_kind":"plain","optional":true}},"description_kind":"plain"}}},"description_kind":"plain"}},"yandex_vpc_gateway":{"version":0,"block":{"attributes":{"created_at":{"type":"string","description_kind":"plain","computed":true},"description":{"type":"string","description_kind":"plain","optional":true},"folder_id":{"type":"string","description_kind":"plain","optional":true,"computed":true},"id":{"type":"string","description_kind":"plain","optional":true,"computed":true},"labels":{"type":["map","string"],"description_kind":"plain","optional":true,"computed":true},"name":{"type":"string","description_kind":"plain","optional":true,"computed":true}},"block_types":{"shared_egress_gateway":{"nesting_mode":"list","block":{"description_kind":"plain"},"max_items":1},"timeouts":{"nesting_mode":"single","block":{"attributes":{"create":{"type":"string","description_kind":"plain","optional":true},"delete":{"type":"string","description_kind":"plain","optional":true},"update":{"type":"string","description_kind":"plain","optional":true}},"description_kind":"plain"}}},"description_kind":"plain"}},"yandex_vpc_network":{"version":0,"block":{"attributes":{"created_at":{"type":"string","description_kind":"plain","computed":true},"default_security_group_id":{"type":"string","description_kind":"plain","computed":true},"description":{"type":"string","description_kind":"plain","optional":true},"folder_id":{"type":"string","description_kind":"plain","optional":true,"computed":true},"id":{"type":"string","description_kind":"plain","optional":true,"computed":true},"labels":{"type":["map","string"],"description_kind":"plain","optional":true,"computed":true},"name":{"type":"string","description_kind":"plain","optional":true,"computed":true},"subnet_ids":{"type":["list","string"],"description_kind":"plain","computed":true}},"block_types":{"timeouts":{"nesting_mode":"single","block":{"attributes":{"create":{"type":"string","description_kind":"plain","optional":true},"delete":{"type":"string","description_kind":"plain","optional":true},"update":{"type":"string","description_kind":"plain","optional":true}},"description_kind":"plain"}}},"description_kind":"plain"}},"yandex_vpc_private_endpoint":{"version":0,"block":{"attributes":{"created_at":{"type":"string","description_kind":"plain","computed":true},"description":{"type":"string","description_kind":"plain","optional":true},"folder_id":{"type":"string","description_kind":"plain","optional":true,"computed":true},"id":{"type":"string","description_kind":"plain","optional":true,"computed":true},"labels":{"type":["map","string"],"description_kind":"plain","optional":true,"computed":true},"name":{"type":"string","description_kind":"plain","optional":true,"computed":true},"network_id":{"type":"string","description_kind":"plain","required":true},"status":{"type":"string","description_kind":"plain","computed":true}},"block_types":{"dns_options":{"nesting_mode":"list","block":{"attributes":{"private_dns_records_enabled":{"type":"bool","description_kind":"plain","optional":true,"computed":true}},"description_kind":"plain"},"max_items":1},"endpoint_address":{"nesting_mode":"list","block":{"attributes":{"address":{"type":"string","description_kind":"plain","optional":true,"computed":true},"address_id":{"type":"string","description_kind":"plain","optional":true,"computed":true},"subnet_id":{"type":"string","description_kind":"plain","optional":true,"computed":true}},"description_kind":"plain"},"max_items":1},"object_storage":{"nesting_mode":"list","block":{"description_kind":"plain"},"min_items":1,"max_items":1},"timeouts":{"nesting_mode":"single","block":{"attributes":{"create":{"type":"string","description_kind":"plain","optional":true},"delete":{"type":"string","description_kind":"plain","optional":true},"update":{"type":"string","description_kind":"plain","optional":true}},"description_kind":"plain"}}},"description_kind":"plain"}},"yandex_vpc_route_table":{"version":0,"block":{"attributes":{"created_at":{"type":"string","description_kind":"plain","computed":true},"description":{"type":"string","description_kind":"plain","optional":true},"folder_id":{"type":"string","description_kind":"plain","optional":true,"computed":true},"id":{"type":"string","description_kind":"plain","optional":true,"computed":true},"labels":{"type":["map","string"],"description_kind":"plain","optional":true,"computed":true},"name":{"type":"string","description_kind":"plain","optional":true},"network_id":{"type":"string","description_kind":"plain","required":true}},"block_types":{"static_route":{"nesting_mode":"set","block":{"attributes":{"destination_prefix":{"type":"string","description_kind":"plain","optional":true},"gateway_id":{"type":"string","description_kind":"plain","optional":true},"next_hop_address":{"type":"string","description_kind":"plain","optional":true}},"description_kind":"plain"}},"timeouts":{"nesting_mode":"single","block":{"attributes":{"create":{"type":"string","description_kind":"plain","optional":true},"delete":{"type":"string","description_kind":"plain","optional":true},"update":{"type":"string","description_kind":"plain","optional":true}},"description_kind":"plain"}}},"description_kind":"plain"}},"yandex_vpc_security_group":{"version":0,"block":{"attributes":{"created_at":{"type":"string","description_kind":"plain","computed":true},"description":{"type":"string","description_kind":"plain","optional":true},"folder_id":{"type":"string","description_kind":"plain","optional":true,"computed":true},"id":{"type":"string","description_kind":"plain","optional":true,"computed":true},"labels":{"type":["map","string"],"description_kind":"plain","optional":true,"computed":true},"name":{"type":"string","description_kind":"plain","optional":true},"network_id":{"type":"string","description_kind":"plain","required":true},"status":{"type":"string","description_kind":"plain","computed":true}},"block_types":{"egress":{"nesting_mode":"set","block":{"attributes":{"description":{"type":"string","description_kind":"plain","optional":true},"from_port":{"type":"number","description_kind":"plain","optional":true},"id":{"type":"string","description_kind":"plain","computed":true},"labels":{"type":["map","string"],"description_kind":"plain","optional":true,"computed":true},"port":{"type":"number","description_kind":"plain","optional":true},"predefined_target":{"type":"string","description_kind":"plain","optional":true},"protocol":{"type":"string","description_kind":"plain","required":true},"security_group_id":{"type":"string","description_kind":"plain","optional":true},"to_port":{"type":"number","description_kind":"plain","optional":true},"v4_cidr_blocks":{"type":["list","string"],"description_kind":"plain","optional":true},"v6_cidr_blocks":{"type":["list","string"],"description_kind":"plain","optional":true}},"description_kind":"plain"}},"ingress":{"nesting_mode":"set","block":{"attributes":{"description":{"type":"string","description_kind":"plain","optional":true},"from_port":{"type":"number","description_kind":"plain","optional":true},"id":{"type":"string","description_kind":"plain","computed":true},"labels":{"type":["map","string"],"description_kind":"plain","optional":true,"computed":true},"port":{"type":"number","description_kind":"plain","optional":true},"predefined_target":{"type":"string","description_kind":"plain","optional":true},"protocol":{"type":"string","description_kind":"plain","required":true},"security_group_id":{"type":"string","description_kind":"plain","optional":true},"to_port":{"type":"number","description_kind":"plain","optional":true},"v4_cidr_blocks":{"type":["list","string"],"description_kind":"plain","optional":true},"v6_cidr_blocks":{"type":["list","string"],"description_kind":"plain","optional":true}},"description_kind":"plain"}},"timeouts":{"nesting_mode":"single","block":{"attributes":{"create":{"type":"string","description_kind":"plain","optional":true},"delete":{"type":"string","description_kind":"plain","optional":true},"update":{"type":"string","description_kind":"plain","optional":true}},"description_kind":"plain"}}},"description_kind":"plain"}},"yandex_vpc_security_group_rule":{"version":0,"block":{"attributes":{"description":{"type":"string","description_kind":"plain","optional":true},"direction":{"type":"string","description_kind":"plain","required":true},"from_port":{"type":"number","description_kind":"plain","optional":true},"id":{"type":"string","description_kind":"plain","optional":true,"computed":true},"labels":{"type":["map","string"],"description_kind":"plain","optional":true,"computed":true},"port":{"type":"number","description_kind":"plain","optional":true},"predefined_target":{"type":"string","description_kind":"plain","optional":true},"protocol":{"type":"string","description_kind":"plain","optional":true},"security_group_binding":{"type":"string","description_kind":"plain","required":true},"security_group_id":{"type":"string","description_kind":"plain","optional":true},"to_port":{"type":"number","description_kind":"plain","optional":true},"v4_cidr_blocks":{"type":["list","string"],"description_kind":"plain","optional":true},"v6_cidr_blocks":{"type":["list","string"],"description_kind":"plain","optional":true}},"block_types":{"timeouts":{"nesting_mode":"single","block":{"attributes":{"create":{"type":"string","description_kind":"plain","optional":true},"delete":{"type":"string","description_kind":"plain","optional":true},"read":{"type":"string","description_kind":"plain","optional":true},"update":{"type":"string","description_kind":"plain","optional":true}},"description_kind":"plain"}}},"description_kind":"plain"}},"yandex_vpc_subnet":{"version":0,"block":{"attributes":{"created_at":{"type":"string","description_kind":"plain","computed":true},"description":{"type":"string","description_kind":"plain","optional":true},"folder_id":{"type":"string","description_kind":"plain","optional":true,"computed":true},"id":{"type":"string","description_kind":"plain","optional":true,"computed":true},"labels":{"type":["map","string"],"description_kind":"plain","optional":true,"computed":true},"name":{"type":"string","description_kind":"plain","optional":true,"computed":true},"network_id":{"type":"string","description_kind":"plain","required":true},"route_table_id":{"type":"string","description_kind":"plain","optional":true},"v4_cidr_blocks":{"type":["list","string"],"description_kind":"plain","required":true},"v6_cidr_blocks":{"type":["list","string"],"description_kind":"plain","computed":true},"zone":{"type":"string","description_kind":"plain","optional":true,"computed":true}},"block_types":{"dhcp_options":{"nesting_mode":"list","block":{"attributes":{"domain_name":{"type":"string","description_kind":"plain","optional":true},"domain_name_servers":{"type":["list","string"],"description_kind":"plain","optional":true},"ntp_servers":{"type":["list","string"],"description_kind":"plain","optional":true}},"description_kind":"plain"},"max_items":1},"timeouts":{"nesting_mode":"single","block":{"attributes":{"create":{"type":"string","description_kind":"plain","optional":true},"delete":{"type":"string","description_kind":"plain","optional":true},"update":{"type":"string","description_kind":"plain","optional":true}},"description_kind":"plain"}}},"description_kind":"plain"}},"yandex_ydb_database_dedicated":{"version":0,"block":{"attributes":{"assign_public_ips":{"type":"bool","description_kind":"plain","optional":true},"created_at":{"type":"string","description_kind":"plain","computed":true},"database_path":{"type":"string","description_kind":"plain","computed":true},"deletion_protection":{"type":"bool","description_kind":"plain","optional":true},"description":{"type":"string","description_kind":"plain","optional":true},"folder_id":{"type":"string","description_kind":"plain","optional":true,"computed":true},"id":{"type":"string","description_kind":"plain","optional":true,"computed":true},"labels":{"type":["map","string"],"description_kind":"plain","optional":true},"location_id":{"type":"string","description_kind":"plain","optional":true,"computed":true},"name":{"type":"string","description_kind":"plain","required":true},"network_id":{"type":"string","description_kind":"plain","required":true},"resource_preset_id":{"type":"string","description_kind":"plain","required":true},"sleep_after":{"type":"number","description_kind":"plain","optional":true},"status":{"type":"string","description_kind":"plain","computed":true},"subnet_ids":{"type":["set","string"],"description_kind":"plain","required":true},"tls_enabled":{"type":"bool","description_kind":"plain","computed":true},"ydb_api_endpoint":{"type":"string","description_kind":"plain","computed":true},"ydb_full_endpoint":{"type":"string","description_kind":"plain","computed":true}},"block_types":{"location":{"nesting_mode":"list","block":{"block_types":{"region":{"nesting_mode":"list","block":{"attributes":{"id":{"type":"string","description_kind":"plain","required":true}},"description_kind":"plain"},"max_items":1}},"description_kind":"plain"},"max_items":1},"scale_policy":{"nesting_mode":"list","block":{"block_types":{"fixed_scale":{"nesting_mode":"list","block":{"attributes":{"size":{"type":"number","description_kind":"plain","required":true}},"description_kind":"plain"},"min_items":1,"max_items":1}},"description_kind":"plain"},"min_items":1,"max_items":1},"storage_config":{"nesting_mode":"list","block":{"attributes":{"group_count":{"type":"number","description_kind":"plain","required":true},"storage_type_id":{"type":"string","description_kind":"plain","required":true}},"description_kind":"plain"},"min_items":1,"max_items":1},"timeouts":{"nesting_mode":"single","block":{"attributes":{"default":{"type":"string","description_kind":"plain","optional":true}},"description_kind":"plain"}}},"description_kind":"plain"}},"yandex_ydb_database_iam_binding":{"version":0,"block":{"attributes":{"database_id":{"type":"string","description_kind":"plain","required":true},"id":{"type":"string","description_kind":"plain","optional":true,"computed":true},"members":{"type":["set","string"],"description_kind":"plain","required":true},"role":{"type":"string","description_kind":"plain","required":true},"sleep_after":{"type":"number","description_kind":"plain","optional":true}},"block_types":{"timeouts":{"nesting_mode":"single","block":{"attributes":{"default":{"type":"string","description_kind":"plain","optional":true}},"description_kind":"plain"}}},"description_kind":"plain"}},"yandex_ydb_database_serverless":{"version":0,"block":{"attributes":{"created_at":{"type":"string","description_kind":"plain","computed":true},"database_path":{"type":"string","description_kind":"plain","computed":true},"deletion_protection":{"type":"bool","description_kind":"plain","optional":true},"description":{"type":"string","description_kind":"plain","optional":true},"document_api_endpoint":{"type":"string","description_kind":"plain","computed":true},"folder_id":{"type":"string","description_kind":"plain","optional":true,"computed":true},"id":{"type":"string","description_kind":"plain","optional":true,"computed":true},"labels":{"type":["map","string"],"description_kind":"plain","optional":true},"location_id":{"type":"string","description_kind":"plain","optional":true,"computed":true},"name":{"type":"string","description_kind":"plain","required":true},"sleep_after":{"type":"number","description_kind":"plain","optional":true},"status":{"type":"string","description_kind":"plain","computed":true},"tls_enabled":{"type":"bool","description_kind":"plain","computed":true},"ydb_api_endpoint":{"type":"string","description_kind":"plain","computed":true},"ydb_full_endpoint":{"type":"string","description_kind":"plain","computed":true}},"block_types":{"serverless_database":{"nesting_mode":"set","block":{"attributes":{"enable_throttling_rcu_limit":{"type":"bool","description_kind":"plain","optional":true,"computed":true},"provisioned_rcu_limit":{"type":"number","description_kind":"plain","optional":true,"computed":true},"storage_size_limit":{"type":"number","description_kind":"plain","optional":true,"computed":true},"throttling_rcu_limit":{"type":"number","description_kind":"plain","optional":true,"computed":true}},"description_kind":"plain"}},"timeouts":{"nesting_mode":"single","block":{"attributes":{"default":{"type":"string","description_kind":"plain","optional":true}},"description_kind":"plain"}}},"description_kind":"plain"}},"yandex_ydb_table":{"version":0,"block":{"attributes":{"attributes":{"type":["map","string"],"description_kind":"plain","optional":true,"computed":true},"connection_string":{"type":"string","description_kind":"plain","required":true},"id":{"type":"string","description_kind":"plain","optional":true,"computed":true},"key_bloom_filter":{"type":"bool","description_kind":"plain","optional":true,"computed":true},"path":{"type":"string","description_kind":"plain","required":true},"primary_key":{"type":["list","string"],"description_kind":"plain","required":true},"read_replicas_settings":{"type":"string","description_kind":"plain","optional":true,"computed":true}},"block_types":{"column":{"nesting_mode":"set","block":{"attributes":{"family":{"type":"string","description_kind":"plain","optional":true,"computed":true},"name":{"type":"string","description_kind":"plain","required":true},"not_null":{"type":"bool","description_kind":"plain","optional":true,"computed":true},"type":{"type":"string","description_kind":"plain","required":true}},"description_kind":"plain"},"min_items":1},"family":{"nesting_mode":"list","block":{"attributes":{"compression":{"type":"string","description_kind":"plain","required":true},"data":{"type":"string","description_kind":"plain","required":true},"name":{"type":"string","description_kind":"plain","required":true}},"description_kind":"plain"}},"partitioning_settings":{"nesting_mode":"list","block":{"attributes":{"auto_partitioning_by_load":{"type":"bool","description_kind":"plain","optional":true},"auto_partitioning_by_size_enabled":{"type":"bool","description_kind":"plain","optional":true},"auto_partitioning_max_partitions_count":{"type":"number","description_kind":"plain","optional":true,"computed":true},"auto_partitioning_min_partitions_count":{"type":"number","description_kind":"plain","optional":true,"computed":true},"auto_partitioning_partition_size_mb":{"type":"number","description_kind":"plain","optional":true,"computed":true},"uniform_partitions":{"type":"number","description_kind":"plain","optional":true,"computed":true}},"block_types":{"partition_at_keys":{"nesting_mode":"list","block":{"attributes":{"keys":{"type":["list","string"],"description_kind":"plain","required":true}},"description_kind":"plain"}}},"description_kind":"plain"},"max_items":1},"timeouts":{"nesting_mode":"single","block":{"attributes":{"create":{"type":"string","description_kind":"plain","optional":true},"default":{"type":"string","description_kind":"plain","optional":true},"delete":{"type":"string","description_kind":"plain","optional":true},"read":{"type":"string","description_kind":"plain","optional":true},"update":{"type":"string","description_kind":"plain","optional":true}},"description_kind":"plain"}},"ttl":{"nesting_mode":"set","block":{"attributes":{"column_name":{"type":"string","description_kind":"plain","required":true},"expire_interval":{"type":"string","description_kind":"plain","required":true},"unit":{"type":"string","description_kind":"plain","optional":true,"computed":true}},"description_kind":"plain"},"max_items":1}},"description_kind":"plain"}},"yandex_ydb_table_changefeed":{"version":0,"block":{"attributes":{"connection_string":{"type":"string","description_kind":"plain","optional":true,"computed":true},"format":{"type":"string","description_kind":"plain","required":true},"id":{"type":"string","description_kind":"plain","optional":true,"computed":true},"mode":{"type":"string","description_kind":"plain","required":true},"name":{"type":"string","description_kind":"plain","required":true},"retention_period":{"type":"string","description_kind":"plain","optional":true},"table_id":{"type":"string","description_kind":"plain","optional":true,"computed":true},"table_path":{"type":"string","description_kind":"plain","optional":true,"computed":true},"virtual_timestamps":{"type":"bool","description_kind":"plain","optional":true}},"block_types":{"consumer":{"nesting_mode":"set","block":{"attributes":{"important":{"type":"bool","description_kind":"plain","optional":true,"computed":true},"name":{"type":"string","description_kind":"plain","required":true},"starting_message_timestamp_ms":{"type":"number","description_kind":"plain","optional":true,"computed":true},"supported_codecs":{"type":["set","string"],"description_kind":"plain","optional":true,"computed":true}},"description_kind":"plain"}},"timeouts":{"nesting_mode":"single","block":{"attributes":{"create":{"type":"string","description_kind":"plain","optional":true},"default":{"type":"string","description_kind":"plain","optional":true},"delete":{"type":"string","description_kind":"plain","optional":true},"read":{"type":"string","description_kind":"plain","optional":true},"update":{"type":"string","description_kind":"plain","optional":true}},"description_kind":"plain"}}},"description_kind":"plain"}},"yandex_ydb_table_index":{"version":0,"block":{"attributes":{"columns":{"type":["list","string"],"description_kind":"plain","required":true},"connection_string":{"type":"string","description_kind":"plain","optional":true,"computed":true},"cover":{"type":["list","string"],"description_kind":"plain","optional":true},"id":{"type":"string","description_kind":"plain","optional":true,"computed":true},"name":{"type":"string","description_kind":"plain","required":true},"table_id":{"type":"string","description_kind":"plain","optional":true,"computed":true},"table_path":{"type":"string","description_kind":"plain","optional":true,"computed":true},"type":{"type":"string","description_kind":"plain","required":true}},"block_types":{"timeouts":{"nesting_mode":"single","block":{"attributes":{"create":{"type":"string","description_kind":"plain","optional":true},"default":{"type":"string","description_kind":"plain","optional":true},"delete":{"type":"string","description_kind":"plain","optional":true},"read":{"type":"string","description_kind":"plain","optional":true},"update":{"type":"string","description_kind":"plain","optional":true}},"description_kind":"plain"}}},"description_kind":"plain"}},"yandex_ydb_topic":{"version":0,"block":{"attributes":{"database_endpoint":{"type":"string","description_kind":"plain","required":true},"description":{"type":"string","description_kind":"plain","optional":true},"id":{"type":"string","description_kind":"plain","optional":true,"computed":true},"metering_mode":{"type":"string","description_kind":"plain","optional":true,"computed":true},"name":{"type":"string","description_kind":"plain","required":true},"partition_write_speed_kbps":{"type":"number","description_kind":"plain","optional":true,"computed":true},"partitions_count":{"type":"number","description_kind":"plain","optional":true,"computed":true},"retention_period_hours":{"type":"number","description_kind":"plain","optional":true,"computed":true},"retention_storage_mb":{"type":"number","description_kind":"plain","optional":true,"computed":true},"supported_codecs":{"type":["set","string"],"description_kind":"plain","optional":true,"computed":true}},"block_types":{"consumer":{"nesting_mode":"set","block":{"attributes":{"important":{"type":"bool","description_kind":"plain","optional":true,"computed":true},"name":{"type":"string","description_kind":"plain","required":true},"starting_message_timestamp_ms":{"type":"number","description_kind":"plain","optional":true,"computed":true},"supported_codecs":{"type":["set","string"],"description_kind":"plain","optional":true,"computed":true}},"description_kind":"plain"}},"timeouts":{"nesting_mode":"single","block":{"attributes":{"create":{"type":"string","description_kind":"plain","optional":true},"default":{"type":"string","description_kind":"plain","optional":true},"delete":{"type":"string","description_kind":"plain","optional":true},"read":{"type":"string","description_kind":"plain","optional":true},"update":{"type":"string","description_kind":"plain","optional":true}},"description_kind":"plain"}}},"description_kind":"plain"}}},"data_source_schemas":{"yandex_alb_backend_group":{"version":0,"block":{"attributes":{"backend_group_id":{"type":"string","description_kind":"plain","optional":true,"computed":true},"created_at":{"type":"string","description_kind":"plain","computed":true},"description":{"type":"string","description_kind":"plain","optional":true,"computed":true},"folder_id":{"type":"string","description_kind":"plain","optional":true,"computed":true},"id":{"type":"string","description_kind":"plain","optional":true,"computed":true},"labels":{"type":["map","string"],"description_kind":"plain","optional":true,"computed":true},"name":{"type":"string","description_kind":"plain","optional":true,"computed":true}},"block_types":{"grpc_backend":{"nesting_mode":"list","block":{"attributes":{"name":{"type":"string","description_kind":"plain","computed":true},"port":{"type":"number","description_kind":"plain","optional":true,"computed":true},"target_group_ids":{"type":["list","string"],"description_kind":"plain","computed":true},"weight":{"type":"number","description_kind":"plain","optional":true,"computed":true}},"block_types":{"healthcheck":{"nesting_mode":"list","block":{"attributes":{"healthcheck_port":{"type":"number","description_kind":"plain","optional":true,"computed":true},"healthy_threshold":{"type":"number","description_kind":"plain","optional":true,"computed":true},"interval":{"type":"string","description_kind":"plain","computed":true},"interval_jitter_percent":{"type":"number","description_kind":"plain","optional":true,"computed":true},"timeout":{"type":"string","description_kind":"plain","computed":true},"unhealthy_threshold":{"type":"number","description_kind":"plain","optional":true,"computed":true}},"block_types":{"grpc_healthcheck":{"nesting_mode":"list","block":{"attributes":{"service_name":{"type":"string","description_kind":"plain","optional":true,"computed":true}},"description_kind":"plain"},"max_items":1},"http_healthcheck":{"nesting_mode":"list","block":{"attributes":{"host":{"type":"string","description_kind":"plain","optional":true,"computed":true},"http2":{"type":"bool","description_kind":"plain","optional":true,"computed":true},"path":{"type":"string","description_kind":"plain","computed":true}},"description_kind":"plain"},"max_items":1},"stream_healthcheck":{"nesting_mode":"list","block":{"attributes":{"receive":{"type":"string","description_kind":"plain","optional":true,"computed":true},"send":{"type":"string","description_kind":"plain","optional":true,"computed":true}},"description_kind":"plain"},"max_items":1}},"description_kind":"plain"},"max_items":1},"load_balancing_config":{"nesting_mode":"list","block":{"attributes":{"locality_aware_routing_percent":{"type":"number","description_kind":"plain","optional":true,"computed":true},"mode":{"type":"string","description_kind":"plain","optional":true,"computed":true},"panic_threshold":{"type":"number","description_kind":"plain","optional":true,"computed":true},"strict_locality":{"type":"bool","description_kind":"plain","optional":true,"computed":true}},"description_kind":"plain"},"max_items":1},"tls":{"nesting_mode":"list","block":{"attributes":{"sni":{"type":"string","description_kind":"plain","optional":true,"computed":true}},"block_types":{"validation_context":{"nesting_mode":"list","block":{"attributes":{"trusted_ca_bytes":{"type":"string","description_kind":"plain","optional":true,"computed":true},"trusted_ca_id":{"type":"string","description_kind":"plain","optional":true,"computed":true}},"description_kind":"plain"},"max_items":1}},"description_kind":"plain"},"max_items":1}},"description_kind":"plain"}},"http_backend":{"nesting_mode":"list","block":{"attributes":{"http2":{"type":"bool","description_kind":"plain","optional":true,"computed":true},"name":{"type":"string","description_kind":"plain","computed":true},"port":{"type":"number","description_kind":"plain","optional":true,"computed":true},"storage_bucket":{"type":"string","description_kind":"plain","optional":true,"computed":true},"target_group_ids":{"type":["list","string"],"description_kind":"plain","optional":true,"computed":true},"weight":{"type":"number","description_kind":"plain","optional":true,"computed":true}},"block_types":{"healthcheck":{"nesting_mode":"list","block":{"attributes":{"healthcheck_port":{"type":"number","description_kind":"plain","optional":true,"computed":true},"healthy_threshold":{"type":"number","description_kind":"plain","optional":true,"computed":true},"interval":{"type":"string","description_kind":"plain","computed":true},"interval_jitter_percent":{"type":"number","description_kind":"plain","optional":true,"computed":true},"timeout":{"type":"string","description_kind":"plain","computed":true},"unhealthy_threshold":{"type":"number","description_kind":"plain","optional":true,"computed":true}},"block_types":{"grpc_healthcheck":{"nesting_mode":"list","block":{"attributes":{"service_name":{"type":"string","description_kind":"plain","optional":true,"computed":true}},"description_kind":"plain"},"max_items":1},"http_healthcheck":{"nesting_mode":"list","block":{"attributes":{"host":{"type":"string","description_kind":"plain","optional":true,"computed":true},"http2":{"type":"bool","description_kind":"plain","optional":true,"computed":true},"path":{"type":"string","description_kind":"plain","computed":true}},"description_kind":"plain"},"max_items":1},"stream_healthcheck":{"nesting_mode":"list","block":{"attributes":{"receive":{"type":"string","description_kind":"plain","optional":true,"computed":true},"send":{"type":"string","description_kind":"plain","optional":true,"computed":true}},"description_kind":"plain"},"max_items":1}},"description_kind":"plain"},"max_items":1},"load_balancing_config":{"nesting_mode":"list","block":{"attributes":{"locality_aware_routing_percent":{"type":"number","description_kind":"plain","optional":true,"computed":true},"mode":{"type":"string","description_kind":"plain","optional":true,"computed":true},"panic_threshold":{"type":"number","description_kind":"plain","optional":true,"computed":true},"strict_locality":{"type":"bool","description_kind":"plain","optional":true,"computed":true}},"description_kind":"plain"},"max_items":1},"tls":{"nesting_mode":"list","block":{"attributes":{"sni":{"type":"string","description_kind":"plain","optional":true,"computed":true}},"block_types":{"validation_context":{"nesting_mode":"list","block":{"attributes":{"trusted_ca_bytes":{"type":"string","description_kind":"plain","optional":true,"computed":true},"trusted_ca_id":{"type":"string","description_kind":"plain","optional":true,"computed":true}},"description_kind":"plain"},"max_items":1}},"description_kind":"plain"},"max_items":1}},"description_kind":"plain"}},"session_affinity":{"nesting_mode":"list","block":{"block_types":{"connection":{"nesting_mode":"list","block":{"attributes":{"source_ip":{"type":"bool","description":"Use source IP address","description_kind":"plain","optional":true,"computed":true}},"description":"IP address affinity","description_kind":"plain"},"max_items":1},"cookie":{"nesting_mode":"list","block":{"attributes":{"name":{"type":"string","description":"Name of the HTTP cookie","description_kind":"plain","computed":true},"ttl":{"type":"string","description":"TTL for the cookie (if not set, session cookie will be used)","description_kind":"plain","optional":true,"computed":true}},"description":"Cookie affinity","description_kind":"plain"},"max_items":1},"header":{"nesting_mode":"list","block":{"attributes":{"header_name":{"type":"string","description":"The name of the request header that will be used","description_kind":"plain","optional":true,"computed":true}},"description":"Request header affinity","description_kind":"plain"},"max_items":1}},"description_kind":"plain"},"max_items":1},"stream_backend":{"nesting_mode":"list","block":{"attributes":{"enable_proxy_protocol":{"type":"bool","description_kind":"plain","optional":true,"computed":true},"name":{"type":"string","description_kind":"plain","computed":true},"port":{"type":"number","description_kind":"plain","optional":true,"computed":true},"target_group_ids":{"type":["list","string"],"description_kind":"plain","computed":true},"weight":{"type":"number","description_kind":"plain","optional":true,"computed":true}},"block_types":{"healthcheck":{"nesting_mode":"list","block":{"attributes":{"healthcheck_port":{"type":"number","description_kind":"plain","optional":true,"computed":true},"healthy_threshold":{"type":"number","description_kind":"plain","optional":true,"computed":true},"interval":{"type":"string","description_kind":"plain","computed":true},"interval_jitter_percent":{"type":"number","description_kind":"plain","optional":true,"computed":true},"timeout":{"type":"string","description_kind":"plain","computed":true},"unhealthy_threshold":{"type":"number","description_kind":"plain","optional":true,"computed":true}},"block_types":{"grpc_healthcheck":{"nesting_mode":"list","block":{"attributes":{"service_name":{"type":"string","description_kind":"plain","optional":true,"computed":true}},"description_kind":"plain"},"max_items":1},"http_healthcheck":{"nesting_mode":"list","block":{"attributes":{"host":{"type":"string","description_kind":"plain","optional":true,"computed":true},"http2":{"type":"bool","description_kind":"plain","optional":true,"computed":true},"path":{"type":"string","description_kind":"plain","computed":true}},"description_kind":"plain"},"max_items":1},"stream_healthcheck":{"nesting_mode":"list","block":{"attributes":{"receive":{"type":"string","description_kind":"plain","optional":true,"computed":true},"send":{"type":"string","description_kind":"plain","optional":true,"computed":true}},"description_kind":"plain"},"max_items":1}},"description_kind":"plain"},"max_items":1},"load_balancing_config":{"nesting_mode":"list","block":{"attributes":{"locality_aware_routing_percent":{"type":"number","description_kind":"plain","optional":true,"computed":true},"mode":{"type":"string","description_kind":"plain","optional":true,"computed":true},"panic_threshold":{"type":"number","description_kind":"plain","optional":true,"computed":true},"strict_locality":{"type":"bool","description_kind":"plain","optional":true,"computed":true}},"description_kind":"plain"},"max_items":1},"tls":{"nesting_mode":"list","block":{"attributes":{"sni":{"type":"string","description_kind":"plain","optional":true,"computed":true}},"block_types":{"validation_context":{"nesting_mode":"list","block":{"attributes":{"trusted_ca_bytes":{"type":"string","description_kind":"plain","optional":true,"computed":true},"trusted_ca_id":{"type":"string","description_kind":"plain","optional":true,"computed":true}},"description_kind":"plain"},"max_items":1}},"description_kind":"plain"},"max_items":1}},"description_kind":"plain"}}},"description_kind":"plain"}},"yandex_alb_http_router":{"version":0,"block":{"attributes":{"created_at":{"type":"string","description_kind":"plain","computed":true},"description":{"type":"string","description_kind":"plain","optional":true,"computed":true},"folder_id":{"type":"string","description_kind":"plain","optional":true,"computed":true},"http_router_id":{"type":"string","description_kind":"plain","optional":true,"computed":true},"id":{"type":"string","description_kind":"plain","optional":true,"computed":true},"labels":{"type":["map","string"],"description_kind":"plain","computed":true},"name":{"type":"string","description_kind":"plain","optional":true,"computed":true},"route_options":{"type":["list",["object",{"rbac":["list",["object",{"action":"string","principals":["list",["object",{"and_principals":["list",["object",{"any":"bool","headers":["list",["object",{"name":"string","value":["list",["object",{"exact":"string","prefix":"string","regex":"string"}]]}]],"remote_ip":"string"}]]}]]}]],"security_profile_id":"string"}]],"description_kind":"plain","computed":true}},"description_kind":"plain"}},"yandex_alb_load_balancer":{"version":0,"block":{"attributes":{"allocation_policy":{"type":["list",["object",{"location":["set",["object",{"disable_traffic":"bool","subnet_id":"string","zone_id":"string"}]]}]],"description_kind":"plain","computed":true},"created_at":{"type":"string","description_kind":"plain","computed":true},"description":{"type":"string","description_kind":"plain","computed":true},"folder_id":{"type":"string","description_kind":"plain","computed":true},"id":{"type":"string","description_kind":"plain","optional":true,"computed":true},"labels":{"type":["map","string"],"description_kind":"plain","computed":true},"listener":{"type":["list",["object",{"endpoint":["list",["object",{"address":["list",["object",{"external_ipv4_address":["list",["object",{"address":"string"}]],"external_ipv6_address":["list",["object",{"address":"string"}]],"internal_ipv4_address":["list",["object",{"address":"string","subnet_id":"string"}]]}]],"ports":["list","number"]}]],"http":["list",["object",{"handler":["list",["object",{"allow_http10":"bool","http2_options":["list",["object",{"max_concurrent_streams":"number"}]],"http_router_id":"string","rewrite_request_id":"bool"}]],"redirects":["list",["object",{"http_to_https":"bool"}]]}]],"name":"string","stream":["list",["object",{"handler":["list",["object",{"backend_group_id":"string"}]]}]],"tls":["list",["object",{"default_handler":["list",["object",{"certificate_ids":["set","string"],"http_handler":["list",["object",{"allow_http10":"bool","http2_options":["list",["object",{"max_concurrent_streams":"number"}]],"http_router_id":"string","rewrite_request_id":"bool"}]],"stream_handler":["list",["object",{"backend_group_id":"string"}]]}]],"sni_handler":["list",["object",{"handler":["list",["object",{"certificate_ids":["set","string"],"http_handler":["list",["object",{"allow_http10":"bool","http2_options":["list",["object",{"max_concurrent_streams":"number"}]],"http_router_id":"string","rewrite_request_id":"bool"}]],"stream_handler":["list",["object",{"backend_group_id":"string"}]]}]],"name":"string","server_names":["set","string"]}]]}]]}]],"description_kind":"plain","computed":true},"load_balancer_id":{"type":"string","description_kind":"plain","optional":true,"computed":true},"log_group_id":{"type":"string","description_kind":"plain","computed":true},"log_options":{"type":["list",["object",{"disable":"bool","discard_rule":["list",["object",{"discard_percent":"number","grpc_codes":["list","string"],"http_code_intervals":["list","string"],"http_codes":["list","number"]}]],"log_group_id":"string"}]],"description_kind":"plain","computed":true},"name":{"type":"string","description_kind":"plain","optional":true,"computed":true},"network_id":{"type":"string","description_kind":"plain","computed":true},"region_id":{"type":"string","description_kind":"plain","computed":true},"security_group_ids":{"type":["set","string"],"description_kind":"plain","computed":true},"status":{"type":"string","description_kind":"plain","computed":true}},"block_types":{"timeouts":{"nesting_mode":"single","block":{"attributes":{"create":{"type":"string","description_kind":"plain","optional":true},"delete":{"type":"string","description_kind":"plain","optional":true},"update":{"type":"string","description_kind":"plain","optional":true}},"description_kind":"plain"}}},"description_kind":"plain"}},"yandex_alb_target_group":{"version":0,"block":{"attributes":{"created_at":{"type":"string","description_kind":"plain","computed":true},"description":{"type":"string","description_kind":"plain","optional":true,"computed":true},"folder_id":{"type":"string","description_kind":"plain","optional":true,"computed":true},"id":{"type":"string","description_kind":"plain","optional":true,"computed":true},"labels":{"type":["map","string"],"description_kind":"plain","computed":true},"name":{"type":"string","description_kind":"plain","optional":true,"computed":true},"target":{"type":["list",["object",{"ip_address":"string","private_ipv4_address":"bool","subnet_id":"string"}]],"description_kind":"plain","computed":true},"target_group_id":{"type":"string","description_kind":"plain","optional":true,"computed":true}},"description_kind":"plain"}},"yandex_alb_virtual_host":{"version":0,"block":{"attributes":{"authority":{"type":["set","string"],"description_kind":"plain","computed":true},"http_router_id":{"type":"string","description_kind":"plain","optional":true,"computed":true},"id":{"type":"string","description_kind":"plain","optional":true,"computed":true},"modify_request_headers":{"type":["list",["object",{"append":"string","name":"string","remove":"bool","replace":"string"}]],"description_kind":"plain","computed":true},"modify_response_headers":{"type":["list",["object",{"append":"string","name":"string","remove":"bool","replace":"string"}]],"description_kind":"plain","computed":true},"name":{"type":"string","description_kind":"plain","optional":true,"computed":true},"route":{"type":["list",["object",{"grpc_route":["list",["object",{"grpc_match":["list",["object",{"fqmn":["list",["object",{"exact":"string","prefix":"string","regex":"string"}]]}]],"grpc_route_action":["list",["object",{"auto_host_rewrite":"bool","backend_group_id":"string","host_rewrite":"string","idle_timeout":"string","max_timeout":"string"}]],"grpc_status_response_action":["list",["object",{"status":"string"}]]}]],"http_route":["list",["object",{"direct_response_action":["list",["object",{"body":"string","status":"number"}]],"http_match":["list",["object",{"http_method":["set","string"],"path":["list",["object",{"exact":"string","prefix":"string","regex":"string"}]]}]],"http_route_action":["list",["object",{"auto_host_rewrite":"bool","backend_group_id":"string","host_rewrite":"string","idle_timeout":"string","prefix_rewrite":"string","timeout":"string","upgrade_types":["set","string"]}]],"redirect_action":["list",["object",{"remove_query":"bool","replace_host":"string","replace_path":"string","replace_port":"number","replace_prefix":"string","replace_scheme":"string","response_code":"string"}]]}]],"name":"string","route_options":["list",["object",{"rbac":["list",["object",{"action":"string","principals":["list",["object",{"and_principals":["list",["object",{"any":"bool","headers":["list",["object",{"name":"string","value":["list",["object",{"exact":"string","prefix":"string","regex":"string"}]]}]],"remote_ip":"string"}]]}]]}]],"security_profile_id":"string"}]]}]],"description_kind":"plain","computed":true},"route_options":{"type":["list",["object",{"rbac":["list",["object",{"action":"string","principals":["list",["object",{"and_principals":["list",["object",{"any":"bool","headers":["list",["object",{"name":"string","value":["list",["object",{"exact":"string","prefix":"string","regex":"string"}]]}]],"remote_ip":"string"}]]}]]}]],"security_profile_id":"string"}]],"description_kind":"plain","computed":true},"virtual_host_id":{"type":"string","description_kind":"plain","optional":true,"computed":true}},"description_kind":"plain"}},"yandex_api_gateway":{"version":0,"block":{"attributes":{"api_gateway_id":{"type":"string","description_kind":"plain","optional":true},"created_at":{"type":"string","description_kind":"plain","computed":true},"description":{"type":"string","description_kind":"plain","computed":true},"domain":{"type":"string","description_kind":"plain","computed":true},"execution_timeout":{"type":"string","description_kind":"plain","optional":true,"computed":true},"folder_id":{"type":"string","description_kind":"plain","optional":true},"id":{"type":"string","description_kind":"plain","optional":true,"computed":true},"labels":{"type":["map","string"],"description_kind":"plain","computed":true},"log_group_id":{"type":"string","description_kind":"plain","computed":true},"log_options":{"type":["list",["object",{"disabled":"bool","folder_id":"string","log_group_id":"string","min_level":"string"}]],"description_kind":"plain","computed":true},"name":{"type":"string","description_kind":"plain","optional":true},"status":{"type":"string","description_kind":"plain","computed":true},"user_domains":{"type":["set","string"],"description_kind":"plain","deprecated":true,"computed":true},"variables":{"type":["map","string"],"description_kind":"plain","optional":true}},"block_types":{"canary":{"nesting_mode":"list","block":{"attributes":{"variables":{"type":["map","string"],"description_kind":"plain","optional":true},"weight":{"type":"number","description_kind":"plain","optional":true}},"description_kind":"plain"},"max_items":1},"connectivity":{"nesting_mode":"list","block":{"attributes":{"network_id":{"type":"string","description_kind":"plain","required":true}},"description_kind":"plain"},"max_items":1},"custom_domains":{"nesting_mode":"set","block":{"attributes":{"certificate_id":{"type":"string","description_kind":"plain","required":true},"domain_id":{"type":"string","description_kind":"plain","optional":true,"computed":true},"fqdn":{"type":"string","description_kind":"plain","required":true}},"description_kind":"plain"}}},"description_kind":"plain"}},"yandex_audit_trails_trail":{"version":1,"block":{"attributes":{"data_stream_destination":{"type":["list",["object",{"database_id":"string","stream_name":"string"}]],"description_kind":"plain","computed":true},"description":{"type":"string","description_kind":"plain","computed":true},"filter":{"type":["set",["object",{"event_filters":["list",["object",{"categories":["list",["object",{"plane":"string","type":"string"}]],"path_filter":["list",["object",{"any_filter":["list",["object",{"resource_id":"string","resource_type":"string"}]],"some_filter":["list",["object",{"any_filters":["list",["object",{"resource_id":"string","resource_type":"string"}]],"resource_id":"string","resource_type":"string"}]]}]],"service":"string"}]],"path_filter":["list",["object",{"any_filter":["list",["object",{"resource_id":"string","resource_type":"string"}]],"some_filter":["list",["object",{"any_filters":["list",["object",{"resource_id":"string","resource_type":"string"}]],"resource_id":"string","resource_type":"string"}]]}]]}]],"description_kind":"plain","deprecated":true,"computed":true},"filtering_policy":{"type":["list",["object",{"data_events_filter":["list",["object",{"excluded_events":["list","string"],"included_events":["list","string"],"resource_scope":["list",["object",{"resource_id":"string","resource_type":"string"}]],"service":"string"}]],"management_events_filter":["list",["object",{"resource_scope":["list",["object",{"resource_id":"string","resource_type":"string"}]]}]]}]],"description_kind":"plain","computed":true},"folder_id":{"type":"string","description_kind":"plain","computed":true},"id":{"type":"string","description_kind":"plain","optional":true,"computed":true},"labels":{"type":["map","string"],"description_kind":"plain","computed":true},"logging_destination":{"type":["list",["object",{"log_group_id":"string"}]],"description_kind":"plain","computed":true},"name":{"type":"string","description_kind":"plain","computed":true},"service_account_id":{"type":"string","description_kind":"plain","computed":true},"status":{"type":"string","description_kind":"plain","computed":true},"storage_destination":{"type":["list",["object",{"bucket_name":"string","object_prefix":"string"}]],"description_kind":"plain","computed":true},"trail_id":{"type":"string","description_kind":"plain","required":true}},"description_kind":"plain"}},"yandex_backup_policy":{"version":0,"block":{"attributes":{"archive_name":{"type":"string","description_kind":"plain","computed":true},"cbt":{"type":"string","description_kind":"plain","computed":true},"compression":{"type":"string","description_kind":"plain","computed":true},"created_at":{"type":"string","description_kind":"plain","computed":true},"enabled":{"type":"bool","description_kind":"plain","computed":true},"fast_backup_enabled":{"type":"bool","description_kind":"plain","computed":true},"folder_id":{"type":"string","description_kind":"plain","computed":true},"format":{"type":"string","description_kind":"plain","computed":true},"id":{"type":"string","description_kind":"plain","optional":true,"computed":true},"multi_volume_snapshotting_enabled":{"type":"bool","description_kind":"plain","computed":true},"name":{"type":"string","description_kind":"plain","optional":true,"computed":true},"performance_window_enabled":{"type":"bool","description_kind":"plain","computed":true},"policy_id":{"type":"string","description_kind":"plain","optional":true,"computed":true},"preserve_file_security_settings":{"type":"bool","description_kind":"plain","computed":true},"quiesce_snapshotting_enabled":{"type":"bool","description_kind":"plain","computed":true},"reattempts":{"type":["set",["object",{"enabled":"bool","interval":"string","max_attempts":"number"}]],"description_kind":"plain","computed":true},"retention":{"type":["set",["object",{"after_backup":"bool","rules":["set",["object",{"max_age":"string","max_count":"number","repeat_period":["list","string"]}]]}]],"description_kind":"plain","computed":true},"scheduling":{"type":["set",["object",{"backup_sets":["set",["object",{"execute_by_interval":"number","execute_by_time":["set",["object",{"include_last_day_of_month":"bool","monthdays":["list","number"],"months":["list","number"],"repeat_at":["list","string"],"repeat_every":"string","type":"string","weekdays":["list","string"]}]],"type":"string"}]],"enabled":"bool","max_parallel_backups":"number","random_max_delay":"string","scheme":"string","weekly_backup_day":"string"}]],"description_kind":"plain","computed":true},"silent_mode_enabled":{"type":"bool","description_kind":"plain","computed":true},"splitting_bytes":{"type":"string","description_kind":"plain","computed":true},"updated_at":{"type":"string","description_kind":"plain","computed":true},"vm_snapshot_reattempts":{"type":["set",["object",{"enabled":"bool","interval":"string","max_attempts":"number"}]],"description_kind":"plain","computed":true},"vss_provider":{"type":"string","description_kind":"plain","computed":true}},"description_kind":"plain"}},"yandex_billing_cloud_binding":{"version":0,"block":{"attributes":{"billing_account_id":{"type":"string","description_kind":"plain","required":true},"cloud_id":{"type":"string","description_kind":"plain","required":true},"id":{"type":"string","description":"Service generated identifier for the thing.","description_kind":"markdown","computed":true}},"description_kind":"plain"}},"yandex_cdn_origin_group":{"version":0,"block":{"attributes":{"folder_id":{"type":"string","description_kind":"plain","optional":true,"computed":true},"id":{"type":"string","description_kind":"plain","optional":true,"computed":true},"name":{"type":"string","description_kind":"plain","optional":true,"computed":true},"origin":{"type":["set",["object",{"backup":"bool","enabled":"bool","origin_group_id":"number","source":"string"}]],"description_kind":"plain","computed":true},"origin_group_id":{"type":"number","description_kind":"plain","optional":true,"computed":true},"use_next":{"type":"bool","description_kind":"plain","computed":true}},"description_kind":"plain"}},"yandex_cdn_resource":{"version":0,"block":{"attributes":{"active":{"type":"bool","description_kind":"plain","optional":true},"cname":{"type":"string","description_kind":"plain","optional":true,"computed":true},"created_at":{"type":"string","description_kind":"plain","computed":true},"folder_id":{"type":"string","description_kind":"plain","optional":true,"computed":true},"id":{"type":"string","description_kind":"plain","optional":true,"computed":true},"origin_group_id":{"type":"number","description_kind":"plain","optional":true},"origin_group_name":{"type":"string","description_kind":"plain","optional":true},"origin_protocol":{"type":"string","description_kind":"plain","optional":true},"provider_cname":{"type":"string","description_kind":"plain","computed":true},"resource_id":{"type":"string","description_kind":"plain","optional":true,"computed":true},"secondary_hostnames":{"type":["set","string"],"description_kind":"plain","optional":true},"updated_at":{"type":"string","description_kind":"plain","optional":true,"computed":true}},"block_types":{"options":{"nesting_mode":"list","block":{"attributes":{"allowed_http_methods":{"type":["list","string"],"description_kind":"plain","optional":true,"computed":true},"browser_cache_settings":{"type":"number","description_kind":"plain","optional":true,"computed":true},"cache_http_headers":{"type":["list","string"],"description_kind":"plain","optional":true,"computed":true},"cors":{"type":["list","string"],"description_kind":"plain","optional":true,"computed":true},"custom_host_header":{"type":"string","description_kind":"plain","optional":true,"computed":true},"custom_server_name":{"type":"string","description_kind":"plain","optional":true,"computed":true},"disable_cache":{"type":"bool","description_kind":"plain","optional":true,"computed":true},"disable_proxy_force_ranges":{"type":"bool","description_kind":"plain","optional":true,"computed":true},"edge_cache_settings":{"type":"number","description_kind":"plain","optional":true,"computed":true},"enable_ip_url_signing":{"type":"bool","description_kind":"plain","optional":true,"computed":true},"fetched_compressed":{"type":"bool","description_kind":"plain","optional":true,"computed":true},"forward_host_header":{"type":"bool","description_kind":"plain","optional":true,"computed":true},"gzip_on":{"type":"bool","description_kind":"plain","optional":true,"computed":true},"ignore_cookie":{"type":"bool","description_kind":"plain","optional":true,"computed":true},"ignore_query_params":{"type":"bool","description_kind":"plain","optional":true,"computed":true},"proxy_cache_methods_set":{"type":"bool","description_kind":"plain","optional":true,"computed":true},"query_params_blacklist":{"type":["list","string"],"description_kind":"plain","optional":true,"computed":true},"query_params_whitelist":{"type":["list","string"],"description_kind":"plain","optional":true,"computed":true},"redirect_http_to_https":{"type":"bool","description_kind":"plain","optional":true,"computed":true},"redirect_https_to_http":{"type":"bool","description_kind":"plain","optional":true,"computed":true},"secure_key":{"type":"string","description_kind":"plain","optional":true,"computed":true},"slice":{"type":"bool","description_kind":"plain","optional":true,"computed":true},"static_request_headers":{"type":["map","string"],"description_kind":"plain","optional":true,"computed":true},"static_response_headers":{"type":["map","string"],"description_kind":"plain","optional":true,"computed":true}},"block_types":{"ip_address_acl":{"nesting_mode":"list","block":{"attributes":{"excepted_values":{"type":["list","string"],"description_kind":"plain","optional":true,"computed":true},"policy_type":{"type":"string","description_kind":"plain","optional":true,"computed":true}},"description_kind":"plain"},"max_items":1}},"description_kind":"plain"},"max_items":1},"ssl_certificate":{"nesting_mode":"set","block":{"attributes":{"certificate_manager_id":{"type":"string","description_kind":"plain","optional":true},"status":{"type":"string","description_kind":"plain","computed":true},"type":{"type":"string","description_kind":"plain","required":true}},"description_kind":"plain"},"max_items":1}},"description_kind":"plain"}},"yandex_client_config":{"version":0,"block":{"attributes":{"cloud_id":{"type":"string","description_kind":"plain","computed":true},"folder_id":{"type":"string","description_kind":"plain","computed":true},"iam_token":{"type":"string","description_kind":"plain","computed":true,"sensitive":true},"id":{"type":"string","description_kind":"plain","optional":true,"computed":true},"zone":{"type":"string","description_kind":"plain","computed":true}},"description_kind":"plain"}},"yandex_cm_certificate":{"version":1,"block":{"attributes":{"certificate_id":{"type":"string","description_kind":"plain","optional":true,"computed":true},"challenges":{"type":["list",["object",{"created_at":"string","dns_name":"string","dns_type":"string","dns_value":"string","domain":"string","http_content":"string","http_url":"string","message":"string","type":"string","updated_at":"string"}]],"description_kind":"plain","computed":true},"created_at":{"type":"string","description_kind":"plain","computed":true},"deletion_protection":{"type":"bool","description_kind":"plain","computed":true},"description":{"type":"string","description_kind":"plain","optional":true,"computed":true},"domains":{"type":["list","string"],"description_kind":"plain","computed":true},"folder_id":{"type":"string","description_kind":"plain","optional":true,"computed":true},"id":{"type":"string","description_kind":"plain","optional":true,"computed":true},"issued_at":{"type":"string","description_kind":"plain","computed":true},"issuer":{"type":"string","description_kind":"plain","computed":true},"labels":{"type":["map","string"],"description_kind":"plain","optional":true,"computed":true},"name":{"type":"string","description_kind":"plain","optional":true,"computed":true},"not_after":{"type":"string","description_kind":"plain","computed":true},"not_before":{"type":"string","description_kind":"plain","computed":true},"serial":{"type":"string","description_kind":"plain","computed":true},"status":{"type":"string","description_kind":"plain","computed":true},"subject":{"type":"string","description_kind":"plain","computed":true},"type":{"type":"string","description_kind":"plain","computed":true},"updated_at":{"type":"string","description_kind":"plain","computed":true},"wait_validation":{"type":"bool","description_kind":"plain","optional":true}},"description_kind":"plain"}},"yandex_cm_certificate_content":{"version":1,"block":{"attributes":{"certificate_id":{"type":"string","description_kind":"plain","optional":true},"certificates":{"type":["list","string"],"description_kind":"plain","computed":true},"folder_id":{"type":"string","description_kind":"plain","optional":true},"id":{"type":"string","description_kind":"plain","optional":true,"computed":true},"name":{"type":"string","description_kind":"plain","optional":true},"private_key":{"type":"string","description_kind":"plain","computed":true,"sensitive":true},"private_key_format":{"type":"string","description_kind":"plain","optional":true},"wait_validation":{"type":"bool","description_kind":"plain","optional":true}},"description_kind":"plain"}},"yandex_compute_disk":{"version":0,"block":{"attributes":{"block_size":{"type":"number","description_kind":"plain","computed":true},"created_at":{"type":"string","description_kind":"plain","computed":true},"description":{"type":"string","description_kind":"plain","computed":true},"disk_id":{"type":"string","description_kind":"plain","optional":true,"computed":true},"folder_id":{"type":"string","description_kind":"plain","optional":true,"computed":true},"hardware_generation":{"type":["list",["object",{"generation2_features":["list",["object",{}]],"legacy_features":["list",["object",{"pci_topology":"string"}]]}]],"description_kind":"plain","computed":true},"id":{"type":"string","description_kind":"plain","optional":true,"computed":true},"image_id":{"type":"string","description_kind":"plain","computed":true},"instance_ids":{"type":["list","string"],"description_kind":"plain","computed":true},"labels":{"type":["map","string"],"description_kind":"plain","computed":true},"name":{"type":"string","description_kind":"plain","optional":true,"computed":true},"product_ids":{"type":["list","string"],"description_kind":"plain","computed":true},"size":{"type":"number","description_kind":"plain","computed":true},"snapshot_id":{"type":"string","description_kind":"plain","computed":true},"status":{"type":"string","description_kind":"plain","computed":true},"type":{"type":"string","description_kind":"plain","computed":true},"zone":{"type":"string","description_kind":"plain","computed":true}},"block_types":{"disk_placement_policy":{"nesting_mode":"list","block":{"attributes":{"disk_placement_group_id":{"type":"string","description_kind":"plain","required":true}},"description_kind":"plain"},"max_items":1}},"description_kind":"plain"}},"yandex_compute_disk_placement_group":{"version":0,"block":{"attributes":{"created_at":{"type":"string","description_kind":"plain","computed":true},"description":{"type":"string","description_kind":"plain","optional":true},"folder_id":{"type":"string","description_kind":"plain","optional":true,"computed":true},"group_id":{"type":"string","description_kind":"plain","optional":true,"computed":true},"id":{"type":"string","description_kind":"plain","optional":true,"computed":true},"labels":{"type":["map","string"],"description_kind":"plain","optional":true},"name":{"type":"string","description_kind":"plain","optional":true},"status":{"type":"string","description_kind":"plain","computed":true},"zone":{"type":"string","description_kind":"plain","optional":true}},"description_kind":"plain"}},"yandex_compute_filesystem":{"version":0,"block":{"attributes":{"block_size":{"type":"number","description_kind":"plain","computed":true},"created_at":{"type":"string","description_kind":"plain","computed":true},"description":{"type":"string","description_kind":"plain","computed":true},"filesystem_id":{"type":"string","description_kind":"plain","optional":true,"computed":true},"folder_id":{"type":"string","description_kind":"plain","optional":true,"computed":true},"id":{"type":"string","description_kind":"plain","optional":true,"computed":true},"labels":{"type":["map","string"],"description_kind":"plain","computed":true},"name":{"type":"string","description_kind":"plain","optional":true,"computed":true},"size":{"type":"number","description_kind":"plain","computed":true},"status":{"type":"string","description_kind":"plain","computed":true},"type":{"type":"string","description_kind":"plain","computed":true},"zone":{"type":"string","description_kind":"plain","computed":true}},"description_kind":"plain"}},"yandex_compute_gpu_cluster":{"version":0,"block":{"attributes":{"created_at":{"type":"string","description_kind":"plain","computed":true},"description":{"type":"string","description_kind":"plain","computed":true},"folder_id":{"type":"string","description_kind":"plain","optional":true,"computed":true},"gpu_cluster_id":{"type":"string","description_kind":"plain","optional":true,"computed":true},"id":{"type":"string","description_kind":"plain","optional":true,"computed":true},"interconnect_type":{"type":"string","description_kind":"plain","computed":true},"labels":{"type":["map","string"],"description_kind":"plain","computed":true},"name":{"type":"string","description_kind":"plain","optional":true,"computed":true},"status":{"type":"string","description_kind":"plain","computed":true},"zone":{"type":"string","description_kind":"plain","computed":true}},"description_kind":"plain"}},"yandex_compute_image":{"version":0,"block":{"attributes":{"created_at":{"type":"string","description_kind":"plain","computed":true},"description":{"type":"string","description_kind":"plain","computed":true},"family":{"type":"string","description_kind":"plain","optional":true,"computed":true},"folder_id":{"type":"string","description_kind":"plain","optional":true,"computed":true},"hardware_generation":{"type":["list",["object",{"generation2_features":["list",["object",{}]],"legacy_features":["list",["object",{"pci_topology":"string"}]]}]],"description_kind":"plain","computed":true},"id":{"type":"string","description_kind":"plain","optional":true,"computed":true},"image_id":{"type":"string","description_kind":"plain","optional":true,"computed":true},"labels":{"type":["map","string"],"description_kind":"plain","computed":true},"min_disk_size":{"type":"number","description_kind":"plain","computed":true},"name":{"type":"string","description_kind":"plain","optional":true,"computed":true},"os_type":{"type":"string","description_kind":"plain","computed":true},"pooled":{"type":"bool","description_kind":"plain","computed":true},"product_ids":{"type":["set","string"],"description_kind":"plain","computed":true},"size":{"type":"number","description_kind":"plain","computed":true},"status":{"type":"string","description_kind":"plain","computed":true}},"description_kind":"plain"}},"yandex_compute_instance":{"version":0,"block":{"attributes":{"boot_disk":{"type":["list",["object",{"auto_delete":"bool","device_name":"string","disk_id":"string","initialize_params":["list",["object",{"block_size":"number","description":"string","image_id":"string","name":"string","size":"number","snapshot_id":"string","type":"string"}]],"mode":"string"}]],"description_kind":"plain","computed":true},"created_at":{"type":"string","description_kind":"plain","computed":true},"description":{"type":"string","description_kind":"plain","computed":true},"folder_id":{"type":"string","description_kind":"plain","optional":true,"computed":true},"fqdn":{"type":"string","description_kind":"plain","computed":true},"gpu_cluster_id":{"type":"string","description_kind":"plain","optional":true,"computed":true},"hardware_generation":{"type":["list",["object",{"generation2_features":["list",["object",{}]],"legacy_features":["list",["object",{"pci_topology":"string"}]]}]],"description_kind":"plain","computed":true},"id":{"type":"string","description_kind":"plain","optional":true,"computed":true},"instance_id":{"type":"string","description_kind":"plain","optional":true,"computed":true},"labels":{"type":["map","string"],"description_kind":"plain","computed":true},"maintenance_grace_period":{"type":"string","description_kind":"plain","optional":true,"computed":true},"maintenance_policy":{"type":"string","description_kind":"plain","optional":true,"computed":true},"metadata":{"type":["map","string"],"description_kind":"plain","computed":true},"name":{"type":"string","description_kind":"plain","optional":true,"computed":true},"network_acceleration_type":{"type":"string","description_kind":"plain","computed":true},"network_interface":{"type":["list",["object",{"dns_record":["list",["object",{"dns_zone_id":"string","fqdn":"string","ptr":"bool","ttl":"number"}]],"index":"number","ip_address":"string","ipv4":"bool","ipv6":"bool","ipv6_address":"string","ipv6_dns_record":["list",["object",{"dns_zone_id":"string","fqdn":"string","ptr":"bool","ttl":"number"}]],"mac_address":"string","nat":"bool","nat_dns_record":["list",["object",{"dns_zone_id":"string","fqdn":"string","ptr":"bool","ttl":"number"}]],"nat_ip_address":"string","nat_ip_version":"string","security_group_ids":["set","string"],"subnet_id":"string"}]],"description_kind":"plain","computed":true},"platform_id":{"type":"string","description_kind":"plain","computed":true},"resources":{"type":["list",["object",{"core_fraction":"number","cores":"number","gpus":"number","memory":"number"}]],"description_kind":"plain","computed":true},"scheduling_policy":{"type":["list",["object",{"preemptible":"bool"}]],"description_kind":"plain","computed":true},"secondary_disk":{"type":["set",["object",{"auto_delete":"bool","device_name":"string","disk_id":"string","mode":"string"}]],"description_kind":"plain","computed":true},"service_account_id":{"type":"string","description_kind":"plain","computed":true},"status":{"type":"string","description_kind":"plain","computed":true},"zone":{"type":"string","description_kind":"plain","computed":true}},"block_types":{"filesystem":{"nesting_mode":"set","block":{"attributes":{"device_name":{"type":"string","description_kind":"plain","computed":true},"filesystem_id":{"type":"string","description_kind":"plain","computed":true},"mode":{"type":"string","description_kind":"plain","optional":true,"computed":true}},"description_kind":"plain"}},"local_disk":{"nesting_mode":"list","block":{"attributes":{"device_name":{"type":"string","description_kind":"plain","computed":true},"size_bytes":{"type":"number","description_kind":"plain","required":true}},"description_kind":"plain"}},"metadata_options":{"nesting_mode":"list","block":{"attributes":{"aws_v1_http_endpoint":{"type":"number","description_kind":"plain","optional":true,"computed":true},"aws_v1_http_token":{"type":"number","description_kind":"plain","optional":true,"computed":true},"gce_http_endpoint":{"type":"number","description_kind":"plain","optional":true,"computed":true},"gce_http_token":{"type":"number","description_kind":"plain","optional":true,"computed":true}},"description_kind":"plain"},"max_items":1},"placement_policy":{"nesting_mode":"list","block":{"attributes":{"host_affinity_rules":{"type":["list",["object",{"key":"string","op":"string","values":["list","string"]}]],"description_kind":"plain","optional":true,"computed":true},"placement_group_id":{"type":"string","description_kind":"plain","optional":true},"placement_group_partition":{"type":"number","description_kind":"plain","optional":true}},"description_kind":"plain"},"max_items":1}},"description_kind":"plain"}},"yandex_compute_instance_group":{"version":0,"block":{"attributes":{"allocation_policy":{"type":["list",["object",{"instance_tags_pool":["list",["object",{"tags":["list","string"],"zone":"string"}]],"zones":["set","string"]}]],"description_kind":"plain","computed":true},"application_balancer_state":{"type":["list",["object",{"status_message":"string","target_group_id":"string"}]],"description_kind":"plain","computed":true},"application_load_balancer":{"type":["list",["object",{"ignore_health_checks":"bool","max_opening_traffic_duration":"number","status_message":"string","target_group_description":"string","target_group_id":"string","target_group_labels":["map","string"],"target_group_name":"string"}]],"description_kind":"plain","computed":true},"created_at":{"type":"string","description_kind":"plain","computed":true},"deletion_protection":{"type":"bool","description_kind":"plain","computed":true},"deploy_policy":{"type":["list",["object",{"max_creating":"number","max_deleting":"number","max_expansion":"number","max_unavailable":"number","startup_duration":"number","strategy":"string"}]],"description_kind":"plain","computed":true},"description":{"type":"string","description_kind":"plain","computed":true},"folder_id":{"type":"string","description_kind":"plain","computed":true},"health_check":{"type":["list",["object",{"healthy_threshold":"number","http_options":["list",["object",{"path":"string","port":"number"}]],"interval":"number","tcp_options":["list",["object",{"port":"number"}]],"timeout":"number","unhealthy_threshold":"number"}]],"description_kind":"plain","computed":true},"id":{"type":"string","description_kind":"plain","optional":true,"computed":true},"instance_group_id":{"type":"string","description_kind":"plain","required":true},"instance_template":{"type":["list",["object",{"boot_disk":["list",["object",{"device_name":"string","disk_id":"string","initialize_params":["list",["object",{"description":"string","image_id":"string","size":"number","snapshot_id":"string","type":"string"}]],"mode":"string","name":"string"}]],"description":"string","filesystem":["set",["object",{"device_name":"string","filesystem_id":"string","mode":"string"}]],"hostname":"string","labels":["map","string"],"metadata":["map","string"],"metadata_options":["list",["object",{"aws_v1_http_endpoint":"number","aws_v1_http_token":"number","gce_http_endpoint":"number","gce_http_token":"number"}]],"name":"string","network_interface":["list",["object",{"dns_record":["list",["object",{"dns_zone_id":"string","fqdn":"string","ptr":"bool","ttl":"number"}]],"ip_address":"string","ipv4":"bool","ipv6":"bool","ipv6_address":"string","ipv6_dns_record":["list",["object",{"dns_zone_id":"string","fqdn":"string","ptr":"bool","ttl":"number"}]],"nat":"bool","nat_dns_record":["list",["object",{"dns_zone_id":"string","fqdn":"string","ptr":"bool","ttl":"number"}]],"nat_ip_address":"string","network_id":"string","security_group_ids":["set","string"],"subnet_ids":["set","string"]}]],"network_settings":["list",["object",{"type":"string"}]],"placement_policy":["list",["object",{"placement_group_id":"string"}]],"platform_id":"string","resources":["list",["object",{"core_fraction":"number","cores":"number","gpus":"number","memory":"number"}]],"scheduling_policy":["list",["object",{"preemptible":"bool"}]],"secondary_disk":["list",["object",{"device_name":"string","disk_id":"string","initialize_params":["list",["object",{"description":"string","image_id":"string","size":"number","snapshot_id":"string","type":"string"}]],"mode":"string","name":"string"}]],"service_account_id":"string"}]],"description_kind":"plain","computed":true},"instances":{"type":["list",["object",{"fqdn":"string","instance_id":"string","instance_tag":"string","name":"string","network_interface":["list",["object",{"index":"number","ip_address":"string","ipv4":"bool","ipv6":"bool","ipv6_address":"string","mac_address":"string","nat":"bool","nat_ip_address":"string","nat_ip_version":"string","subnet_id":"string"}]],"status":"string","status_changed_at":"string","status_message":"string","zone_id":"string"}]],"description_kind":"plain","computed":true},"labels":{"type":["map","string"],"description_kind":"plain","computed":true},"load_balancer":{"type":["list",["object",{"ignore_health_checks":"bool","max_opening_traffic_duration":"number","status_message":"string","target_group_description":"string","target_group_id":"string","target_group_labels":["map","string"],"target_group_name":"string"}]],"description_kind":"plain","computed":true},"load_balancer_state":{"type":["list",["object",{"status_message":"string","target_group_id":"string"}]],"description_kind":"plain","computed":true},"max_checking_health_duration":{"type":"number","description_kind":"plain","computed":true},"name":{"type":"string","description_kind":"plain","computed":true},"scale_policy":{"type":["list",["object",{"auto_scale":["list",["object",{"auto_scale_type":"string","cpu_utilization_target":"number","custom_rule":["list",["object",{"folder_id":"string","labels":["map","string"],"metric_name":"string","metric_type":"string","rule_type":"string","service":"string","target":"number"}]],"initial_size":"number","max_size":"number","measurement_duration":"number","min_zone_size":"number","stabilization_duration":"number","warmup_duration":"number"}]],"fixed_scale":["list",["object",{"size":"number"}]],"test_auto_scale":["list",["object",{"auto_scale_type":"string","cpu_utilization_target":"number","custom_rule":["list",["object",{"folder_id":"string","labels":["map","string"],"metric_name":"string","metric_type":"string","rule_type":"string","service":"string","target":"number"}]],"initial_size":"number","max_size":"number","measurement_duration":"number","min_zone_size":"number","stabilization_duration":"number","warmup_duration":"number"}]]}]],"description_kind":"plain","computed":true},"service_account_id":{"type":"string","description_kind":"plain","computed":true},"status":{"type":"string","description_kind":"plain","computed":true},"variables":{"type":["map","string"],"description_kind":"plain","computed":true}},"description_kind":"plain"}},"yandex_compute_placement_group":{"version":0,"block":{"attributes":{"created_at":{"type":"string","description_kind":"plain","computed":true},"description":{"type":"string","description_kind":"plain","optional":true},"folder_id":{"type":"string","description_kind":"plain","optional":true,"computed":true},"group_id":{"type":"string","description_kind":"plain","optional":true,"computed":true},"id":{"type":"string","description_kind":"plain","optional":true,"computed":true},"labels":{"type":["map","string"],"description_kind":"plain","optional":true},"name":{"type":"string","description_kind":"plain","optional":true},"placement_strategy":{"type":["map","string"],"description_kind":"plain","optional":true}},"description_kind":"plain"}},"yandex_compute_snapshot":{"version":0,"block":{"attributes":{"created_at":{"type":"string","description_kind":"plain","computed":true},"description":{"type":"string","description_kind":"plain","computed":true},"disk_size":{"type":"number","description_kind":"plain","computed":true},"folder_id":{"type":"string","description_kind":"plain","optional":true,"computed":true},"hardware_generation":{"type":["list",["object",{"generation2_features":["list",["object",{}]],"legacy_features":["list",["object",{"pci_topology":"string"}]]}]],"description_kind":"plain","computed":true},"id":{"type":"string","description_kind":"plain","optional":true,"computed":true},"labels":{"type":["map","string"],"description_kind":"plain","computed":true},"name":{"type":"string","description_kind":"plain","optional":true,"computed":true},"product_ids":{"type":["list","string"],"description_kind":"plain","computed":true},"snapshot_id":{"type":"string","description_kind":"plain","optional":true,"computed":true},"source_disk_id":{"type":"string","description_kind":"plain","computed":true},"status":{"type":"string","description_kind":"plain","computed":true},"storage_size":{"type":"number","description_kind":"plain","computed":true}},"description_kind":"plain"}},"yandex_compute_snapshot_schedule":{"version":0,"block":{"attributes":{"created_at":{"type":"string","description_kind":"plain","computed":true},"description":{"type":"string","description_kind":"plain","optional":true,"computed":true},"disk_ids":{"type":["set","string"],"description_kind":"plain","optional":true,"computed":true},"folder_id":{"type":"string","description_kind":"plain","optional":true,"computed":true},"id":{"type":"string","description_kind":"plain","optional":true,"computed":true},"labels":{"type":["map","string"],"description_kind":"plain","optional":true,"computed":true},"name":{"type":"string","description_kind":"plain","optional":true,"computed":true},"retention_period":{"type":"string","description_kind":"plain","optional":true,"computed":true},"snapshot_count":{"type":"number","description_kind":"plain","optional":true,"computed":true},"snapshot_schedule_id":{"type":"string","description_kind":"plain","optional":true,"computed":true},"status":{"type":"string","description_kind":"plain","computed":true}},"block_types":{"schedule_policy":{"nesting_mode":"list","block":{"attributes":{"expression":{"type":"string","description_kind":"plain","optional":true,"computed":true},"start_at":{"type":"string","description_kind":"plain","optional":true,"computed":true}},"description_kind":"plain"}},"snapshot_spec":{"nesting_mode":"list","block":{"attributes":{"description":{"type":"string","description_kind":"plain","optional":true,"computed":true},"labels":{"type":["map","string"],"description_kind":"plain","optional":true,"computed":true}},"description_kind":"plain"}}},"description_kind":"plain"}},"yandex_container_registry":{"version":0,"block":{"attributes":{"created_at":{"type":"string","description_kind":"plain","computed":true},"folder_id":{"type":"string","description_kind":"plain","optional":true,"computed":true},"id":{"type":"string","description_kind":"plain","optional":true,"computed":true},"labels":{"type":["map","string"],"description_kind":"plain","optional":true},"name":{"type":"string","description_kind":"plain","optional":true,"computed":true},"registry_id":{"type":"string","description_kind":"plain","optional":true,"computed":true},"status":{"type":"string","description_kind":"plain","computed":true}},"description_kind":"plain"}},"yandex_container_registry_ip_permission":{"version":0,"block":{"attributes":{"id":{"type":"string","description_kind":"plain","optional":true,"computed":true},"pull":{"type":["set","string"],"description_kind":"plain","computed":true},"push":{"type":["set","string"],"description_kind":"plain","computed":true},"registry_id":{"type":"string","description_kind":"plain","optional":true,"computed":true},"registry_name":{"type":"string","description_kind":"plain","optional":true,"computed":true}},"block_types":{"timeouts":{"nesting_mode":"single","block":{"attributes":{"default":{"type":"string","description_kind":"plain","optional":true}},"description_kind":"plain"}}},"description_kind":"plain"}},"yandex_container_repository":{"version":0,"block":{"attributes":{"id":{"type":"string","description_kind":"plain","optional":true,"computed":true},"name":{"type":"string","description_kind":"plain","optional":true,"computed":true},"repository_id":{"type":"string","description_kind":"plain","optional":true,"computed":true}},"description_kind":"plain"}},"yandex_container_repository_lifecycle_policy":{"version":0,"block":{"attributes":{"created_at":{"type":"string","description_kind":"plain","computed":true},"description":{"type":"string","description_kind":"plain","computed":true},"id":{"type":"string","description_kind":"plain","optional":true,"computed":true},"lifecycle_policy_id":{"type":"string","description_kind":"plain","optional":true,"computed":true},"name":{"type":"string","description_kind":"plain","optional":true,"computed":true},"repository_id":{"type":"string","description_kind":"plain","optional":true,"computed":true},"rule":{"type":["list",["object",{"description":"string","expire_period":"string","retained_top":"number","tag_regexp":"string","untagged":"bool"}]],"description_kind":"plain","computed":true},"status":{"type":"string","description_kind":"plain","computed":true}},"block_types":{"timeouts":{"nesting_mode":"single","block":{"attributes":{"default":{"type":"string","description_kind":"plain","optional":true}},"description_kind":"plain"}}},"description_kind":"plain"}},"yandex_dataproc_cluster":{"version":0,"block":{"attributes":{"bucket":{"type":"string","description_kind":"plain","computed":true},"cluster_config":{"type":["list",["object",{"hadoop":["list",["object",{"initialization_action":["list",["object",{"args":["list","string"],"timeout":"string","uri":"string"}]],"properties":["map","string"],"services":["set","string"],"ssh_public_keys":["set","string"]}]],"subcluster_spec":["list",["object",{"assign_public_ip":"bool","autoscaling_config":["list",["object",{"cpu_utilization_target":"string","decommission_timeout":"string","max_hosts_count":"number","measurement_duration":"string","preemptible":"bool","stabilization_duration":"string","warmup_duration":"string"}]],"hosts_count":"number","id":"string","name":"string","resources":["list",["object",{"disk_size":"number","disk_type_id":"string","resource_preset_id":"string"}]],"role":"string","subnet_id":"string"}]],"version_id":"string"}]],"description_kind":"plain","computed":true},"cluster_id":{"type":"string","description_kind":"plain","optional":true,"computed":true},"created_at":{"type":"string","description_kind":"plain","computed":true},"deletion_protection":{"type":"bool","description_kind":"plain","computed":true},"description":{"type":"string","description_kind":"plain","computed":true},"folder_id":{"type":"string","description_kind":"plain","computed":true},"host_group_ids":{"type":["set","string"],"description_kind":"plain","computed":true},"id":{"type":"string","description_kind":"plain","optional":true,"computed":true},"labels":{"type":["map","string"],"description_kind":"plain","computed":true},"name":{"type":"string","description_kind":"plain","optional":true,"computed":true},"security_group_ids":{"type":["set","string"],"description_kind":"plain","computed":true},"service_account_id":{"type":"string","description_kind":"plain","computed":true},"ui_proxy":{"type":"bool","description_kind":"plain","computed":true},"zone_id":{"type":"string","description_kind":"plain","computed":true}},"description_kind":"plain"}},"yandex_datasphere_community":{"version":0,"block":{"attributes":{"billing_account_id":{"type":"string","description_kind":"plain","optional":true},"created_at":{"type":"string","description_kind":"plain","computed":true},"created_by":{"type":"string","description_kind":"plain","computed":true},"description":{"type":"string","description_kind":"plain","computed":true},"id":{"type":"string","description_kind":"plain","required":true},"labels":{"type":["map","string"],"description_kind":"plain","computed":true},"name":{"type":"string","description_kind":"plain","computed":true},"organization_id":{"type":"string","description_kind":"plain","computed":true},"timeouts":{"nested_type":{"attributes":{"create":{"type":"string","description":"A string that can be [parsed as a duration](https://pkg.go.dev/time#ParseDuration) consisting of numbers and unit suffixes, such as \"30s\" or \"2h45m\". Valid time units are \"s\" (seconds), \"m\" (minutes), \"h\" (hours).","description_kind":"plain","optional":true},"delete":{"type":"string","description":"A string that can be [parsed as a duration](https://pkg.go.dev/time#ParseDuration) consisting of numbers and unit suffixes, such as \"30s\" or \"2h45m\". Valid time units are \"s\" (seconds), \"m\" (minutes), \"h\" (hours). Setting a timeout for a Delete operation is only applicable if changes are saved into state before the destroy operation occurs.","description_kind":"plain","optional":true},"update":{"type":"string","description":"A string that can be [parsed as a duration](https://pkg.go.dev/time#ParseDuration) consisting of numbers and unit suffixes, such as \"30s\" or \"2h45m\". Valid time units are \"s\" (seconds), \"m\" (minutes), \"h\" (hours).","description_kind":"plain","optional":true}},"nesting_mode":"single"},"description_kind":"plain","optional":true}},"description_kind":"plain"}},"yandex_datasphere_project":{"version":0,"block":{"attributes":{"community_id":{"type":"string","description_kind":"plain","computed":true},"created_at":{"type":"string","description_kind":"plain","computed":true},"created_by":{"type":"string","description_kind":"plain","computed":true},"description":{"type":"string","description_kind":"plain","computed":true},"id":{"type":"string","description_kind":"plain","required":true},"labels":{"type":["map","string"],"description_kind":"plain","computed":true},"limits":{"nested_type":{"attributes":{"balance":{"type":"number","description_kind":"plain","computed":true},"max_units_per_execution":{"type":"number","description_kind":"plain","computed":true},"max_units_per_hour":{"type":"number","description_kind":"plain","computed":true}},"nesting_mode":"single"},"description_kind":"plain","computed":true},"name":{"type":"string","description_kind":"plain","computed":true},"settings":{"nested_type":{"attributes":{"commit_mode":{"type":"string","description_kind":"plain","computed":true},"data_proc_cluster_id":{"type":"string","description_kind":"plain","computed":true},"default_folder_id":{"type":"string","description_kind":"plain","computed":true},"ide":{"type":"string","description_kind":"plain","computed":true},"security_group_ids":{"type":["set","string"],"description_kind":"plain","computed":true},"service_account_id":{"type":"string","description_kind":"plain","computed":true},"stale_exec_timeout_mode":{"type":"string","description_kind":"plain","computed":true},"subnet_id":{"type":"string","description_kind":"plain","computed":true}},"nesting_mode":"single"},"description_kind":"plain","computed":true},"timeouts":{"nested_type":{"attributes":{"create":{"type":"string","description":"A string that can be [parsed as a duration](https://pkg.go.dev/time#ParseDuration) consisting of numbers and unit suffixes, such as \"30s\" or \"2h45m\". Valid time units are \"s\" (seconds), \"m\" (minutes), \"h\" (hours).","description_kind":"plain","optional":true},"delete":{"type":"string","description":"A string that can be [parsed as a duration](https://pkg.go.dev/time#ParseDuration) consisting of numbers and unit suffixes, such as \"30s\" or \"2h45m\". Valid time units are \"s\" (seconds), \"m\" (minutes), \"h\" (hours). Setting a timeout for a Delete operation is only applicable if changes are saved into state before the destroy operation occurs.","description_kind":"plain","optional":true},"update":{"type":"string","description":"A string that can be [parsed as a duration](https://pkg.go.dev/time#ParseDuration) consisting of numbers and unit suffixes, such as \"30s\" or \"2h45m\". Valid time units are \"s\" (seconds), \"m\" (minutes), \"h\" (hours).","description_kind":"plain","optional":true}},"nesting_mode":"single"},"description_kind":"plain","optional":true}},"description_kind":"plain"}},"yandex_dns_zone":{"version":0,"block":{"attributes":{"created_at":{"type":"string","description_kind":"plain","computed":true},"deletion_protection":{"type":"bool","description_kind":"plain","computed":true},"description":{"type":"string","description_kind":"plain","computed":true},"dns_zone_id":{"type":"string","description_kind":"plain","optional":true,"computed":true},"folder_id":{"type":"string","description_kind":"plain","optional":true,"computed":true},"id":{"type":"string","description_kind":"plain","optional":true,"computed":true},"labels":{"type":["map","string"],"description_kind":"plain","computed":true},"name":{"type":"string","description_kind":"plain","optional":true,"computed":true},"private_networks":{"type":["set","string"],"description_kind":"plain","computed":true},"public":{"type":"bool","description_kind":"plain","computed":true},"zone":{"type":"string","description_kind":"plain","computed":true}},"block_types":{"timeouts":{"nesting_mode":"single","block":{"attributes":{"create":{"type":"string","description_kind":"plain","optional":true},"delete":{"type":"string","description_kind":"plain","optional":true},"update":{"type":"string","description_kind":"plain","optional":true}},"description_kind":"plain"}}},"description_kind":"plain"}},"yandex_function":{"version":0,"block":{"attributes":{"async_invocation":{"type":["list",["object",{"retries_count":"number","service_account_id":"string","ymq_failure_target":["list",["object",{"arn":"string","service_account_id":"string"}]],"ymq_success_target":["list",["object",{"arn":"string","service_account_id":"string"}]]}]],"description_kind":"plain","computed":true},"concurrency":{"type":"number","description_kind":"plain","optional":true,"computed":true},"created_at":{"type":"string","description_kind":"plain","computed":true},"description":{"type":"string","description_kind":"plain","computed":true},"entrypoint":{"type":"string","description_kind":"plain","computed":true},"environment":{"type":["map","string"],"description_kind":"plain","computed":true},"execution_timeout":{"type":"string","description_kind":"plain","computed":true},"folder_id":{"type":"string","description_kind":"plain","optional":true},"function_id":{"type":"string","description_kind":"plain","optional":true},"id":{"type":"string","description_kind":"plain","optional":true,"computed":true},"image_size":{"type":"number","description_kind":"plain","computed":true},"labels":{"type":["map","string"],"description_kind":"plain","computed":true},"log_options":{"type":["list",["object",{"disabled":"bool","folder_id":"string","log_group_id":"string","min_level":"string"}]],"description_kind":"plain","computed":true},"memory":{"type":"number","description_kind":"plain","computed":true},"name":{"type":"string","description_kind":"plain","optional":true},"runtime":{"type":"string","description_kind":"plain","computed":true},"service_account_id":{"type":"string","description_kind":"plain","computed":true},"tags":{"type":["set","string"],"description_kind":"plain","computed":true},"tmpfs_size":{"type":"number","description_kind":"plain","computed":true},"version":{"type":"string","description_kind":"plain","computed":true}},"block_types":{"connectivity":{"nesting_mode":"list","block":{"attributes":{"network_id":{"type":"string","description_kind":"plain","required":true}},"description_kind":"plain"},"max_items":1},"mounts":{"nesting_mode":"list","block":{"attributes":{"mode":{"type":"string","description_kind":"plain","optional":true,"computed":true},"name":{"type":"string","description_kind":"plain","required":true}},"block_types":{"ephemeral_disk":{"nesting_mode":"list","block":{"attributes":{"block_size_kb":{"type":"number","description_kind":"plain","optional":true,"computed":true},"size_gb":{"type":"number","description_kind":"plain","required":true}},"description_kind":"plain"},"max_items":1},"object_storage":{"nesting_mode":"list","block":{"attributes":{"bucket":{"type":"string","description_kind":"plain","required":true},"prefix":{"type":"string","description_kind":"plain","optional":true}},"description_kind":"plain"},"max_items":1}},"description_kind":"plain"}},"secrets":{"nesting_mode":"list","block":{"attributes":{"environment_variable":{"type":"string","description_kind":"plain","required":true},"id":{"type":"string","description_kind":"plain","required":true},"key":{"type":"string","description_kind":"plain","required":true},"version_id":{"type":"string","description_kind":"plain","required":true}},"description_kind":"plain"}},"storage_mounts":{"nesting_mode":"list","block":{"attributes":{"bucket":{"type":"string","description_kind":"plain","required":true},"mount_point_name":{"type":"string","description_kind":"plain","required":true},"prefix":{"type":"string","description_kind":"plain","optional":true},"read_only":{"type":"bool","description_kind":"plain","optional":true}},"description_kind":"plain","deprecated":true}}},"description_kind":"plain"}},"yandex_function_scaling_policy":{"version":0,"block":{"attributes":{"function_id":{"type":"string","description_kind":"plain","required":true},"id":{"type":"string","description_kind":"plain","optional":true,"computed":true}},"block_types":{"policy":{"nesting_mode":"list","block":{"attributes":{"tag":{"type":"string","description_kind":"plain","computed":true},"zone_instances_limit":{"type":"number","description_kind":"plain","optional":true},"zone_requests_limit":{"type":"number","description_kind":"plain","optional":true}},"description_kind":"plain"}}},"description_kind":"plain"}},"yandex_function_trigger":{"version":0,"block":{"attributes":{"container":{"type":["list",["object",{"id":"string","path":"string","retry_attempts":"string","retry_interval":"string","service_account_id":"string"}]],"description_kind":"plain","computed":true},"container_registry":{"type":["list",["object",{"batch_cutoff":"string","batch_size":"string","create_image":"bool","create_image_tag":"bool","delete_image":"bool","delete_image_tag":"bool","image_name":"string","registry_id":"string","tag":"string"}]],"description_kind":"plain","computed":true},"created_at":{"type":"string","description_kind":"plain","computed":true},"data_streams":{"type":["list",["object",{"batch_cutoff":"string","batch_size":"string","database":"string","service_account_id":"bool","stream_name":"string","suffix":"string"}]],"description_kind":"plain","computed":true},"description":{"type":"string","description_kind":"plain","computed":true},"dlq":{"type":["list",["object",{"queue_id":"string","service_account_id":"string"}]],"description_kind":"plain","computed":true},"folder_id":{"type":"string","description_kind":"plain","optional":true},"function":{"type":["list",["object",{"id":"string","retry_attempts":"string","retry_interval":"string","service_account_id":"string","tag":"string"}]],"description_kind":"plain","computed":true},"id":{"type":"string","description_kind":"plain","optional":true,"computed":true},"iot":{"type":["list",["object",{"batch_cutoff":"string","batch_size":"string","device_id":"string","registry_id":"string","topic":"string"}]],"description_kind":"plain","computed":true},"labels":{"type":["map","string"],"description_kind":"plain","computed":true},"log_group":{"type":["list",["object",{"batch_cutoff":"string","batch_size":"string","log_group_ids":["set","string"]}]],"description_kind":"plain","computed":true},"logging":{"type":["list",["object",{"batch_cutoff":"string","batch_size":"string","group_id":"string","levels":["set","string"],"resource_ids":["set","string"],"resource_types":["set","string"],"stream_names":["set","string"]}]],"description_kind":"plain","computed":true},"mail":{"type":["list",["object",{"attachments_bucket_id":"string","batch_cutoff":"string","batch_size":"string","service_account_id":"string"}]],"description_kind":"plain","computed":true},"message_queue":{"type":["list",["object",{"batch_cutoff":"string","batch_size":"string","queue_id":"string","service_account_id":"string","visibility_timeout":"string"}]],"description_kind":"plain","computed":true},"name":{"type":"string","description_kind":"plain","optional":true},"object_storage":{"type":["list",["object",{"batch_cutoff":"string","batch_size":"string","bucket_id":"string","create":"bool","delete":"bool","prefix":"string","suffix":"string","update":"bool"}]],"description_kind":"plain","computed":true},"timer":{"type":["list",["object",{"cron_expression":"string","payload":"string"}]],"description_kind":"plain","computed":true},"trigger_id":{"type":"string","description_kind":"plain","optional":true}},"description_kind":"plain"}},"yandex_iam_policy":{"version":0,"block":{"attributes":{"id":{"type":"string","description_kind":"plain","optional":true,"computed":true},"policy_data":{"type":"string","description_kind":"plain","computed":true}},"block_types":{"binding":{"nesting_mode":"set","block":{"attributes":{"members":{"type":["set","string"],"description_kind":"plain","required":true},"role":{"type":"string","description_kind":"plain","required":true}},"description_kind":"plain"},"min_items":1}},"description_kind":"plain"}},"yandex_iam_role":{"version":0,"block":{"attributes":{"description":{"type":"string","description_kind":"plain","optional":true},"id":{"type":"string","description_kind":"plain","optional":true,"computed":true},"role_id":{"type":"string","description_kind":"plain","optional":true,"computed":true}},"description_kind":"plain"}},"yandex_iam_service_account":{"version":0,"block":{"attributes":{"created_at":{"type":"string","description_kind":"plain","computed":true},"description":{"type":"string","description_kind":"plain","computed":true},"folder_id":{"type":"string","description_kind":"plain","optional":true,"computed":true},"id":{"type":"string","description_kind":"plain","optional":true,"computed":true},"name":{"type":"string","description_kind":"plain","optional":true,"computed":true},"service_account_id":{"type":"string","description_kind":"plain","optional":true,"computed":true}},"description_kind":"plain"}},"yandex_iam_service_agent":{"version":0,"block":{"attributes":{"cloud_id":{"type":"string","description_kind":"plain","optional":true,"computed":true},"id":{"type":"string","description_kind":"plain","optional":true,"computed":true},"microservice_id":{"type":"string","description_kind":"plain","optional":true,"computed":true},"service_id":{"type":"string","description_kind":"plain","optional":true,"computed":true}},"description_kind":"plain"}},"yandex_iam_user":{"version":0,"block":{"attributes":{"default_email":{"type":"string","description_kind":"plain","computed":true},"id":{"type":"string","description_kind":"plain","optional":true,"computed":true},"login":{"type":"string","description_kind":"plain","optional":true,"computed":true},"user_id":{"type":"string","description_kind":"plain","optional":true,"computed":true}},"description_kind":"plain"}},"yandex_iam_workload_identity_federated_credential":{"version":1,"block":{"attributes":{"created_at":{"type":"string","description_kind":"plain","computed":true},"external_subject_id":{"type":"string","description_kind":"plain","computed":true},"federated_credential_id":{"type":"string","description_kind":"plain","required":true},"federation_id":{"type":"string","description_kind":"plain","computed":true},"id":{"type":"string","description_kind":"plain","optional":true,"computed":true},"service_account_id":{"type":"string","description_kind":"plain","computed":true}},"description_kind":"plain"}},"yandex_iam_workload_identity_oidc_federation":{"version":1,"block":{"attributes":{"audiences":{"type":["list","string"],"description_kind":"plain","computed":true},"created_at":{"type":"string","description_kind":"plain","computed":true},"description":{"type":"string","description_kind":"plain","computed":true},"enabled":{"type":"bool","description_kind":"plain","computed":true},"federation_id":{"type":"string","description_kind":"plain","optional":true,"computed":true},"folder_id":{"type":"string","description_kind":"plain","computed":true},"id":{"type":"string","description_kind":"plain","optional":true,"computed":true},"issuer":{"type":"string","description_kind":"plain","computed":true},"jwks_url":{"type":"string","description_kind":"plain","computed":true},"labels":{"type":["map","string"],"description_kind":"plain","computed":true},"name":{"type":"string","description_kind":"plain","optional":true,"computed":true}},"description_kind":"plain"}},"yandex_iot_core_broker":{"version":0,"block":{"attributes":{"broker_id":{"type":"string","description_kind":"plain","optional":true},"certificates":{"type":["set","string"],"description_kind":"plain","computed":true},"created_at":{"type":"string","description_kind":"plain","computed":true},"description":{"type":"string","description_kind":"plain","computed":true},"folder_id":{"type":"string","description_kind":"plain","optional":true},"id":{"type":"string","description_kind":"plain","optional":true,"computed":true},"labels":{"type":["map","string"],"description_kind":"plain","computed":true},"log_options":{"type":["list",["object",{"disabled":"bool","folder_id":"string","log_group_id":"string","min_level":"string"}]],"description_kind":"plain","computed":true},"name":{"type":"string","description_kind":"plain","optional":true}},"description_kind":"plain"}},"yandex_iot_core_device":{"version":0,"block":{"attributes":{"aliases":{"type":["map","string"],"description_kind":"plain","computed":true},"certificates":{"type":["set","string"],"description_kind":"plain","computed":true},"created_at":{"type":"string","description_kind":"plain","computed":true},"description":{"type":"string","description_kind":"plain","computed":true},"device_id":{"type":"string","description_kind":"plain","optional":true},"id":{"type":"string","description_kind":"plain","optional":true,"computed":true},"name":{"type":"string","description_kind":"plain","optional":true},"passwords":{"type":["set","string"],"description_kind":"plain","computed":true},"registry_id":{"type":"string","description_kind":"plain","computed":true}},"description_kind":"plain"}},"yandex_iot_core_registry":{"version":0,"block":{"attributes":{"certificates":{"type":["set","string"],"description_kind":"plain","computed":true},"created_at":{"type":"string","description_kind":"plain","computed":true},"description":{"type":"string","description_kind":"plain","computed":true},"folder_id":{"type":"string","description_kind":"plain","optional":true},"id":{"type":"string","description_kind":"plain","optional":true,"computed":true},"labels":{"type":["map","string"],"description_kind":"plain","computed":true},"log_options":{"type":["list",["object",{"disabled":"bool","folder_id":"string","log_group_id":"string","min_level":"string"}]],"description_kind":"plain","computed":true},"name":{"type":"string","description_kind":"plain","optional":true},"passwords":{"type":["set","string"],"description_kind":"plain","computed":true},"registry_id":{"type":"string","description_kind":"plain","optional":true}},"description_kind":"plain"}},"yandex_kms_asymmetric_encryption_key":{"version":1,"block":{"attributes":{"asymmetric_encryption_key_id":{"type":"string","description_kind":"plain","required":true},"created_at":{"type":"string","description_kind":"plain","computed":true},"deletion_protection":{"type":"bool","description_kind":"plain","optional":true},"description":{"type":"string","description_kind":"plain","optional":true},"encryption_algorithm":{"type":"string","description_kind":"plain","optional":true},"folder_id":{"type":"string","description_kind":"plain","optional":true,"computed":true},"id":{"type":"string","description_kind":"plain","optional":true,"computed":true},"labels":{"type":["map","string"],"description_kind":"plain","optional":true},"name":{"type":"string","description_kind":"plain","optional":true},"status":{"type":"string","description_kind":"plain","computed":true}},"description_kind":"plain"}},"yandex_kms_asymmetric_signature_key":{"version":1,"block":{"attributes":{"asymmetric_signature_key_id":{"type":"string","description_kind":"plain","required":true},"created_at":{"type":"string","description_kind":"plain","computed":true},"deletion_protection":{"type":"bool","description_kind":"plain","optional":true},"description":{"type":"string","description_kind":"plain","optional":true},"folder_id":{"type":"string","description_kind":"plain","optional":true,"computed":true},"id":{"type":"string","description_kind":"plain","optional":true,"computed":true},"labels":{"type":["map","string"],"description_kind":"plain","optional":true},"name":{"type":"string","description_kind":"plain","optional":true},"signature_algorithm":{"type":"string","description_kind":"plain","optional":true},"status":{"type":"string","description_kind":"plain","computed":true}},"description_kind":"plain"}},"yandex_kms_symmetric_key":{"version":1,"block":{"attributes":{"created_at":{"type":"string","description_kind":"plain","computed":true},"default_algorithm":{"type":"string","description_kind":"plain","optional":true},"deletion_protection":{"type":"bool","description_kind":"plain","optional":true},"description":{"type":"string","description_kind":"plain","optional":true},"folder_id":{"type":"string","description_kind":"plain","optional":true,"computed":true},"id":{"type":"string","description_kind":"plain","optional":true,"computed":true},"labels":{"type":["map","string"],"description_kind":"plain","optional":true},"name":{"type":"string","description_kind":"plain","optional":true},"rotated_at":{"type":"string","description_kind":"plain","computed":true},"rotation_period":{"type":"string","description_kind":"plain","optional":true},"status":{"type":"string","description_kind":"plain","computed":true},"symmetric_key_id":{"type":"string","description_kind":"plain","optional":true}},"description_kind":"plain"}},"yandex_kubernetes_cluster":{"version":0,"block":{"attributes":{"cluster_id":{"type":"string","description_kind":"plain","optional":true,"computed":true},"cluster_ipv4_range":{"type":"string","description_kind":"plain","computed":true},"cluster_ipv6_range":{"type":"string","description_kind":"plain","computed":true},"created_at":{"type":"string","description_kind":"plain","computed":true},"description":{"type":"string","description_kind":"plain","computed":true},"folder_id":{"type":"string","description_kind":"plain","optional":true,"computed":true},"health":{"type":"string","description_kind":"plain","computed":true},"id":{"type":"string","description_kind":"plain","optional":true,"computed":true},"kms_provider":{"type":["list",["object",{"key_id":"string"}]],"description_kind":"plain","computed":true},"labels":{"type":["map","string"],"description_kind":"plain","computed":true},"log_group_id":{"type":"string","description_kind":"plain","computed":true},"master":{"type":["list",["object",{"cluster_ca_certificate":"string","etcd_cluster_size":"number","external_v4_address":"string","external_v4_endpoint":"string","external_v6_address":"string","external_v6_endpoint":"string","internal_v4_address":"string","internal_v4_endpoint":"string","maintenance_policy":["list",["object",{"auto_upgrade":"bool","maintenance_window":["set",["object",{"day":"string","duration":"string","start_time":"string"}]]}]],"master_location":["list",["object",{"subnet_id":"string","zone":"string"}]],"master_logging":["list",["object",{"audit_enabled":"bool","cluster_autoscaler_enabled":"bool","enabled":"bool","events_enabled":"bool","folder_id":"string","kube_apiserver_enabled":"bool","log_group_id":"string"}]],"public_ip":"bool","regional":["list",["object",{"region":"string"}]],"security_group_ids":["set","string"],"version":"string","version_info":["list",["object",{"current_version":"string","new_revision_available":"bool","new_revision_summary":"string","version_deprecated":"bool"}]],"zonal":["list",["object",{"zone":"string"}]]}]],"description_kind":"plain","computed":true},"name":{"type":"string","description_kind":"plain","optional":true,"computed":true},"network_id":{"type":"string","description_kind":"plain","computed":true},"network_implementation":{"type":["list",["object",{"cilium":["list",["object",{"routing_mode":"string"}]]}]],"description_kind":"plain","computed":true},"network_policy_provider":{"type":"string","description_kind":"plain","computed":true},"node_ipv4_cidr_mask_size":{"type":"number","description_kind":"plain","computed":true},"node_service_account_id":{"type":"string","description_kind":"plain","computed":true},"release_channel":{"type":"string","description_kind":"plain","computed":true},"service_account_id":{"type":"string","description_kind":"plain","computed":true},"service_ipv4_range":{"type":"string","description_kind":"plain","computed":true},"service_ipv6_range":{"type":"string","description_kind":"plain","computed":true},"status":{"type":"string","description_kind":"plain","computed":true}},"description_kind":"plain"}},"yandex_kubernetes_node_group":{"version":0,"block":{"attributes":{"allocation_policy":{"type":["list",["object",{"location":["list",["object",{"subnet_id":"string","zone":"string"}]]}]],"description_kind":"plain","computed":true},"allowed_unsafe_sysctls":{"type":["list","string"],"description_kind":"plain","computed":true},"cluster_id":{"type":"string","description_kind":"plain","computed":true},"created_at":{"type":"string","description_kind":"plain","computed":true},"deploy_policy":{"type":["list",["object",{"max_expansion":"number","max_unavailable":"number"}]],"description_kind":"plain","computed":true},"description":{"type":"string","description_kind":"plain","computed":true},"folder_id":{"type":"string","description_kind":"plain","optional":true,"computed":true},"id":{"type":"string","description_kind":"plain","optional":true,"computed":true},"instance_group_id":{"type":"string","description_kind":"plain","computed":true},"instance_template":{"type":["list",["object",{"boot_disk":["list",["object",{"size":"number","type":"string"}]],"container_network":["list",["object",{"pod_mtu":"number"}]],"container_runtime":["list",["object",{"type":"string"}]],"gpu_settings":["list",["object",{"gpu_cluster_id":"string","gpu_environment":"string"}]],"labels":["map","string"],"metadata":["map","string"],"name":"string","nat":"bool","network_acceleration_type":"string","network_interface":["list",["object",{"ipv4":"bool","ipv4_dns_records":["list",["object",{"dns_zone_id":"string","fqdn":"string","ptr":"bool","ttl":"number"}]],"ipv6":"bool","ipv6_dns_records":["list",["object",{"dns_zone_id":"string","fqdn":"string","ptr":"bool","ttl":"number"}]],"nat":"bool","security_group_ids":["set","string"],"subnet_ids":["set","string"]}]],"placement_policy":["list",["object",{"placement_group_id":"string"}]],"platform_id":"string","resources":["list",["object",{"core_fraction":"number","cores":"number","gpus":"number","memory":"number"}]],"scheduling_policy":["list",["object",{"preemptible":"bool"}]]}]],"description_kind":"plain","computed":true},"labels":{"type":["map","string"],"description_kind":"plain","computed":true},"maintenance_policy":{"type":["list",["object",{"auto_repair":"bool","auto_upgrade":"bool","maintenance_window":["set",["object",{"day":"string","duration":"string","start_time":"string"}]]}]],"description_kind":"plain","computed":true},"name":{"type":"string","description_kind":"plain","optional":true,"computed":true},"node_group_id":{"type":"string","description_kind":"plain","optional":true,"computed":true},"node_labels":{"type":["map","string"],"description_kind":"plain","computed":true},"node_taints":{"type":["list","string"],"description_kind":"plain","computed":true},"scale_policy":{"type":["list",["object",{"auto_scale":["list",["object",{"initial":"number","max":"number","min":"number"}]],"fixed_scale":["list",["object",{"size":"number"}]]}]],"description_kind":"plain","computed":true},"status":{"type":"string","description_kind":"plain","computed":true},"version_info":{"type":["list",["object",{"current_version":"string","new_revision_available":"bool","new_revision_summary":"string","version_deprecated":"bool"}]],"description_kind":"plain","computed":true}},"description_kind":"plain"}},"yandex_lb_network_load_balancer":{"version":0,"block":{"attributes":{"attached_target_group":{"type":["set",["object",{"healthcheck":["list",["object",{"healthy_threshold":"number","http_options":["list",["object",{"path":"string","port":"number"}]],"interval":"number","name":"string","tcp_options":["list",["object",{"port":"number"}]],"timeout":"number","unhealthy_threshold":"number"}]],"target_group_id":"string"}]],"description_kind":"plain","computed":true},"created_at":{"type":"string","description_kind":"plain","computed":true},"deletion_protection":{"type":"bool","description_kind":"plain","computed":true},"description":{"type":"string","description_kind":"plain","computed":true},"folder_id":{"type":"string","description_kind":"plain","optional":true,"computed":true},"id":{"type":"string","description_kind":"plain","optional":true,"computed":true},"labels":{"type":["map","string"],"description_kind":"plain","computed":true},"listener":{"type":["set",["object",{"external_address_spec":["set",["object",{"address":"string","ip_version":"string"}]],"internal_address_spec":["set",["object",{"address":"string","ip_version":"string","subnet_id":"string"}]],"name":"string","port":"number","protocol":"string","target_port":"number"}]],"description_kind":"plain","computed":true},"name":{"type":"string","description_kind":"plain","optional":true,"computed":true},"network_load_balancer_id":{"type":"string","description_kind":"plain","optional":true,"computed":true},"region_id":{"type":"string","description_kind":"plain","computed":true},"type":{"type":"string","description_kind":"plain","computed":true}},"description_kind":"plain"}},"yandex_lb_target_group":{"version":0,"block":{"attributes":{"created_at":{"type":"string","description_kind":"plain","computed":true},"description":{"type":"string","description_kind":"plain","computed":true},"folder_id":{"type":"string","description_kind":"plain","optional":true,"computed":true},"id":{"type":"string","description_kind":"plain","optional":true,"computed":true},"labels":{"type":["map","string"],"description_kind":"plain","computed":true},"name":{"type":"string","description_kind":"plain","optional":true,"computed":true},"target":{"type":["set",["object",{"address":"string","subnet_id":"string"}]],"description_kind":"plain","computed":true},"target_group_id":{"type":"string","description_kind":"plain","optional":true,"computed":true}},"description_kind":"plain"}},"yandex_loadtesting_agent":{"version":0,"block":{"attributes":{"agent_id":{"type":"string","description_kind":"plain","required":true},"compute_instance":{"type":["list",["object",{"boot_disk":["list",["object",{"auto_delete":"bool","device_name":"string","disk_id":"string","initialize_params":["list",["object",{"block_size":"number","description":"string","name":"string","size":"number","type":"string"}]]}]],"computed_labels":["map","string"],"computed_metadata":["map","string"],"labels":["map","string"],"metadata":["map","string"],"network_interface":["list",["object",{"index":"number","ip_address":"string","ipv4":"bool","ipv6":"bool","ipv6_address":"string","mac_address":"string","nat":"bool","nat_ip_address":"string","nat_ip_version":"string","security_group_ids":["set","string"],"subnet_id":"string"}]],"platform_id":"string","resources":["list",["object",{"core_fraction":"number","cores":"number","memory":"number"}]],"service_account_id":"string","zone_id":"string"}]],"description_kind":"plain","computed":true},"compute_instance_id":{"type":"string","description_kind":"plain","computed":true},"description":{"type":"string","description_kind":"plain","computed":true},"folder_id":{"type":"string","description_kind":"plain","computed":true},"id":{"type":"string","description_kind":"plain","optional":true,"computed":true},"labels":{"type":["map","string"],"description_kind":"plain","computed":true},"name":{"type":"string","description_kind":"plain","computed":true}},"description_kind":"plain"}},"yandex_lockbox_secret":{"version":1,"block":{"attributes":{"created_at":{"type":"string","description_kind":"plain","computed":true},"current_version":{"type":["list",["object",{"created_at":"string","description":"string","destroy_at":"string","id":"string","payload_entry_keys":["list","string"],"secret_id":"string","status":"string"}]],"description_kind":"plain","computed":true},"deletion_protection":{"type":"bool","description_kind":"plain","computed":true},"description":{"type":"string","description_kind":"plain","computed":true},"folder_id":{"type":"string","description_kind":"plain","optional":true,"computed":true},"id":{"type":"string","description_kind":"plain","optional":true,"computed":true},"kms_key_id":{"type":"string","description_kind":"plain","computed":true},"labels":{"type":["map","string"],"description_kind":"plain","computed":true},"name":{"type":"string","description_kind":"plain","optional":true,"computed":true},"password_payload_specification":{"type":["list",["object",{"excluded_punctuation":"string","include_digits":"bool","include_lowercase":"bool","include_punctuation":"bool","include_uppercase":"bool","included_punctuation":"string","length":"number","password_key":"string"}]],"description_kind":"plain","computed":true},"secret_id":{"type":"string","description_kind":"plain","optional":true},"status":{"type":"string","description_kind":"plain","computed":true}},"description_kind":"plain"}},"yandex_lockbox_secret_version":{"version":1,"block":{"attributes":{"entries":{"type":["list",["object",{"key":"string","text_value":"string"}]],"description_kind":"plain","computed":true},"id":{"type":"string","description_kind":"plain","optional":true,"computed":true},"secret_id":{"type":"string","description_kind":"plain","required":true},"version_id":{"type":"string","description_kind":"plain","optional":true,"computed":true}},"description_kind":"plain"}},"yandex_logging_group":{"version":0,"block":{"attributes":{"cloud_id":{"type":"string","description_kind":"plain","computed":true},"created_at":{"type":"string","description_kind":"plain","computed":true},"data_stream":{"type":"string","description_kind":"plain","computed":true},"description":{"type":"string","description_kind":"plain","computed":true},"folder_id":{"type":"string","description_kind":"plain","optional":true,"computed":true},"group_id":{"type":"string","description_kind":"plain","optional":true,"computed":true},"id":{"type":"string","description_kind":"plain","optional":true,"computed":true},"labels":{"type":["map","string"],"description_kind":"plain","computed":true},"name":{"type":"string","description_kind":"plain","optional":true,"computed":true},"retention_period":{"type":"string","description_kind":"plain","computed":true},"status":{"type":"string","description_kind":"plain","computed":true}},"description_kind":"plain"}},"yandex_mdb_clickhouse_cluster":{"version":0,"block":{"attributes":{"admin_password":{"type":"string","description_kind":"plain","optional":true,"sensitive":true},"backup_retain_period_days":{"type":"number","description_kind":"plain","optional":true},"cluster_id":{"type":"string","description_kind":"plain","optional":true,"computed":true},"copy_schema_on_new_hosts":{"type":"bool","description_kind":"plain","optional":true},"created_at":{"type":"string","description_kind":"plain","optional":true,"computed":true},"deletion_protection":{"type":"bool","description_kind":"plain","optional":true,"computed":true},"description":{"type":"string","description_kind":"plain","optional":true},"embedded_keeper":{"type":"bool","description_kind":"plain","optional":true,"computed":true},"environment":{"type":"string","description_kind":"plain","optional":true},"folder_id":{"type":"string","description_kind":"plain","optional":true,"computed":true},"health":{"type":"string","description_kind":"plain","optional":true,"computed":true},"id":{"type":"string","description_kind":"plain","optional":true,"computed":true},"labels":{"type":["map","string"],"description_kind":"plain","optional":true,"computed":true},"name":{"type":"string","description_kind":"plain","optional":true},"network_id":{"type":"string","description_kind":"plain","optional":true},"security_group_ids":{"type":["set","string"],"description_kind":"plain","optional":true,"computed":true},"service_account_id":{"type":"string","description_kind":"plain","optional":true,"computed":true},"sql_database_management":{"type":"bool","description_kind":"plain","optional":true,"computed":true},"sql_user_management":{"type":"bool","description_kind":"plain","optional":true,"computed":true},"status":{"type":"string","description_kind":"plain","optional":true,"computed":true},"version":{"type":"string","description_kind":"plain","optional":true,"computed":true}},"block_types":{"access":{"nesting_mode":"list","block":{"attributes":{"data_lens":{"type":"bool","description_kind":"plain","optional":true},"data_transfer":{"type":"bool","description_kind":"plain","optional":true},"metrika":{"type":"bool","description_kind":"plain","optional":true},"serverless":{"type":"bool","description_kind":"plain","optional":true},"web_sql":{"type":"bool","description_kind":"plain","optional":true},"yandex_query":{"type":"bool","description_kind":"plain","optional":true}},"description_kind":"plain"},"max_items":1},"backup_window_start":{"nesting_mode":"list","block":{"attributes":{"hours":{"type":"number","description_kind":"plain","optional":true},"minutes":{"type":"number","description_kind":"plain","optional":true}},"description_kind":"plain"},"max_items":1},"clickhouse":{"nesting_mode":"list","block":{"block_types":{"config":{"nesting_mode":"list","block":{"attributes":{"asynchronous_insert_log_enabled":{"type":"bool","description_kind":"plain","optional":true,"computed":true},"asynchronous_insert_log_retention_size":{"type":"number","description_kind":"plain","optional":true,"computed":true},"asynchronous_insert_log_retention_time":{"type":"number","description_kind":"plain","optional":true,"computed":true},"asynchronous_metric_log_enabled":{"type":"bool","description_kind":"plain","optional":true,"computed":true},"asynchronous_metric_log_retention_size":{"type":"number","description_kind":"plain","optional":true,"computed":true},"asynchronous_metric_log_retention_time":{"type":"number","description_kind":"plain","optional":true,"computed":true},"background_buffer_flush_schedule_pool_size":{"type":"number","description_kind":"plain","optional":true,"computed":true},"background_common_pool_size":{"type":"number","description_kind":"plain","optional":true,"computed":true},"background_distributed_schedule_pool_size":{"type":"number","description_kind":"plain","optional":true,"computed":true},"background_fetches_pool_size":{"type":"number","description_kind":"plain","optional":true,"computed":true},"background_merges_mutations_concurrency_ratio":{"type":"number","description_kind":"plain","optional":true,"computed":true},"background_message_broker_schedule_pool_size":{"type":"number","description_kind":"plain","optional":true,"computed":true},"background_move_pool_size":{"type":"number","description_kind":"plain","optional":true,"computed":true},"background_pool_size":{"type":"number","description_kind":"plain","optional":true,"computed":true},"background_schedule_pool_size":{"type":"number","description_kind":"plain","optional":true,"computed":true},"default_database":{"type":"string","description_kind":"plain","optional":true,"computed":true},"dictionaries_lazy_load":{"type":"bool","description_kind":"plain","optional":true,"computed":true},"geobase_enabled":{"type":"bool","description_kind":"plain","optional":true,"computed":true},"geobase_uri":{"type":"string","description_kind":"plain","optional":true,"computed":true},"keep_alive_timeout":{"type":"number","description_kind":"plain","optional":true,"computed":true},"log_level":{"type":"string","description_kind":"plain","optional":true,"computed":true},"mark_cache_size":{"type":"number","description_kind":"plain","optional":true,"computed":true},"max_concurrent_queries":{"type":"number","description_kind":"plain","optional":true,"computed":true},"max_connections":{"type":"number","description_kind":"plain","optional":true,"computed":true},"max_partition_size_to_drop":{"type":"number","description_kind":"plain","optional":true,"computed":true},"max_table_size_to_drop":{"type":"number","description_kind":"plain","optional":true,"computed":true},"metric_log_enabled":{"type":"bool","description_kind":"plain","optional":true,"computed":true},"metric_log_retention_size":{"type":"number","description_kind":"plain","optional":true,"computed":true},"metric_log_retention_time":{"type":"number","description_kind":"plain","optional":true,"computed":true},"opentelemetry_span_log_enabled":{"type":"bool","description_kind":"plain","optional":true,"computed":true},"opentelemetry_span_log_retention_size":{"type":"number","description_kind":"plain","optional":true,"computed":true},"opentelemetry_span_log_retention_time":{"type":"number","description_kind":"plain","optional":true,"computed":true},"part_log_retention_size":{"type":"number","description_kind":"plain","optional":true,"computed":true},"part_log_retention_time":{"type":"number","description_kind":"plain","optional":true,"computed":true},"query_log_retention_size":{"type":"number","description_kind":"plain","optional":true,"computed":true},"query_log_retention_time":{"type":"number","description_kind":"plain","optional":true,"computed":true},"query_thread_log_enabled":{"type":"bool","description_kind":"plain","optional":true,"computed":true},"query_thread_log_retention_size":{"type":"number","description_kind":"plain","optional":true,"computed":true},"query_thread_log_retention_time":{"type":"number","description_kind":"plain","optional":true,"computed":true},"query_views_log_enabled":{"type":"bool","description_kind":"plain","optional":true,"computed":true},"query_views_log_retention_size":{"type":"number","description_kind":"plain","optional":true,"computed":true},"query_views_log_retention_time":{"type":"number","description_kind":"plain","optional":true,"computed":true},"session_log_enabled":{"type":"bool","description_kind":"plain","optional":true,"computed":true},"session_log_retention_size":{"type":"number","description_kind":"plain","optional":true,"computed":true},"session_log_retention_time":{"type":"number","description_kind":"plain","optional":true,"computed":true},"text_log_enabled":{"type":"bool","description_kind":"plain","optional":true,"computed":true},"text_log_level":{"type":"string","description_kind":"plain","optional":true,"computed":true},"text_log_retention_size":{"type":"number","description_kind":"plain","optional":true,"computed":true},"text_log_retention_time":{"type":"number","description_kind":"plain","optional":true,"computed":true},"timezone":{"type":"string","description_kind":"plain","optional":true,"computed":true},"total_memory_profiler_step":{"type":"number","description_kind":"plain","optional":true,"computed":true},"trace_log_enabled":{"type":"bool","description_kind":"plain","optional":true,"computed":true},"trace_log_retention_size":{"type":"number","description_kind":"plain","optional":true,"computed":true},"trace_log_retention_time":{"type":"number","description_kind":"plain","optional":true,"computed":true},"uncompressed_cache_size":{"type":"number","description_kind":"plain","optional":true,"computed":true},"zookeeper_log_enabled":{"type":"bool","description_kind":"plain","optional":true,"computed":true},"zookeeper_log_retention_size":{"type":"number","description_kind":"plain","optional":true,"computed":true},"zookeeper_log_retention_time":{"type":"number","description_kind":"plain","optional":true,"computed":true}},"block_types":{"compression":{"nesting_mode":"list","block":{"attributes":{"level":{"type":"number","description_kind":"plain","optional":true},"method":{"type":"string","description_kind":"plain","optional":true},"min_part_size":{"type":"number","description_kind":"plain","optional":true},"min_part_size_ratio":{"type":"number","description_kind":"plain","optional":true}},"description_kind":"plain"}},"graphite_rollup":{"nesting_mode":"list","block":{"attributes":{"name":{"type":"string","description_kind":"plain","optional":true},"path_column_name":{"type":"string","description_kind":"plain","optional":true,"computed":true},"time_column_name":{"type":"string","description_kind":"plain","optional":true,"computed":true},"value_column_name":{"type":"string","description_kind":"plain","optional":true,"computed":true},"version_column_name":{"type":"string","description_kind":"plain","optional":true,"computed":true}},"block_types":{"pattern":{"nesting_mode":"list","block":{"attributes":{"function":{"type":"string","description_kind":"plain","optional":true},"regexp":{"type":"string","description_kind":"plain","optional":true,"computed":true}},"block_types":{"retention":{"nesting_mode":"list","block":{"attributes":{"age":{"type":"number","description_kind":"plain","optional":true},"precision":{"type":"number","description_kind":"plain","optional":true}},"description_kind":"plain"}}},"description_kind":"plain"}}},"description_kind":"plain"}},"kafka":{"nesting_mode":"list","block":{"attributes":{"auto_offset_reset":{"type":"string","description_kind":"plain","optional":true,"computed":true},"debug":{"type":"string","description_kind":"plain","optional":true,"computed":true},"enable_ssl_certificate_verification":{"type":"bool","description_kind":"plain","optional":true,"computed":true},"max_poll_interval_ms":{"type":"number","description_kind":"plain","optional":true,"computed":true},"sasl_mechanism":{"type":"string","description_kind":"plain","optional":true,"computed":true},"sasl_password":{"type":"string","description_kind":"plain","optional":true,"computed":true,"sensitive":true},"sasl_username":{"type":"string","description_kind":"plain","optional":true,"computed":true},"security_protocol":{"type":"string","description_kind":"plain","optional":true,"computed":true},"session_timeout_ms":{"type":"number","description_kind":"plain","optional":true,"computed":true}},"description_kind":"plain"},"max_items":1},"kafka_topic":{"nesting_mode":"list","block":{"attributes":{"name":{"type":"string","description_kind":"plain","optional":true}},"block_types":{"settings":{"nesting_mode":"list","block":{"attributes":{"auto_offset_reset":{"type":"string","description_kind":"plain","optional":true,"computed":true},"debug":{"type":"string","description_kind":"plain","optional":true,"computed":true},"enable_ssl_certificate_verification":{"type":"bool","description_kind":"plain","optional":true,"computed":true},"max_poll_interval_ms":{"type":"number","description_kind":"plain","optional":true,"computed":true},"sasl_mechanism":{"type":"string","description_kind":"plain","optional":true},"sasl_password":{"type":"string","description_kind":"plain","optional":true,"sensitive":true},"sasl_username":{"type":"string","description_kind":"plain","optional":true},"security_protocol":{"type":"string","description_kind":"plain","optional":true},"session_timeout_ms":{"type":"number","description_kind":"plain","optional":true,"computed":true}},"description_kind":"plain"},"max_items":1}},"description_kind":"plain"}},"merge_tree":{"nesting_mode":"list","block":{"attributes":{"allow_remote_fs_zero_copy_replication":{"type":"bool","description_kind":"plain","optional":true,"computed":true},"check_sample_column_is_correct":{"type":"bool","description_kind":"plain","optional":true,"computed":true},"cleanup_delay_period":{"type":"number","description_kind":"plain","optional":true,"computed":true},"inactive_parts_to_delay_insert":{"type":"number","description_kind":"plain","optional":true,"computed":true},"inactive_parts_to_throw_insert":{"type":"number","description_kind":"plain","optional":true,"computed":true},"max_avg_part_size_for_too_many_parts":{"type":"number","description_kind":"plain","optional":true,"computed":true},"max_bytes_to_merge_at_max_space_in_pool":{"type":"number","description_kind":"plain","optional":true,"computed":true},"max_bytes_to_merge_at_min_space_in_pool":{"type":"number","description_kind":"plain","optional":true,"computed":true},"max_cleanup_delay_period":{"type":"number","description_kind":"plain","optional":true,"computed":true},"max_merge_selecting_sleep_ms":{"type":"number","description_kind":"plain","optional":true,"computed":true},"max_number_of_merges_with_ttl_in_pool":{"type":"number","description_kind":"plain","optional":true,"computed":true},"max_parts_in_total":{"type":"number","description_kind":"plain","optional":true,"computed":true},"max_replicated_merges_in_queue":{"type":"number","description_kind":"plain","optional":true,"computed":true},"merge_max_block_size":{"type":"number","description_kind":"plain","optional":true,"computed":true},"merge_selecting_sleep_ms":{"type":"number","description_kind":"plain","optional":true,"computed":true},"merge_with_recompression_ttl_timeout":{"type":"number","description_kind":"plain","optional":true,"computed":true},"merge_with_ttl_timeout":{"type":"number","description_kind":"plain","optional":true,"computed":true},"min_age_to_force_merge_on_partition_only":{"type":"bool","description_kind":"plain","optional":true,"computed":true},"min_age_to_force_merge_seconds":{"type":"number","description_kind":"plain","optional":true,"computed":true},"min_bytes_for_wide_part":{"type":"number","description_kind":"plain","optional":true,"computed":true},"min_rows_for_wide_part":{"type":"number","description_kind":"plain","optional":true,"computed":true},"number_of_free_entries_in_pool_to_execute_mutation":{"type":"number","description_kind":"plain","optional":true,"computed":true},"number_of_free_entries_in_pool_to_lower_max_size_of_merge":{"type":"number","description_kind":"plain","optional":true,"computed":true},"parts_to_delay_insert":{"type":"number","description_kind":"plain","optional":true,"computed":true},"parts_to_throw_insert":{"type":"number","description_kind":"plain","optional":true,"computed":true},"replicated_deduplication_window":{"type":"number","description_kind":"plain","optional":true,"computed":true},"replicated_deduplication_window_seconds":{"type":"number","description_kind":"plain","optional":true,"computed":true},"ttl_only_drop_parts":{"type":"bool","description_kind":"plain","optional":true,"computed":true}},"description_kind":"plain"},"max_items":1},"query_cache":{"nesting_mode":"list","block":{"attributes":{"max_entries":{"type":"number","description_kind":"plain","optional":true,"computed":true},"max_entry_size_in_bytes":{"type":"number","description_kind":"plain","optional":true,"computed":true},"max_entry_size_in_rows":{"type":"number","description_kind":"plain","optional":true,"computed":true},"max_size_in_bytes":{"type":"number","description_kind":"plain","optional":true,"computed":true}},"description_kind":"plain"},"max_items":1},"query_masking_rules":{"nesting_mode":"list","block":{"attributes":{"name":{"type":"string","description_kind":"plain","optional":true,"computed":true},"regexp":{"type":"string","description_kind":"plain","optional":true},"replace":{"type":"string","description_kind":"plain","optional":true,"computed":true}},"description_kind":"plain"}},"rabbitmq":{"nesting_mode":"list","block":{"attributes":{"password":{"type":"string","description_kind":"plain","optional":true,"computed":true,"sensitive":true},"username":{"type":"string","description_kind":"plain","optional":true,"computed":true},"vhost":{"type":"string","description_kind":"plain","optional":true,"computed":true}},"description_kind":"plain"},"max_items":1}},"description_kind":"plain"},"max_items":1},"resources":{"nesting_mode":"list","block":{"attributes":{"disk_size":{"type":"number","description_kind":"plain","optional":true,"computed":true},"disk_type_id":{"type":"string","description_kind":"plain","optional":true,"computed":true},"resource_preset_id":{"type":"string","description_kind":"plain","optional":true,"computed":true}},"description_kind":"plain"},"max_items":1}},"description_kind":"plain"},"max_items":1},"cloud_storage":{"nesting_mode":"list","block":{"attributes":{"data_cache_enabled":{"type":"bool","description_kind":"plain","optional":true,"computed":true},"data_cache_max_size":{"type":"number","description_kind":"plain","optional":true,"computed":true},"enabled":{"type":"bool","description_kind":"plain","optional":true},"move_factor":{"type":"number","description_kind":"plain","optional":true,"computed":true},"prefer_not_to_merge":{"type":"bool","description_kind":"plain","optional":true,"computed":true}},"description_kind":"plain"},"max_items":1},"database":{"nesting_mode":"set","block":{"attributes":{"name":{"type":"string","description_kind":"plain","optional":true}},"description_kind":"plain"}},"format_schema":{"nesting_mode":"set","block":{"attributes":{"name":{"type":"string","description_kind":"plain","optional":true},"type":{"type":"string","description_kind":"plain","optional":true},"uri":{"type":"string","description_kind":"plain","optional":true}},"description_kind":"plain"}},"host":{"nesting_mode":"list","block":{"attributes":{"assign_public_ip":{"type":"bool","description_kind":"plain","optional":true},"fqdn":{"type":"string","description_kind":"plain","optional":true,"computed":true},"shard_name":{"type":"string","description_kind":"plain","optional":true,"computed":true},"subnet_id":{"type":"string","description_kind":"plain","optional":true,"computed":true},"type":{"type":"string","description_kind":"plain","optional":true},"zone":{"type":"string","description_kind":"plain","optional":true}},"description_kind":"plain"}},"maintenance_window":{"nesting_mode":"list","block":{"attributes":{"day":{"type":"string","description_kind":"plain","optional":true},"hour":{"type":"number","description_kind":"plain","optional":true},"type":{"type":"string","description_kind":"plain","optional":true}},"description_kind":"plain"},"max_items":1},"ml_model":{"nesting_mode":"set","block":{"attributes":{"name":{"type":"string","description_kind":"plain","optional":true},"type":{"type":"string","description_kind":"plain","optional":true},"uri":{"type":"string","description_kind":"plain","optional":true}},"description_kind":"plain"}},"shard":{"nesting_mode":"set","block":{"attributes":{"name":{"type":"string","description_kind":"plain","optional":true},"weight":{"type":"number","description_kind":"plain","optional":true,"computed":true}},"block_types":{"resources":{"nesting_mode":"list","block":{"attributes":{"disk_size":{"type":"number","description_kind":"plain","optional":true,"computed":true},"disk_type_id":{"type":"string","description_kind":"plain","optional":true,"computed":true},"resource_preset_id":{"type":"string","description_kind":"plain","optional":true,"computed":true}},"description_kind":"plain"},"max_items":1}},"description_kind":"plain"}},"shard_group":{"nesting_mode":"list","block":{"attributes":{"description":{"type":"string","description_kind":"plain","optional":true},"name":{"type":"string","description_kind":"plain","optional":true},"shard_names":{"type":["list","string"],"description_kind":"plain","optional":true}},"description_kind":"plain"}},"user":{"nesting_mode":"set","block":{"attributes":{"name":{"type":"string","description_kind":"plain","optional":true},"password":{"type":"string","description_kind":"plain","optional":true,"sensitive":true}},"block_types":{"permission":{"nesting_mode":"set","block":{"attributes":{"database_name":{"type":"string","description_kind":"plain","optional":true}},"description_kind":"plain"}},"quota":{"nesting_mode":"set","block":{"attributes":{"errors":{"type":"number","description_kind":"plain","optional":true,"computed":true},"execution_time":{"type":"number","description_kind":"plain","optional":true,"computed":true},"interval_duration":{"type":"number","description_kind":"plain","optional":true},"queries":{"type":"number","description_kind":"plain","optional":true,"computed":true},"read_rows":{"type":"number","description_kind":"plain","optional":true,"computed":true},"result_rows":{"type":"number","description_kind":"plain","optional":true,"computed":true}},"description_kind":"plain"}},"settings":{"nesting_mode":"list","block":{"attributes":{"add_http_cors_header":{"type":"bool","description_kind":"plain","optional":true,"computed":true},"allow_ddl":{"type":"bool","description_kind":"plain","optional":true,"computed":true},"allow_introspection_functions":{"type":"bool","description_kind":"plain","optional":true,"computed":true},"allow_suspicious_low_cardinality_types":{"type":"bool","description_kind":"plain","optional":true,"computed":true},"any_join_distinct_right_table_keys":{"type":"bool","description_kind":"plain","optional":true,"computed":true},"async_insert":{"type":"bool","description_kind":"plain","optional":true,"computed":true},"async_insert_busy_timeout":{"type":"number","description_kind":"plain","optional":true,"computed":true},"async_insert_max_data_size":{"type":"number","description_kind":"plain","optional":true,"computed":true},"async_insert_stale_timeout":{"type":"number","description_kind":"plain","optional":true,"computed":true},"async_insert_threads":{"type":"number","description_kind":"plain","optional":true,"computed":true},"cancel_http_readonly_queries_on_client_close":{"type":"bool","description_kind":"plain","optional":true,"computed":true},"compile":{"type":"bool","description_kind":"plain","optional":true,"computed":true},"compile_expressions":{"type":"bool","description_kind":"plain","optional":true,"computed":true},"connect_timeout":{"type":"number","description_kind":"plain","optional":true,"computed":true},"connect_timeout_with_failover":{"type":"number","description_kind":"plain","optional":true,"computed":true},"count_distinct_implementation":{"type":"string","description_kind":"plain","optional":true,"computed":true},"date_time_input_format":{"type":"string","description_kind":"plain","optional":true,"computed":true},"date_time_output_format":{"type":"string","description_kind":"plain","optional":true,"computed":true},"deduplicate_blocks_in_dependent_materialized_views":{"type":"bool","description_kind":"plain","optional":true,"computed":true},"distinct_overflow_mode":{"type":"string","description_kind":"plain","optional":true,"computed":true},"distributed_aggregation_memory_efficient":{"type":"bool","description_kind":"plain","optional":true,"computed":true},"distributed_ddl_task_timeout":{"type":"number","description_kind":"plain","optional":true,"computed":true},"distributed_product_mode":{"type":"string","description_kind":"plain","optional":true,"computed":true},"empty_result_for_aggregation_by_empty_set":{"type":"bool","description_kind":"plain","optional":true,"computed":true},"enable_http_compression":{"type":"bool","description_kind":"plain","optional":true,"computed":true},"fallback_to_stale_replicas_for_distributed_queries":{"type":"bool","description_kind":"plain","optional":true,"computed":true},"flatten_nested":{"type":"bool","description_kind":"plain","optional":true,"computed":true},"force_index_by_date":{"type":"bool","description_kind":"plain","optional":true,"computed":true},"force_primary_key":{"type":"bool","description_kind":"plain","optional":true,"computed":true},"format_regexp":{"type":"string","description_kind":"plain","optional":true,"computed":true},"format_regexp_skip_unmatched":{"type":"bool","description_kind":"plain","optional":true,"computed":true},"group_by_overflow_mode":{"type":"string","description_kind":"plain","optional":true,"computed":true},"group_by_two_level_threshold":{"type":"number","description_kind":"plain","optional":true,"computed":true},"group_by_two_level_threshold_bytes":{"type":"number","description_kind":"plain","optional":true,"computed":true},"hedged_connection_timeout_ms":{"type":"number","description_kind":"plain","optional":true,"computed":true},"http_connection_timeout":{"type":"number","description_kind":"plain","optional":true,"computed":true},"http_headers_progress_interval":{"type":"number","description_kind":"plain","optional":true,"computed":true},"http_receive_timeout":{"type":"number","description_kind":"plain","optional":true,"computed":true},"http_send_timeout":{"type":"number","description_kind":"plain","optional":true,"computed":true},"idle_connection_timeout":{"type":"number","description_kind":"plain","optional":true,"computed":true},"input_format_defaults_for_omitted_fields":{"type":"bool","description_kind":"plain","optional":true,"computed":true},"input_format_import_nested_json":{"type":"bool","description_kind":"plain","optional":true,"computed":true},"input_format_null_as_default":{"type":"bool","description_kind":"plain","optional":true,"computed":true},"input_format_parallel_parsing":{"type":"bool","description_kind":"plain","optional":true,"computed":true},"input_format_values_interpret_expressions":{"type":"bool","description_kind":"plain","optional":true,"computed":true},"input_format_with_names_use_header":{"type":"bool","description_kind":"plain","optional":true,"computed":true},"insert_keeper_max_retries":{"type":"number","description_kind":"plain","optional":true,"computed":true},"insert_null_as_default":{"type":"bool","description_kind":"plain","optional":true,"computed":true},"insert_quorum":{"type":"number","description_kind":"plain","optional":true,"computed":true},"insert_quorum_parallel":{"type":"bool","description_kind":"plain","optional":true,"computed":true},"insert_quorum_timeout":{"type":"number","description_kind":"plain","optional":true,"computed":true},"join_algorithm":{"type":["list","string"],"description_kind":"plain","optional":true,"computed":true},"join_overflow_mode":{"type":"string","description_kind":"plain","optional":true,"computed":true},"join_use_nulls":{"type":"bool","description_kind":"plain","optional":true,"computed":true},"joined_subquery_requires_alias":{"type":"bool","description_kind":"plain","optional":true,"computed":true},"load_balancing":{"type":"string","description_kind":"plain","optional":true,"computed":true},"local_filesystem_read_method":{"type":"string","description_kind":"plain","optional":true,"computed":true},"log_query_threads":{"type":"bool","description_kind":"plain","optional":true,"computed":true},"low_cardinality_allow_in_native_format":{"type":"bool","description_kind":"plain","optional":true,"computed":true},"max_ast_depth":{"type":"number","description_kind":"plain","optional":true,"computed":true},"max_ast_elements":{"type":"number","description_kind":"plain","optional":true,"computed":true},"max_block_size":{"type":"number","description_kind":"plain","optional":true,"computed":true},"max_bytes_before_external_group_by":{"type":"number","description_kind":"plain","optional":true,"computed":true},"max_bytes_before_external_sort":{"type":"number","description_kind":"plain","optional":true,"computed":true},"max_bytes_in_distinct":{"type":"number","description_kind":"plain","optional":true,"computed":true},"max_bytes_in_join":{"type":"number","description_kind":"plain","optional":true,"computed":true},"max_bytes_in_set":{"type":"number","description_kind":"plain","optional":true,"computed":true},"max_bytes_to_read":{"type":"number","description_kind":"plain","optional":true,"computed":true},"max_bytes_to_sort":{"type":"number","description_kind":"plain","optional":true,"computed":true},"max_bytes_to_transfer":{"type":"number","description_kind":"plain","optional":true,"computed":true},"max_columns_to_read":{"type":"number","description_kind":"plain","optional":true,"computed":true},"max_concurrent_queries_for_user":{"type":"number","description_kind":"plain","optional":true,"computed":true},"max_execution_time":{"type":"number","description_kind":"plain","optional":true,"computed":true},"max_expanded_ast_elements":{"type":"number","description_kind":"plain","optional":true,"computed":true},"max_final_threads":{"type":"number","description_kind":"plain","optional":true,"computed":true},"max_http_get_redirects":{"type":"number","description_kind":"plain","optional":true,"computed":true},"max_insert_block_size":{"type":"number","description_kind":"plain","optional":true,"computed":true},"max_insert_threads":{"type":"number","description_kind":"plain","optional":true,"computed":true},"max_memory_usage":{"type":"number","description_kind":"plain","optional":true,"computed":true},"max_memory_usage_for_user":{"type":"number","description_kind":"plain","optional":true,"computed":true},"max_network_bandwidth":{"type":"number","description_kind":"plain","optional":true,"computed":true},"max_network_bandwidth_for_user":{"type":"number","description_kind":"plain","optional":true,"computed":true},"max_parser_depth":{"type":"number","description_kind":"plain","optional":true,"computed":true},"max_query_size":{"type":"number","description_kind":"plain","optional":true,"computed":true},"max_read_buffer_size":{"type":"number","description_kind":"plain","optional":true,"computed":true},"max_replica_delay_for_distributed_queries":{"type":"number","description_kind":"plain","optional":true,"computed":true},"max_result_bytes":{"type":"number","description_kind":"plain","optional":true,"computed":true},"max_result_rows":{"type":"number","description_kind":"plain","optional":true,"computed":true},"max_rows_in_distinct":{"type":"number","description_kind":"plain","optional":true,"computed":true},"max_rows_in_join":{"type":"number","description_kind":"plain","optional":true,"computed":true},"max_rows_in_set":{"type":"number","description_kind":"plain","optional":true,"computed":true},"max_rows_to_group_by":{"type":"number","description_kind":"plain","optional":true,"computed":true},"max_rows_to_read":{"type":"number","description_kind":"plain","optional":true,"computed":true},"max_rows_to_sort":{"type":"number","description_kind":"plain","optional":true,"computed":true},"max_rows_to_transfer":{"type":"number","description_kind":"plain","optional":true,"computed":true},"max_temporary_columns":{"type":"number","description_kind":"plain","optional":true,"computed":true},"max_temporary_data_on_disk_size_for_query":{"type":"number","description_kind":"plain","optional":true,"computed":true},"max_temporary_data_on_disk_size_for_user":{"type":"number","description_kind":"plain","optional":true,"computed":true},"max_temporary_non_const_columns":{"type":"number","description_kind":"plain","optional":true,"computed":true},"max_threads":{"type":"number","description_kind":"plain","optional":true,"computed":true},"memory_overcommit_ratio_denominator":{"type":"number","description_kind":"plain","optional":true,"computed":true},"memory_overcommit_ratio_denominator_for_user":{"type":"number","description_kind":"plain","optional":true,"computed":true},"memory_profiler_sample_probability":{"type":"number","description_kind":"plain","optional":true,"computed":true},"memory_profiler_step":{"type":"number","description_kind":"plain","optional":true,"computed":true},"memory_usage_overcommit_max_wait_microseconds":{"type":"number","description_kind":"plain","optional":true,"computed":true},"merge_tree_max_bytes_to_use_cache":{"type":"number","description_kind":"plain","optional":true,"computed":true},"merge_tree_max_rows_to_use_cache":{"type":"number","description_kind":"plain","optional":true,"computed":true},"merge_tree_min_bytes_for_concurrent_read":{"type":"number","description_kind":"plain","optional":true,"computed":true},"merge_tree_min_rows_for_concurrent_read":{"type":"number","description_kind":"plain","optional":true,"computed":true},"min_bytes_to_use_direct_io":{"type":"number","description_kind":"plain","optional":true,"computed":true},"min_count_to_compile":{"type":"number","description_kind":"plain","optional":true,"computed":true},"min_count_to_compile_expression":{"type":"number","description_kind":"plain","optional":true,"computed":true},"min_execution_speed":{"type":"number","description_kind":"plain","optional":true,"computed":true},"min_execution_speed_bytes":{"type":"number","description_kind":"plain","optional":true,"computed":true},"min_insert_block_size_bytes":{"type":"number","description_kind":"plain","optional":true,"computed":true},"min_insert_block_size_rows":{"type":"number","description_kind":"plain","optional":true,"computed":true},"output_format_json_quote_64bit_integers":{"type":"bool","description_kind":"plain","optional":true,"computed":true},"output_format_json_quote_denormals":{"type":"bool","description_kind":"plain","optional":true,"computed":true},"prefer_localhost_replica":{"type":"bool","description_kind":"plain","optional":true,"computed":true},"priority":{"type":"number","description_kind":"plain","optional":true,"computed":true},"quota_mode":{"type":"string","description_kind":"plain","optional":true,"computed":true},"read_overflow_mode":{"type":"string","description_kind":"plain","optional":true,"computed":true},"readonly":{"type":"number","description_kind":"plain","optional":true,"computed":true},"receive_timeout":{"type":"number","description_kind":"plain","optional":true,"computed":true},"remote_filesystem_read_method":{"type":"string","description_kind":"plain","optional":true,"computed":true},"replication_alter_partitions_sync":{"type":"number","description_kind":"plain","optional":true,"computed":true},"result_overflow_mode":{"type":"string","description_kind":"plain","optional":true,"computed":true},"select_sequential_consistency":{"type":"bool","description_kind":"plain","optional":true,"computed":true},"send_progress_in_http_headers":{"type":"bool","description_kind":"plain","optional":true,"computed":true},"send_timeout":{"type":"number","description_kind":"plain","optional":true,"computed":true},"set_overflow_mode":{"type":"string","description_kind":"plain","optional":true,"computed":true},"skip_unavailable_shards":{"type":"bool","description_kind":"plain","optional":true,"computed":true},"sort_overflow_mode":{"type":"string","description_kind":"plain","optional":true,"computed":true},"timeout_before_checking_execution_speed":{"type":"number","description_kind":"plain","optional":true,"computed":true},"timeout_overflow_mode":{"type":"string","description_kind":"plain","optional":true,"computed":true},"transfer_overflow_mode":{"type":"string","description_kind":"plain","optional":true,"computed":true},"transform_null_in":{"type":"bool","description_kind":"plain","optional":true,"computed":true},"use_hedged_requests":{"type":"bool","description_kind":"plain","optional":true,"computed":true},"use_uncompressed_cache":{"type":"bool","description_kind":"plain","optional":true,"computed":true},"wait_for_async_insert":{"type":"bool","description_kind":"plain","optional":true,"computed":true},"wait_for_async_insert_timeout":{"type":"number","description_kind":"plain","optional":true,"computed":true}},"description_kind":"plain"},"max_items":1}},"description_kind":"plain"}},"zookeeper":{"nesting_mode":"list","block":{"block_types":{"resources":{"nesting_mode":"list","block":{"attributes":{"disk_size":{"type":"number","description_kind":"plain","optional":true,"computed":true},"disk_type_id":{"type":"string","description_kind":"plain","optional":true,"computed":true},"resource_preset_id":{"type":"string","description_kind":"plain","optional":true,"computed":true}},"description_kind":"plain"},"max_items":1}},"description_kind":"plain"},"max_items":1}},"description_kind":"plain"}},"yandex_mdb_elasticsearch_cluster":{"version":0,"block":{"attributes":{"cluster_id":{"type":"string","description_kind":"plain","optional":true,"computed":true},"config":{"type":["list",["object",{"admin_password":"string","data_node":["list",["object",{"resources":["list",["object",{"disk_size":"number","disk_type_id":"string","resource_preset_id":"string"}]]}]],"edition":"string","master_node":["list",["object",{"resources":["list",["object",{"disk_size":"number","disk_type_id":"string","resource_preset_id":"string"}]]}]],"plugins":["set","string"],"version":"string"}]],"description_kind":"plain","computed":true},"created_at":{"type":"string","description_kind":"plain","computed":true},"deletion_protection":{"type":"bool","description_kind":"plain","optional":true,"computed":true},"description":{"type":"string","description_kind":"plain","optional":true,"computed":true},"environment":{"type":"string","description_kind":"plain","computed":true},"folder_id":{"type":"string","description_kind":"plain","optional":true,"computed":true},"health":{"type":"string","description_kind":"plain","computed":true},"host":{"type":["set",["object",{"assign_public_ip":"bool","fqdn":"string","name":"string","subnet_id":"string","type":"string","zone":"string"}]],"description_kind":"plain","computed":true},"id":{"type":"string","description_kind":"plain","optional":true,"computed":true},"labels":{"type":["map","string"],"description_kind":"plain","optional":true,"computed":true},"maintenance_window":{"type":["list",["object",{"day":"string","hour":"number","type":"string"}]],"description_kind":"plain","computed":true},"name":{"type":"string","description_kind":"plain","optional":true,"computed":true},"network_id":{"type":"string","description_kind":"plain","computed":true},"security_group_ids":{"type":["set","string"],"description_kind":"plain","optional":true,"computed":true},"service_account_id":{"type":"string","description_kind":"plain","optional":true,"computed":true},"status":{"type":"string","description_kind":"plain","computed":true}},"description_kind":"plain"}},"yandex_mdb_greenplum_cluster":{"version":0,"block":{"attributes":{"access":{"type":["list",["object",{"data_lens":"bool","data_transfer":"bool","web_sql":"bool","yandex_query":"bool"}]],"description_kind":"plain","computed":true},"assign_public_ip":{"type":"bool","description_kind":"plain","computed":true},"backup_window_start":{"type":["list",["object",{"hours":"number","minutes":"number"}]],"description_kind":"plain","computed":true},"cloud_storage":{"type":["list",["object",{"enable":"bool"}]],"description_kind":"plain","computed":true},"cluster_id":{"type":"string","description_kind":"plain","optional":true,"computed":true},"created_at":{"type":"string","description_kind":"plain","computed":true},"deletion_protection":{"type":"bool","description_kind":"plain","computed":true},"description":{"type":"string","description_kind":"plain","computed":true},"environment":{"type":"string","description_kind":"plain","computed":true},"folder_id":{"type":"string","description_kind":"plain","optional":true,"computed":true},"greenplum_config":{"type":["map","string"],"description_kind":"plain","optional":true,"computed":true},"health":{"type":"string","description_kind":"plain","computed":true},"id":{"type":"string","description_kind":"plain","optional":true,"computed":true},"labels":{"type":["map","string"],"description_kind":"plain","computed":true},"maintenance_window":{"type":["list",["object",{"day":"string","hour":"number","type":"string"}]],"description_kind":"plain","computed":true},"master_host_count":{"type":"number","description_kind":"plain","computed":true},"master_host_group_ids":{"type":["set","string"],"description_kind":"plain","optional":true,"computed":true},"master_hosts":{"type":["list",["object",{"assign_public_ip":"bool","fqdn":"string"}]],"description_kind":"plain","computed":true},"master_subcluster":{"type":["list",["object",{"resources":["list",["object",{"disk_size":"number","disk_type_id":"string","resource_preset_id":"string"}]]}]],"description_kind":"plain","computed":true},"name":{"type":"string","description_kind":"plain","optional":true,"computed":true},"network_id":{"type":"string","description_kind":"plain","computed":true},"security_group_ids":{"type":["set","string"],"description_kind":"plain","computed":true},"segment_host_count":{"type":"number","description_kind":"plain","computed":true},"segment_host_group_ids":{"type":["set","string"],"description_kind":"plain","optional":true,"computed":true},"segment_hosts":{"type":["list",["object",{"fqdn":"string"}]],"description_kind":"plain","computed":true},"segment_in_host":{"type":"number","description_kind":"plain","computed":true},"segment_subcluster":{"type":["list",["object",{"resources":["list",["object",{"disk_size":"number","disk_type_id":"string","resource_preset_id":"string"}]]}]],"description_kind":"plain","computed":true},"status":{"type":"string","description_kind":"plain","computed":true},"subnet_id":{"type":"string","description_kind":"plain","computed":true},"user_name":{"type":"string","description_kind":"plain","computed":true},"version":{"type":"string","description_kind":"plain","computed":true},"zone":{"type":"string","description_kind":"plain","computed":true}},"block_types":{"background_activities":{"nesting_mode":"list","block":{"block_types":{"analyze_and_vacuum":{"nesting_mode":"list","block":{"attributes":{"analyze_timeout":{"type":"number","description_kind":"plain","optional":true,"computed":true},"start_time":{"type":"string","description_kind":"plain","optional":true,"computed":true},"vacuum_timeout":{"type":"number","description_kind":"plain","optional":true,"computed":true}},"description_kind":"plain"}},"query_killer_idle":{"nesting_mode":"list","block":{"attributes":{"enable":{"type":"bool","description_kind":"plain","optional":true,"computed":true},"ignore_users":{"type":["list","string"],"description_kind":"plain","optional":true,"computed":true},"max_age":{"type":"number","description_kind":"plain","optional":true,"computed":true}},"description_kind":"plain"}},"query_killer_idle_in_transaction":{"nesting_mode":"list","block":{"attributes":{"enable":{"type":"bool","description_kind":"plain","optional":true,"computed":true},"ignore_users":{"type":["list","string"],"description_kind":"plain","optional":true,"computed":true},"max_age":{"type":"number","description_kind":"plain","optional":true,"computed":true}},"description_kind":"plain"}},"query_killer_long_running":{"nesting_mode":"list","block":{"attributes":{"enable":{"type":"bool","description_kind":"plain","optional":true,"computed":true},"ignore_users":{"type":["list","string"],"description_kind":"plain","optional":true,"computed":true},"max_age":{"type":"number","description_kind":"plain","optional":true,"computed":true}},"description_kind":"plain"}}},"description_kind":"plain"}},"pooler_config":{"nesting_mode":"list","block":{"attributes":{"pool_client_idle_timeout":{"type":"number","description_kind":"plain","optional":true},"pool_size":{"type":"number","description_kind":"plain","optional":true},"pooling_mode":{"type":"string","description_kind":"plain","optional":true}},"description_kind":"plain"},"max_items":1},"pxf_config":{"nesting_mode":"list","block":{"attributes":{"connection_timeout":{"type":"number","description_kind":"plain","optional":true},"max_threads":{"type":"number","description_kind":"plain","optional":true},"pool_allow_core_thread_timeout":{"type":"bool","description_kind":"plain","optional":true},"pool_core_size":{"type":"number","description_kind":"plain","optional":true},"pool_max_size":{"type":"number","description_kind":"plain","optional":true},"pool_queue_capacity":{"type":"number","description_kind":"plain","optional":true},"upload_timeout":{"type":"number","description_kind":"plain","optional":true},"xms":{"type":"number","description_kind":"plain","optional":true},"xmx":{"type":"number","description_kind":"plain","optional":true}},"description_kind":"plain"}}},"description_kind":"plain"}},"yandex_mdb_kafka_cluster":{"version":0,"block":{"attributes":{"access":{"type":["list",["object",{"data_transfer":"bool"}]],"description_kind":"plain","computed":true},"cluster_id":{"type":"string","description_kind":"plain","optional":true,"computed":true},"created_at":{"type":"string","description_kind":"plain","computed":true},"deletion_protection":{"type":"bool","description_kind":"plain","optional":true,"computed":true},"description":{"type":"string","description_kind":"plain","computed":true},"disk_size_autoscaling":{"type":["list",["object",{"disk_size_limit":"number","emergency_usage_threshold":"number","planned_usage_threshold":"number"}]],"description_kind":"plain","computed":true},"environment":{"type":"string","description_kind":"plain","computed":true},"folder_id":{"type":"string","description_kind":"plain","optional":true,"computed":true},"health":{"type":"string","description_kind":"plain","computed":true},"host":{"type":["set",["object",{"assign_public_ip":"bool","health":"string","name":"string","role":"string","subnet_id":"string","zone_id":"string"}]],"description_kind":"plain","computed":true},"host_group_ids":{"type":["set","string"],"description_kind":"plain","computed":true},"id":{"type":"string","description_kind":"plain","optional":true,"computed":true},"labels":{"type":["map","string"],"description_kind":"plain","computed":true},"maintenance_window":{"type":["list",["object",{"day":"string","hour":"number","type":"string"}]],"description_kind":"plain","computed":true},"name":{"type":"string","description_kind":"plain","optional":true,"computed":true},"network_id":{"type":"string","description_kind":"plain","computed":true},"security_group_ids":{"type":["set","string"],"description_kind":"plain","computed":true},"status":{"type":"string","description_kind":"plain","computed":true},"subnet_ids":{"type":["list","string"],"description_kind":"plain","optional":true}},"block_types":{"config":{"nesting_mode":"list","block":{"attributes":{"assign_public_ip":{"type":"bool","description_kind":"plain","optional":true},"brokers_count":{"type":"number","description_kind":"plain","optional":true},"schema_registry":{"type":"bool","description_kind":"plain","optional":true},"unmanaged_topics":{"type":"bool","description_kind":"plain","deprecated":true,"optional":true},"version":{"type":"string","description_kind":"plain","required":true},"zones":{"type":["list","string"],"description_kind":"plain","required":true}},"block_types":{"access":{"nesting_mode":"list","block":{"attributes":{"data_transfer":{"type":"bool","description_kind":"plain","optional":true}},"description_kind":"plain"},"max_items":1},"disk_size_autoscaling":{"nesting_mode":"list","block":{"attributes":{"disk_size_limit":{"type":"number","description_kind":"plain","required":true},"emergency_usage_threshold":{"type":"number","description_kind":"plain","optional":true},"planned_usage_threshold":{"type":"number","description_kind":"plain","optional":true}},"description_kind":"plain"},"max_items":1},"kafka":{"nesting_mode":"list","block":{"block_types":{"kafka_config":{"nesting_mode":"list","block":{"attributes":{"auto_create_topics_enable":{"type":"bool","description_kind":"plain","optional":true},"compression_type":{"type":"string","description_kind":"plain","optional":true},"default_replication_factor":{"type":"string","description_kind":"plain","optional":true},"log_flush_interval_messages":{"type":"string","description_kind":"plain","optional":true},"log_flush_interval_ms":{"type":"string","description_kind":"plain","optional":true},"log_flush_scheduler_interval_ms":{"type":"string","description_kind":"plain","optional":true},"log_preallocate":{"type":"bool","description_kind":"plain","optional":true},"log_retention_bytes":{"type":"string","description_kind":"plain","optional":true},"log_retention_hours":{"type":"string","description_kind":"plain","optional":true},"log_retention_minutes":{"type":"string","description_kind":"plain","optional":true},"log_retention_ms":{"type":"string","description_kind":"plain","optional":true},"log_segment_bytes":{"type":"string","description_kind":"plain","optional":true},"message_max_bytes":{"type":"string","description_kind":"plain","optional":true},"num_partitions":{"type":"string","description_kind":"plain","optional":true},"offsets_retention_minutes":{"type":"string","description_kind":"plain","optional":true},"replica_fetch_max_bytes":{"type":"string","description_kind":"plain","optional":true},"sasl_enabled_mechanisms":{"type":["set","string"],"description_kind":"plain","optional":true},"socket_receive_buffer_bytes":{"type":"string","description_kind":"plain","optional":true},"socket_send_buffer_bytes":{"type":"string","description_kind":"plain","optional":true},"ssl_cipher_suites":{"type":["set","string"],"description_kind":"plain","optional":true}},"description_kind":"plain"},"max_items":1},"resources":{"nesting_mode":"list","block":{"attributes":{"disk_size":{"type":"number","description_kind":"plain","required":true},"disk_type_id":{"type":"string","description_kind":"plain","required":true},"resource_preset_id":{"type":"string","description_kind":"plain","required":true}},"description_kind":"plain"},"min_items":1,"max_items":1}},"description_kind":"plain"},"min_items":1,"max_items":1},"zookeeper":{"nesting_mode":"list","block":{"block_types":{"resources":{"nesting_mode":"list","block":{"attributes":{"disk_size":{"type":"number","description_kind":"plain","optional":true,"computed":true},"disk_type_id":{"type":"string","description_kind":"plain","optional":true,"computed":true},"resource_preset_id":{"type":"string","description_kind":"plain","optional":true,"computed":true}},"description_kind":"plain"},"max_items":1}},"description_kind":"plain"},"max_items":1}},"description_kind":"plain"},"max_items":1},"topic":{"nesting_mode":"list","block":{"attributes":{"name":{"type":"string","description_kind":"plain","required":true},"partitions":{"type":"number","description_kind":"plain","required":true},"replication_factor":{"type":"number","description_kind":"plain","required":true}},"block_types":{"topic_config":{"nesting_mode":"list","block":{"attributes":{"cleanup_policy":{"type":"string","description_kind":"plain","optional":true},"compression_type":{"type":"string","description_kind":"plain","optional":true},"delete_retention_ms":{"type":"string","description_kind":"plain","optional":true},"file_delete_delay_ms":{"type":"string","description_kind":"plain","optional":true},"flush_messages":{"type":"string","description_kind":"plain","optional":true},"flush_ms":{"type":"string","description_kind":"plain","optional":true},"max_message_bytes":{"type":"string","description_kind":"plain","optional":true},"min_compaction_lag_ms":{"type":"string","description_kind":"plain","optional":true},"min_insync_replicas":{"type":"string","description_kind":"plain","optional":true},"preallocate":{"type":"bool","description_kind":"plain","optional":true},"retention_bytes":{"type":"string","description_kind":"plain","optional":true},"retention_ms":{"type":"string","description_kind":"plain","optional":true},"segment_bytes":{"type":"string","description_kind":"plain","optional":true}},"description_kind":"plain"},"max_items":1}},"description_kind":"plain"}},"user":{"nesting_mode":"set","block":{"attributes":{"name":{"type":"string","description_kind":"plain","required":true},"password":{"type":"string","description_kind":"plain","required":true,"sensitive":true}},"block_types":{"permission":{"nesting_mode":"set","block":{"attributes":{"allow_hosts":{"type":["set","string"],"description_kind":"plain","optional":true},"role":{"type":"string","description_kind":"plain","required":true},"topic_name":{"type":"string","description_kind":"plain","required":true}},"description_kind":"plain"}}},"description_kind":"plain"}}},"description_kind":"plain"}},"yandex_mdb_kafka_connector":{"version":0,"block":{"attributes":{"cluster_id":{"type":"string","description_kind":"plain","required":true},"connector_config_mirrormaker":{"type":["list",["object",{"replication_factor":"number","source_cluster":["list",["object",{"alias":"string","external_cluster":["list",["object",{"bootstrap_servers":"string","sasl_mechanism":"string","sasl_password":"string","sasl_username":"string","security_protocol":"string"}]],"this_cluster":["list",["object",{}]]}]],"target_cluster":["list",["object",{"alias":"string","external_cluster":["list",["object",{"bootstrap_servers":"string","sasl_mechanism":"string","sasl_password":"string","sasl_username":"string","security_protocol":"string"}]],"this_cluster":["list",["object",{}]]}]],"topics":"string"}]],"description_kind":"plain","computed":true},"connector_config_s3_sink":{"type":["list",["object",{"file_compression_type":"string","file_max_records":"number","s3_connection":["list",["object",{"bucket_name":"string","external_s3":["list",["object",{"access_key_id":"string","endpoint":"string","region":"string","secret_access_key":"string"}]]}]],"topics":"string"}]],"description_kind":"plain","computed":true},"id":{"type":"string","description_kind":"plain","optional":true,"computed":true},"name":{"type":"string","description_kind":"plain","required":true},"properties":{"type":["map","string"],"description_kind":"plain","computed":true},"tasks_max":{"type":"number","description_kind":"plain","computed":true}},"description_kind":"plain"}},"yandex_mdb_kafka_topic":{"version":0,"block":{"attributes":{"cluster_id":{"type":"string","description_kind":"plain","required":true},"id":{"type":"string","description_kind":"plain","optional":true,"computed":true},"name":{"type":"string","description_kind":"plain","required":true},"partitions":{"type":"number","description_kind":"plain","computed":true},"replication_factor":{"type":"number","description_kind":"plain","computed":true},"topic_config":{"type":["list",["object",{"cleanup_policy":"string","compression_type":"string","delete_retention_ms":"string","file_delete_delay_ms":"string","flush_messages":"string","flush_ms":"string","max_message_bytes":"string","min_compaction_lag_ms":"string","min_insync_replicas":"string","preallocate":"bool","retention_bytes":"string","retention_ms":"string","segment_bytes":"string"}]],"description_kind":"plain","computed":true}},"description_kind":"plain"}},"yandex_mdb_kafka_user":{"version":0,"block":{"attributes":{"cluster_id":{"type":"string","description_kind":"plain","required":true},"id":{"type":"string","description_kind":"plain","optional":true,"computed":true},"name":{"type":"string","description_kind":"plain","required":true},"password":{"type":"string","description_kind":"plain","computed":true,"sensitive":true},"permission":{"type":["set",["object",{"allow_hosts":["set","string"],"role":"string","topic_name":"string"}]],"description_kind":"plain","computed":true}},"description_kind":"plain"}},"yandex_mdb_mongodb_cluster":{"version":0,"block":{"attributes":{"cluster_id":{"type":"string","description_kind":"plain","optional":true,"computed":true},"created_at":{"type":"string","description_kind":"plain","optional":true,"computed":true},"deletion_protection":{"type":"bool","description_kind":"plain","optional":true,"computed":true},"description":{"type":"string","description_kind":"plain","optional":true},"environment":{"type":"string","description_kind":"plain","optional":true},"folder_id":{"type":"string","description_kind":"plain","optional":true,"computed":true},"health":{"type":"string","description_kind":"plain","optional":true,"computed":true},"id":{"type":"string","description_kind":"plain","optional":true,"computed":true},"labels":{"type":["map","string"],"description_kind":"plain","optional":true,"computed":true},"name":{"type":"string","description_kind":"plain","optional":true},"network_id":{"type":"string","description_kind":"plain","optional":true},"security_group_ids":{"type":["set","string"],"description_kind":"plain","optional":true},"sharded":{"type":"bool","description_kind":"plain","optional":true,"computed":true},"status":{"type":"string","description_kind":"plain","optional":true,"computed":true}},"block_types":{"cluster_config":{"nesting_mode":"list","block":{"attributes":{"backup_retain_period_days":{"type":"number","description_kind":"plain","optional":true,"computed":true},"feature_compatibility_version":{"type":"string","description_kind":"plain","optional":true,"computed":true},"version":{"type":"string","description_kind":"plain","optional":true}},"block_types":{"access":{"nesting_mode":"list","block":{"attributes":{"data_lens":{"type":"bool","description_kind":"plain","optional":true},"data_transfer":{"type":"bool","description_kind":"plain","optional":true}},"description_kind":"plain"},"max_items":1},"backup_window_start":{"nesting_mode":"list","block":{"attributes":{"hours":{"type":"number","description_kind":"plain","optional":true},"minutes":{"type":"number","description_kind":"plain","optional":true}},"description_kind":"plain"},"max_items":1},"mongocfg":{"nesting_mode":"list","block":{"block_types":{"net":{"nesting_mode":"list","block":{"attributes":{"max_incoming_connections":{"type":"number","description_kind":"plain","optional":true}},"description_kind":"plain"},"max_items":1},"operation_profiling":{"nesting_mode":"list","block":{"attributes":{"mode":{"type":"string","description_kind":"plain","optional":true},"slow_op_threshold":{"type":"number","description_kind":"plain","optional":true}},"description_kind":"plain"},"max_items":1},"storage":{"nesting_mode":"list","block":{"block_types":{"wired_tiger":{"nesting_mode":"list","block":{"attributes":{"cache_size_gb":{"type":"number","description_kind":"plain","optional":true}},"description_kind":"plain"},"max_items":1}},"description_kind":"plain"},"max_items":1}},"description_kind":"plain"},"max_items":1},"mongod":{"nesting_mode":"list","block":{"block_types":{"audit_log":{"nesting_mode":"list","block":{"attributes":{"filter":{"type":"string","description_kind":"plain","optional":true},"runtime_configuration":{"type":"bool","description_kind":"plain","optional":true}},"description_kind":"plain"},"max_items":1},"net":{"nesting_mode":"list","block":{"attributes":{"compressors":{"type":["list","string"],"description_kind":"plain","optional":true},"max_incoming_connections":{"type":"number","description_kind":"plain","optional":true}},"description_kind":"plain"},"max_items":1},"operation_profiling":{"nesting_mode":"list","block":{"attributes":{"mode":{"type":"string","description_kind":"plain","optional":true},"slow_op_sample_rate":{"type":"number","description_kind":"plain","optional":true},"slow_op_threshold":{"type":"number","description_kind":"plain","optional":true}},"description_kind":"plain"},"max_items":1},"security":{"nesting_mode":"list","block":{"attributes":{"enable_encryption":{"type":"bool","description_kind":"plain","optional":true}},"block_types":{"kmip":{"nesting_mode":"list","block":{"attributes":{"client_certificate":{"type":"string","description_kind":"plain","optional":true},"key_identifier":{"type":"string","description_kind":"plain","optional":true},"port":{"type":"number","description_kind":"plain","optional":true},"server_ca":{"type":"string","description_kind":"plain","optional":true},"server_name":{"type":"string","description_kind":"plain","optional":true}},"description_kind":"plain"},"max_items":1}},"description_kind":"plain"},"max_items":1},"set_parameter":{"nesting_mode":"list","block":{"attributes":{"audit_authorization_success":{"type":"bool","description_kind":"plain","optional":true},"enable_flow_control":{"type":"bool","description_kind":"plain","optional":true},"min_snapshot_history_window_in_seconds":{"type":"number","description_kind":"plain","optional":true}},"description_kind":"plain"},"max_items":1},"storage":{"nesting_mode":"list","block":{"block_types":{"journal":{"nesting_mode":"list","block":{"attributes":{"commit_interval":{"type":"number","description_kind":"plain","optional":true}},"description_kind":"plain"},"max_items":1},"wired_tiger":{"nesting_mode":"list","block":{"attributes":{"block_compressor":{"type":"string","description_kind":"plain","optional":true},"cache_size_gb":{"type":"number","description_kind":"plain","optional":true},"prefix_compression":{"type":"bool","description_kind":"plain","optional":true}},"description_kind":"plain"},"max_items":1}},"description_kind":"plain"},"max_items":1}},"description_kind":"plain"},"max_items":1},"mongos":{"nesting_mode":"list","block":{"block_types":{"net":{"nesting_mode":"list","block":{"attributes":{"compressors":{"type":["list","string"],"description_kind":"plain","optional":true},"max_incoming_connections":{"type":"number","description_kind":"plain","optional":true}},"description_kind":"plain"},"max_items":1}},"description_kind":"plain"},"max_items":1},"performance_diagnostics":{"nesting_mode":"list","block":{"attributes":{"enabled":{"type":"bool","description_kind":"plain","optional":true}},"description_kind":"plain"},"max_items":1}},"description_kind":"plain"},"max_items":1},"database":{"nesting_mode":"set","block":{"attributes":{"name":{"type":"string","description_kind":"plain","optional":true}},"description_kind":"plain","deprecated":true}},"disk_size_autoscaling_mongocfg":{"nesting_mode":"list","block":{"attributes":{"disk_size_limit":{"type":"number","description_kind":"plain","optional":true},"emergency_usage_threshold":{"type":"number","description_kind":"plain","optional":true},"planned_usage_threshold":{"type":"number","description_kind":"plain","optional":true}},"description_kind":"plain"},"max_items":1},"disk_size_autoscaling_mongod":{"nesting_mode":"list","block":{"attributes":{"disk_size_limit":{"type":"number","description_kind":"plain","optional":true},"emergency_usage_threshold":{"type":"number","description_kind":"plain","optional":true},"planned_usage_threshold":{"type":"number","description_kind":"plain","optional":true}},"description_kind":"plain"},"max_items":1},"disk_size_autoscaling_mongoinfra":{"nesting_mode":"list","block":{"attributes":{"disk_size_limit":{"type":"number","description_kind":"plain","optional":true},"emergency_usage_threshold":{"type":"number","description_kind":"plain","optional":true},"planned_usage_threshold":{"type":"number","description_kind":"plain","optional":true}},"description_kind":"plain"},"max_items":1},"disk_size_autoscaling_mongos":{"nesting_mode":"list","block":{"attributes":{"disk_size_limit":{"type":"number","description_kind":"plain","optional":true},"emergency_usage_threshold":{"type":"number","description_kind":"plain","optional":true},"planned_usage_threshold":{"type":"number","description_kind":"plain","optional":true}},"description_kind":"plain"},"max_items":1},"host":{"nesting_mode":"list","block":{"attributes":{"assign_public_ip":{"type":"bool","description_kind":"plain","optional":true},"health":{"type":"string","description_kind":"plain","optional":true,"computed":true},"name":{"type":"string","description_kind":"plain","optional":true,"computed":true},"role":{"type":"string","description_kind":"plain","optional":true,"computed":true},"shard_name":{"type":"string","description_kind":"plain","optional":true,"computed":true},"subnet_id":{"type":"string","description_kind":"plain","optional":true},"type":{"type":"string","description_kind":"plain","optional":true},"zone_id":{"type":"string","description_kind":"plain","optional":true}},"block_types":{"host_parameters":{"nesting_mode":"list","block":{"attributes":{"hidden":{"type":"bool","description_kind":"plain","optional":true},"priority":{"type":"number","description_kind":"plain","optional":true},"secondary_delay_secs":{"type":"number","description_kind":"plain","optional":true},"tags":{"type":["map","string"],"description_kind":"plain","optional":true}},"description_kind":"plain"},"max_items":1}},"description_kind":"plain"}},"maintenance_window":{"nesting_mode":"list","block":{"attributes":{"day":{"type":"string","description_kind":"plain","optional":true},"hour":{"type":"number","description_kind":"plain","optional":true},"type":{"type":"string","description_kind":"plain","optional":true}},"description_kind":"plain"},"max_items":1},"resources":{"nesting_mode":"list","block":{"attributes":{"disk_size":{"type":"number","description_kind":"plain","optional":true},"disk_type_id":{"type":"string","description_kind":"plain","optional":true},"resource_preset_id":{"type":"string","description_kind":"plain","optional":true}},"description_kind":"plain","deprecated":true},"max_items":1},"resources_mongocfg":{"nesting_mode":"list","block":{"attributes":{"disk_size":{"type":"number","description_kind":"plain","optional":true},"disk_type_id":{"type":"string","description_kind":"plain","optional":true},"resource_preset_id":{"type":"string","description_kind":"plain","optional":true}},"description_kind":"plain"},"max_items":1},"resources_mongod":{"nesting_mode":"list","block":{"attributes":{"disk_size":{"type":"number","description_kind":"plain","optional":true},"disk_type_id":{"type":"string","description_kind":"plain","optional":true},"resource_preset_id":{"type":"string","description_kind":"plain","optional":true}},"description_kind":"plain"},"max_items":1},"resources_mongoinfra":{"nesting_mode":"list","block":{"attributes":{"disk_size":{"type":"number","description_kind":"plain","optional":true},"disk_type_id":{"type":"string","description_kind":"plain","optional":true},"resource_preset_id":{"type":"string","description_kind":"plain","optional":true}},"description_kind":"plain"},"max_items":1},"resources_mongos":{"nesting_mode":"list","block":{"attributes":{"disk_size":{"type":"number","description_kind":"plain","optional":true},"disk_type_id":{"type":"string","description_kind":"plain","optional":true},"resource_preset_id":{"type":"string","description_kind":"plain","optional":true}},"description_kind":"plain"},"max_items":1},"restore":{"nesting_mode":"list","block":{"attributes":{"backup_id":{"type":"string","description_kind":"plain","optional":true},"time":{"type":"string","description_kind":"plain","optional":true}},"description_kind":"plain"},"max_items":1},"user":{"nesting_mode":"set","block":{"attributes":{"name":{"type":"string","description_kind":"plain","optional":true},"password":{"type":"string","description_kind":"plain","optional":true,"sensitive":true}},"block_types":{"permission":{"nesting_mode":"set","block":{"attributes":{"database_name":{"type":"string","description_kind":"plain","optional":true},"roles":{"type":["list","string"],"description_kind":"plain","optional":true}},"description_kind":"plain"}}},"description_kind":"plain","deprecated":true}}},"description_kind":"plain"}},"yandex_mdb_mongodb_database":{"version":0,"block":{"attributes":{"cluster_id":{"type":"string","description_kind":"plain","required":true},"id":{"type":"string","description_kind":"plain","computed":true},"name":{"type":"string","description_kind":"plain","required":true}},"description_kind":"plain"}},"yandex_mdb_mongodb_user":{"version":0,"block":{"attributes":{"cluster_id":{"type":"string","description_kind":"plain","required":true},"id":{"type":"string","description_kind":"plain","computed":true},"name":{"type":"string","description_kind":"plain","required":true},"password":{"type":"string","description_kind":"plain","computed":true,"sensitive":true}},"block_types":{"permission":{"nesting_mode":"set","block":{"attributes":{"database_name":{"type":"string","description_kind":"plain","required":true},"roles":{"type":["set","string"],"description_kind":"plain","optional":true}},"description_kind":"plain"}}},"description_kind":"plain"}},"yandex_mdb_mysql_cluster":{"version":0,"block":{"attributes":{"backup_retain_period_days":{"type":"number","description_kind":"plain","computed":true},"backup_window_start":{"type":["list",["object",{"hours":"number","minutes":"number"}]],"description_kind":"plain","computed":true},"cluster_id":{"type":"string","description_kind":"plain","optional":true,"computed":true},"created_at":{"type":"string","description_kind":"plain","computed":true},"database":{"type":["set",["object",{"name":"string"}]],"description_kind":"plain","computed":true},"deletion_protection":{"type":"bool","description_kind":"plain","optional":true,"computed":true},"description":{"type":"string","description_kind":"plain","optional":true},"environment":{"type":"string","description_kind":"plain","computed":true},"folder_id":{"type":"string","description_kind":"plain","optional":true,"computed":true},"health":{"type":"string","description_kind":"plain","computed":true},"host":{"type":["list",["object",{"assign_public_ip":"bool","backup_priority":"number","fqdn":"string","priority":"number","replication_source":"string","subnet_id":"string","zone":"string"}]],"description_kind":"plain","computed":true},"host_group_ids":{"type":["set","string"],"description_kind":"plain","computed":true},"id":{"type":"string","description_kind":"plain","optional":true,"computed":true},"labels":{"type":["map","string"],"description_kind":"plain","optional":true},"maintenance_window":{"type":["list",["object",{"day":"string","hour":"number","type":"string"}]],"description_kind":"plain","computed":true},"mysql_config":{"type":["map","string"],"description_kind":"plain","optional":true,"computed":true},"name":{"type":"string","description_kind":"plain","optional":true,"computed":true},"network_id":{"type":"string","description_kind":"plain","computed":true},"performance_diagnostics":{"type":["list",["object",{"enabled":"bool","sessions_sampling_interval":"number","statements_sampling_interval":"number"}]],"description_kind":"plain","computed":true},"resources":{"type":["list",["object",{"disk_size":"number","disk_type_id":"string","resource_preset_id":"string"}]],"description_kind":"plain","computed":true},"security_group_ids":{"type":["set","string"],"description_kind":"plain","computed":true},"status":{"type":"string","description_kind":"plain","computed":true},"user":{"type":["list",["object",{"authentication_plugin":"string","connection_limits":["list",["object",{"max_connections_per_hour":"number","max_questions_per_hour":"number","max_updates_per_hour":"number","max_user_connections":"number"}]],"global_permissions":["set","string"],"name":"string","password":"string","permission":["set",["object",{"database_name":"string","roles":["list","string"]}]]}]],"description_kind":"plain","computed":true},"version":{"type":"string","description_kind":"plain","computed":true}},"block_types":{"access":{"nesting_mode":"list","block":{"attributes":{"data_lens":{"type":"bool","description_kind":"plain","optional":true,"computed":true},"data_transfer":{"type":"bool","description_kind":"plain","optional":true,"computed":true},"web_sql":{"type":"bool","description_kind":"plain","optional":true,"computed":true}},"description_kind":"plain"},"max_items":1}},"description_kind":"plain"}},"yandex_mdb_mysql_database":{"version":0,"block":{"attributes":{"cluster_id":{"type":"string","description_kind":"plain","required":true},"id":{"type":"string","description_kind":"plain","optional":true,"computed":true},"name":{"type":"string","description_kind":"plain","required":true}},"description_kind":"plain"}},"yandex_mdb_mysql_user":{"version":0,"block":{"attributes":{"authentication_plugin":{"type":"string","description_kind":"plain","computed":true},"cluster_id":{"type":"string","description_kind":"plain","required":true},"connection_limits":{"type":["list",["object",{"max_connections_per_hour":"number","max_questions_per_hour":"number","max_updates_per_hour":"number","max_user_connections":"number"}]],"description_kind":"plain","computed":true},"global_permissions":{"type":["set","string"],"description_kind":"plain","computed":true},"id":{"type":"string","description_kind":"plain","optional":true,"computed":true},"name":{"type":"string","description_kind":"plain","required":true}},"block_types":{"permission":{"nesting_mode":"set","block":{"attributes":{"database_name":{"type":"string","description_kind":"plain","computed":true},"roles":{"type":["list","string"],"description_kind":"plain","optional":true}},"description_kind":"plain"}}},"description_kind":"plain"}},"yandex_mdb_opensearch_cluster":{"version":0,"block":{"attributes":{"auth_settings":{"nested_type":{"attributes":{"saml":{"nested_type":{"attributes":{"dashboards_url":{"type":"string","description_kind":"plain","computed":true},"enabled":{"type":"bool","description_kind":"plain","computed":true},"idp_entity_id":{"type":"string","description_kind":"plain","computed":true},"idp_metadata_file_content":{"type":"string","description_kind":"plain","computed":true},"roles_key":{"type":"string","description_kind":"plain","optional":true,"computed":true},"sp_entity_id":{"type":"string","description_kind":"plain","computed":true},"subject_key":{"type":"string","description_kind":"plain","optional":true,"computed":true}},"nesting_mode":"single"},"description_kind":"plain","optional":true,"computed":true}},"nesting_mode":"single"},"description_kind":"plain","optional":true,"computed":true},"cluster_id":{"type":"string","description_kind":"plain","optional":true,"computed":true},"created_at":{"type":"string","description_kind":"plain","computed":true},"deletion_protection":{"type":"bool","description_kind":"plain","optional":true,"computed":true},"description":{"type":"string","description_kind":"plain","optional":true,"computed":true},"environment":{"type":"string","description_kind":"plain","computed":true},"folder_id":{"type":"string","description_kind":"plain","optional":true,"computed":true},"health":{"type":"string","description_kind":"plain","computed":true},"hosts":{"nested_type":{"attributes":{"assign_public_ip":{"type":"bool","description_kind":"plain","optional":true,"computed":true},"fqdn":{"type":"string","description_kind":"plain","computed":true},"node_group":{"type":"string","description_kind":"plain","computed":true},"roles":{"type":["set","string"],"description_kind":"plain","computed":true},"subnet_id":{"type":"string","description_kind":"plain","optional":true,"computed":true},"type":{"type":"string","description_kind":"plain","computed":true},"zone":{"type":"string","description_kind":"plain","computed":true}},"nesting_mode":"list"},"description":"Current nodes in the cluster","description_kind":"plain","computed":true},"id":{"type":"string","description_kind":"plain","computed":true},"labels":{"type":["map","string"],"description_kind":"plain","optional":true,"computed":true},"name":{"type":"string","description_kind":"plain","optional":true,"computed":true},"network_id":{"type":"string","description_kind":"plain","computed":true},"security_group_ids":{"type":["set","string"],"description_kind":"plain","optional":true,"computed":true},"service_account_id":{"type":"string","description_kind":"plain","optional":true,"computed":true},"status":{"type":"string","description_kind":"plain","computed":true}},"block_types":{"config":{"nesting_mode":"single","block":{"attributes":{"admin_password":{"type":"string","description_kind":"plain","optional":true,"computed":true,"sensitive":true},"version":{"type":"string","description_kind":"plain","optional":true,"computed":true}},"block_types":{"access":{"nesting_mode":"single","block":{"attributes":{"data_transfer":{"type":"bool","description_kind":"plain","computed":true},"serverless":{"type":"bool","description_kind":"plain","computed":true}},"description_kind":"plain"}},"dashboards":{"nesting_mode":"single","block":{"block_types":{"node_groups":{"nesting_mode":"list","block":{"attributes":{"assign_public_ip":{"type":"bool","description_kind":"plain","optional":true,"computed":true},"hosts_count":{"type":"number","description_kind":"plain","required":true},"name":{"type":"string","description_kind":"plain","required":true},"subnet_ids":{"type":["list","string"],"description_kind":"plain","optional":true,"computed":true},"zone_ids":{"type":["set","string"],"description_kind":"plain","optional":true,"computed":true}},"block_types":{"resources":{"nesting_mode":"single","block":{"attributes":{"disk_size":{"type":"number","description_kind":"plain","required":true},"disk_type_id":{"type":"string","description_kind":"plain","required":true},"resource_preset_id":{"type":"string","description_kind":"plain","required":true}},"description_kind":"plain"}}},"description_kind":"plain"}}},"description_kind":"plain"}},"opensearch":{"nesting_mode":"single","block":{"attributes":{"plugins":{"type":["set","string"],"description_kind":"plain","optional":true,"computed":true}},"block_types":{"node_groups":{"nesting_mode":"list","block":{"attributes":{"assign_public_ip":{"type":"bool","description_kind":"plain","optional":true,"computed":true},"hosts_count":{"type":"number","description_kind":"plain","computed":true},"name":{"type":"string","description_kind":"plain","computed":true},"roles":{"type":["set","string"],"description_kind":"plain","optional":true,"computed":true},"subnet_ids":{"type":["list","string"],"description_kind":"plain","optional":true,"computed":true},"zone_ids":{"type":["set","string"],"description_kind":"plain","optional":true,"computed":true}},"block_types":{"resources":{"nesting_mode":"single","block":{"attributes":{"disk_size":{"type":"number","description_kind":"plain","required":true},"disk_type_id":{"type":"string","description_kind":"plain","required":true},"resource_preset_id":{"type":"string","description_kind":"plain","required":true}},"description_kind":"plain"}}},"description_kind":"plain"}}},"description_kind":"plain"}}},"description":"Configuration of the OpenSearch cluster.","description_kind":"plain"}},"maintenance_window":{"nesting_mode":"single","block":{"attributes":{"day":{"type":"string","description_kind":"plain","computed":true},"hour":{"type":"number","description_kind":"plain","computed":true},"type":{"type":"string","description_kind":"plain","computed":true}},"description_kind":"plain"}},"timeouts":{"nesting_mode":"single","block":{"attributes":{"create":{"type":"string","description":"A string that can be [parsed as a duration](https://pkg.go.dev/time#ParseDuration) consisting of numbers and unit suffixes, such as \"30s\" or \"2h45m\". Valid time units are \"s\" (seconds), \"m\" (minutes), \"h\" (hours).","description_kind":"plain","optional":true},"delete":{"type":"string","description":"A string that can be [parsed as a duration](https://pkg.go.dev/time#ParseDuration) consisting of numbers and unit suffixes, such as \"30s\" or \"2h45m\". Valid time units are \"s\" (seconds), \"m\" (minutes), \"h\" (hours). Setting a timeout for a Delete operation is only applicable if changes are saved into state before the destroy operation occurs.","description_kind":"plain","optional":true},"update":{"type":"string","description":"A string that can be [parsed as a duration](https://pkg.go.dev/time#ParseDuration) consisting of numbers and unit suffixes, such as \"30s\" or \"2h45m\". Valid time units are \"s\" (seconds), \"m\" (minutes), \"h\" (hours).","description_kind":"plain","optional":true}},"description_kind":"plain"}}},"description_kind":"plain"}},"yandex_mdb_postgresql_cluster":{"version":0,"block":{"attributes":{"cluster_id":{"type":"string","description_kind":"plain","optional":true,"computed":true},"config":{"type":["list",["object",{"access":["list",["object",{"data_lens":"bool","data_transfer":"bool","serverless":"bool","web_sql":"bool"}]],"autofailover":"bool","backup_retain_period_days":"number","backup_window_start":["list",["object",{"hours":"number","minutes":"number"}]],"disk_size_autoscaling":["list",["object",{"disk_size_limit":"number","emergency_usage_threshold":"number","planned_usage_threshold":"number"}]],"performance_diagnostics":["list",["object",{"enabled":"bool","sessions_sampling_interval":"number","statements_sampling_interval":"number"}]],"pooler_config":["list",["object",{"pool_discard":"bool","pooling_mode":"string"}]],"postgresql_config":["map","string"],"resources":["list",["object",{"disk_size":"number","disk_type_id":"string","resource_preset_id":"string"}]],"version":"string"}]],"description_kind":"plain","computed":true},"created_at":{"type":"string","description_kind":"plain","computed":true},"database":{"type":["set",["object",{"extension":["set",["object",{"name":"string","version":"string"}]],"lc_collate":"string","lc_type":"string","name":"string","owner":"string","template_db":"string"}]],"description_kind":"plain","computed":true},"deletion_protection":{"type":"bool","description_kind":"plain","optional":true,"computed":true},"description":{"type":"string","description_kind":"plain","optional":true},"environment":{"type":"string","description_kind":"plain","computed":true},"folder_id":{"type":"string","description_kind":"plain","optional":true,"computed":true},"health":{"type":"string","description_kind":"plain","computed":true},"host":{"type":["list",["object",{"assign_public_ip":"bool","fqdn":"string","priority":"number","replication_source":"string","role":"string","subnet_id":"string","zone":"string"}]],"description_kind":"plain","computed":true},"host_group_ids":{"type":["set","string"],"description_kind":"plain","computed":true},"id":{"type":"string","description_kind":"plain","optional":true,"computed":true},"labels":{"type":["map","string"],"description_kind":"plain","computed":true},"maintenance_window":{"type":["list",["object",{"day":"string","hour":"number","type":"string"}]],"description_kind":"plain","computed":true},"name":{"type":"string","description_kind":"plain","optional":true,"computed":true},"network_id":{"type":"string","description_kind":"plain","computed":true},"security_group_ids":{"type":["set","string"],"description_kind":"plain","computed":true},"status":{"type":"string","description_kind":"plain","computed":true},"user":{"type":["list",["object",{"conn_limit":"number","grants":["list","string"],"login":"bool","name":"string","permission":["set",["object",{"database_name":"string"}]],"settings":["map","string"]}]],"description_kind":"plain","computed":true}},"description_kind":"plain"}},"yandex_mdb_postgresql_database":{"version":0,"block":{"attributes":{"cluster_id":{"type":"string","description_kind":"plain","required":true},"deletion_protection":{"type":"string","description_kind":"plain","optional":true},"id":{"type":"string","description_kind":"plain","optional":true,"computed":true},"lc_collate":{"type":"string","description_kind":"plain","optional":true,"computed":true},"lc_type":{"type":"string","description_kind":"plain","optional":true,"computed":true},"name":{"type":"string","description_kind":"plain","required":true},"owner":{"type":"string","description_kind":"plain","optional":true,"computed":true},"template_db":{"type":"string","description_kind":"plain","optional":true,"computed":true}},"block_types":{"extension":{"nesting_mode":"set","block":{"attributes":{"name":{"type":"string","description_kind":"plain","required":true},"version":{"type":"string","description_kind":"plain","optional":true}},"description_kind":"plain"}}},"description_kind":"plain"}},"yandex_mdb_postgresql_user":{"version":0,"block":{"attributes":{"cluster_id":{"type":"string","description_kind":"plain","required":true},"conn_limit":{"type":"number","description_kind":"plain","optional":true},"deletion_protection":{"type":"string","description_kind":"plain","optional":true},"grants":{"type":["list","string"],"description_kind":"plain","computed":true},"id":{"type":"string","description_kind":"plain","optional":true,"computed":true},"login":{"type":"bool","description_kind":"plain","optional":true},"name":{"type":"string","description_kind":"plain","required":true},"password":{"type":"string","description_kind":"plain","computed":true,"sensitive":true},"permission":{"type":["set",["object",{"database_name":"string"}]],"description_kind":"plain","computed":true},"settings":{"type":["map","string"],"description_kind":"plain","optional":true,"computed":true}},"description_kind":"plain"}},"yandex_mdb_redis_cluster":{"version":0,"block":{"attributes":{"announce_hostnames":{"type":"bool","description_kind":"plain","computed":true},"cluster_id":{"type":"string","description_kind":"plain","optional":true,"computed":true},"config":{"type":["list",["object",{"client_output_buffer_limit_normal":"string","client_output_buffer_limit_pubsub":"string","databases":"number","maxmemory_percent":"number","maxmemory_policy":"string","notify_keyspace_events":"string","slowlog_log_slower_than":"number","slowlog_max_len":"number","timeout":"number","version":"string"}]],"description_kind":"plain","computed":true},"created_at":{"type":"string","description_kind":"plain","computed":true},"deletion_protection":{"type":"bool","description_kind":"plain","optional":true,"computed":true},"description":{"type":"string","description_kind":"plain","computed":true},"disk_size_autoscaling":{"type":["list",["object",{"disk_size_limit":"number","emergency_usage_threshold":"number","planned_usage_threshold":"number"}]],"description_kind":"plain","computed":true},"environment":{"type":"string","description_kind":"plain","computed":true},"folder_id":{"type":"string","description_kind":"plain","optional":true,"computed":true},"health":{"type":"string","description_kind":"plain","computed":true},"host":{"type":["list",["object",{"assign_public_ip":"bool","fqdn":"string","replica_priority":"number","shard_name":"string","subnet_id":"string","zone":"string"}]],"description_kind":"plain","computed":true},"id":{"type":"string","description_kind":"plain","optional":true,"computed":true},"labels":{"type":["map","string"],"description_kind":"plain","computed":true},"maintenance_window":{"type":["list",["object",{"day":"string","hour":"number","type":"string"}]],"description_kind":"plain","computed":true},"name":{"type":"string","description_kind":"plain","optional":true,"computed":true},"network_id":{"type":"string","description_kind":"plain","computed":true},"persistence_mode":{"type":"string","description_kind":"plain","computed":true},"resources":{"type":["list",["object",{"disk_size":"number","disk_type_id":"string","resource_preset_id":"string"}]],"description_kind":"plain","computed":true},"security_group_ids":{"type":["set","string"],"description_kind":"plain","computed":true},"sharded":{"type":"bool","description_kind":"plain","computed":true},"status":{"type":"string","description_kind":"plain","computed":true},"tls_enabled":{"type":"bool","description_kind":"plain","computed":true}},"description_kind":"plain"}},"yandex_mdb_sqlserver_cluster":{"version":0,"block":{"attributes":{"backup_window_start":{"type":["list",["object",{"hours":"number","minutes":"number"}]],"description_kind":"plain","computed":true},"cluster_id":{"type":"string","description_kind":"plain","optional":true,"computed":true},"created_at":{"type":"string","description_kind":"plain","computed":true},"database":{"type":["list",["object",{"name":"string"}]],"description_kind":"plain","computed":true},"deletion_protection":{"type":"bool","description_kind":"plain","optional":true,"computed":true},"description":{"type":"string","description_kind":"plain","computed":true},"environment":{"type":"string","description_kind":"plain","computed":true},"folder_id":{"type":"string","description_kind":"plain","optional":true,"computed":true},"health":{"type":"string","description_kind":"plain","computed":true},"host":{"type":["list",["object",{"assign_public_ip":"bool","fqdn":"string","subnet_id":"string","zone":"string"}]],"description_kind":"plain","computed":true},"host_group_ids":{"type":["set","string"],"description_kind":"plain","computed":true},"id":{"type":"string","description_kind":"plain","optional":true,"computed":true},"labels":{"type":["map","string"],"description_kind":"plain","computed":true},"name":{"type":"string","description_kind":"plain","optional":true,"computed":true},"network_id":{"type":"string","description_kind":"plain","computed":true},"resources":{"type":["list",["object",{"disk_size":"number","disk_type_id":"string","resource_preset_id":"string"}]],"description_kind":"plain","computed":true},"security_group_ids":{"type":["set","string"],"description_kind":"plain","computed":true},"sqlcollation":{"type":"string","description_kind":"plain","optional":true,"computed":true},"sqlserver_config":{"type":["map","string"],"description_kind":"plain","optional":true,"computed":true},"status":{"type":"string","description_kind":"plain","computed":true},"user":{"type":["list",["object",{"name":"string","password":"string","permission":["set",["object",{"database_name":"string","roles":["set","string"]}]]}]],"description_kind":"plain","computed":true},"version":{"type":"string","description_kind":"plain","computed":true}},"description_kind":"plain"}},"yandex_message_queue":{"version":0,"block":{"attributes":{"access_key":{"type":"string","description_kind":"plain","optional":true},"arn":{"type":"string","description_kind":"plain","computed":true},"id":{"type":"string","description_kind":"plain","optional":true,"computed":true},"name":{"type":"string","description_kind":"plain","required":true},"region_id":{"type":"string","description_kind":"plain","optional":true},"secret_key":{"type":"string","description_kind":"plain","optional":true,"sensitive":true},"url":{"type":"string","description_kind":"plain","computed":true}},"description_kind":"plain"}},"yandex_monitoring_dashboard":{"version":0,"block":{"attributes":{"dashboard_id":{"type":"string","description":"Dashboard ID","description_kind":"plain","optional":true},"description":{"type":"string","description":"Dashboard description","description_kind":"plain","optional":true},"folder_id":{"type":"string","description":"Folder ID","description_kind":"plain","optional":true,"computed":true},"id":{"type":"string","description_kind":"plain","optional":true,"computed":true},"labels":{"type":["map","string"],"description":"Dashboard labels","description_kind":"plain","computed":true},"name":{"type":"string","description":"Dashboard name, used as local identifier in folder_id","description_kind":"plain","optional":true},"parametrization":{"type":["list",["object",{"parameters":["list",["object",{"custom":["list",["object",{"default_values":["list","string"],"multiselectable":"bool","values":["list","string"]}]],"description":"string","hidden":"bool","id":"string","label_values":["list",["object",{"default_values":["list","string"],"folder_id":"string","label_key":"string","multiselectable":"bool","selectors":"string"}]],"text":["list",["object",{"default_value":"string"}]],"title":"string"}]],"selectors":"string"}]],"description":"Dashboard parametrization","description_kind":"plain","computed":true},"title":{"type":"string","description":"Dashboard title","description_kind":"plain","computed":true},"widgets":{"type":["list",["object",{"chart":["list",["object",{"chart_id":"string","description":"string","display_legend":"bool","freeze":"string","name_hiding_settings":["list",["object",{"names":["list","string"],"positive":"bool"}]],"queries":["list",["object",{"downsampling":["list",["object",{"disabled":"bool","gap_filling":"string","grid_aggregation":"string","grid_interval":"number","max_points":"number"}]],"target":["list",["object",{"hidden":"bool","query":"string","text_mode":"bool"}]]}]],"series_overrides":["list",["object",{"name":"string","settings":["list",["object",{"color":"string","grow_down":"bool","name":"string","stack_name":"string","type":"string","yaxis_position":"string"}]],"target_index":"string"}]],"title":"string","visualization_settings":["list",["object",{"aggregation":"string","color_scheme_settings":["list",["object",{"automatic":["list",["object",{}]],"gradient":["list",["object",{"green_value":"string","red_value":"string","violet_value":"string","yellow_value":"string"}]],"standard":["list",["object",{}]]}]],"heatmap_settings":["list",["object",{"green_value":"string","red_value":"string","violet_value":"string","yellow_value":"string"}]],"interpolate":"string","normalize":"bool","show_labels":"bool","title":"string","type":"string","yaxis_settings":["list",["object",{"left":["list",["object",{"max":"string","min":"string","precision":"number","title":"string","type":"string","unit_format":"string"}]],"right":["list",["object",{"max":"string","min":"string","precision":"number","title":"string","type":"string","unit_format":"string"}]]}]]}]]}]],"position":["list",["object",{"h":"number","w":"number","x":"number","y":"number"}]],"text":["list",["object",{"text":"string"}]],"title":["list",["object",{"size":"string","text":"string"}]]}]],"description":"Widgets","description_kind":"plain","computed":true}},"description_kind":"plain"}},"yandex_organizationmanager_group":{"version":0,"block":{"attributes":{"created_at":{"type":"string","description_kind":"plain","computed":true},"description":{"type":"string","description_kind":"plain","computed":true},"group_id":{"type":"string","description_kind":"plain","optional":true,"computed":true},"id":{"type":"string","description_kind":"plain","optional":true,"computed":true},"members":{"type":["list",["object",{"id":"string","type":"string"}]],"description_kind":"plain","computed":true},"name":{"type":"string","description_kind":"plain","optional":true,"computed":true},"organization_id":{"type":"string","description_kind":"plain","optional":true}},"description_kind":"plain"}},"yandex_organizationmanager_os_login_settings":{"version":0,"block":{"attributes":{"id":{"type":"string","description_kind":"plain","optional":true,"computed":true},"organization_id":{"type":"string","description_kind":"plain","optional":true,"computed":true}},"block_types":{"ssh_certificate_settings":{"nesting_mode":"list","block":{"attributes":{"enabled":{"type":"bool","description_kind":"plain","optional":true}},"description_kind":"plain"},"max_items":1},"user_ssh_key_settings":{"nesting_mode":"list","block":{"attributes":{"allow_manage_own_keys":{"type":"bool","description_kind":"plain","optional":true},"enabled":{"type":"bool","description_kind":"plain","optional":true}},"description_kind":"plain"},"max_items":1}},"description_kind":"plain"}},"yandex_organizationmanager_saml_federation":{"version":0,"block":{"attributes":{"auto_create_account_on_login":{"type":"bool","description_kind":"plain","computed":true},"case_insensitive_name_ids":{"type":"bool","description_kind":"plain","computed":true},"cookie_max_age":{"type":"string","description_kind":"plain","computed":true},"created_at":{"type":"string","description_kind":"plain","computed":true},"description":{"type":"string","description_kind":"plain","computed":true},"federation_id":{"type":"string","description_kind":"plain","optional":true,"computed":true},"id":{"type":"string","description_kind":"plain","optional":true,"computed":true},"issuer":{"type":"string","description_kind":"plain","computed":true},"labels":{"type":["map","string"],"description_kind":"plain","optional":true},"name":{"type":"string","description_kind":"plain","optional":true,"computed":true},"organization_id":{"type":"string","description_kind":"plain","optional":true},"security_settings":{"type":["list",["object",{"encrypted_assertions":"bool"}]],"description_kind":"plain","computed":true},"sso_binding":{"type":"string","description_kind":"plain","computed":true},"sso_url":{"type":"string","description_kind":"plain","computed":true}},"description_kind":"plain"}},"yandex_organizationmanager_saml_federation_user_account":{"version":0,"block":{"attributes":{"federation_id":{"type":"string","description_kind":"plain","required":true},"id":{"type":"string","description_kind":"plain","optional":true,"computed":true},"name_id":{"type":"string","description_kind":"plain","required":true}},"description_kind":"plain"}},"yandex_organizationmanager_user_ssh_key":{"version":0,"block":{"attributes":{"created_at":{"type":"string","description_kind":"plain","computed":true},"data":{"type":"string","description_kind":"plain","optional":true},"expires_at":{"type":"string","description_kind":"plain","optional":true},"fingerprint":{"type":"string","description_kind":"plain","computed":true},"id":{"type":"string","description_kind":"plain","optional":true,"computed":true},"name":{"type":"string","description_kind":"plain","optional":true},"organization_id":{"type":"string","description_kind":"plain","optional":true},"subject_id":{"type":"string","description_kind":"plain","optional":true},"user_ssh_key_id":{"type":"string","description_kind":"plain","required":true}},"description_kind":"plain"}},"yandex_resourcemanager_cloud":{"version":0,"block":{"attributes":{"cloud_id":{"type":"string","description_kind":"plain","optional":true,"computed":true},"created_at":{"type":"string","description_kind":"plain","computed":true},"description":{"type":"string","description_kind":"plain","optional":true},"id":{"type":"string","description_kind":"plain","optional":true,"computed":true},"name":{"type":"string","description_kind":"plain","optional":true,"computed":true}},"description_kind":"plain"}},"yandex_resourcemanager_folder":{"version":0,"block":{"attributes":{"cloud_id":{"type":"string","description_kind":"plain","optional":true,"computed":true},"created_at":{"type":"string","description_kind":"plain","computed":true},"description":{"type":"string","description_kind":"plain","computed":true},"folder_id":{"type":"string","description_kind":"plain","optional":true,"computed":true},"id":{"type":"string","description_kind":"plain","optional":true,"computed":true},"labels":{"type":["map","string"],"description_kind":"plain","optional":true},"name":{"type":"string","description_kind":"plain","optional":true,"computed":true},"status":{"type":"string","description_kind":"plain","computed":true}},"description_kind":"plain"}},"yandex_serverless_container":{"version":0,"block":{"attributes":{"concurrency":{"type":"number","description_kind":"plain","computed":true},"container_id":{"type":"string","description_kind":"plain","optional":true},"core_fraction":{"type":"number","description_kind":"plain","computed":true},"cores":{"type":"number","description_kind":"plain","computed":true},"created_at":{"type":"string","description_kind":"plain","computed":true},"description":{"type":"string","description_kind":"plain","computed":true},"execution_timeout":{"type":"string","description_kind":"plain","computed":true},"folder_id":{"type":"string","description_kind":"plain","optional":true},"id":{"type":"string","description_kind":"plain","optional":true,"computed":true},"image":{"type":["list",["object",{"args":["list","string"],"command":["list","string"],"digest":"string","environment":["map","string"],"url":"string","work_dir":"string"}]],"description_kind":"plain","computed":true},"labels":{"type":["map","string"],"description_kind":"plain","computed":true},"log_options":{"type":["list",["object",{"disabled":"bool","folder_id":"string","log_group_id":"string","min_level":"string"}]],"description_kind":"plain","computed":true},"memory":{"type":"number","description":"Container memory in megabytes, should be aligned to 128","description_kind":"plain","computed":true},"name":{"type":"string","description_kind":"plain","optional":true},"revision_id":{"type":"string","description_kind":"plain","computed":true},"service_account_id":{"type":"string","description_kind":"plain","computed":true},"url":{"type":"string","description_kind":"plain","computed":true}},"block_types":{"connectivity":{"nesting_mode":"list","block":{"attributes":{"network_id":{"type":"string","description_kind":"plain","required":true}},"description_kind":"plain"},"max_items":1},"mounts":{"nesting_mode":"list","block":{"attributes":{"mode":{"type":"string","description_kind":"plain","optional":true,"computed":true},"mount_point_path":{"type":"string","description_kind":"plain","required":true}},"block_types":{"ephemeral_disk":{"nesting_mode":"list","block":{"attributes":{"block_size_kb":{"type":"number","description_kind":"plain","optional":true,"computed":true},"size_gb":{"type":"number","description_kind":"plain","required":true}},"description_kind":"plain"},"max_items":1},"object_storage":{"nesting_mode":"list","block":{"attributes":{"bucket":{"type":"string","description_kind":"plain","required":true},"prefix":{"type":"string","description_kind":"plain","optional":true}},"description_kind":"plain"},"max_items":1}},"description_kind":"plain"}},"secrets":{"nesting_mode":"list","block":{"attributes":{"environment_variable":{"type":"string","description_kind":"plain","required":true},"id":{"type":"string","description_kind":"plain","required":true},"key":{"type":"string","description_kind":"plain","required":true},"version_id":{"type":"string","description_kind":"plain","required":true}},"description_kind":"plain"}},"storage_mounts":{"nesting_mode":"list","block":{"attributes":{"bucket":{"type":"string","description_kind":"plain","required":true},"mount_point_path":{"type":"string","description_kind":"plain","required":true},"prefix":{"type":"string","description_kind":"plain","optional":true},"read_only":{"type":"bool","description_kind":"plain","optional":true}},"description_kind":"plain","deprecated":true}}},"description_kind":"plain"}},"yandex_smartcaptcha_captcha":{"version":1,"block":{"attributes":{"allowed_sites":{"type":["list","string"],"description_kind":"plain","computed":true},"captcha_id":{"type":"string","description_kind":"plain","optional":true},"challenge_type":{"type":"string","description_kind":"plain","computed":true},"client_key":{"type":"string","description_kind":"plain","computed":true},"cloud_id":{"type":"string","description_kind":"plain","optional":true,"computed":true},"complexity":{"type":"string","description_kind":"plain","computed":true},"created_at":{"type":"string","description_kind":"plain","computed":true},"deletion_protection":{"type":"bool","description_kind":"plain","computed":true},"folder_id":{"type":"string","description_kind":"plain","optional":true,"computed":true},"id":{"type":"string","description_kind":"plain","optional":true,"computed":true},"name":{"type":"string","description_kind":"plain","optional":true,"computed":true},"override_variant":{"type":["list",["object",{"challenge_type":"string","complexity":"string","description":"string","pre_check_type":"string","uuid":"string"}]],"description_kind":"plain","computed":true},"pre_check_type":{"type":"string","description_kind":"plain","computed":true},"security_rule":{"type":["list",["object",{"condition":["list",["object",{"headers":["list",["object",{"name":"string","value":["list",["object",{"exact_match":"string","exact_not_match":"string","pire_regex_match":"string","pire_regex_not_match":"string","prefix_match":"string","prefix_not_match":"string"}]]}]],"host":["list",["object",{"hosts":["list",["object",{"exact_match":"string","exact_not_match":"string","pire_regex_match":"string","pire_regex_not_match":"string","prefix_match":"string","prefix_not_match":"string"}]]}]],"source_ip":["list",["object",{"geo_ip_match":["list",["object",{"locations":["list","string"]}]],"geo_ip_not_match":["list",["object",{"locations":["list","string"]}]],"ip_ranges_match":["list",["object",{"ip_ranges":["list","string"]}]],"ip_ranges_not_match":["list",["object",{"ip_ranges":["list","string"]}]]}]],"uri":["list",["object",{"path":["list",["object",{"exact_match":"string","exact_not_match":"string","pire_regex_match":"string","pire_regex_not_match":"string","prefix_match":"string","prefix_not_match":"string"}]],"queries":["list",["object",{"key":"string","value":["list",["object",{"exact_match":"string","exact_not_match":"string","pire_regex_match":"string","pire_regex_not_match":"string","prefix_match":"string","prefix_not_match":"string"}]]}]]}]]}]],"description":"string","name":"string","override_variant_uuid":"string","priority":"number"}]],"description_kind":"plain","computed":true},"style_json":{"type":"string","description_kind":"plain","computed":true},"suspend":{"type":"bool","description_kind":"plain","computed":true},"turn_off_hostname_check":{"type":"bool","description_kind":"plain","computed":true}},"description_kind":"plain"}},"yandex_sws_advanced_rate_limiter_profile":{"version":1,"block":{"attributes":{"advanced_rate_limiter_profile_id":{"type":"string","description_kind":"plain","optional":true},"advanced_rate_limiter_rule":{"type":["list",["object",{"description":"string","dry_run":"bool","dynamic_quota":["list",["object",{"action":"string","characteristic":["list",["object",{"case_insensitive":"bool","key_characteristic":["list",["object",{"type":"string","value":"string"}]],"simple_characteristic":["list",["object",{"type":"string"}]]}]],"condition":["list",["object",{"authority":["list",["object",{"authorities":["list",["object",{"exact_match":"string","exact_not_match":"string","pire_regex_match":"string","pire_regex_not_match":"string","prefix_match":"string","prefix_not_match":"string"}]]}]],"headers":["list",["object",{"name":"string","value":["list",["object",{"exact_match":"string","exact_not_match":"string","pire_regex_match":"string","pire_regex_not_match":"string","prefix_match":"string","prefix_not_match":"string"}]]}]],"http_method":["list",["object",{"http_methods":["list",["object",{"exact_match":"string","exact_not_match":"string","pire_regex_match":"string","pire_regex_not_match":"string","prefix_match":"string","prefix_not_match":"string"}]]}]],"request_uri":["list",["object",{"path":["list",["object",{"exact_match":"string","exact_not_match":"string","pire_regex_match":"string","pire_regex_not_match":"string","prefix_match":"string","prefix_not_match":"string"}]],"queries":["list",["object",{"key":"string","value":["list",["object",{"exact_match":"string","exact_not_match":"string","pire_regex_match":"string","pire_regex_not_match":"string","prefix_match":"string","prefix_not_match":"string"}]]}]]}]],"source_ip":["list",["object",{"geo_ip_match":["list",["object",{"locations":["list","string"]}]],"geo_ip_not_match":["list",["object",{"locations":["list","string"]}]],"ip_ranges_match":["list",["object",{"ip_ranges":["list","string"]}]],"ip_ranges_not_match":["list",["object",{"ip_ranges":["list","string"]}]]}]]}]],"limit":"number","period":"number"}]],"name":"string","priority":"number","static_quota":["list",["object",{"action":"string","condition":["list",["object",{"authority":["list",["object",{"authorities":["list",["object",{"exact_match":"string","exact_not_match":"string","pire_regex_match":"string","pire_regex_not_match":"string","prefix_match":"string","prefix_not_match":"string"}]]}]],"headers":["list",["object",{"name":"string","value":["list",["object",{"exact_match":"string","exact_not_match":"string","pire_regex_match":"string","pire_regex_not_match":"string","prefix_match":"string","prefix_not_match":"string"}]]}]],"http_method":["list",["object",{"http_methods":["list",["object",{"exact_match":"string","exact_not_match":"string","pire_regex_match":"string","pire_regex_not_match":"string","prefix_match":"string","prefix_not_match":"string"}]]}]],"request_uri":["list",["object",{"path":["list",["object",{"exact_match":"string","exact_not_match":"string","pire_regex_match":"string","pire_regex_not_match":"string","prefix_match":"string","prefix_not_match":"string"}]],"queries":["list",["object",{"key":"string","value":["list",["object",{"exact_match":"string","exact_not_match":"string","pire_regex_match":"string","pire_regex_not_match":"string","prefix_match":"string","prefix_not_match":"string"}]]}]]}]],"source_ip":["list",["object",{"geo_ip_match":["list",["object",{"locations":["list","string"]}]],"geo_ip_not_match":["list",["object",{"locations":["list","string"]}]],"ip_ranges_match":["list",["object",{"ip_ranges":["list","string"]}]],"ip_ranges_not_match":["list",["object",{"ip_ranges":["list","string"]}]]}]]}]],"limit":"number","period":"number"}]]}]],"description_kind":"plain","computed":true},"cloud_id":{"type":"string","description_kind":"plain","optional":true,"computed":true},"created_at":{"type":"string","description_kind":"plain","computed":true},"description":{"type":"string","description_kind":"plain","computed":true},"folder_id":{"type":"string","description_kind":"plain","optional":true,"computed":true},"id":{"type":"string","description_kind":"plain","optional":true,"computed":true},"labels":{"type":["map","string"],"description_kind":"plain","computed":true},"name":{"type":"string","description_kind":"plain","optional":true,"computed":true}},"description_kind":"plain"}},"yandex_sws_security_profile":{"version":1,"block":{"attributes":{"advanced_rate_limiter_profile_id":{"type":"string","description_kind":"plain","computed":true},"captcha_id":{"type":"string","description_kind":"plain","computed":true},"cloud_id":{"type":"string","description_kind":"plain","optional":true,"computed":true},"created_at":{"type":"string","description_kind":"plain","computed":true},"default_action":{"type":"string","description_kind":"plain","computed":true},"description":{"type":"string","description_kind":"plain","computed":true},"folder_id":{"type":"string","description_kind":"plain","optional":true,"computed":true},"id":{"type":"string","description_kind":"plain","optional":true,"computed":true},"labels":{"type":["map","string"],"description_kind":"plain","computed":true},"name":{"type":"string","description_kind":"plain","optional":true,"computed":true},"security_profile_id":{"type":"string","description_kind":"plain","optional":true},"security_rule":{"type":["list",["object",{"description":"string","dry_run":"bool","name":"string","priority":"number","rule_condition":["list",["object",{"action":"string","condition":["list",["object",{"authority":["list",["object",{"authorities":["list",["object",{"exact_match":"string","exact_not_match":"string","pire_regex_match":"string","pire_regex_not_match":"string","prefix_match":"string","prefix_not_match":"string"}]]}]],"headers":["list",["object",{"name":"string","value":["list",["object",{"exact_match":"string","exact_not_match":"string","pire_regex_match":"string","pire_regex_not_match":"string","prefix_match":"string","prefix_not_match":"string"}]]}]],"http_method":["list",["object",{"http_methods":["list",["object",{"exact_match":"string","exact_not_match":"string","pire_regex_match":"string","pire_regex_not_match":"string","prefix_match":"string","prefix_not_match":"string"}]]}]],"request_uri":["list",["object",{"path":["list",["object",{"exact_match":"string","exact_not_match":"string","pire_regex_match":"string","pire_regex_not_match":"string","prefix_match":"string","prefix_not_match":"string"}]],"queries":["list",["object",{"key":"string","value":["list",["object",{"exact_match":"string","exact_not_match":"string","pire_regex_match":"string","pire_regex_not_match":"string","prefix_match":"string","prefix_not_match":"string"}]]}]]}]],"source_ip":["list",["object",{"geo_ip_match":["list",["object",{"locations":["list","string"]}]],"geo_ip_not_match":["list",["object",{"locations":["list","string"]}]],"ip_ranges_match":["list",["object",{"ip_ranges":["list","string"]}]],"ip_ranges_not_match":["list",["object",{"ip_ranges":["list","string"]}]]}]]}]]}]],"smart_protection":["list",["object",{"condition":["list",["object",{"authority":["list",["object",{"authorities":["list",["object",{"exact_match":"string","exact_not_match":"string","pire_regex_match":"string","pire_regex_not_match":"string","prefix_match":"string","prefix_not_match":"string"}]]}]],"headers":["list",["object",{"name":"string","value":["list",["object",{"exact_match":"string","exact_not_match":"string","pire_regex_match":"string","pire_regex_not_match":"string","prefix_match":"string","prefix_not_match":"string"}]]}]],"http_method":["list",["object",{"http_methods":["list",["object",{"exact_match":"string","exact_not_match":"string","pire_regex_match":"string","pire_regex_not_match":"string","prefix_match":"string","prefix_not_match":"string"}]]}]],"request_uri":["list",["object",{"path":["list",["object",{"exact_match":"string","exact_not_match":"string","pire_regex_match":"string","pire_regex_not_match":"string","prefix_match":"string","prefix_not_match":"string"}]],"queries":["list",["object",{"key":"string","value":["list",["object",{"exact_match":"string","exact_not_match":"string","pire_regex_match":"string","pire_regex_not_match":"string","prefix_match":"string","prefix_not_match":"string"}]]}]]}]],"source_ip":["list",["object",{"geo_ip_match":["list",["object",{"locations":["list","string"]}]],"geo_ip_not_match":["list",["object",{"locations":["list","string"]}]],"ip_ranges_match":["list",["object",{"ip_ranges":["list","string"]}]],"ip_ranges_not_match":["list",["object",{"ip_ranges":["list","string"]}]]}]]}]],"mode":"string"}]],"waf":["list",["object",{"condition":["list",["object",{"authority":["list",["object",{"authorities":["list",["object",{"exact_match":"string","exact_not_match":"string","pire_regex_match":"string","pire_regex_not_match":"string","prefix_match":"string","prefix_not_match":"string"}]]}]],"headers":["list",["object",{"name":"string","value":["list",["object",{"exact_match":"string","exact_not_match":"string","pire_regex_match":"string","pire_regex_not_match":"string","prefix_match":"string","prefix_not_match":"string"}]]}]],"http_method":["list",["object",{"http_methods":["list",["object",{"exact_match":"string","exact_not_match":"string","pire_regex_match":"string","pire_regex_not_match":"string","prefix_match":"string","prefix_not_match":"string"}]]}]],"request_uri":["list",["object",{"path":["list",["object",{"exact_match":"string","exact_not_match":"string","pire_regex_match":"string","pire_regex_not_match":"string","prefix_match":"string","prefix_not_match":"string"}]],"queries":["list",["object",{"key":"string","value":["list",["object",{"exact_match":"string","exact_not_match":"string","pire_regex_match":"string","pire_regex_not_match":"string","prefix_match":"string","prefix_not_match":"string"}]]}]]}]],"source_ip":["list",["object",{"geo_ip_match":["list",["object",{"locations":["list","string"]}]],"geo_ip_not_match":["list",["object",{"locations":["list","string"]}]],"ip_ranges_match":["list",["object",{"ip_ranges":["list","string"]}]],"ip_ranges_not_match":["list",["object",{"ip_ranges":["list","string"]}]]}]]}]],"mode":"string","waf_profile_id":"string"}]]}]],"description_kind":"plain","computed":true}},"description_kind":"plain"}},"yandex_sws_waf_profile":{"version":1,"block":{"attributes":{"analyze_request_body":{"type":["list",["object",{"is_enabled":"bool","size_limit":"number","size_limit_action":"string"}]],"description_kind":"plain","computed":true},"cloud_id":{"type":"string","description_kind":"plain","optional":true,"computed":true},"core_rule_set":{"type":["list",["object",{"inbound_anomaly_score":"number","paranoia_level":"number","rule_set":["list",["object",{"name":"string","version":"string"}]]}]],"description_kind":"plain","computed":true},"created_at":{"type":"string","description_kind":"plain","computed":true},"description":{"type":"string","description_kind":"plain","computed":true},"exclusion_rule":{"type":["list",["object",{"condition":["list",["object",{"authority":["list",["object",{"authorities":["list",["object",{"exact_match":"string","exact_not_match":"string","pire_regex_match":"string","pire_regex_not_match":"string","prefix_match":"string","prefix_not_match":"string"}]]}]],"headers":["list",["object",{"name":"string","value":["list",["object",{"exact_match":"string","exact_not_match":"string","pire_regex_match":"string","pire_regex_not_match":"string","prefix_match":"string","prefix_not_match":"string"}]]}]],"http_method":["list",["object",{"http_methods":["list",["object",{"exact_match":"string","exact_not_match":"string","pire_regex_match":"string","pire_regex_not_match":"string","prefix_match":"string","prefix_not_match":"string"}]]}]],"request_uri":["list",["object",{"path":["list",["object",{"exact_match":"string","exact_not_match":"string","pire_regex_match":"string","pire_regex_not_match":"string","prefix_match":"string","prefix_not_match":"string"}]],"queries":["list",["object",{"key":"string","value":["list",["object",{"exact_match":"string","exact_not_match":"string","pire_regex_match":"string","pire_regex_not_match":"string","prefix_match":"string","prefix_not_match":"string"}]]}]]}]],"source_ip":["list",["object",{"geo_ip_match":["list",["object",{"locations":["list","string"]}]],"geo_ip_not_match":["list",["object",{"locations":["list","string"]}]],"ip_ranges_match":["list",["object",{"ip_ranges":["list","string"]}]],"ip_ranges_not_match":["list",["object",{"ip_ranges":["list","string"]}]]}]]}]],"description":"string","exclude_rules":["list",["object",{"exclude_all":"bool","rule_ids":["list","string"]}]],"log_excluded":"bool","name":"string"}]],"description_kind":"plain","computed":true},"folder_id":{"type":"string","description_kind":"plain","optional":true,"computed":true},"id":{"type":"string","description_kind":"plain","optional":true,"computed":true},"labels":{"type":["map","string"],"description_kind":"plain","computed":true},"name":{"type":"string","description_kind":"plain","optional":true,"computed":true},"rule":{"type":["list",["object",{"is_blocking":"bool","is_enabled":"bool","rule_id":"string"}]],"description_kind":"plain","computed":true},"waf_profile_id":{"type":"string","description_kind":"plain","optional":true}},"description_kind":"plain"}},"yandex_sws_waf_rule_set_descriptor":{"version":1,"block":{"attributes":{"id":{"type":"string","description_kind":"plain","optional":true,"computed":true},"name":{"type":"string","description_kind":"plain","optional":true,"computed":true},"rule_set_descriptor_id":{"type":"string","description_kind":"plain","optional":true},"rules":{"type":["list",["object",{"anomaly_score":"number","id":"string","paranoia_level":"number"}]],"description_kind":"plain","computed":true},"version":{"type":"string","description_kind":"plain","required":true}},"description_kind":"plain"}},"yandex_vpc_address":{"version":0,"block":{"attributes":{"address_id":{"type":"string","description_kind":"plain","optional":true,"computed":true},"created_at":{"type":"string","description_kind":"plain","computed":true},"deletion_protection":{"type":"bool","description_kind":"plain","computed":true},"description":{"type":"string","description_kind":"plain","computed":true},"dns_record":{"type":["list",["object",{"dns_zone_id":"string","fqdn":"string","ptr":"bool","ttl":"number"}]],"description_kind":"plain","computed":true},"external_ipv4_address":{"type":["list",["object",{"address":"string","ddos_protection_provider":"string","outgoing_smtp_capability":"string","zone_id":"string"}]],"description_kind":"plain","computed":true},"folder_id":{"type":"string","description_kind":"plain","optional":true,"computed":true},"id":{"type":"string","description_kind":"plain","optional":true,"computed":true},"labels":{"type":["map","string"],"description_kind":"plain","computed":true},"name":{"type":"string","description_kind":"plain","optional":true,"computed":true},"reserved":{"type":"bool","description_kind":"plain","computed":true},"used":{"type":"bool","description_kind":"plain","computed":true}},"description_kind":"plain"}},"yandex_vpc_gateway":{"version":0,"block":{"attributes":{"created_at":{"type":"string","description_kind":"plain","computed":true},"description":{"type":"string","description_kind":"plain","computed":true},"folder_id":{"type":"string","description_kind":"plain","optional":true,"computed":true},"gateway_id":{"type":"string","description_kind":"plain","optional":true,"computed":true},"id":{"type":"string","description_kind":"plain","optional":true,"computed":true},"labels":{"type":["map","string"],"description_kind":"plain","computed":true},"name":{"type":"string","description_kind":"plain","optional":true,"computed":true}},"block_types":{"shared_egress_gateway":{"nesting_mode":"list","block":{"description_kind":"plain"},"max_items":1}},"description_kind":"plain"}},"yandex_vpc_network":{"version":0,"block":{"attributes":{"created_at":{"type":"string","description_kind":"plain","computed":true},"default_security_group_id":{"type":"string","description_kind":"plain","computed":true},"description":{"type":"string","description_kind":"plain","computed":true},"folder_id":{"type":"string","description_kind":"plain","optional":true,"computed":true},"id":{"type":"string","description_kind":"plain","optional":true,"computed":true},"labels":{"type":["map","string"],"description_kind":"plain","computed":true},"name":{"type":"string","description_kind":"plain","optional":true,"computed":true},"network_id":{"type":"string","description_kind":"plain","optional":true,"computed":true},"subnet_ids":{"type":["list","string"],"description_kind":"plain","computed":true}},"description_kind":"plain"}},"yandex_vpc_private_endpoint":{"version":0,"block":{"attributes":{"created_at":{"type":"string","description_kind":"plain","computed":true},"description":{"type":"string","description_kind":"plain","computed":true},"dns_options":{"type":["list",["object",{"private_dns_records_enabled":"bool"}]],"description_kind":"plain","computed":true},"endpoint_address":{"type":["list",["object",{"address":"string","address_id":"string","subnet_id":"string"}]],"description_kind":"plain","computed":true},"folder_id":{"type":"string","description_kind":"plain","computed":true},"id":{"type":"string","description_kind":"plain","optional":true,"computed":true},"labels":{"type":["map","string"],"description_kind":"plain","computed":true},"name":{"type":"string","description_kind":"plain","optional":true,"computed":true},"network_id":{"type":"string","description_kind":"plain","computed":true},"private_endpoint_id":{"type":"string","description_kind":"plain","optional":true,"computed":true},"status":{"type":"string","description_kind":"plain","computed":true}},"block_types":{"object_storage":{"nesting_mode":"list","block":{"description_kind":"plain"}}},"description_kind":"plain"}},"yandex_vpc_route_table":{"version":0,"block":{"attributes":{"created_at":{"type":"string","description_kind":"plain","computed":true},"description":{"type":"string","description_kind":"plain","computed":true},"folder_id":{"type":"string","description_kind":"plain","optional":true,"computed":true},"id":{"type":"string","description_kind":"plain","optional":true,"computed":true},"labels":{"type":["map","string"],"description_kind":"plain","computed":true},"name":{"type":"string","description_kind":"plain","optional":true,"computed":true},"network_id":{"type":"string","description_kind":"plain","computed":true},"route_table_id":{"type":"string","description_kind":"plain","optional":true,"computed":true},"static_route":{"type":["set",["object",{"destination_prefix":"string","gateway_id":"string","next_hop_address":"string"}]],"description_kind":"plain","computed":true}},"description_kind":"plain"}},"yandex_vpc_security_group":{"version":0,"block":{"attributes":{"created_at":{"type":"string","description_kind":"plain","computed":true},"description":{"type":"string","description_kind":"plain","computed":true},"egress":{"type":["set",["object",{"description":"string","from_port":"number","id":"string","labels":["map","string"],"port":"number","predefined_target":"string","protocol":"string","security_group_id":"string","to_port":"number","v4_cidr_blocks":["list","string"],"v6_cidr_blocks":["list","string"]}]],"description_kind":"plain","computed":true},"folder_id":{"type":"string","description_kind":"plain","optional":true,"computed":true},"id":{"type":"string","description_kind":"plain","optional":true,"computed":true},"ingress":{"type":["set",["object",{"description":"string","from_port":"number","id":"string","labels":["map","string"],"port":"number","predefined_target":"string","protocol":"string","security_group_id":"string","to_port":"number","v4_cidr_blocks":["list","string"],"v6_cidr_blocks":["list","string"]}]],"description_kind":"plain","computed":true},"labels":{"type":["map","string"],"description_kind":"plain","computed":true},"name":{"type":"string","description_kind":"plain","optional":true,"computed":true},"network_id":{"type":"string","description_kind":"plain","computed":true},"security_group_id":{"type":"string","description_kind":"plain","optional":true,"computed":true},"status":{"type":"string","description_kind":"plain","computed":true}},"description_kind":"plain"}},"yandex_vpc_security_group_rule":{"version":0,"block":{"attributes":{"description":{"type":"string","description_kind":"plain","computed":true},"direction":{"type":"string","description_kind":"plain","computed":true},"from_port":{"type":"number","description_kind":"plain","computed":true},"id":{"type":"string","description_kind":"plain","optional":true,"computed":true},"labels":{"type":["map","string"],"description_kind":"plain","computed":true},"port":{"type":"number","description_kind":"plain","computed":true},"predefined_target":{"type":"string","description_kind":"plain","computed":true},"protocol":{"type":"string","description_kind":"plain","computed":true},"rule_id":{"type":"string","description_kind":"plain","required":true},"security_group_binding":{"type":"string","description_kind":"plain","required":true},"security_group_id":{"type":"string","description_kind":"plain","computed":true},"to_port":{"type":"number","description_kind":"plain","computed":true},"v4_cidr_blocks":{"type":["list","string"],"description_kind":"plain","computed":true},"v6_cidr_blocks":{"type":["list","string"],"description_kind":"plain","computed":true}},"description_kind":"plain"}},"yandex_vpc_subnet":{"version":0,"block":{"attributes":{"created_at":{"type":"string","description_kind":"plain","computed":true},"description":{"type":"string","description_kind":"plain","computed":true},"dhcp_options":{"type":["list",["object",{"domain_name":"string","domain_name_servers":["list","string"],"ntp_servers":["list","string"]}]],"description_kind":"plain","computed":true},"folder_id":{"type":"string","description_kind":"plain","optional":true,"computed":true},"id":{"type":"string","description_kind":"plain","optional":true,"computed":true},"labels":{"type":["map","string"],"description_kind":"plain","computed":true},"name":{"type":"string","description_kind":"plain","optional":true,"computed":true},"network_id":{"type":"string","description_kind":"plain","computed":true},"route_table_id":{"type":"string","description_kind":"plain","computed":true},"subnet_id":{"type":"string","description_kind":"plain","optional":true,"computed":true},"v4_cidr_blocks":{"type":["list","string"],"description_kind":"plain","computed":true},"v6_cidr_blocks":{"type":["list","string"],"description_kind":"plain","computed":true},"zone":{"type":"string","description_kind":"plain","computed":true}},"description_kind":"plain"}},"yandex_ydb_database_dedicated":{"version":0,"block":{"attributes":{"assign_public_ips":{"type":"bool","description_kind":"plain","computed":true},"created_at":{"type":"string","description_kind":"plain","computed":true},"database_id":{"type":"string","description_kind":"plain","optional":true},"database_path":{"type":"string","description_kind":"plain","computed":true},"deletion_protection":{"type":"bool","description_kind":"plain","optional":true,"computed":true},"description":{"type":"string","description_kind":"plain","computed":true},"folder_id":{"type":"string","description_kind":"plain","optional":true},"id":{"type":"string","description_kind":"plain","optional":true,"computed":true},"labels":{"type":["map","string"],"description_kind":"plain","computed":true},"location":{"type":["list",["object",{"region":["list",["object",{"id":"string"}]],"zone":["list",["object",{"id":"string"}]]}]],"description_kind":"plain","computed":true},"location_id":{"type":"string","description_kind":"plain","computed":true},"name":{"type":"string","description_kind":"plain","optional":true},"network_id":{"type":"string","description_kind":"plain","computed":true},"resource_preset_id":{"type":"string","description_kind":"plain","computed":true},"scale_policy":{"type":["list",["object",{"fixed_scale":["list",["object",{"size":"number"}]]}]],"description_kind":"plain","computed":true},"status":{"type":"string","description_kind":"plain","computed":true},"storage_config":{"type":["list",["object",{"group_count":"number","storage_type_id":"string"}]],"description_kind":"plain","computed":true},"subnet_ids":{"type":["set","string"],"description_kind":"plain","computed":true},"tls_enabled":{"type":"bool","description_kind":"plain","computed":true},"ydb_api_endpoint":{"type":"string","description_kind":"plain","computed":true},"ydb_full_endpoint":{"type":"string","description_kind":"plain","computed":true}},"description_kind":"plain"}},"yandex_ydb_database_serverless":{"version":0,"block":{"attributes":{"created_at":{"type":"string","description_kind":"plain","computed":true},"database_id":{"type":"string","description_kind":"plain","optional":true},"database_path":{"type":"string","description_kind":"plain","computed":true},"deletion_protection":{"type":"bool","description_kind":"plain","optional":true,"computed":true},"description":{"type":"string","description_kind":"plain","computed":true},"document_api_endpoint":{"type":"string","description_kind":"plain","computed":true},"folder_id":{"type":"string","description_kind":"plain","optional":true},"id":{"type":"string","description_kind":"plain","optional":true,"computed":true},"labels":{"type":["map","string"],"description_kind":"plain","computed":true},"location_id":{"type":"string","description_kind":"plain","computed":true},"name":{"type":"string","description_kind":"plain","optional":true},"status":{"type":"string","description_kind":"plain","computed":true},"tls_enabled":{"type":"bool","description_kind":"plain","computed":true},"ydb_api_endpoint":{"type":"string","description_kind":"plain","computed":true},"ydb_full_endpoint":{"type":"string","description_kind":"plain","computed":true}},"block_types":{"serverless_database":{"nesting_mode":"set","block":{"attributes":{"enable_throttling_rcu_limit":{"type":"bool","description_kind":"plain","optional":true,"computed":true},"provisioned_rcu_limit":{"type":"number","description_kind":"plain","optional":true,"computed":true},"storage_size_limit":{"type":"number","description_kind":"plain","optional":true,"computed":true},"throttling_rcu_limit":{"type":"number","description_kind":"plain","optional":true,"computed":true}},"description_kind":"plain"}}},"description_kind":"plain"}}}}}}
